{
  "version": 4,
  "terraform_version": "1.5.7",
  "serial": 1197,
  "lineage": "70ce25e5-8af5-e824-0d03-afa268ab98b6",
  "outputs": {
    "controlplaneips": {
      "value": [
        "10.0.5.113",
        "10.0.5.148",
        "10.0.5.30"
      ],
      "type": [
        "set",
        "string"
      ]
    },
    "ips": {
      "value": [
        "10.0.5.113",
        "10.0.5.148",
        "10.0.5.16",
        "10.0.5.30",
        "10.0.5.42"
      ],
      "type": [
        "set",
        "string"
      ]
    },
    "test": {
      "value": "https://10.0.5.42:6443",
      "type": "string"
    },
    "workerips": {
      "value": [
        "10.0.5.16",
        "10.0.5.42"
      ],
      "type": [
        "set",
        "string"
      ]
    }
  },
  "resources": [
    {
      "mode": "data",
      "type": "talos_client_configuration",
      "name": "all_nodes",
      "provider": "provider[\"registry.terraform.io/siderolabs/talos\"]",
      "instances": [
        {
          "schema_version": 0,
          "attributes": {
            "client_configuration": {
              "ca_certificate": "LS0tLS1CRUdJTiBDRVJUSUZJQ0FURS0tLS0tCk1JSUJQakNCOGFBREFnRUNBaEEyVFNIcEJSYjFkTGlxR1FXWlNnbzhNQVVHQXl0bGNEQVFNUTR3REFZRFZRUUsKRXdWMFlXeHZjekFlRncweU5ERXlNakF5TVRVMk5EZGFGdzB6TkRFeU1UZ3lNVFUyTkRkYU1CQXhEakFNQmdOVgpCQW9UQlhSaGJHOXpNQ293QlFZREsyVndBeUVBMmdyTENyMnBEOHgreXhib0liQi9jem9BSXRVQ1UrWXE1L1l0CmI4WlVaVkdqWVRCZk1BNEdBMVVkRHdFQi93UUVBd0lDaERBZEJnTlZIU1VFRmpBVUJnZ3JCZ0VGQlFjREFRWUkKS3dZQkJRVUhBd0l3RHdZRFZSMFRBUUgvQkFVd0F3RUIvekFkQmdOVkhRNEVGZ1FVNTVvV20wOTZDbnE1U2h2agpQR05NVERXa094b3dCUVlESzJWd0EwRUFKUlprKzFxaDFPN1pTOHQ4amlhZGdUYWZnRzFEb1VTMHlHajZRQjg4CnR6TlBUNGVYdEx6VjczdjJqK2ZXWmVlNVVaOTFDRjcvVEREdjA5SVAwak1oQ1E9PQotLS0tLUVORCBDRVJUSUZJQ0FURS0tLS0tCg==",
              "client_certificate": "LS0tLS1CRUdJTiBDRVJUSUZJQ0FURS0tLS0tCk1JSUJLVENCM0tBREFnRUNBaEVBa0hBUkhzaUsrSWk3NjdaSzNDVTU4akFGQmdNclpYQXdFREVPTUF3R0ExVUUKQ2hNRmRHRnNiM013SGhjTk1qUXhNakl3TWpFMU5qUTNXaGNOTWpVeE1qSXdNakUxTmpRM1dqQVRNUkV3RHdZRApWUVFLRXdodmN6cGhaRzFwYmpBcU1BVUdBeXRsY0FNaEFEUy81bW1WajI1ZndySHRkSWNZR3AvaDFrcHJUa2ZCCnFEakROdGM1bURwU28wZ3dSakFPQmdOVkhROEJBZjhFQkFNQ0I0QXdFd1lEVlIwbEJBd3dDZ1lJS3dZQkJRVUgKQXdJd0h3WURWUjBqQkJnd0ZvQVU1NW9XbTA5NkNucTVTaHZqUEdOTVREV2tPeG93QlFZREsyVndBMEVBNTduMApTNTFvVTJ6NTE4UGxzU2h6bUQwaUtqcmJJM2xGaGNIb05TYStlbWw0cUp2Y2ZVYzMwZUpWbXBnWTlPbUlqMklOCm9aWVNsS2plVXM4TlJuanFEZz09Ci0tLS0tRU5EIENFUlRJRklDQVRFLS0tLS0K",
              "client_key": "LS0tLS1CRUdJTiBFRDI1NTE5IFBSSVZBVEUgS0VZLS0tLS0KTUM0Q0FRQXdCUVlESzJWd0JDSUVJQkZxRW9OcUJObUluQU1SeEpkOTBSSm1WUGg4bjA3cU1rbTRIdjFOSEo0RwotLS0tLUVORCBFRDI1NTE5IFBSSVZBVEUgS0VZLS0tLS0K"
            },
            "cluster_name": "infra",
            "endpoints": [
              "10.0.5.113",
              "10.0.5.148",
              "10.0.5.30"
            ],
            "id": "infra",
            "nodes": null,
            "talos_config": "context: infra\ncontexts:\n    infra:\n        endpoints:\n            - 10.0.5.113\n            - 10.0.5.148\n            - 10.0.5.30\n        ca: LS0tLS1CRUdJTiBDRVJUSUZJQ0FURS0tLS0tCk1JSUJQakNCOGFBREFnRUNBaEEyVFNIcEJSYjFkTGlxR1FXWlNnbzhNQVVHQXl0bGNEQVFNUTR3REFZRFZRUUsKRXdWMFlXeHZjekFlRncweU5ERXlNakF5TVRVMk5EZGFGdzB6TkRFeU1UZ3lNVFUyTkRkYU1CQXhEakFNQmdOVgpCQW9UQlhSaGJHOXpNQ293QlFZREsyVndBeUVBMmdyTENyMnBEOHgreXhib0liQi9jem9BSXRVQ1UrWXE1L1l0CmI4WlVaVkdqWVRCZk1BNEdBMVVkRHdFQi93UUVBd0lDaERBZEJnTlZIU1VFRmpBVUJnZ3JCZ0VGQlFjREFRWUkKS3dZQkJRVUhBd0l3RHdZRFZSMFRBUUgvQkFVd0F3RUIvekFkQmdOVkhRNEVGZ1FVNTVvV20wOTZDbnE1U2h2agpQR05NVERXa094b3dCUVlESzJWd0EwRUFKUlprKzFxaDFPN1pTOHQ4amlhZGdUYWZnRzFEb1VTMHlHajZRQjg4CnR6TlBUNGVYdEx6VjczdjJqK2ZXWmVlNVVaOTFDRjcvVEREdjA5SVAwak1oQ1E9PQotLS0tLUVORCBDRVJUSUZJQ0FURS0tLS0tCg==\n        crt: LS0tLS1CRUdJTiBDRVJUSUZJQ0FURS0tLS0tCk1JSUJLVENCM0tBREFnRUNBaEVBa0hBUkhzaUsrSWk3NjdaSzNDVTU4akFGQmdNclpYQXdFREVPTUF3R0ExVUUKQ2hNRmRHRnNiM013SGhjTk1qUXhNakl3TWpFMU5qUTNXaGNOTWpVeE1qSXdNakUxTmpRM1dqQVRNUkV3RHdZRApWUVFLRXdodmN6cGhaRzFwYmpBcU1BVUdBeXRsY0FNaEFEUy81bW1WajI1ZndySHRkSWNZR3AvaDFrcHJUa2ZCCnFEakROdGM1bURwU28wZ3dSakFPQmdOVkhROEJBZjhFQkFNQ0I0QXdFd1lEVlIwbEJBd3dDZ1lJS3dZQkJRVUgKQXdJd0h3WURWUjBqQkJnd0ZvQVU1NW9XbTA5NkNucTVTaHZqUEdOTVREV2tPeG93QlFZREsyVndBMEVBNTduMApTNTFvVTJ6NTE4UGxzU2h6bUQwaUtqcmJJM2xGaGNIb05TYStlbWw0cUp2Y2ZVYzMwZUpWbXBnWTlPbUlqMklOCm9aWVNsS2plVXM4TlJuanFEZz09Ci0tLS0tRU5EIENFUlRJRklDQVRFLS0tLS0K\n        key: LS0tLS1CRUdJTiBFRDI1NTE5IFBSSVZBVEUgS0VZLS0tLS0KTUM0Q0FRQXdCUVlESzJWd0JDSUVJQkZxRW9OcUJObUluQU1SeEpkOTBSSm1WUGg4bjA3cU1rbTRIdjFOSEo0RwotLS0tLUVORCBFRDI1NTE5IFBSSVZBVEUgS0VZLS0tLS0K\n"
          },
          "sensitive_attributes": [
            [
              {
                "type": "get_attr",
                "value": "client_configuration"
              },
              {
                "type": "get_attr",
                "value": "client_key"
              }
            ]
          ]
        }
      ]
    },
    {
      "mode": "data",
      "type": "talos_image_factory_extensions_versions",
      "name": "this",
      "provider": "provider[\"registry.terraform.io/siderolabs/talos\"]",
      "instances": [
        {
          "schema_version": 0,
          "attributes": {
            "extensions_info": [
              {
                "author": "Sidero Labs",
                "description": "This system extension provides iscsi-tools.\n",
                "digest": "sha256:e110c7b9c11d696d81287b179e37613ad046845b70a0de390f4da529353ae5af",
                "name": "siderolabs/iscsi-tools",
                "ref": "ghcr.io/siderolabs/iscsi-tools:v0.1.6"
              },
              {
                "author": "Markus Reiter",
                "description": "This system extension provides the QEMU Guest Agent service.\n",
                "digest": "sha256:a849e55254f1cd8669ab742cdcfee200aada3dfe320841af3c338dc7cec956e9",
                "name": "siderolabs/qemu-guest-agent",
                "ref": "ghcr.io/siderolabs/qemu-guest-agent:9.1.2"
              },
              {
                "author": "Sidero Labs",
                "description": "This system extension provides a minimal util-linux package.\n",
                "digest": "sha256:16ec3dc788f125fed92404e360fa4b2579fc249d6e62c3cf79bd5f384b0a502a",
                "name": "siderolabs/util-linux-tools",
                "ref": "ghcr.io/siderolabs/util-linux-tools:2.40.2"
              }
            ],
            "filters": {
              "names": [
                "iscsi-tools",
                "util-linux-tools",
                "qemu-guest-agent"
              ]
            },
            "id": "extensions_info",
            "talos_version": "v1.9.0"
          },
          "sensitive_attributes": []
        }
      ]
    },
    {
      "mode": "data",
      "type": "talos_machine_configuration",
      "name": "controlplane",
      "provider": "provider[\"registry.terraform.io/siderolabs/talos\"]",
      "instances": [
        {
          "schema_version": 0,
          "attributes": {
            "cluster_endpoint": "https://api.infrak8s.s1.lan:6443",
            "cluster_name": "infra",
            "config_patches": null,
            "docs": null,
            "examples": null,
            "id": "infra",
            "kubernetes_version": "1.32.0",
            "machine_configuration": "version: v1alpha1\ndebug: false\npersist: true\nmachine:\n    type: controlplane\n    token: yg87rb.rkalumjxzjbre40y\n    ca:\n        crt: LS0tLS1CRUdJTiBDRVJUSUZJQ0FURS0tLS0tCk1JSUJQakNCOGFBREFnRUNBaEEyVFNIcEJSYjFkTGlxR1FXWlNnbzhNQVVHQXl0bGNEQVFNUTR3REFZRFZRUUsKRXdWMFlXeHZjekFlRncweU5ERXlNakF5TVRVMk5EZGFGdzB6TkRFeU1UZ3lNVFUyTkRkYU1CQXhEakFNQmdOVgpCQW9UQlhSaGJHOXpNQ293QlFZREsyVndBeUVBMmdyTENyMnBEOHgreXhib0liQi9jem9BSXRVQ1UrWXE1L1l0CmI4WlVaVkdqWVRCZk1BNEdBMVVkRHdFQi93UUVBd0lDaERBZEJnTlZIU1VFRmpBVUJnZ3JCZ0VGQlFjREFRWUkKS3dZQkJRVUhBd0l3RHdZRFZSMFRBUUgvQkFVd0F3RUIvekFkQmdOVkhRNEVGZ1FVNTVvV20wOTZDbnE1U2h2agpQR05NVERXa094b3dCUVlESzJWd0EwRUFKUlprKzFxaDFPN1pTOHQ4amlhZGdUYWZnRzFEb1VTMHlHajZRQjg4CnR6TlBUNGVYdEx6VjczdjJqK2ZXWmVlNVVaOTFDRjcvVEREdjA5SVAwak1oQ1E9PQotLS0tLUVORCBDRVJUSUZJQ0FURS0tLS0tCg==\n        key: LS0tLS1CRUdJTiBFRDI1NTE5IFBSSVZBVEUgS0VZLS0tLS0KTUM0Q0FRQXdCUVlESzJWd0JDSUVJSlRZV3ZwTDJBRkFNVVo2NzRDZHpXTGtNVy9qZTQ0NWFpaENIZUxxRUZRUgotLS0tLUVORCBFRDI1NTE5IFBSSVZBVEUgS0VZLS0tLS0K\n    certSANs: []\n    kubelet:\n        image: ghcr.io/siderolabs/kubelet:v1.32.0\n        defaultRuntimeSeccompProfileEnabled: true\n        disableManifestsDirectory: true\n    network: {}\n    install:\n        disk: /dev/sda\n        image: ghcr.io/siderolabs/installer:v1.9.0\n        wipe: false\n    features:\n        rbac: true\n        stableHostname: true\n        apidCheckExtKeyUsage: true\n        diskQuotaSupport: true\n        kubePrism:\n            enabled: true\n            port: 7445\n        hostDNS:\n            enabled: true\n            forwardKubeDNSToHost: true\n    nodeLabels:\n        node.kubernetes.io/exclude-from-external-load-balancers: \"\"\ncluster:\n    id: VhCPaHxLV1I6CEcxlCGWbSuW9GqnjzMhGxnWW-fTFew=\n    secret: 6zmTs2vdxhVNH3mLXuBaBq0sXWyXob1uXFVHfctLlNY=\n    controlPlane:\n        endpoint: https://api.infrak8s.s1.lan:6443\n    clusterName: infra\n    network:\n        dnsDomain: cluster.local\n        podSubnets:\n            - 10.244.0.0/16\n        serviceSubnets:\n            - 10.96.0.0/12\n    token: lrapkx.nwz5r1b6pxr3fnk2\n    secretboxEncryptionSecret: WtKkJYLyIrdTOMLRalAlAH7mCEDpvrCIUN6G23J5Xr8=\n    ca:\n        crt: LS0tLS1CRUdJTiBDRVJUSUZJQ0FURS0tLS0tCk1JSUJpekNDQVRDZ0F3SUJBZ0lSQUpwTEFSQUZuYWVBYTU2bE1oaysxVWd3Q2dZSUtvWkl6ajBFQXdJd0ZURVQKTUJFR0ExVUVDaE1LYTNWaVpYSnVaWFJsY3pBZUZ3MHlOREV5TWpBeU1UVTJORGRhRncwek5ERXlNVGd5TVRVMgpORGRhTUJVeEV6QVJCZ05WQkFvVENtdDFZbVZ5Ym1WMFpYTXdXVEFUQmdjcWhrak9QUUlCQmdncWhrak9QUU1CCkJ3TkNBQVNFMlphQ2tYYlhjZTJDeE5jdDh2TEJjdnhodzkya1lnSjhNUlY4S01xM25RVmQza2J4RFBFdFNtUWQKeEdzb0lScDdqZ1IyeWlKYTkxVnFOMFgrU2tNdG8yRXdYekFPQmdOVkhROEJBZjhFQkFNQ0FvUXdIUVlEVlIwbApCQll3RkFZSUt3WUJCUVVIQXdFR0NDc0dBUVVGQndNQ01BOEdBMVVkRXdFQi93UUZNQU1CQWY4d0hRWURWUjBPCkJCWUVGR0lUeWVtRzdMQkdUUkFsN09Dam5wVWJIdWNjTUFvR0NDcUdTTTQ5QkFNQ0Ewa0FNRVlDSVFEemFjSFIKY0V4REY5TDY4aWIxenFxdEpGSGY0N0h3WDlTSGZiaGxSb0t0clFJaEFPNGFJOFdXUUdXZ21HUzBtMmVKZU5wdAo1ZHprODlsT0JhRUdUdkdrd3R2cwotLS0tLUVORCBDRVJUSUZJQ0FURS0tLS0tCg==\n        key: LS0tLS1CRUdJTiBFQyBQUklWQVRFIEtFWS0tLS0tCk1IY0NBUUVFSUhKOS82M3NyNmVycDI5cVc2ZDhvenNSQmpGYkluK1lxSXJ5ajVnRHpGMmVvQW9HQ0NxR1NNNDkKQXdFSG9VUURRZ0FFaE5tV2dwRjIxM0h0Z3NUWExmTHl3WEw4WWNQZHBHSUNmREVWZkNqS3Q1MEZYZDVHOFF6eApMVXBrSGNScktDRWFlNDRFZHNvaVd2ZFZhamRGL2twRExRPT0KLS0tLS1FTkQgRUMgUFJJVkFURSBLRVktLS0tLQo=\n    aggregatorCA:\n        crt: LS0tLS1CRUdJTiBDRVJUSUZJQ0FURS0tLS0tCk1JSUJZRENDQVFXZ0F3SUJBZ0lRQ1BrSGo4NG9UYzBNVkNqRVJNRThaakFLQmdncWhrak9QUVFEQWpBQU1CNFgKRFRJME1USXlNREl4TlRZME4xb1hEVE0wTVRJeE9ESXhOVFkwTjFvd0FEQlpNQk1HQnlxR1NNNDlBZ0VHQ0NxRwpTTTQ5QXdFSEEwSUFCTnNkOHlnWUM3NGhRb0NLZnU3c2pzT1dZZDBHWVRYRC93RjBwQTl5YW4rcHpGekw4NzY5Cnd4NEFhYk13OEg5a0tNcEJzREpxRlhxalJPWU1Fd1dpbzhpallUQmZNQTRHQTFVZER3RUIvd1FFQXdJQ2hEQWQKQmdOVkhTVUVGakFVQmdnckJnRUZCUWNEQVFZSUt3WUJCUVVIQXdJd0R3WURWUjBUQVFIL0JBVXdBd0VCL3pBZApCZ05WSFE0RUZnUVVnQlplamF4eU5pd3JKSGRneU5Jc0dlcGRWRzB3Q2dZSUtvWkl6ajBFQXdJRFNRQXdSZ0loCkFQVFd2Tmpma25JZEdqVHlmZ1c1bW8rVk5CMnVjY3BPUmVKa0lpUUoxTEl4QWlFQW1BK1Nub0NKYWhUQVJHMTAKR0pBcGdlSmM5bStGVVozRDRKbktucGZxS0NvPQotLS0tLUVORCBDRVJUSUZJQ0FURS0tLS0tCg==\n        key: LS0tLS1CRUdJTiBFQyBQUklWQVRFIEtFWS0tLS0tCk1IY0NBUUVFSU1sTXF5MHVxSmF5ZlErMnlkek8waG5sU0ZnVjRROWJZeFFueXIreHBTb0JvQW9HQ0NxR1NNNDkKQXdFSG9VUURRZ0FFMngzektCZ0x2aUZDZ0lwKzd1eU93NVpoM1FaaE5jUC9BWFNrRDNKcWY2bk1YTXZ6dnIzRApIZ0Jwc3pEd2YyUW95a0d3TW1vVmVxTkU1Z3dUQmFLanlBPT0KLS0tLS1FTkQgRUMgUFJJVkFURSBLRVktLS0tLQo=\n    serviceAccount:\n        key: LS0tLS1CRUdJTiBSU0EgUFJJVkFURSBLRVktLS0tLQpNSUlKS0FJQkFBS0NBZ0VBMlFjc3c3NTNxVC9uTzBkVytkSm5RVERtVUpKOTQ5VFNMampTRzdMaDY3MDNCcFpaCjV6VFNrRVVUVXFKUG9HQmlScUtPQURmWW5hajZDbXlodEJXMzJkdjcrdS92UmRxaUlMbW9tL0pySnpsK1R4M0UKdVA5WmI3eDJGTDlCR3V2dThxNTZZTExhdWEvWUVGbmsyVGFNR2U2T1BFbVpqcXFCcTFhbytHcm1RblhjeldpQwpEVGRBOGkrNmNXclg2K1ZuNkFWMldYdjFqUXJ5WUFiMEE4YUNoQUNyVWJuMXV2YmRaNTF4T1ZKN2xpYmxIVmk3ClUrRmliOC91TmVZUnVoaEhweWhNN2RSVkYxMUxxUXdLYnVVTlgva08vc1ZWdUN3ZUlGbkJtUTVVT1ZnYUwzT20KYS9qQng5WlhXWVpPeVNXcnNCY09ZUHZCUW1pQmlyUDZSUm9YV0VrUU4zb3Urc2luNXRhcC91ZGxuR24wUk5MRgpXL2RENFJGaSs0RFEyQkZocVR6dStqUzVhWHlRd2dzQnh2SjV1b2JmSFBXVncweDd2Y3BGekh6WisxZmVuMHdSCkhBN3NKZWFwRGdCQVZBNlRmVHBaN21vS3Fjb05XNkhzVUN6bjdvOFZob1hYV2pJZSt1RkIrbmZMdzk0THdybEYKYkdqQmc2dWxRUkhGY3Vzb3grUjhDSUw3SkYybWxTOGhtOHhsRXZwT1NRY25oZDBVbDdoYjFBaktrNlBEMng1bQp3Qm9mZWJ1NitjQmxDdTVDL3BKa1hWMHhFUWo1QlBGd2U2cjFrcmdhN1htNTVwcytxMXplR1NiM1JqeFNkSFRqCndXUWgzbjFlRTYvUVNCa2V0bGtQaHNYK1B3Uy9nakdvbEFwZ3hjajNaeTRYWFJqVVBxaHdDSS8yaXhNQ0F3RUEKQVFLQ0FnQllwS1dVRGVleUtYZTRycHJIenpoOVdBdTZQUnRPUTA3VnNqK2ZNS0UyT0VLUlhqZTZSOGo1UkQxdwpNdnR5OWVzdURwY1JYNzRLSjBwNWw0VTBtT3BQQVpzYUU0WVhjZ1ZtZUc1MXc3NGdkMHN2NVdqRVp3ZVFxOWxQCkFBOEhmL1pKQ1JyVEJEcHlQWEJ5dlVUTHM0dmx5NW9zNWFMaXNxSGo2YkY2UmE5bTFkMHB5TlhWc0F2RzM5ZTMKRzN5MXpTMXpoMGVmcFJIV1dmSkZacEdrT1NCMTZoQVBnWFRzdUlnV0dpaDAwVXZKT0htOFV0R3dvUTRqdlRuKwpxY256eUpiN24ycE1lYjJIbllPWnVHRktpaU84WDIzUWdhbFJZRE90NHZ0QUdLb3VBZDR3STN5Ri9VU282dE1pCnJjamdQNUt3aWJwRndvNWRJWEpIeE5zai9sUXA2aXNlRHBOanBKcXQyMTFURHl6d3NNaXA2VjBJeksrZDJhRmcKNGpaUmZVSFZOQmducmJMdnZrNUp3MGZhUXhxN0F6UC9vLzhYQlJjaXpPMjBrSmxYQWJuZnVySThKSHVPZTNpLwpLRWxQK1JOdVIwNmRxcnhodGsvLzV3Qm9aY1JwUFNKMUVqTGUzSmgybTlKR2g0NVFLMTlDMDJsc0ZuK3BFQkdDCndTakRCdGdvT1kzTjJ2YjRleWVqUFVWQlVyaHM2SXY5eU1kOVd6QlpKY2pGQlpWcVIzc05PZUhXYTlZenJPUkQKV2hGM1ZDU2xNbHp4TjVJbVNMd01BSWRWaGk4Y2JEMm5sSkFjcDg4Y0RIYjFPRHM3UVQ5TWtYU0ZnZ1YxUGFzOQpsR2paYjlqNFh4S3NaRWh2T083THhvaDh4RjZZZHNLVlRnSlYrcUpGdGxjbVJhMUZnUUtDQVFFQS9KUmxrV2ZPCkl6Q2M0VXQ3d3hKeDkzdUNVbzM4SEVnMjJqbG83a0Nhc09HWXNGRTlrQUpGY3diMG5qaXR4THRTZE0yL0lDRVAKRVNKaURqaitiMlNWQkY4UGtXWmdDbi9KWU5zU3hIQXdETkkzb2RLZVVlR3JiKzR0Z0tsK2cvWFVKQ2hMTmlZcgpyZ0RHYkRqQmd5bmdJVFpGdUpReEF2L2RORmgrNS9iZmloMC9NSHlkamVXR05KT3lER3JMdkpPTGwvcnRGeGUwCnFrYlpaODNQdkpGM1RYWU05dHF2QnhjWVM2aTN0SHV1NklieHd1MFRIU1RNcjV0R1lNbHRyRStBSlE3RTR1QzcKNkRYMVZ6aWV6MnRIV3F6ajJqNlNyRC9SSGU1YWZmUDBnbUVnbTZxbmlZVVFXcXo1S01jMlpKMTgvd2QxbFRpcApGOFJrZmcxZng1ZVBsd0tDQVFFQTIvZUloVTFadGRyaFk1YXZaZEVaOFdNOElaV2MrRWc1OXVib3NBYnlYUm9oCmVrZDVrTGl5QnMyRE1pbjdpcFFKMUxlRWVKWDA2eTliRldoeTNxZXJpYWlPZGhpSlRjeHR2eDRQdW01dmt6NDMKdUxFeFA0cjFtcTNqRlhuQ0pXRmJiNDd6Z0VhcnNMcTJWRFNCRmhqZE45M0V2aXBHUXpjRkNMZ21oSmI5YkxoMApMcWt5a0F2S3F5TnR1VFArenliRGd0VmRSTy9IRXRoQ25mYTdLNjd2cjNaMmxLaUdkamlXQyt2WkYzNnhNemcyCk5oNzJ6OXBuU1VibU9zYjZSM0R6UUFQYjU5L2pVU1NHQkQyUDdPTjlKOGdEMGQvZ0FSTHkzdVZ3cXRZNTg1bU0KQmRHMktTV1p3NlU4S3gyZm9Pa2NOWTZDTWFtUlRFU2o2aVhLVXZqUDVRS0NBUUIrT082MUJvb21YZEhZYU85MQpZYzlnWFBHWXJlbnlmRWdsTUJGM0Z3UDNKeFkxN3JOME54NWJ5SHNRWXNTOER0eTdFR0xWL0k5YUFiTzg1ZENJCi9Gdlg3bVdLUlAzejRUNVN6OGdHTVFaaU1kK3BWK2JVaHBFMUEzTHIzRWdrVEFKeSswdnl5SXFGajArWm41ZGQKSTkwazI4bGwzM0RLemZET2l2Y0lsdi9KTnFwd1lhWWUxamdHS0ZVUERZTzVQb2JCTVoyd0w2R1Nnb3Q4NjRaSAo5dTRHNE5yRHRpOUh2TXZnYTNVNmxhQ29CVi9tQ0xISG02OUtocTlhQ085czcrSGJJeEZUUy9tN3B0TnZmaFVuCkZMWjQ0dk9QQ2p3a0psUXJ3QVNxOHZJYkFjelkzaVNSZmRUWmE1MnNPam05ZUZLUjVEbG5sQVEwbzJtUThNQVAKcjNjTEFvSUJBREVnbHNnVzMzdGpPRVdTeVBlM2ZORFJ0Z05XTSttcnorNVo0Z3cyY1Bqa05pZm1RTHRXMU1QNgpNRndLemxoRCtmSWRUcVBUOGhCNDBpSDA0dnJoZmNsUDhRbGxMMzFGdEJra01LVVZ0eXV1a0tsYVFjS01XWkJEClY5MWJCVVp0K1Fyd1pXZjM0SzZtOU1QWHVpRGlTcjRJZE1GNEZaczdkWTlkK1pSUldLWm9oK0pIL2JmNE9qcUEKdmlmSCtoZnY4MmlNR0xtbHg5Tm9vM0ErUTgxYzA4RmZkdHA2elJVb1RESzdhUS83UnI1R3hxek51NWZ1a25UbQpOZE5ZejFzWFdleXBML3NZb045bGhkejZsdU4wWjJaMElJNUdMdlJ1Yy9uZVNveU5MZ0krLyt2b3k0TmpGM1YvCnVQRjBPMHVuNUpuOWl3eG1iOElWN25vRUdLenhUeFVDZ2dFQkFQRWJaNlhaMWkvenBTQ3IrTjhtaEJ6MkhrcEMKZzkxTnRxc2wxT2NpQjVKOUs1ZVpHMFlFYzhnZ01CVktkTENFVGdUaXFDM1RKYmVaMGQ3UXIyNHhsL0lLalVNWgpEZnU0djIxNExnTHJuQVNsSjEycjloenBYdnRXeng0T0lndkxmb0JRenpqZys5UXhHTWdNVFF6ZlE2TkVST01JCkZPd21DQ3lNNENRMHNxcHc5dUJGVTZJSWxKNFVJbE5Ud2pzQmc5Zmp2L3gvQ2wyOW85Y3lLUEhYekZ0ZWVjRE4KZ2hKRnJVcG94RXBBSUpTMlJYd0xWc1hvY0FZcjdqT2tuTW9QMkN1TitweTRHWGU3WDJaR1hsbm50WFg3Smt5VwpzWHkzSHlEdmd5VUIrbWcxTW44bFpMbXlUSVpJbHVuVWVkbVRWeUtDL3FPa01McEJKZEYralR0NWsrVT0KLS0tLS1FTkQgUlNBIFBSSVZBVEUgS0VZLS0tLS0K\n    apiServer:\n        image: registry.k8s.io/kube-apiserver:v1.32.0\n        certSANs:\n            - api.infrak8s.s1.lan\n        disablePodSecurityPolicy: true\n        admissionControl:\n            - name: PodSecurity\n              configuration:\n                apiVersion: pod-security.admission.config.k8s.io/v1alpha1\n                defaults:\n                    audit: restricted\n                    audit-version: latest\n                    enforce: baseline\n                    enforce-version: latest\n                    warn: restricted\n                    warn-version: latest\n                exemptions:\n                    namespaces:\n                        - kube-system\n                    runtimeClasses: []\n                    usernames: []\n                kind: PodSecurityConfiguration\n        auditPolicy:\n            apiVersion: audit.k8s.io/v1\n            kind: Policy\n            rules:\n                - level: Metadata\n    controllerManager:\n        image: registry.k8s.io/kube-controller-manager:v1.32.0\n    proxy:\n        image: registry.k8s.io/kube-proxy:v1.32.0\n    scheduler:\n        image: registry.k8s.io/kube-scheduler:v1.32.0\n    discovery:\n        enabled: true\n        registries:\n            kubernetes:\n                disabled: true\n            service: {}\n    etcd:\n        ca:\n            crt: LS0tLS1CRUdJTiBDRVJUSUZJQ0FURS0tLS0tCk1JSUJmakNDQVNTZ0F3SUJBZ0lSQUtYdHBRSVpKNlcxNGpnZVZMdDh6aUF3Q2dZSUtvWkl6ajBFQXdJd0R6RU4KTUFzR0ExVUVDaE1FWlhSalpEQWVGdzB5TkRFeU1qQXlNVFUyTkRkYUZ3MHpOREV5TVRneU1UVTJORGRhTUE4eApEVEFMQmdOVkJBb1RCR1YwWTJRd1dUQVRCZ2NxaGtqT1BRSUJCZ2dxaGtqT1BRTUJCd05DQUFUU3d6dit5OWZyClZHT3dHSTY4anQwbTZ4aCtDdWdLdm14V2JDQ21VeGNWdmZYN0JkejlWRk84aFQxbWZmT2JJV0Jrd0VnLzZKSXoKNk9UNE1EREpsTmRobzJFd1h6QU9CZ05WSFE4QkFmOEVCQU1DQW9Rd0hRWURWUjBsQkJZd0ZBWUlLd1lCQlFVSApBd0VHQ0NzR0FRVUZCd01DTUE4R0ExVWRFd0VCL3dRRk1BTUJBZjh3SFFZRFZSME9CQllFRk5NV2JlaVAvTnZRCjRlaDh2SDMzeTBDVWp6OU9NQW9HQ0NxR1NNNDlCQU1DQTBnQU1FVUNJUUNDWC8yMzJyOE10ZWFYOEd3RVBkVjAKN3gxOWl0ZUlxQVdCWWFraXNKOEJuZ0lnQWtrVXFPRlErcTR5RGsvL3FOMVdON2t0OTVqVUdwZDU2S0tGdm15KwpYNHc9Ci0tLS0tRU5EIENFUlRJRklDQVRFLS0tLS0K\n            key: LS0tLS1CRUdJTiBFQyBQUklWQVRFIEtFWS0tLS0tCk1IY0NBUUVFSUU5bGZ0eS92V1FRbXFjKzI1T2dDOXdVWVU3ZzAxS3BuNldodEIzQVYwdEVvQW9HQ0NxR1NNNDkKQXdFSG9VUURRZ0FFMHNNNy9zdlg2MVJqc0JpT3ZJN2RKdXNZZmdyb0NyNXNWbXdncGxNWEZiMzErd1hjL1ZSVAp2SVU5Wm4zem15RmdaTUJJUCtpU00ramsrREF3eVpUWFlRPT0KLS0tLS1FTkQgRUMgUFJJVkFURSBLRVktLS0tLQo=\n",
            "machine_secrets": {
              "certs": {
                "etcd": {
                  "cert": "LS0tLS1CRUdJTiBDRVJUSUZJQ0FURS0tLS0tCk1JSUJmakNDQVNTZ0F3SUJBZ0lSQUtYdHBRSVpKNlcxNGpnZVZMdDh6aUF3Q2dZSUtvWkl6ajBFQXdJd0R6RU4KTUFzR0ExVUVDaE1FWlhSalpEQWVGdzB5TkRFeU1qQXlNVFUyTkRkYUZ3MHpOREV5TVRneU1UVTJORGRhTUE4eApEVEFMQmdOVkJBb1RCR1YwWTJRd1dUQVRCZ2NxaGtqT1BRSUJCZ2dxaGtqT1BRTUJCd05DQUFUU3d6dit5OWZyClZHT3dHSTY4anQwbTZ4aCtDdWdLdm14V2JDQ21VeGNWdmZYN0JkejlWRk84aFQxbWZmT2JJV0Jrd0VnLzZKSXoKNk9UNE1EREpsTmRobzJFd1h6QU9CZ05WSFE4QkFmOEVCQU1DQW9Rd0hRWURWUjBsQkJZd0ZBWUlLd1lCQlFVSApBd0VHQ0NzR0FRVUZCd01DTUE4R0ExVWRFd0VCL3dRRk1BTUJBZjh3SFFZRFZSME9CQllFRk5NV2JlaVAvTnZRCjRlaDh2SDMzeTBDVWp6OU9NQW9HQ0NxR1NNNDlCQU1DQTBnQU1FVUNJUUNDWC8yMzJyOE10ZWFYOEd3RVBkVjAKN3gxOWl0ZUlxQVdCWWFraXNKOEJuZ0lnQWtrVXFPRlErcTR5RGsvL3FOMVdON2t0OTVqVUdwZDU2S0tGdm15KwpYNHc9Ci0tLS0tRU5EIENFUlRJRklDQVRFLS0tLS0K",
                  "key": "LS0tLS1CRUdJTiBFQyBQUklWQVRFIEtFWS0tLS0tCk1IY0NBUUVFSUU5bGZ0eS92V1FRbXFjKzI1T2dDOXdVWVU3ZzAxS3BuNldodEIzQVYwdEVvQW9HQ0NxR1NNNDkKQXdFSG9VUURRZ0FFMHNNNy9zdlg2MVJqc0JpT3ZJN2RKdXNZZmdyb0NyNXNWbXdncGxNWEZiMzErd1hjL1ZSVAp2SVU5Wm4zem15RmdaTUJJUCtpU00ramsrREF3eVpUWFlRPT0KLS0tLS1FTkQgRUMgUFJJVkFURSBLRVktLS0tLQo="
                },
                "k8s": {
                  "cert": "LS0tLS1CRUdJTiBDRVJUSUZJQ0FURS0tLS0tCk1JSUJpekNDQVRDZ0F3SUJBZ0lSQUpwTEFSQUZuYWVBYTU2bE1oaysxVWd3Q2dZSUtvWkl6ajBFQXdJd0ZURVQKTUJFR0ExVUVDaE1LYTNWaVpYSnVaWFJsY3pBZUZ3MHlOREV5TWpBeU1UVTJORGRhRncwek5ERXlNVGd5TVRVMgpORGRhTUJVeEV6QVJCZ05WQkFvVENtdDFZbVZ5Ym1WMFpYTXdXVEFUQmdjcWhrak9QUUlCQmdncWhrak9QUU1CCkJ3TkNBQVNFMlphQ2tYYlhjZTJDeE5jdDh2TEJjdnhodzkya1lnSjhNUlY4S01xM25RVmQza2J4RFBFdFNtUWQKeEdzb0lScDdqZ1IyeWlKYTkxVnFOMFgrU2tNdG8yRXdYekFPQmdOVkhROEJBZjhFQkFNQ0FvUXdIUVlEVlIwbApCQll3RkFZSUt3WUJCUVVIQXdFR0NDc0dBUVVGQndNQ01BOEdBMVVkRXdFQi93UUZNQU1CQWY4d0hRWURWUjBPCkJCWUVGR0lUeWVtRzdMQkdUUkFsN09Dam5wVWJIdWNjTUFvR0NDcUdTTTQ5QkFNQ0Ewa0FNRVlDSVFEemFjSFIKY0V4REY5TDY4aWIxenFxdEpGSGY0N0h3WDlTSGZiaGxSb0t0clFJaEFPNGFJOFdXUUdXZ21HUzBtMmVKZU5wdAo1ZHprODlsT0JhRUdUdkdrd3R2cwotLS0tLUVORCBDRVJUSUZJQ0FURS0tLS0tCg==",
                  "key": "LS0tLS1CRUdJTiBFQyBQUklWQVRFIEtFWS0tLS0tCk1IY0NBUUVFSUhKOS82M3NyNmVycDI5cVc2ZDhvenNSQmpGYkluK1lxSXJ5ajVnRHpGMmVvQW9HQ0NxR1NNNDkKQXdFSG9VUURRZ0FFaE5tV2dwRjIxM0h0Z3NUWExmTHl3WEw4WWNQZHBHSUNmREVWZkNqS3Q1MEZYZDVHOFF6eApMVXBrSGNScktDRWFlNDRFZHNvaVd2ZFZhamRGL2twRExRPT0KLS0tLS1FTkQgRUMgUFJJVkFURSBLRVktLS0tLQo="
                },
                "k8s_aggregator": {
                  "cert": "LS0tLS1CRUdJTiBDRVJUSUZJQ0FURS0tLS0tCk1JSUJZRENDQVFXZ0F3SUJBZ0lRQ1BrSGo4NG9UYzBNVkNqRVJNRThaakFLQmdncWhrak9QUVFEQWpBQU1CNFgKRFRJME1USXlNREl4TlRZME4xb1hEVE0wTVRJeE9ESXhOVFkwTjFvd0FEQlpNQk1HQnlxR1NNNDlBZ0VHQ0NxRwpTTTQ5QXdFSEEwSUFCTnNkOHlnWUM3NGhRb0NLZnU3c2pzT1dZZDBHWVRYRC93RjBwQTl5YW4rcHpGekw4NzY5Cnd4NEFhYk13OEg5a0tNcEJzREpxRlhxalJPWU1Fd1dpbzhpallUQmZNQTRHQTFVZER3RUIvd1FFQXdJQ2hEQWQKQmdOVkhTVUVGakFVQmdnckJnRUZCUWNEQVFZSUt3WUJCUVVIQXdJd0R3WURWUjBUQVFIL0JBVXdBd0VCL3pBZApCZ05WSFE0RUZnUVVnQlplamF4eU5pd3JKSGRneU5Jc0dlcGRWRzB3Q2dZSUtvWkl6ajBFQXdJRFNRQXdSZ0loCkFQVFd2Tmpma25JZEdqVHlmZ1c1bW8rVk5CMnVjY3BPUmVKa0lpUUoxTEl4QWlFQW1BK1Nub0NKYWhUQVJHMTAKR0pBcGdlSmM5bStGVVozRDRKbktucGZxS0NvPQotLS0tLUVORCBDRVJUSUZJQ0FURS0tLS0tCg==",
                  "key": "LS0tLS1CRUdJTiBFQyBQUklWQVRFIEtFWS0tLS0tCk1IY0NBUUVFSU1sTXF5MHVxSmF5ZlErMnlkek8waG5sU0ZnVjRROWJZeFFueXIreHBTb0JvQW9HQ0NxR1NNNDkKQXdFSG9VUURRZ0FFMngzektCZ0x2aUZDZ0lwKzd1eU93NVpoM1FaaE5jUC9BWFNrRDNKcWY2bk1YTXZ6dnIzRApIZ0Jwc3pEd2YyUW95a0d3TW1vVmVxTkU1Z3dUQmFLanlBPT0KLS0tLS1FTkQgRUMgUFJJVkFURSBLRVktLS0tLQo="
                },
                "k8s_serviceaccount": {
                  "key": "LS0tLS1CRUdJTiBSU0EgUFJJVkFURSBLRVktLS0tLQpNSUlKS0FJQkFBS0NBZ0VBMlFjc3c3NTNxVC9uTzBkVytkSm5RVERtVUpKOTQ5VFNMampTRzdMaDY3MDNCcFpaCjV6VFNrRVVUVXFKUG9HQmlScUtPQURmWW5hajZDbXlodEJXMzJkdjcrdS92UmRxaUlMbW9tL0pySnpsK1R4M0UKdVA5WmI3eDJGTDlCR3V2dThxNTZZTExhdWEvWUVGbmsyVGFNR2U2T1BFbVpqcXFCcTFhbytHcm1RblhjeldpQwpEVGRBOGkrNmNXclg2K1ZuNkFWMldYdjFqUXJ5WUFiMEE4YUNoQUNyVWJuMXV2YmRaNTF4T1ZKN2xpYmxIVmk3ClUrRmliOC91TmVZUnVoaEhweWhNN2RSVkYxMUxxUXdLYnVVTlgva08vc1ZWdUN3ZUlGbkJtUTVVT1ZnYUwzT20KYS9qQng5WlhXWVpPeVNXcnNCY09ZUHZCUW1pQmlyUDZSUm9YV0VrUU4zb3Urc2luNXRhcC91ZGxuR24wUk5MRgpXL2RENFJGaSs0RFEyQkZocVR6dStqUzVhWHlRd2dzQnh2SjV1b2JmSFBXVncweDd2Y3BGekh6WisxZmVuMHdSCkhBN3NKZWFwRGdCQVZBNlRmVHBaN21vS3Fjb05XNkhzVUN6bjdvOFZob1hYV2pJZSt1RkIrbmZMdzk0THdybEYKYkdqQmc2dWxRUkhGY3Vzb3grUjhDSUw3SkYybWxTOGhtOHhsRXZwT1NRY25oZDBVbDdoYjFBaktrNlBEMng1bQp3Qm9mZWJ1NitjQmxDdTVDL3BKa1hWMHhFUWo1QlBGd2U2cjFrcmdhN1htNTVwcytxMXplR1NiM1JqeFNkSFRqCndXUWgzbjFlRTYvUVNCa2V0bGtQaHNYK1B3Uy9nakdvbEFwZ3hjajNaeTRYWFJqVVBxaHdDSS8yaXhNQ0F3RUEKQVFLQ0FnQllwS1dVRGVleUtYZTRycHJIenpoOVdBdTZQUnRPUTA3VnNqK2ZNS0UyT0VLUlhqZTZSOGo1UkQxdwpNdnR5OWVzdURwY1JYNzRLSjBwNWw0VTBtT3BQQVpzYUU0WVhjZ1ZtZUc1MXc3NGdkMHN2NVdqRVp3ZVFxOWxQCkFBOEhmL1pKQ1JyVEJEcHlQWEJ5dlVUTHM0dmx5NW9zNWFMaXNxSGo2YkY2UmE5bTFkMHB5TlhWc0F2RzM5ZTMKRzN5MXpTMXpoMGVmcFJIV1dmSkZacEdrT1NCMTZoQVBnWFRzdUlnV0dpaDAwVXZKT0htOFV0R3dvUTRqdlRuKwpxY256eUpiN24ycE1lYjJIbllPWnVHRktpaU84WDIzUWdhbFJZRE90NHZ0QUdLb3VBZDR3STN5Ri9VU282dE1pCnJjamdQNUt3aWJwRndvNWRJWEpIeE5zai9sUXA2aXNlRHBOanBKcXQyMTFURHl6d3NNaXA2VjBJeksrZDJhRmcKNGpaUmZVSFZOQmducmJMdnZrNUp3MGZhUXhxN0F6UC9vLzhYQlJjaXpPMjBrSmxYQWJuZnVySThKSHVPZTNpLwpLRWxQK1JOdVIwNmRxcnhodGsvLzV3Qm9aY1JwUFNKMUVqTGUzSmgybTlKR2g0NVFLMTlDMDJsc0ZuK3BFQkdDCndTakRCdGdvT1kzTjJ2YjRleWVqUFVWQlVyaHM2SXY5eU1kOVd6QlpKY2pGQlpWcVIzc05PZUhXYTlZenJPUkQKV2hGM1ZDU2xNbHp4TjVJbVNMd01BSWRWaGk4Y2JEMm5sSkFjcDg4Y0RIYjFPRHM3UVQ5TWtYU0ZnZ1YxUGFzOQpsR2paYjlqNFh4S3NaRWh2T083THhvaDh4RjZZZHNLVlRnSlYrcUpGdGxjbVJhMUZnUUtDQVFFQS9KUmxrV2ZPCkl6Q2M0VXQ3d3hKeDkzdUNVbzM4SEVnMjJqbG83a0Nhc09HWXNGRTlrQUpGY3diMG5qaXR4THRTZE0yL0lDRVAKRVNKaURqaitiMlNWQkY4UGtXWmdDbi9KWU5zU3hIQXdETkkzb2RLZVVlR3JiKzR0Z0tsK2cvWFVKQ2hMTmlZcgpyZ0RHYkRqQmd5bmdJVFpGdUpReEF2L2RORmgrNS9iZmloMC9NSHlkamVXR05KT3lER3JMdkpPTGwvcnRGeGUwCnFrYlpaODNQdkpGM1RYWU05dHF2QnhjWVM2aTN0SHV1NklieHd1MFRIU1RNcjV0R1lNbHRyRStBSlE3RTR1QzcKNkRYMVZ6aWV6MnRIV3F6ajJqNlNyRC9SSGU1YWZmUDBnbUVnbTZxbmlZVVFXcXo1S01jMlpKMTgvd2QxbFRpcApGOFJrZmcxZng1ZVBsd0tDQVFFQTIvZUloVTFadGRyaFk1YXZaZEVaOFdNOElaV2MrRWc1OXVib3NBYnlYUm9oCmVrZDVrTGl5QnMyRE1pbjdpcFFKMUxlRWVKWDA2eTliRldoeTNxZXJpYWlPZGhpSlRjeHR2eDRQdW01dmt6NDMKdUxFeFA0cjFtcTNqRlhuQ0pXRmJiNDd6Z0VhcnNMcTJWRFNCRmhqZE45M0V2aXBHUXpjRkNMZ21oSmI5YkxoMApMcWt5a0F2S3F5TnR1VFArenliRGd0VmRSTy9IRXRoQ25mYTdLNjd2cjNaMmxLaUdkamlXQyt2WkYzNnhNemcyCk5oNzJ6OXBuU1VibU9zYjZSM0R6UUFQYjU5L2pVU1NHQkQyUDdPTjlKOGdEMGQvZ0FSTHkzdVZ3cXRZNTg1bU0KQmRHMktTV1p3NlU4S3gyZm9Pa2NOWTZDTWFtUlRFU2o2aVhLVXZqUDVRS0NBUUIrT082MUJvb21YZEhZYU85MQpZYzlnWFBHWXJlbnlmRWdsTUJGM0Z3UDNKeFkxN3JOME54NWJ5SHNRWXNTOER0eTdFR0xWL0k5YUFiTzg1ZENJCi9Gdlg3bVdLUlAzejRUNVN6OGdHTVFaaU1kK3BWK2JVaHBFMUEzTHIzRWdrVEFKeSswdnl5SXFGajArWm41ZGQKSTkwazI4bGwzM0RLemZET2l2Y0lsdi9KTnFwd1lhWWUxamdHS0ZVUERZTzVQb2JCTVoyd0w2R1Nnb3Q4NjRaSAo5dTRHNE5yRHRpOUh2TXZnYTNVNmxhQ29CVi9tQ0xISG02OUtocTlhQ085czcrSGJJeEZUUy9tN3B0TnZmaFVuCkZMWjQ0dk9QQ2p3a0psUXJ3QVNxOHZJYkFjelkzaVNSZmRUWmE1MnNPam05ZUZLUjVEbG5sQVEwbzJtUThNQVAKcjNjTEFvSUJBREVnbHNnVzMzdGpPRVdTeVBlM2ZORFJ0Z05XTSttcnorNVo0Z3cyY1Bqa05pZm1RTHRXMU1QNgpNRndLemxoRCtmSWRUcVBUOGhCNDBpSDA0dnJoZmNsUDhRbGxMMzFGdEJra01LVVZ0eXV1a0tsYVFjS01XWkJEClY5MWJCVVp0K1Fyd1pXZjM0SzZtOU1QWHVpRGlTcjRJZE1GNEZaczdkWTlkK1pSUldLWm9oK0pIL2JmNE9qcUEKdmlmSCtoZnY4MmlNR0xtbHg5Tm9vM0ErUTgxYzA4RmZkdHA2elJVb1RESzdhUS83UnI1R3hxek51NWZ1a25UbQpOZE5ZejFzWFdleXBML3NZb045bGhkejZsdU4wWjJaMElJNUdMdlJ1Yy9uZVNveU5MZ0krLyt2b3k0TmpGM1YvCnVQRjBPMHVuNUpuOWl3eG1iOElWN25vRUdLenhUeFVDZ2dFQkFQRWJaNlhaMWkvenBTQ3IrTjhtaEJ6MkhrcEMKZzkxTnRxc2wxT2NpQjVKOUs1ZVpHMFlFYzhnZ01CVktkTENFVGdUaXFDM1RKYmVaMGQ3UXIyNHhsL0lLalVNWgpEZnU0djIxNExnTHJuQVNsSjEycjloenBYdnRXeng0T0lndkxmb0JRenpqZys5UXhHTWdNVFF6ZlE2TkVST01JCkZPd21DQ3lNNENRMHNxcHc5dUJGVTZJSWxKNFVJbE5Ud2pzQmc5Zmp2L3gvQ2wyOW85Y3lLUEhYekZ0ZWVjRE4KZ2hKRnJVcG94RXBBSUpTMlJYd0xWc1hvY0FZcjdqT2tuTW9QMkN1TitweTRHWGU3WDJaR1hsbm50WFg3Smt5VwpzWHkzSHlEdmd5VUIrbWcxTW44bFpMbXlUSVpJbHVuVWVkbVRWeUtDL3FPa01McEJKZEYralR0NWsrVT0KLS0tLS1FTkQgUlNBIFBSSVZBVEUgS0VZLS0tLS0K"
                },
                "os": {
                  "cert": "LS0tLS1CRUdJTiBDRVJUSUZJQ0FURS0tLS0tCk1JSUJQakNCOGFBREFnRUNBaEEyVFNIcEJSYjFkTGlxR1FXWlNnbzhNQVVHQXl0bGNEQVFNUTR3REFZRFZRUUsKRXdWMFlXeHZjekFlRncweU5ERXlNakF5TVRVMk5EZGFGdzB6TkRFeU1UZ3lNVFUyTkRkYU1CQXhEakFNQmdOVgpCQW9UQlhSaGJHOXpNQ293QlFZREsyVndBeUVBMmdyTENyMnBEOHgreXhib0liQi9jem9BSXRVQ1UrWXE1L1l0CmI4WlVaVkdqWVRCZk1BNEdBMVVkRHdFQi93UUVBd0lDaERBZEJnTlZIU1VFRmpBVUJnZ3JCZ0VGQlFjREFRWUkKS3dZQkJRVUhBd0l3RHdZRFZSMFRBUUgvQkFVd0F3RUIvekFkQmdOVkhRNEVGZ1FVNTVvV20wOTZDbnE1U2h2agpQR05NVERXa094b3dCUVlESzJWd0EwRUFKUlprKzFxaDFPN1pTOHQ4amlhZGdUYWZnRzFEb1VTMHlHajZRQjg4CnR6TlBUNGVYdEx6VjczdjJqK2ZXWmVlNVVaOTFDRjcvVEREdjA5SVAwak1oQ1E9PQotLS0tLUVORCBDRVJUSUZJQ0FURS0tLS0tCg==",
                  "key": "LS0tLS1CRUdJTiBFRDI1NTE5IFBSSVZBVEUgS0VZLS0tLS0KTUM0Q0FRQXdCUVlESzJWd0JDSUVJSlRZV3ZwTDJBRkFNVVo2NzRDZHpXTGtNVy9qZTQ0NWFpaENIZUxxRUZRUgotLS0tLUVORCBFRDI1NTE5IFBSSVZBVEUgS0VZLS0tLS0K"
                }
              },
              "cluster": {
                "id": "VhCPaHxLV1I6CEcxlCGWbSuW9GqnjzMhGxnWW-fTFew=",
                "secret": "6zmTs2vdxhVNH3mLXuBaBq0sXWyXob1uXFVHfctLlNY="
              },
              "secrets": {
                "aescbc_encryption_secret": null,
                "bootstrap_token": "lrapkx.nwz5r1b6pxr3fnk2",
                "secretbox_encryption_secret": "WtKkJYLyIrdTOMLRalAlAH7mCEDpvrCIUN6G23J5Xr8="
              },
              "trustdinfo": {
                "token": "yg87rb.rkalumjxzjbre40y"
              }
            },
            "machine_type": "controlplane",
            "talos_version": "v1.9"
          },
          "sensitive_attributes": [
            [
              {
                "type": "get_attr",
                "value": "machine_secrets"
              },
              {
                "type": "get_attr",
                "value": "certs"
              },
              {
                "type": "get_attr",
                "value": "os"
              },
              {
                "type": "get_attr",
                "value": "key"
              }
            ],
            [
              {
                "type": "get_attr",
                "value": "machine_secrets"
              },
              {
                "type": "get_attr",
                "value": "certs"
              },
              {
                "type": "get_attr",
                "value": "etcd"
              },
              {
                "type": "get_attr",
                "value": "key"
              }
            ],
            [
              {
                "type": "get_attr",
                "value": "machine_secrets"
              },
              {
                "type": "get_attr",
                "value": "certs"
              },
              {
                "type": "get_attr",
                "value": "k8s"
              },
              {
                "type": "get_attr",
                "value": "key"
              }
            ],
            [
              {
                "type": "get_attr",
                "value": "machine_secrets"
              },
              {
                "type": "get_attr",
                "value": "certs"
              },
              {
                "type": "get_attr",
                "value": "k8s_aggregator"
              },
              {
                "type": "get_attr",
                "value": "key"
              }
            ],
            [
              {
                "type": "get_attr",
                "value": "machine_secrets"
              },
              {
                "type": "get_attr",
                "value": "certs"
              },
              {
                "type": "get_attr",
                "value": "k8s_serviceaccount"
              },
              {
                "type": "get_attr",
                "value": "key"
              }
            ],
            [
              {
                "type": "get_attr",
                "value": "machine_secrets"
              },
              {
                "type": "get_attr",
                "value": "cluster"
              },
              {
                "type": "get_attr",
                "value": "secret"
              }
            ],
            [
              {
                "type": "get_attr",
                "value": "machine_secrets"
              },
              {
                "type": "get_attr",
                "value": "secrets"
              },
              {
                "type": "get_attr",
                "value": "secretbox_encryption_secret"
              }
            ],
            [
              {
                "type": "get_attr",
                "value": "machine_secrets"
              },
              {
                "type": "get_attr",
                "value": "secrets"
              },
              {
                "type": "get_attr",
                "value": "aescbc_encryption_secret"
              }
            ],
            [
              {
                "type": "get_attr",
                "value": "machine_secrets"
              },
              {
                "type": "get_attr",
                "value": "secrets"
              },
              {
                "type": "get_attr",
                "value": "bootstrap_token"
              }
            ],
            [
              {
                "type": "get_attr",
                "value": "machine_secrets"
              },
              {
                "type": "get_attr",
                "value": "trustdinfo"
              },
              {
                "type": "get_attr",
                "value": "token"
              }
            ]
          ]
        }
      ]
    },
    {
      "mode": "data",
      "type": "talos_machine_configuration",
      "name": "worker",
      "provider": "provider[\"registry.terraform.io/siderolabs/talos\"]",
      "instances": [
        {
          "schema_version": 0,
          "attributes": {
            "cluster_endpoint": "https://api.infrak8s.s1.lan:6443",
            "cluster_name": "infra",
            "config_patches": null,
            "docs": null,
            "examples": null,
            "id": "infra",
            "kubernetes_version": "1.32.0",
            "machine_configuration": "version: v1alpha1\ndebug: false\npersist: true\nmachine:\n    type: worker\n    token: yg87rb.rkalumjxzjbre40y\n    ca:\n        crt: LS0tLS1CRUdJTiBDRVJUSUZJQ0FURS0tLS0tCk1JSUJQakNCOGFBREFnRUNBaEEyVFNIcEJSYjFkTGlxR1FXWlNnbzhNQVVHQXl0bGNEQVFNUTR3REFZRFZRUUsKRXdWMFlXeHZjekFlRncweU5ERXlNakF5TVRVMk5EZGFGdzB6TkRFeU1UZ3lNVFUyTkRkYU1CQXhEakFNQmdOVgpCQW9UQlhSaGJHOXpNQ293QlFZREsyVndBeUVBMmdyTENyMnBEOHgreXhib0liQi9jem9BSXRVQ1UrWXE1L1l0CmI4WlVaVkdqWVRCZk1BNEdBMVVkRHdFQi93UUVBd0lDaERBZEJnTlZIU1VFRmpBVUJnZ3JCZ0VGQlFjREFRWUkKS3dZQkJRVUhBd0l3RHdZRFZSMFRBUUgvQkFVd0F3RUIvekFkQmdOVkhRNEVGZ1FVNTVvV20wOTZDbnE1U2h2agpQR05NVERXa094b3dCUVlESzJWd0EwRUFKUlprKzFxaDFPN1pTOHQ4amlhZGdUYWZnRzFEb1VTMHlHajZRQjg4CnR6TlBUNGVYdEx6VjczdjJqK2ZXWmVlNVVaOTFDRjcvVEREdjA5SVAwak1oQ1E9PQotLS0tLUVORCBDRVJUSUZJQ0FURS0tLS0tCg==\n        key: \"\"\n    certSANs: []\n    kubelet:\n        image: ghcr.io/siderolabs/kubelet:v1.32.0\n        defaultRuntimeSeccompProfileEnabled: true\n        disableManifestsDirectory: true\n    network: {}\n    install:\n        disk: /dev/sda\n        image: ghcr.io/siderolabs/installer:v1.9.0\n        wipe: false\n    features:\n        rbac: true\n        stableHostname: true\n        apidCheckExtKeyUsage: true\n        diskQuotaSupport: true\n        kubePrism:\n            enabled: true\n            port: 7445\n        hostDNS:\n            enabled: true\n            forwardKubeDNSToHost: true\ncluster:\n    id: VhCPaHxLV1I6CEcxlCGWbSuW9GqnjzMhGxnWW-fTFew=\n    secret: 6zmTs2vdxhVNH3mLXuBaBq0sXWyXob1uXFVHfctLlNY=\n    controlPlane:\n        endpoint: https://api.infrak8s.s1.lan:6443\n    clusterName: infra\n    network:\n        dnsDomain: cluster.local\n        podSubnets:\n            - 10.244.0.0/16\n        serviceSubnets:\n            - 10.96.0.0/12\n    token: lrapkx.nwz5r1b6pxr3fnk2\n    ca:\n        crt: LS0tLS1CRUdJTiBDRVJUSUZJQ0FURS0tLS0tCk1JSUJpekNDQVRDZ0F3SUJBZ0lSQUpwTEFSQUZuYWVBYTU2bE1oaysxVWd3Q2dZSUtvWkl6ajBFQXdJd0ZURVQKTUJFR0ExVUVDaE1LYTNWaVpYSnVaWFJsY3pBZUZ3MHlOREV5TWpBeU1UVTJORGRhRncwek5ERXlNVGd5TVRVMgpORGRhTUJVeEV6QVJCZ05WQkFvVENtdDFZbVZ5Ym1WMFpYTXdXVEFUQmdjcWhrak9QUUlCQmdncWhrak9QUU1CCkJ3TkNBQVNFMlphQ2tYYlhjZTJDeE5jdDh2TEJjdnhodzkya1lnSjhNUlY4S01xM25RVmQza2J4RFBFdFNtUWQKeEdzb0lScDdqZ1IyeWlKYTkxVnFOMFgrU2tNdG8yRXdYekFPQmdOVkhROEJBZjhFQkFNQ0FvUXdIUVlEVlIwbApCQll3RkFZSUt3WUJCUVVIQXdFR0NDc0dBUVVGQndNQ01BOEdBMVVkRXdFQi93UUZNQU1CQWY4d0hRWURWUjBPCkJCWUVGR0lUeWVtRzdMQkdUUkFsN09Dam5wVWJIdWNjTUFvR0NDcUdTTTQ5QkFNQ0Ewa0FNRVlDSVFEemFjSFIKY0V4REY5TDY4aWIxenFxdEpGSGY0N0h3WDlTSGZiaGxSb0t0clFJaEFPNGFJOFdXUUdXZ21HUzBtMmVKZU5wdAo1ZHprODlsT0JhRUdUdkdrd3R2cwotLS0tLUVORCBDRVJUSUZJQ0FURS0tLS0tCg==\n        key: \"\"\n    discovery:\n        enabled: true\n        registries:\n            kubernetes:\n                disabled: true\n            service: {}\n",
            "machine_secrets": {
              "certs": {
                "etcd": {
                  "cert": "LS0tLS1CRUdJTiBDRVJUSUZJQ0FURS0tLS0tCk1JSUJmakNDQVNTZ0F3SUJBZ0lSQUtYdHBRSVpKNlcxNGpnZVZMdDh6aUF3Q2dZSUtvWkl6ajBFQXdJd0R6RU4KTUFzR0ExVUVDaE1FWlhSalpEQWVGdzB5TkRFeU1qQXlNVFUyTkRkYUZ3MHpOREV5TVRneU1UVTJORGRhTUE4eApEVEFMQmdOVkJBb1RCR1YwWTJRd1dUQVRCZ2NxaGtqT1BRSUJCZ2dxaGtqT1BRTUJCd05DQUFUU3d6dit5OWZyClZHT3dHSTY4anQwbTZ4aCtDdWdLdm14V2JDQ21VeGNWdmZYN0JkejlWRk84aFQxbWZmT2JJV0Jrd0VnLzZKSXoKNk9UNE1EREpsTmRobzJFd1h6QU9CZ05WSFE4QkFmOEVCQU1DQW9Rd0hRWURWUjBsQkJZd0ZBWUlLd1lCQlFVSApBd0VHQ0NzR0FRVUZCd01DTUE4R0ExVWRFd0VCL3dRRk1BTUJBZjh3SFFZRFZSME9CQllFRk5NV2JlaVAvTnZRCjRlaDh2SDMzeTBDVWp6OU9NQW9HQ0NxR1NNNDlCQU1DQTBnQU1FVUNJUUNDWC8yMzJyOE10ZWFYOEd3RVBkVjAKN3gxOWl0ZUlxQVdCWWFraXNKOEJuZ0lnQWtrVXFPRlErcTR5RGsvL3FOMVdON2t0OTVqVUdwZDU2S0tGdm15KwpYNHc9Ci0tLS0tRU5EIENFUlRJRklDQVRFLS0tLS0K",
                  "key": "LS0tLS1CRUdJTiBFQyBQUklWQVRFIEtFWS0tLS0tCk1IY0NBUUVFSUU5bGZ0eS92V1FRbXFjKzI1T2dDOXdVWVU3ZzAxS3BuNldodEIzQVYwdEVvQW9HQ0NxR1NNNDkKQXdFSG9VUURRZ0FFMHNNNy9zdlg2MVJqc0JpT3ZJN2RKdXNZZmdyb0NyNXNWbXdncGxNWEZiMzErd1hjL1ZSVAp2SVU5Wm4zem15RmdaTUJJUCtpU00ramsrREF3eVpUWFlRPT0KLS0tLS1FTkQgRUMgUFJJVkFURSBLRVktLS0tLQo="
                },
                "k8s": {
                  "cert": "LS0tLS1CRUdJTiBDRVJUSUZJQ0FURS0tLS0tCk1JSUJpekNDQVRDZ0F3SUJBZ0lSQUpwTEFSQUZuYWVBYTU2bE1oaysxVWd3Q2dZSUtvWkl6ajBFQXdJd0ZURVQKTUJFR0ExVUVDaE1LYTNWaVpYSnVaWFJsY3pBZUZ3MHlOREV5TWpBeU1UVTJORGRhRncwek5ERXlNVGd5TVRVMgpORGRhTUJVeEV6QVJCZ05WQkFvVENtdDFZbVZ5Ym1WMFpYTXdXVEFUQmdjcWhrak9QUUlCQmdncWhrak9QUU1CCkJ3TkNBQVNFMlphQ2tYYlhjZTJDeE5jdDh2TEJjdnhodzkya1lnSjhNUlY4S01xM25RVmQza2J4RFBFdFNtUWQKeEdzb0lScDdqZ1IyeWlKYTkxVnFOMFgrU2tNdG8yRXdYekFPQmdOVkhROEJBZjhFQkFNQ0FvUXdIUVlEVlIwbApCQll3RkFZSUt3WUJCUVVIQXdFR0NDc0dBUVVGQndNQ01BOEdBMVVkRXdFQi93UUZNQU1CQWY4d0hRWURWUjBPCkJCWUVGR0lUeWVtRzdMQkdUUkFsN09Dam5wVWJIdWNjTUFvR0NDcUdTTTQ5QkFNQ0Ewa0FNRVlDSVFEemFjSFIKY0V4REY5TDY4aWIxenFxdEpGSGY0N0h3WDlTSGZiaGxSb0t0clFJaEFPNGFJOFdXUUdXZ21HUzBtMmVKZU5wdAo1ZHprODlsT0JhRUdUdkdrd3R2cwotLS0tLUVORCBDRVJUSUZJQ0FURS0tLS0tCg==",
                  "key": "LS0tLS1CRUdJTiBFQyBQUklWQVRFIEtFWS0tLS0tCk1IY0NBUUVFSUhKOS82M3NyNmVycDI5cVc2ZDhvenNSQmpGYkluK1lxSXJ5ajVnRHpGMmVvQW9HQ0NxR1NNNDkKQXdFSG9VUURRZ0FFaE5tV2dwRjIxM0h0Z3NUWExmTHl3WEw4WWNQZHBHSUNmREVWZkNqS3Q1MEZYZDVHOFF6eApMVXBrSGNScktDRWFlNDRFZHNvaVd2ZFZhamRGL2twRExRPT0KLS0tLS1FTkQgRUMgUFJJVkFURSBLRVktLS0tLQo="
                },
                "k8s_aggregator": {
                  "cert": "LS0tLS1CRUdJTiBDRVJUSUZJQ0FURS0tLS0tCk1JSUJZRENDQVFXZ0F3SUJBZ0lRQ1BrSGo4NG9UYzBNVkNqRVJNRThaakFLQmdncWhrak9QUVFEQWpBQU1CNFgKRFRJME1USXlNREl4TlRZME4xb1hEVE0wTVRJeE9ESXhOVFkwTjFvd0FEQlpNQk1HQnlxR1NNNDlBZ0VHQ0NxRwpTTTQ5QXdFSEEwSUFCTnNkOHlnWUM3NGhRb0NLZnU3c2pzT1dZZDBHWVRYRC93RjBwQTl5YW4rcHpGekw4NzY5Cnd4NEFhYk13OEg5a0tNcEJzREpxRlhxalJPWU1Fd1dpbzhpallUQmZNQTRHQTFVZER3RUIvd1FFQXdJQ2hEQWQKQmdOVkhTVUVGakFVQmdnckJnRUZCUWNEQVFZSUt3WUJCUVVIQXdJd0R3WURWUjBUQVFIL0JBVXdBd0VCL3pBZApCZ05WSFE0RUZnUVVnQlplamF4eU5pd3JKSGRneU5Jc0dlcGRWRzB3Q2dZSUtvWkl6ajBFQXdJRFNRQXdSZ0loCkFQVFd2Tmpma25JZEdqVHlmZ1c1bW8rVk5CMnVjY3BPUmVKa0lpUUoxTEl4QWlFQW1BK1Nub0NKYWhUQVJHMTAKR0pBcGdlSmM5bStGVVozRDRKbktucGZxS0NvPQotLS0tLUVORCBDRVJUSUZJQ0FURS0tLS0tCg==",
                  "key": "LS0tLS1CRUdJTiBFQyBQUklWQVRFIEtFWS0tLS0tCk1IY0NBUUVFSU1sTXF5MHVxSmF5ZlErMnlkek8waG5sU0ZnVjRROWJZeFFueXIreHBTb0JvQW9HQ0NxR1NNNDkKQXdFSG9VUURRZ0FFMngzektCZ0x2aUZDZ0lwKzd1eU93NVpoM1FaaE5jUC9BWFNrRDNKcWY2bk1YTXZ6dnIzRApIZ0Jwc3pEd2YyUW95a0d3TW1vVmVxTkU1Z3dUQmFLanlBPT0KLS0tLS1FTkQgRUMgUFJJVkFURSBLRVktLS0tLQo="
                },
                "k8s_serviceaccount": {
                  "key": "LS0tLS1CRUdJTiBSU0EgUFJJVkFURSBLRVktLS0tLQpNSUlKS0FJQkFBS0NBZ0VBMlFjc3c3NTNxVC9uTzBkVytkSm5RVERtVUpKOTQ5VFNMampTRzdMaDY3MDNCcFpaCjV6VFNrRVVUVXFKUG9HQmlScUtPQURmWW5hajZDbXlodEJXMzJkdjcrdS92UmRxaUlMbW9tL0pySnpsK1R4M0UKdVA5WmI3eDJGTDlCR3V2dThxNTZZTExhdWEvWUVGbmsyVGFNR2U2T1BFbVpqcXFCcTFhbytHcm1RblhjeldpQwpEVGRBOGkrNmNXclg2K1ZuNkFWMldYdjFqUXJ5WUFiMEE4YUNoQUNyVWJuMXV2YmRaNTF4T1ZKN2xpYmxIVmk3ClUrRmliOC91TmVZUnVoaEhweWhNN2RSVkYxMUxxUXdLYnVVTlgva08vc1ZWdUN3ZUlGbkJtUTVVT1ZnYUwzT20KYS9qQng5WlhXWVpPeVNXcnNCY09ZUHZCUW1pQmlyUDZSUm9YV0VrUU4zb3Urc2luNXRhcC91ZGxuR24wUk5MRgpXL2RENFJGaSs0RFEyQkZocVR6dStqUzVhWHlRd2dzQnh2SjV1b2JmSFBXVncweDd2Y3BGekh6WisxZmVuMHdSCkhBN3NKZWFwRGdCQVZBNlRmVHBaN21vS3Fjb05XNkhzVUN6bjdvOFZob1hYV2pJZSt1RkIrbmZMdzk0THdybEYKYkdqQmc2dWxRUkhGY3Vzb3grUjhDSUw3SkYybWxTOGhtOHhsRXZwT1NRY25oZDBVbDdoYjFBaktrNlBEMng1bQp3Qm9mZWJ1NitjQmxDdTVDL3BKa1hWMHhFUWo1QlBGd2U2cjFrcmdhN1htNTVwcytxMXplR1NiM1JqeFNkSFRqCndXUWgzbjFlRTYvUVNCa2V0bGtQaHNYK1B3Uy9nakdvbEFwZ3hjajNaeTRYWFJqVVBxaHdDSS8yaXhNQ0F3RUEKQVFLQ0FnQllwS1dVRGVleUtYZTRycHJIenpoOVdBdTZQUnRPUTA3VnNqK2ZNS0UyT0VLUlhqZTZSOGo1UkQxdwpNdnR5OWVzdURwY1JYNzRLSjBwNWw0VTBtT3BQQVpzYUU0WVhjZ1ZtZUc1MXc3NGdkMHN2NVdqRVp3ZVFxOWxQCkFBOEhmL1pKQ1JyVEJEcHlQWEJ5dlVUTHM0dmx5NW9zNWFMaXNxSGo2YkY2UmE5bTFkMHB5TlhWc0F2RzM5ZTMKRzN5MXpTMXpoMGVmcFJIV1dmSkZacEdrT1NCMTZoQVBnWFRzdUlnV0dpaDAwVXZKT0htOFV0R3dvUTRqdlRuKwpxY256eUpiN24ycE1lYjJIbllPWnVHRktpaU84WDIzUWdhbFJZRE90NHZ0QUdLb3VBZDR3STN5Ri9VU282dE1pCnJjamdQNUt3aWJwRndvNWRJWEpIeE5zai9sUXA2aXNlRHBOanBKcXQyMTFURHl6d3NNaXA2VjBJeksrZDJhRmcKNGpaUmZVSFZOQmducmJMdnZrNUp3MGZhUXhxN0F6UC9vLzhYQlJjaXpPMjBrSmxYQWJuZnVySThKSHVPZTNpLwpLRWxQK1JOdVIwNmRxcnhodGsvLzV3Qm9aY1JwUFNKMUVqTGUzSmgybTlKR2g0NVFLMTlDMDJsc0ZuK3BFQkdDCndTakRCdGdvT1kzTjJ2YjRleWVqUFVWQlVyaHM2SXY5eU1kOVd6QlpKY2pGQlpWcVIzc05PZUhXYTlZenJPUkQKV2hGM1ZDU2xNbHp4TjVJbVNMd01BSWRWaGk4Y2JEMm5sSkFjcDg4Y0RIYjFPRHM3UVQ5TWtYU0ZnZ1YxUGFzOQpsR2paYjlqNFh4S3NaRWh2T083THhvaDh4RjZZZHNLVlRnSlYrcUpGdGxjbVJhMUZnUUtDQVFFQS9KUmxrV2ZPCkl6Q2M0VXQ3d3hKeDkzdUNVbzM4SEVnMjJqbG83a0Nhc09HWXNGRTlrQUpGY3diMG5qaXR4THRTZE0yL0lDRVAKRVNKaURqaitiMlNWQkY4UGtXWmdDbi9KWU5zU3hIQXdETkkzb2RLZVVlR3JiKzR0Z0tsK2cvWFVKQ2hMTmlZcgpyZ0RHYkRqQmd5bmdJVFpGdUpReEF2L2RORmgrNS9iZmloMC9NSHlkamVXR05KT3lER3JMdkpPTGwvcnRGeGUwCnFrYlpaODNQdkpGM1RYWU05dHF2QnhjWVM2aTN0SHV1NklieHd1MFRIU1RNcjV0R1lNbHRyRStBSlE3RTR1QzcKNkRYMVZ6aWV6MnRIV3F6ajJqNlNyRC9SSGU1YWZmUDBnbUVnbTZxbmlZVVFXcXo1S01jMlpKMTgvd2QxbFRpcApGOFJrZmcxZng1ZVBsd0tDQVFFQTIvZUloVTFadGRyaFk1YXZaZEVaOFdNOElaV2MrRWc1OXVib3NBYnlYUm9oCmVrZDVrTGl5QnMyRE1pbjdpcFFKMUxlRWVKWDA2eTliRldoeTNxZXJpYWlPZGhpSlRjeHR2eDRQdW01dmt6NDMKdUxFeFA0cjFtcTNqRlhuQ0pXRmJiNDd6Z0VhcnNMcTJWRFNCRmhqZE45M0V2aXBHUXpjRkNMZ21oSmI5YkxoMApMcWt5a0F2S3F5TnR1VFArenliRGd0VmRSTy9IRXRoQ25mYTdLNjd2cjNaMmxLaUdkamlXQyt2WkYzNnhNemcyCk5oNzJ6OXBuU1VibU9zYjZSM0R6UUFQYjU5L2pVU1NHQkQyUDdPTjlKOGdEMGQvZ0FSTHkzdVZ3cXRZNTg1bU0KQmRHMktTV1p3NlU4S3gyZm9Pa2NOWTZDTWFtUlRFU2o2aVhLVXZqUDVRS0NBUUIrT082MUJvb21YZEhZYU85MQpZYzlnWFBHWXJlbnlmRWdsTUJGM0Z3UDNKeFkxN3JOME54NWJ5SHNRWXNTOER0eTdFR0xWL0k5YUFiTzg1ZENJCi9Gdlg3bVdLUlAzejRUNVN6OGdHTVFaaU1kK3BWK2JVaHBFMUEzTHIzRWdrVEFKeSswdnl5SXFGajArWm41ZGQKSTkwazI4bGwzM0RLemZET2l2Y0lsdi9KTnFwd1lhWWUxamdHS0ZVUERZTzVQb2JCTVoyd0w2R1Nnb3Q4NjRaSAo5dTRHNE5yRHRpOUh2TXZnYTNVNmxhQ29CVi9tQ0xISG02OUtocTlhQ085czcrSGJJeEZUUy9tN3B0TnZmaFVuCkZMWjQ0dk9QQ2p3a0psUXJ3QVNxOHZJYkFjelkzaVNSZmRUWmE1MnNPam05ZUZLUjVEbG5sQVEwbzJtUThNQVAKcjNjTEFvSUJBREVnbHNnVzMzdGpPRVdTeVBlM2ZORFJ0Z05XTSttcnorNVo0Z3cyY1Bqa05pZm1RTHRXMU1QNgpNRndLemxoRCtmSWRUcVBUOGhCNDBpSDA0dnJoZmNsUDhRbGxMMzFGdEJra01LVVZ0eXV1a0tsYVFjS01XWkJEClY5MWJCVVp0K1Fyd1pXZjM0SzZtOU1QWHVpRGlTcjRJZE1GNEZaczdkWTlkK1pSUldLWm9oK0pIL2JmNE9qcUEKdmlmSCtoZnY4MmlNR0xtbHg5Tm9vM0ErUTgxYzA4RmZkdHA2elJVb1RESzdhUS83UnI1R3hxek51NWZ1a25UbQpOZE5ZejFzWFdleXBML3NZb045bGhkejZsdU4wWjJaMElJNUdMdlJ1Yy9uZVNveU5MZ0krLyt2b3k0TmpGM1YvCnVQRjBPMHVuNUpuOWl3eG1iOElWN25vRUdLenhUeFVDZ2dFQkFQRWJaNlhaMWkvenBTQ3IrTjhtaEJ6MkhrcEMKZzkxTnRxc2wxT2NpQjVKOUs1ZVpHMFlFYzhnZ01CVktkTENFVGdUaXFDM1RKYmVaMGQ3UXIyNHhsL0lLalVNWgpEZnU0djIxNExnTHJuQVNsSjEycjloenBYdnRXeng0T0lndkxmb0JRenpqZys5UXhHTWdNVFF6ZlE2TkVST01JCkZPd21DQ3lNNENRMHNxcHc5dUJGVTZJSWxKNFVJbE5Ud2pzQmc5Zmp2L3gvQ2wyOW85Y3lLUEhYekZ0ZWVjRE4KZ2hKRnJVcG94RXBBSUpTMlJYd0xWc1hvY0FZcjdqT2tuTW9QMkN1TitweTRHWGU3WDJaR1hsbm50WFg3Smt5VwpzWHkzSHlEdmd5VUIrbWcxTW44bFpMbXlUSVpJbHVuVWVkbVRWeUtDL3FPa01McEJKZEYralR0NWsrVT0KLS0tLS1FTkQgUlNBIFBSSVZBVEUgS0VZLS0tLS0K"
                },
                "os": {
                  "cert": "LS0tLS1CRUdJTiBDRVJUSUZJQ0FURS0tLS0tCk1JSUJQakNCOGFBREFnRUNBaEEyVFNIcEJSYjFkTGlxR1FXWlNnbzhNQVVHQXl0bGNEQVFNUTR3REFZRFZRUUsKRXdWMFlXeHZjekFlRncweU5ERXlNakF5TVRVMk5EZGFGdzB6TkRFeU1UZ3lNVFUyTkRkYU1CQXhEakFNQmdOVgpCQW9UQlhSaGJHOXpNQ293QlFZREsyVndBeUVBMmdyTENyMnBEOHgreXhib0liQi9jem9BSXRVQ1UrWXE1L1l0CmI4WlVaVkdqWVRCZk1BNEdBMVVkRHdFQi93UUVBd0lDaERBZEJnTlZIU1VFRmpBVUJnZ3JCZ0VGQlFjREFRWUkKS3dZQkJRVUhBd0l3RHdZRFZSMFRBUUgvQkFVd0F3RUIvekFkQmdOVkhRNEVGZ1FVNTVvV20wOTZDbnE1U2h2agpQR05NVERXa094b3dCUVlESzJWd0EwRUFKUlprKzFxaDFPN1pTOHQ4amlhZGdUYWZnRzFEb1VTMHlHajZRQjg4CnR6TlBUNGVYdEx6VjczdjJqK2ZXWmVlNVVaOTFDRjcvVEREdjA5SVAwak1oQ1E9PQotLS0tLUVORCBDRVJUSUZJQ0FURS0tLS0tCg==",
                  "key": "LS0tLS1CRUdJTiBFRDI1NTE5IFBSSVZBVEUgS0VZLS0tLS0KTUM0Q0FRQXdCUVlESzJWd0JDSUVJSlRZV3ZwTDJBRkFNVVo2NzRDZHpXTGtNVy9qZTQ0NWFpaENIZUxxRUZRUgotLS0tLUVORCBFRDI1NTE5IFBSSVZBVEUgS0VZLS0tLS0K"
                }
              },
              "cluster": {
                "id": "VhCPaHxLV1I6CEcxlCGWbSuW9GqnjzMhGxnWW-fTFew=",
                "secret": "6zmTs2vdxhVNH3mLXuBaBq0sXWyXob1uXFVHfctLlNY="
              },
              "secrets": {
                "aescbc_encryption_secret": null,
                "bootstrap_token": "lrapkx.nwz5r1b6pxr3fnk2",
                "secretbox_encryption_secret": "WtKkJYLyIrdTOMLRalAlAH7mCEDpvrCIUN6G23J5Xr8="
              },
              "trustdinfo": {
                "token": "yg87rb.rkalumjxzjbre40y"
              }
            },
            "machine_type": "worker",
            "talos_version": "v1.9"
          },
          "sensitive_attributes": [
            [
              {
                "type": "get_attr",
                "value": "machine_secrets"
              },
              {
                "type": "get_attr",
                "value": "trustdinfo"
              },
              {
                "type": "get_attr",
                "value": "token"
              }
            ],
            [
              {
                "type": "get_attr",
                "value": "machine_secrets"
              },
              {
                "type": "get_attr",
                "value": "certs"
              },
              {
                "type": "get_attr",
                "value": "k8s_aggregator"
              },
              {
                "type": "get_attr",
                "value": "key"
              }
            ],
            [
              {
                "type": "get_attr",
                "value": "machine_secrets"
              },
              {
                "type": "get_attr",
                "value": "certs"
              },
              {
                "type": "get_attr",
                "value": "k8s_serviceaccount"
              },
              {
                "type": "get_attr",
                "value": "key"
              }
            ],
            [
              {
                "type": "get_attr",
                "value": "machine_secrets"
              },
              {
                "type": "get_attr",
                "value": "certs"
              },
              {
                "type": "get_attr",
                "value": "os"
              },
              {
                "type": "get_attr",
                "value": "key"
              }
            ],
            [
              {
                "type": "get_attr",
                "value": "machine_secrets"
              },
              {
                "type": "get_attr",
                "value": "certs"
              },
              {
                "type": "get_attr",
                "value": "etcd"
              },
              {
                "type": "get_attr",
                "value": "key"
              }
            ],
            [
              {
                "type": "get_attr",
                "value": "machine_secrets"
              },
              {
                "type": "get_attr",
                "value": "certs"
              },
              {
                "type": "get_attr",
                "value": "k8s"
              },
              {
                "type": "get_attr",
                "value": "key"
              }
            ],
            [
              {
                "type": "get_attr",
                "value": "machine_secrets"
              },
              {
                "type": "get_attr",
                "value": "cluster"
              },
              {
                "type": "get_attr",
                "value": "secret"
              }
            ],
            [
              {
                "type": "get_attr",
                "value": "machine_secrets"
              },
              {
                "type": "get_attr",
                "value": "secrets"
              },
              {
                "type": "get_attr",
                "value": "bootstrap_token"
              }
            ],
            [
              {
                "type": "get_attr",
                "value": "machine_secrets"
              },
              {
                "type": "get_attr",
                "value": "secrets"
              },
              {
                "type": "get_attr",
                "value": "secretbox_encryption_secret"
              }
            ],
            [
              {
                "type": "get_attr",
                "value": "machine_secrets"
              },
              {
                "type": "get_attr",
                "value": "secrets"
              },
              {
                "type": "get_attr",
                "value": "aescbc_encryption_secret"
              }
            ]
          ]
        }
      ]
    },
    {
      "mode": "managed",
      "type": "helm_release",
      "name": "coredns",
      "provider": "provider[\"registry.terraform.io/hashicorp/helm\"]",
      "instances": [
        {
          "schema_version": 1,
          "attributes": {
            "atomic": false,
            "chart": "https://github.com/coredns/helm/releases/download/coredns-1.37.0/coredns-1.37.0.tgz",
            "cleanup_on_fail": false,
            "create_namespace": false,
            "dependency_update": false,
            "description": null,
            "devel": null,
            "disable_crd_hooks": false,
            "disable_openapi_validation": false,
            "disable_webhooks": false,
            "force_update": false,
            "id": "coredns",
            "keyring": null,
            "lint": false,
            "manifest": null,
            "max_history": 0,
            "metadata": [
              {
                "app_version": "1.11.4",
                "chart": "coredns",
                "first_deployed": 1734905762,
                "last_deployed": 1736948345,
                "name": "coredns",
                "namespace": "coredns",
                "notes": "\nCoreDNS is now running in the cluster.\nIt can be accessed using the below endpoint\n  NOTE: It may take a few minutes for the LoadBalancer IP to be available.\n        You can watch the status by running 'kubectl get svc -w coredns'\n\n    export SERVICE_IP=$(kubectl get svc --namespace coredns coredns -o jsonpath='{.status.loadBalancer.ingress[0].ip}')\n    echo $SERVICE_IP\n\nIt can be tested with the following:\n\n1. Launch a Pod with DNS tools:\n\nkubectl run -it --rm --restart=Never --image=infoblox/dnstools:latest dnstools\n\n2. Query the DNS server:\n\n/ # host kubernetes\n",
                "revision": 13,
                "values": "{\"extraVolumeMounts\":\"\",\"isClusterService\":false,\"servers\":[{\"plugins\":[{\"name\":\"errors\"},{\"configBlock\":\"lameduck 1s\",\"name\":\"health\"},{\"name\":\"ready\"},{\"name\":\"prometheus\",\"parameters\":\"0.0.0.0:9153\"},{\"name\":\"forward\",\"parameters\":\". 10.0.0.1\"},{\"name\":\"cache\",\"parameters\":30},{\"name\":\"log\"}],\"port\":53,\"zones\":[{\"zone\":\".\"}]}],\"service\":{\"loadBalancerIP\":\"10.0.5.230\"},\"serviceType\":\"LoadBalancer\"}",
                "version": "1.37.0"
              }
            ],
            "name": "coredns",
            "namespace": "coredns",
            "pass_credentials": false,
            "postrender": [],
            "recreate_pods": false,
            "render_subchart_notes": true,
            "replace": false,
            "repository": null,
            "repository_ca_file": null,
            "repository_cert_file": null,
            "repository_key_file": null,
            "repository_password": null,
            "repository_username": null,
            "reset_values": false,
            "reuse_values": false,
            "set": [
              {
                "name": "extraVolumeMounts",
                "type": "",
                "value": ""
              },
              {
                "name": "isClusterService",
                "type": "",
                "value": "false"
              },
              {
                "name": "service.loadBalancerIP",
                "type": "",
                "value": "10.0.5.230"
              },
              {
                "name": "serviceType",
                "type": "",
                "value": "LoadBalancer"
              }
            ],
            "set_list": [],
            "set_sensitive": [],
            "skip_crds": false,
            "status": "deployed",
            "timeout": 300,
            "upgrade_install": null,
            "values": [
              "servers:\n- zones:\n  - zone: .\n  port: 53\n  plugins:\n  - name: errors\n  - name: health\n    configBlock: |-\n      lameduck 1s\n  - name: ready\n  - name: prometheus\n    parameters: 0.0.0.0:9153\n  - name: forward\n    parameters: . 10.0.0.1\n  - name: cache\n    parameters: 30\n  - name: log"
            ],
            "verify": false,
            "version": "1.37.0",
            "wait": true,
            "wait_for_jobs": false
          },
          "sensitive_attributes": [],
          "private": "eyJzY2hlbWFfdmVyc2lvbiI6IjEifQ==",
          "dependencies": [
            "data.talos_client_configuration.all_nodes",
            "data.talos_image_factory_extensions_versions.this",
            "data.talos_machine_configuration.controlplane",
            "helm_release.metallb",
            "kubernetes_namespace.coredns",
            "kubernetes_namespace.metallb",
            "local_sensitive_file.kubeconfig",
            "proxmox_vm_qemu.node",
            "talos_cluster_kubeconfig.this",
            "talos_image_factory_schematic.this",
            "talos_machine_bootstrap.controlplane",
            "talos_machine_configuration_apply.controlplane",
            "talos_machine_secrets.all_nodes"
          ]
        }
      ]
    },
    {
      "mode": "managed",
      "type": "helm_release",
      "name": "longhorn",
      "provider": "provider[\"registry.terraform.io/hashicorp/helm\"]",
      "instances": [
        {
          "schema_version": 1,
          "attributes": {
            "atomic": false,
            "chart": "https://github.com/longhorn/charts/releases/download/longhorn-1.7.2/longhorn-1.7.2.tgz",
            "cleanup_on_fail": false,
            "create_namespace": false,
            "dependency_update": false,
            "description": null,
            "devel": null,
            "disable_crd_hooks": false,
            "disable_openapi_validation": false,
            "disable_webhooks": false,
            "force_update": false,
            "id": "longhorn",
            "keyring": null,
            "lint": false,
            "manifest": null,
            "max_history": 0,
            "metadata": [
              {
                "app_version": "v1.7.2",
                "chart": "longhorn",
                "first_deployed": 1735135109,
                "last_deployed": 1735135109,
                "name": "longhorn",
                "namespace": "longhorn-system",
                "notes": "Longhorn is now installed on the cluster!\n\nPlease wait a few minutes for other Longhorn components such as CSI deployments, Engine Images, and Instance Managers to be initialized.\n\nVisit our documentation at https://longhorn.io/docs/\n",
                "revision": 1,
                "values": "{\"defaultSettings\":{\"nodeDrainPolicy\":\"block-for-eviction\"}}",
                "version": "1.7.2"
              }
            ],
            "name": "longhorn",
            "namespace": "longhorn-system",
            "pass_credentials": false,
            "postrender": [],
            "recreate_pods": false,
            "render_subchart_notes": true,
            "replace": false,
            "repository": null,
            "repository_ca_file": null,
            "repository_cert_file": null,
            "repository_key_file": null,
            "repository_password": null,
            "repository_username": null,
            "reset_values": false,
            "reuse_values": false,
            "set": [
              {
                "name": "defaultSettings.nodeDrainPolicy",
                "type": "",
                "value": "block-for-eviction"
              }
            ],
            "set_list": [],
            "set_sensitive": [],
            "skip_crds": false,
            "status": "deployed",
            "timeout": 300,
            "upgrade_install": null,
            "values": null,
            "verify": false,
            "version": "1.7.2",
            "wait": true,
            "wait_for_jobs": false
          },
          "sensitive_attributes": [],
          "private": "eyJzY2hlbWFfdmVyc2lvbiI6IjEifQ==",
          "dependencies": [
            "data.talos_client_configuration.all_nodes",
            "data.talos_image_factory_extensions_versions.this",
            "data.talos_machine_configuration.controlplane",
            "kubernetes_namespace.longhorn",
            "local_sensitive_file.kubeconfig",
            "proxmox_vm_qemu.node",
            "talos_cluster_kubeconfig.this",
            "talos_image_factory_schematic.this",
            "talos_machine_bootstrap.controlplane",
            "talos_machine_configuration_apply.controlplane",
            "talos_machine_secrets.all_nodes"
          ]
        }
      ]
    },
    {
      "mode": "managed",
      "type": "helm_release",
      "name": "metallb",
      "provider": "provider[\"registry.terraform.io/hashicorp/helm\"]",
      "instances": [
        {
          "schema_version": 1,
          "attributes": {
            "atomic": false,
            "chart": "https://github.com/metallb/metallb/releases/download/metallb-chart-0.14.9/metallb-0.14.9.tgz",
            "cleanup_on_fail": false,
            "create_namespace": false,
            "dependency_update": false,
            "description": null,
            "devel": null,
            "disable_crd_hooks": false,
            "disable_openapi_validation": false,
            "disable_webhooks": false,
            "force_update": false,
            "id": "metallb",
            "keyring": null,
            "lint": false,
            "manifest": null,
            "max_history": 0,
            "metadata": [
              {
                "app_version": "v0.14.9",
                "chart": "metallb",
                "first_deployed": 1734734477,
                "last_deployed": 1734903684,
                "name": "metallb",
                "namespace": "metallb-system",
                "notes": "MetalLB is now running in the cluster.\n\nNow you can configure it via its CRs. Please refer to the metallb official docs\non how to use the CRs.\n",
                "revision": 4,
                "values": "{\"speaker\":{\"ignoreExcludeLB\":true}}",
                "version": "0.14.9"
              }
            ],
            "name": "metallb",
            "namespace": "metallb-system",
            "pass_credentials": false,
            "postrender": [],
            "recreate_pods": false,
            "render_subchart_notes": true,
            "replace": false,
            "repository": null,
            "repository_ca_file": null,
            "repository_cert_file": null,
            "repository_key_file": null,
            "repository_password": null,
            "repository_username": null,
            "reset_values": false,
            "reuse_values": false,
            "set": [
              {
                "name": "speaker.ignoreExcludeLB",
                "type": "",
                "value": "true"
              }
            ],
            "set_list": [],
            "set_sensitive": [],
            "skip_crds": false,
            "status": "deployed",
            "timeout": 300,
            "upgrade_install": null,
            "values": [],
            "verify": false,
            "version": "0.14.9",
            "wait": true,
            "wait_for_jobs": false
          },
          "sensitive_attributes": [],
          "private": "eyJzY2hlbWFfdmVyc2lvbiI6IjEifQ==",
          "dependencies": [
            "data.talos_client_configuration.all_nodes",
            "data.talos_image_factory_extensions_versions.this",
            "data.talos_machine_configuration.controlplane",
            "kubernetes_namespace.metallb",
            "local_sensitive_file.kubeconfig",
            "proxmox_vm_qemu.node",
            "talos_cluster_kubeconfig.this",
            "talos_image_factory_schematic.this",
            "talos_machine_bootstrap.controlplane",
            "talos_machine_configuration_apply.controlplane",
            "talos_machine_secrets.all_nodes"
          ]
        }
      ]
    },
    {
      "mode": "managed",
      "type": "helm_release",
      "name": "traefik",
      "provider": "provider[\"registry.terraform.io/hashicorp/helm\"]",
      "instances": [
        {
          "schema_version": 1,
          "attributes": {
            "atomic": false,
            "chart": "https://traefik.github.io/charts/traefik/traefik-33.2.1.tgz",
            "cleanup_on_fail": false,
            "create_namespace": false,
            "dependency_update": false,
            "description": null,
            "devel": null,
            "disable_crd_hooks": false,
            "disable_openapi_validation": false,
            "disable_webhooks": false,
            "force_update": false,
            "id": "traefik",
            "keyring": null,
            "lint": false,
            "manifest": null,
            "max_history": 0,
            "metadata": [
              {
                "app_version": "v3.2.2",
                "chart": "traefik",
                "first_deployed": 1736789174,
                "last_deployed": 1736853316,
                "name": "traefik",
                "namespace": "traefik",
                "notes": "\n\ntraefik with docker.io/traefik:v3.2.2 has been deployed successfully on traefik namespace !\n\n🚨 When enabling persistence for certificates, permissions on acme.json can be\nlost when Traefik restarts. You can ensure correct permissions with an\ninitContainer. See https://github.com/traefik/traefik-helm-chart/blob/master/EXAMPLES.md#use-traefik-native-lets-encrypt-integration-without-cert-manager\nfor more info. 🚨\n",
                "revision": 5,
                "values": "{\"additionalArguments\":null,\"certificatesResolvers\":{\"cloudflare\":{\"acme\":{\"dnsChallenge\":{\"provider\":\"cloudflare\",\"resolvers\":[\"1.1.1.1\"]},\"storage\":\"/ssl-certs/acme-cloudflare.json\"}}},\"deployment\":{\"initContainers\":[{\"command\":[\"sh\",\"-c\",\"chown 65532:65532 /ssl-certs/*; chmod -Rv 600 /ssl-certs/*; touch /ssl-certs/acme-cloudflare.json; chmod -Rv 600 /ssl-certs/acme-cloudflare.json\"],\"image\":\"busybox:1.37\",\"name\":\"volume-permissions\",\"securityContext\":{\"runAsGroup\":0,\"runAsNonRoot\":false,\"runAsUser\":0},\"volumeMounts\":[{\"mountPath\":\"/ssl-certs\",\"name\":\"ssl-certs\"}]}]},\"env\":[{\"name\":\"CLOUDFLARE_DNS_API_TOKEN\",\"valueFrom\":{\"secretKeyRef\":{\"key\":\"apikey\",\"name\":\"cloudflaresecrets\"}}},{\"name\":\"CLOUDFLARE_ZONE_API_TOKEN\",\"valueFrom\":{\"secretKeyRef\":{\"key\":\"apikey\",\"name\":\"cloudflaresecrets\"}}}],\"ingressClass\":{\"enabled\":true,\"isDefaultClass\":true},\"ingressRoute\":{\"dashboard\":{\"enabled\":true}},\"logs\":{\"general\":{\"level\":\"DEBUG\"}},\"persistence\":{\"enabled\":true,\"name\":\"ssl-certs\",\"path\":\"/ssl-certs\",\"size\":\"1Gi\"},\"ports\":{\"websecure\":{\"tls\":{\"certResolver\":\"cloudflare\"}}},\"service\":{\"loadBalancerIP\":\"10.0.5.231\"},\"serviceAccount\":{\"name\":\"traefik\"}}",
                "version": "33.2.1"
              }
            ],
            "name": "traefik",
            "namespace": "traefik",
            "pass_credentials": false,
            "postrender": [],
            "recreate_pods": false,
            "render_subchart_notes": true,
            "replace": false,
            "repository": null,
            "repository_ca_file": null,
            "repository_cert_file": null,
            "repository_key_file": null,
            "repository_password": null,
            "repository_username": null,
            "reset_values": false,
            "reuse_values": false,
            "set": [],
            "set_list": [],
            "set_sensitive": [],
            "skip_crds": false,
            "status": "deployed",
            "timeout": 300,
            "upgrade_install": null,
            "values": [
              "additionalArguments:\n# DNS Challenge\n# ---\n# Cloudflare Example:\n#  - --certificatesresolvers.cloudflare.acme.dnschallenge.provider=cloudflare\n#  - --certificatesresolvers.cloudflare.acme.email=your-email@example.com\n#  - --certificatesresolvers.cloudflare.acme.dnschallenge.resolvers=1.1.1.1\n#  - --certificatesresolvers.cloudflare.acme.storage=/ssl-certs/acme-cloudflare.json\n\nservice:\n  loadBalancerIP: \"10.0.5.231\"\n\ncertificatesResolvers:\n  cloudflare:\n    acme:\n      storage: \"/ssl-certs/acme-cloudflare.json\"\n      dnsChallenge:\n        provider: \"cloudflare\"\n        resolvers:\n          - \"1.1.1.1\"\n\nports:\n  websecure:\n    tls:\n      certResolver: cloudflare\n#  web:\n#    redirectTo:\n#      port: websecure\n\nlogs:\n  general:\n    level: DEBUG\n\nenv:\n   #- name: CF_API_EMAIL\n   #  valueFrom:\n   #    secretKeyRef:\n   #      key: email\n   #      name: cloudflaresecrets\n   #- name: CF_API_KEY\n   #  valueFrom:\n   #    secretKeyRef:\n   #      key: apikey\n   #      name: cloudflaresecrets\n    - name: CLOUDFLARE_DNS_API_TOKEN\n      valueFrom:\n        secretKeyRef:\n          key: apikey\n          name: cloudflaresecrets\n    - name: CLOUDFLARE_ZONE_API_TOKEN\n      valueFrom:\n        secretKeyRef:\n          key: apikey\n          name: cloudflaresecrets\n\nserviceAccount:\n  name: \"traefik\"\n\ningressRoute:\n  dashboard:\n    enabled: true\n\npersistence:\n  enabled: true\n  name: ssl-certs\n  size: 1Gi\n  path: /ssl-certs\n\ndeployment:\n  initContainers:\n    - name: volume-permissions\n      image: busybox:1.37\n      command: [\"sh\", \"-c\", \"chown 65532:65532 /ssl-certs/*; chmod -Rv 600 /ssl-certs/*; touch /ssl-certs/acme-cloudflare.json; chmod -Rv 600 /ssl-certs/acme-cloudflare.json\"]\n      securityContext:\n        runAsNonRoot: false\n        runAsGroup: 0\n        runAsUser: 0\n      volumeMounts:\n        - name: ssl-certs\n          mountPath: /ssl-certs\n\ningressClass:\n  enabled: true\n  isDefaultClass: true"
            ],
            "verify": false,
            "version": "33.2.1",
            "wait": true,
            "wait_for_jobs": false
          },
          "sensitive_attributes": [],
          "private": "eyJzY2hlbWFfdmVyc2lvbiI6IjEifQ==",
          "dependencies": [
            "data.talos_client_configuration.all_nodes",
            "data.talos_image_factory_extensions_versions.this",
            "data.talos_machine_configuration.controlplane",
            "helm_release.coredns",
            "helm_release.longhorn",
            "helm_release.metallb",
            "kubernetes_namespace.coredns",
            "kubernetes_namespace.longhorn",
            "kubernetes_namespace.metallb",
            "kubernetes_namespace.traefik",
            "local_sensitive_file.kubeconfig",
            "proxmox_vm_qemu.node",
            "talos_cluster_kubeconfig.this",
            "talos_image_factory_schematic.this",
            "talos_machine_bootstrap.controlplane",
            "talos_machine_configuration_apply.controlplane",
            "talos_machine_secrets.all_nodes"
          ]
        }
      ]
    },
    {
      "mode": "managed",
      "type": "helm_release",
      "name": "vault",
      "provider": "provider[\"registry.terraform.io/hashicorp/helm\"]",
      "instances": [
        {
          "schema_version": 1,
          "attributes": {
            "atomic": false,
            "chart": "https://helm.releases.hashicorp.com/vault-0.29.1.tgz",
            "cleanup_on_fail": false,
            "create_namespace": false,
            "dependency_update": false,
            "description": null,
            "devel": null,
            "disable_crd_hooks": false,
            "disable_openapi_validation": false,
            "disable_webhooks": false,
            "force_update": false,
            "id": "vault",
            "keyring": null,
            "lint": false,
            "manifest": null,
            "max_history": 0,
            "metadata": [
              {
                "app_version": "1.18.1",
                "chart": "vault",
                "first_deployed": 1735136008,
                "last_deployed": 1735136008,
                "name": "vault",
                "namespace": "vault",
                "notes": "\nThank you for installing HashiCorp Vault!\n\nNow that you have deployed Vault, you should look over the docs on using\nVault with Kubernetes available here:\n\nhttps://developer.hashicorp.com/vault/docs\n\n\nYour release is named vault. To learn more about the release, try:\n\n  $ helm status vault\n  $ helm get manifest vault\n\n",
                "revision": 1,
                "values": "{}",
                "version": "0.29.1"
              }
            ],
            "name": "vault",
            "namespace": "vault",
            "pass_credentials": false,
            "postrender": [],
            "recreate_pods": false,
            "render_subchart_notes": true,
            "replace": false,
            "repository": null,
            "repository_ca_file": null,
            "repository_cert_file": null,
            "repository_key_file": null,
            "repository_password": null,
            "repository_username": null,
            "reset_values": false,
            "reuse_values": false,
            "set": [],
            "set_list": [],
            "set_sensitive": [],
            "skip_crds": false,
            "status": "deployed",
            "timeout": 300,
            "upgrade_install": null,
            "values": null,
            "verify": false,
            "version": "0.29.1",
            "wait": true,
            "wait_for_jobs": false
          },
          "sensitive_attributes": [],
          "private": "eyJzY2hlbWFfdmVyc2lvbiI6IjEifQ==",
          "dependencies": [
            "data.talos_client_configuration.all_nodes",
            "data.talos_image_factory_extensions_versions.this",
            "data.talos_machine_configuration.controlplane",
            "helm_release.longhorn",
            "kubernetes_namespace.longhorn",
            "kubernetes_namespace.vault",
            "local_sensitive_file.kubeconfig",
            "proxmox_vm_qemu.node",
            "talos_cluster_kubeconfig.this",
            "talos_image_factory_schematic.this",
            "talos_machine_bootstrap.controlplane",
            "talos_machine_configuration_apply.controlplane",
            "talos_machine_secrets.all_nodes"
          ]
        }
      ]
    },
    {
      "mode": "managed",
      "type": "helm_release",
      "name": "vaultsecretsoperator",
      "provider": "provider[\"registry.terraform.io/hashicorp/helm\"]",
      "instances": [
        {
          "schema_version": 1,
          "attributes": {
            "atomic": false,
            "chart": "https://helm.releases.hashicorp.com/vault-secrets-operator-0.9.1.tgz",
            "cleanup_on_fail": false,
            "create_namespace": false,
            "dependency_update": false,
            "description": null,
            "devel": null,
            "disable_crd_hooks": false,
            "disable_openapi_validation": false,
            "disable_webhooks": false,
            "force_update": false,
            "id": "vaultsecretsoperator",
            "keyring": null,
            "lint": false,
            "manifest": null,
            "max_history": 0,
            "metadata": [
              {
                "app_version": "0.9.1",
                "chart": "vault-secrets-operator",
                "first_deployed": 1736412989,
                "last_deployed": 1736412989,
                "name": "vaultsecretsoperator",
                "namespace": "vault",
                "notes": "",
                "revision": 1,
                "values": "{\"defaultVaultConnection\":{\"address\":\"http://vault.vault.svc.cluster.local:8200\",\"enabled\":true,\"skipTLSVerify\":true}}",
                "version": "0.9.1"
              }
            ],
            "name": "vaultsecretsoperator",
            "namespace": "vault",
            "pass_credentials": false,
            "postrender": [],
            "recreate_pods": false,
            "render_subchart_notes": true,
            "replace": false,
            "repository": null,
            "repository_ca_file": null,
            "repository_cert_file": null,
            "repository_key_file": null,
            "repository_password": null,
            "repository_username": null,
            "reset_values": false,
            "reuse_values": false,
            "set": [
              {
                "name": "defaultVaultConnection.address",
                "type": "",
                "value": "http://vault.vault.svc.cluster.local:8200"
              },
              {
                "name": "defaultVaultConnection.enabled",
                "type": "",
                "value": "true"
              },
              {
                "name": "defaultVaultConnection.skipTLSVerify",
                "type": "",
                "value": "true"
              }
            ],
            "set_list": [],
            "set_sensitive": [],
            "skip_crds": false,
            "status": "deployed",
            "timeout": 300,
            "upgrade_install": null,
            "values": null,
            "verify": false,
            "version": "0.9.1",
            "wait": true,
            "wait_for_jobs": false
          },
          "sensitive_attributes": [],
          "private": "eyJzY2hlbWFfdmVyc2lvbiI6IjEifQ==",
          "dependencies": [
            "data.talos_client_configuration.all_nodes",
            "data.talos_image_factory_extensions_versions.this",
            "data.talos_machine_configuration.controlplane",
            "helm_release.longhorn",
            "helm_release.vault",
            "kubernetes_namespace.longhorn",
            "kubernetes_namespace.vault",
            "local_sensitive_file.kubeconfig",
            "proxmox_vm_qemu.node",
            "talos_cluster_kubeconfig.this",
            "talos_image_factory_schematic.this",
            "talos_machine_bootstrap.controlplane",
            "talos_machine_configuration_apply.controlplane",
            "talos_machine_secrets.all_nodes"
          ]
        }
      ]
    },
    {
      "mode": "managed",
      "type": "kubernetes_cron_job_v1",
      "name": "dnsupdater",
      "provider": "provider[\"registry.terraform.io/hashicorp/kubernetes\"]",
      "instances": [
        {
          "schema_version": 0,
          "attributes": {
            "id": "dnsentry/dns-updater",
            "metadata": [
              {
                "annotations": {},
                "generate_name": "",
                "generation": 5,
                "labels": {},
                "name": "dns-updater",
                "namespace": "dnsentry",
                "resource_version": "7223653",
                "uid": "0c4f1c4f-63ef-4cf1-97f3-c80951f4ad5b"
              }
            ],
            "spec": [
              {
                "concurrency_policy": "Allow",
                "failed_jobs_history_limit": 5,
                "job_template": [
                  {
                    "metadata": [
                      {
                        "annotations": {},
                        "generate_name": "",
                        "generation": 0,
                        "labels": {},
                        "name": "dns-updater-job",
                        "namespace": "dnsentry",
                        "resource_version": "",
                        "uid": ""
                      }
                    ],
                    "spec": [
                      {
                        "active_deadline_seconds": 0,
                        "backoff_limit": 6,
                        "backoff_limit_per_index": 0,
                        "completion_mode": "",
                        "completions": 1,
                        "manual_selector": false,
                        "max_failed_indexes": 0,
                        "parallelism": 1,
                        "pod_failure_policy": [],
                        "selector": [],
                        "template": [
                          {
                            "metadata": [
                              {
                                "annotations": {},
                                "generate_name": "",
                                "generation": 0,
                                "labels": {},
                                "name": "dns-updater-pod",
                                "resource_version": "",
                                "uid": ""
                              }
                            ],
                            "spec": [
                              {
                                "active_deadline_seconds": 0,
                                "affinity": [],
                                "automount_service_account_token": true,
                                "container": [
                                  {
                                    "args": [],
                                    "command": [
                                      "sh",
                                      "-c",
                                      "kubectl get dnsrecords.cluster.local -o json -n dnsentry | jq '.items[] | \"\\(.spec.ip) \\(.spec.host)\"' \u003e /mnt/output/hosts"
                                    ],
                                    "env": [],
                                    "env_from": [],
                                    "image": "bitnami/kubectl:latest",
                                    "image_pull_policy": "Always",
                                    "lifecycle": [],
                                    "liveness_probe": [],
                                    "name": "update-hosts",
                                    "port": [],
                                    "readiness_probe": [],
                                    "resources": [
                                      {
                                        "limits": {},
                                        "requests": {}
                                      }
                                    ],
                                    "security_context": [],
                                    "startup_probe": [],
                                    "stdin": false,
                                    "stdin_once": false,
                                    "termination_message_path": "/dev/termination-log",
                                    "termination_message_policy": "File",
                                    "tty": false,
                                    "volume_device": [],
                                    "volume_mount": [
                                      {
                                        "mount_path": "/mnt/output",
                                        "mount_propagation": "None",
                                        "name": "output-volume",
                                        "read_only": false,
                                        "sub_path": ""
                                      }
                                    ],
                                    "working_dir": ""
                                  }
                                ],
                                "dns_config": [],
                                "dns_policy": "ClusterFirst",
                                "enable_service_links": true,
                                "host_aliases": [],
                                "host_ipc": false,
                                "host_network": false,
                                "host_pid": false,
                                "hostname": "",
                                "image_pull_secrets": [],
                                "init_container": [],
                                "node_name": "",
                                "node_selector": {},
                                "os": [],
                                "priority_class_name": "",
                                "readiness_gate": [],
                                "restart_policy": "OnFailure",
                                "runtime_class_name": "",
                                "scheduler_name": "default-scheduler",
                                "security_context": [],
                                "service_account_name": "",
                                "share_process_namespace": false,
                                "subdomain": "",
                                "termination_grace_period_seconds": 30,
                                "toleration": [],
                                "topology_spread_constraint": [],
                                "volume": [
                                  {
                                    "aws_elastic_block_store": [],
                                    "azure_disk": [],
                                    "azure_file": [],
                                    "ceph_fs": [],
                                    "cinder": [],
                                    "config_map": [],
                                    "csi": [],
                                    "downward_api": [],
                                    "empty_dir": [],
                                    "ephemeral": [],
                                    "fc": [],
                                    "flex_volume": [],
                                    "flocker": [],
                                    "gce_persistent_disk": [],
                                    "git_repo": [],
                                    "glusterfs": [],
                                    "host_path": [],
                                    "iscsi": [],
                                    "local": [],
                                    "name": "output-volume",
                                    "nfs": [],
                                    "persistent_volume_claim": [
                                      {
                                        "claim_name": "hosts",
                                        "read_only": false
                                      }
                                    ],
                                    "photon_persistent_disk": [],
                                    "projected": [],
                                    "quobyte": [],
                                    "rbd": [],
                                    "secret": [],
                                    "vsphere_volume": []
                                  }
                                ]
                              }
                            ]
                          }
                        ],
                        "ttl_seconds_after_finished": ""
                      }
                    ]
                  }
                ],
                "schedule": "*/2 * * * *",
                "starting_deadline_seconds": 0,
                "successful_jobs_history_limit": 3,
                "suspend": true,
                "timezone": ""
              }
            ],
            "timeouts": null
          },
          "sensitive_attributes": [],
          "private": "eyJlMmJmYjczMC1lY2FhLTExZTYtOGY4OC0zNDM2M2JjN2M0YzAiOnsiZGVsZXRlIjo2MDAwMDAwMDAwMH19",
          "dependencies": [
            "data.talos_client_configuration.all_nodes",
            "data.talos_image_factory_extensions_versions.this",
            "data.talos_machine_configuration.controlplane",
            "helm_release.longhorn",
            "kubernetes_namespace.dnsentry",
            "kubernetes_namespace.longhorn",
            "kubernetes_persistent_volume_claim_v1.hosts",
            "local_sensitive_file.kubeconfig",
            "proxmox_vm_qemu.node",
            "talos_cluster_kubeconfig.this",
            "talos_image_factory_schematic.this",
            "talos_machine_bootstrap.controlplane",
            "talos_machine_configuration_apply.controlplane",
            "talos_machine_secrets.all_nodes"
          ]
        }
      ]
    },
    {
      "mode": "managed",
      "type": "kubernetes_deployment",
      "name": "nginxtest",
      "provider": "provider[\"registry.terraform.io/hashicorp/kubernetes\"]",
      "instances": [
        {
          "schema_version": 1,
          "attributes": {
            "id": "nginxtest/nginx",
            "metadata": [
              {
                "annotations": {},
                "generate_name": "",
                "generation": 1,
                "labels": {},
                "name": "nginx",
                "namespace": "nginxtest",
                "resource_version": "7608077",
                "uid": "daffdd82-05d2-4f57-bbe1-69287919d449"
              }
            ],
            "spec": [
              {
                "min_ready_seconds": 0,
                "paused": false,
                "progress_deadline_seconds": 600,
                "replicas": "3",
                "revision_history_limit": 10,
                "selector": [
                  {
                    "match_expressions": [],
                    "match_labels": {
                      "app": "nginx"
                    }
                  }
                ],
                "strategy": [
                  {
                    "rolling_update": [
                      {
                        "max_surge": "25%",
                        "max_unavailable": "25%"
                      }
                    ],
                    "type": "RollingUpdate"
                  }
                ],
                "template": [
                  {
                    "metadata": [
                      {
                        "annotations": {},
                        "generate_name": "",
                        "generation": 0,
                        "labels": {
                          "app": "nginx"
                        },
                        "name": "",
                        "namespace": "",
                        "resource_version": "",
                        "uid": ""
                      }
                    ],
                    "spec": [
                      {
                        "active_deadline_seconds": 0,
                        "affinity": [],
                        "automount_service_account_token": true,
                        "container": [
                          {
                            "args": [],
                            "command": [],
                            "env": [],
                            "env_from": [],
                            "image": "nginx:latest",
                            "image_pull_policy": "Always",
                            "lifecycle": [],
                            "liveness_probe": [],
                            "name": "nginx",
                            "port": [
                              {
                                "container_port": 80,
                                "host_ip": "",
                                "host_port": 0,
                                "name": "",
                                "protocol": "TCP"
                              }
                            ],
                            "readiness_probe": [],
                            "resources": [
                              {
                                "limits": {},
                                "requests": {}
                              }
                            ],
                            "security_context": [],
                            "startup_probe": [],
                            "stdin": false,
                            "stdin_once": false,
                            "termination_message_path": "/dev/termination-log",
                            "termination_message_policy": "File",
                            "tty": false,
                            "volume_device": [],
                            "volume_mount": [],
                            "working_dir": ""
                          }
                        ],
                        "dns_config": [],
                        "dns_policy": "ClusterFirst",
                        "enable_service_links": true,
                        "host_aliases": [],
                        "host_ipc": false,
                        "host_network": false,
                        "host_pid": false,
                        "hostname": "",
                        "image_pull_secrets": [],
                        "init_container": [],
                        "node_name": "",
                        "node_selector": {},
                        "os": [],
                        "priority_class_name": "",
                        "readiness_gate": [],
                        "restart_policy": "Always",
                        "runtime_class_name": "",
                        "scheduler_name": "default-scheduler",
                        "security_context": [],
                        "service_account_name": "",
                        "share_process_namespace": false,
                        "subdomain": "",
                        "termination_grace_period_seconds": 30,
                        "toleration": [],
                        "topology_spread_constraint": [],
                        "volume": []
                      }
                    ]
                  }
                ]
              }
            ],
            "timeouts": null,
            "wait_for_rollout": true
          },
          "sensitive_attributes": [],
          "private": "eyJlMmJmYjczMC1lY2FhLTExZTYtOGY4OC0zNDM2M2JjN2M0YzAiOnsiY3JlYXRlIjo2MDAwMDAwMDAwMDAsImRlbGV0ZSI6NjAwMDAwMDAwMDAwLCJ1cGRhdGUiOjYwMDAwMDAwMDAwMH0sInNjaGVtYV92ZXJzaW9uIjoiMSJ9",
          "dependencies": [
            "data.talos_client_configuration.all_nodes",
            "data.talos_image_factory_extensions_versions.this",
            "data.talos_machine_configuration.controlplane",
            "helm_release.coredns",
            "helm_release.longhorn",
            "helm_release.metallb",
            "helm_release.traefik",
            "kubernetes_namespace.coredns",
            "kubernetes_namespace.longhorn",
            "kubernetes_namespace.metallb",
            "kubernetes_namespace.nginxtest",
            "kubernetes_namespace.traefik",
            "local_sensitive_file.kubeconfig",
            "proxmox_vm_qemu.node",
            "talos_cluster_kubeconfig.this",
            "talos_image_factory_schematic.this",
            "talos_machine_bootstrap.controlplane",
            "talos_machine_configuration_apply.controlplane",
            "talos_machine_secrets.all_nodes"
          ]
        }
      ]
    },
    {
      "mode": "managed",
      "type": "kubernetes_ingress_v1",
      "name": "nginxtest",
      "provider": "provider[\"registry.terraform.io/hashicorp/kubernetes\"]",
      "instances": [
        {
          "schema_version": 0,
          "attributes": {
            "id": "nginxtest/nginx",
            "metadata": [
              {
                "annotations": {},
                "generate_name": "",
                "generation": 6,
                "labels": {},
                "name": "nginx",
                "namespace": "nginxtest",
                "resource_version": "6663237",
                "uid": "8d8ac361-195e-4323-ba72-2c64f9515f12"
              }
            ],
            "spec": [
              {
                "default_backend": [],
                "ingress_class_name": "traefik",
                "rule": [
                  {
                    "host": "test.lysakermoen.com",
                    "http": [
                      {
                        "path": [
                          {
                            "backend": [
                              {
                                "resource": [],
                                "service": [
                                  {
                                    "name": "nginx",
                                    "port": [
                                      {
                                        "name": "http",
                                        "number": 0
                                      }
                                    ]
                                  }
                                ]
                              }
                            ],
                            "path": "",
                            "path_type": "ImplementationSpecific"
                          }
                        ]
                      }
                    ]
                  }
                ],
                "tls": []
              }
            ],
            "status": [
              {
                "load_balancer": [
                  {
                    "ingress": [
                      {
                        "hostname": "",
                        "ip": "10.0.5.231"
                      }
                    ]
                  }
                ]
              }
            ],
            "timeouts": null,
            "wait_for_load_balancer": null
          },
          "sensitive_attributes": [],
          "private": "eyJlMmJmYjczMC1lY2FhLTExZTYtOGY4OC0zNDM2M2JjN2M0YzAiOnsiY3JlYXRlIjoxMjAwMDAwMDAwMDAwLCJkZWxldGUiOjEyMDAwMDAwMDAwMDB9fQ==",
          "dependencies": [
            "data.talos_client_configuration.all_nodes",
            "data.talos_image_factory_extensions_versions.this",
            "data.talos_machine_configuration.controlplane",
            "local_sensitive_file.kubeconfig",
            "proxmox_vm_qemu.node",
            "talos_cluster_kubeconfig.this",
            "talos_image_factory_schematic.this",
            "talos_machine_bootstrap.controlplane",
            "talos_machine_configuration_apply.controlplane",
            "talos_machine_secrets.all_nodes"
          ]
        }
      ]
    },
    {
      "mode": "managed",
      "type": "kubernetes_manifest",
      "name": "dns_records",
      "provider": "provider[\"registry.terraform.io/hashicorp/kubernetes\"]",
      "instances": [
        {
          "index_key": "pve-1",
          "schema_version": 1,
          "attributes": {
            "computed_fields": null,
            "field_manager": [],
            "manifest": {
              "value": {
                "apiVersion": "cluster.local/v1",
                "kind": "DNSRecord",
                "metadata": {
                  "name": "pve-1",
                  "namespace": "dnsentry"
                },
                "spec": {
                  "host": "pve1.s1.lysakermoen.com",
                  "ip": "10.0.5.101"
                }
              },
              "type": [
                "object",
                {
                  "apiVersion": "string",
                  "kind": "string",
                  "metadata": [
                    "object",
                    {
                      "name": "string",
                      "namespace": "string"
                    }
                  ],
                  "spec": [
                    "object",
                    {
                      "host": "string",
                      "ip": "string"
                    }
                  ]
                }
              ]
            },
            "object": {
              "value": {
                "apiVersion": "cluster.local/v1",
                "kind": "DNSRecord",
                "metadata": {
                  "annotations": null,
                  "creationTimestamp": null,
                  "deletionGracePeriodSeconds": null,
                  "deletionTimestamp": null,
                  "finalizers": null,
                  "generateName": null,
                  "generation": null,
                  "labels": null,
                  "managedFields": null,
                  "name": "pve-1",
                  "namespace": "dnsentry",
                  "ownerReferences": null,
                  "resourceVersion": null,
                  "selfLink": null,
                  "uid": null
                },
                "spec": {
                  "host": "pve1.s1.lysakermoen.com",
                  "ip": "10.0.5.101"
                }
              },
              "type": [
                "object",
                {
                  "apiVersion": "string",
                  "kind": "string",
                  "metadata": [
                    "object",
                    {
                      "annotations": [
                        "map",
                        "string"
                      ],
                      "creationTimestamp": "string",
                      "deletionGracePeriodSeconds": "number",
                      "deletionTimestamp": "string",
                      "finalizers": [
                        "list",
                        "string"
                      ],
                      "generateName": "string",
                      "generation": "number",
                      "labels": [
                        "map",
                        "string"
                      ],
                      "managedFields": [
                        "tuple",
                        [
                          [
                            "object",
                            {
                              "apiVersion": "string",
                              "fieldsType": "string",
                              "fieldsV1": "dynamic",
                              "manager": "string",
                              "operation": "string",
                              "subresource": "string",
                              "time": "string"
                            }
                          ]
                        ]
                      ],
                      "name": "string",
                      "namespace": "string",
                      "ownerReferences": [
                        "list",
                        [
                          "object",
                          {
                            "apiVersion": "string",
                            "blockOwnerDeletion": "bool",
                            "controller": "bool",
                            "kind": "string",
                            "name": "string",
                            "uid": "string"
                          }
                        ]
                      ],
                      "resourceVersion": "string",
                      "selfLink": "string",
                      "uid": "string"
                    }
                  ],
                  "spec": [
                    "object",
                    {
                      "host": "string",
                      "ip": "string"
                    }
                  ]
                }
              ]
            },
            "timeouts": [],
            "wait": [],
            "wait_for": null
          },
          "sensitive_attributes": [],
          "dependencies": [
            "data.talos_client_configuration.all_nodes",
            "data.talos_image_factory_extensions_versions.this",
            "data.talos_machine_configuration.controlplane",
            "kubernetes_manifest.dnsrecord",
            "kubernetes_namespace.dnsentry",
            "local_sensitive_file.kubeconfig",
            "proxmox_vm_qemu.node",
            "talos_cluster_kubeconfig.this",
            "talos_image_factory_schematic.this",
            "talos_machine_bootstrap.controlplane",
            "talos_machine_configuration_apply.controlplane",
            "talos_machine_secrets.all_nodes"
          ]
        },
        {
          "index_key": "pve-2",
          "schema_version": 1,
          "attributes": {
            "computed_fields": null,
            "field_manager": [],
            "manifest": {
              "value": {
                "apiVersion": "cluster.local/v1",
                "kind": "DNSRecord",
                "metadata": {
                  "name": "pve-2",
                  "namespace": "dnsentry"
                },
                "spec": {
                  "host": "pve2.s1.lysakermoen.com",
                  "ip": "10.0.5.102"
                }
              },
              "type": [
                "object",
                {
                  "apiVersion": "string",
                  "kind": "string",
                  "metadata": [
                    "object",
                    {
                      "name": "string",
                      "namespace": "string"
                    }
                  ],
                  "spec": [
                    "object",
                    {
                      "host": "string",
                      "ip": "string"
                    }
                  ]
                }
              ]
            },
            "object": {
              "value": {
                "apiVersion": "cluster.local/v1",
                "kind": "DNSRecord",
                "metadata": {
                  "annotations": null,
                  "creationTimestamp": null,
                  "deletionGracePeriodSeconds": null,
                  "deletionTimestamp": null,
                  "finalizers": null,
                  "generateName": null,
                  "generation": null,
                  "labels": null,
                  "managedFields": null,
                  "name": "pve-2",
                  "namespace": "dnsentry",
                  "ownerReferences": null,
                  "resourceVersion": null,
                  "selfLink": null,
                  "uid": null
                },
                "spec": {
                  "host": "pve2.s1.lysakermoen.com",
                  "ip": "10.0.5.102"
                }
              },
              "type": [
                "object",
                {
                  "apiVersion": "string",
                  "kind": "string",
                  "metadata": [
                    "object",
                    {
                      "annotations": [
                        "map",
                        "string"
                      ],
                      "creationTimestamp": "string",
                      "deletionGracePeriodSeconds": "number",
                      "deletionTimestamp": "string",
                      "finalizers": [
                        "list",
                        "string"
                      ],
                      "generateName": "string",
                      "generation": "number",
                      "labels": [
                        "map",
                        "string"
                      ],
                      "managedFields": [
                        "tuple",
                        [
                          [
                            "object",
                            {
                              "apiVersion": "string",
                              "fieldsType": "string",
                              "fieldsV1": "dynamic",
                              "manager": "string",
                              "operation": "string",
                              "subresource": "string",
                              "time": "string"
                            }
                          ]
                        ]
                      ],
                      "name": "string",
                      "namespace": "string",
                      "ownerReferences": [
                        "list",
                        [
                          "object",
                          {
                            "apiVersion": "string",
                            "blockOwnerDeletion": "bool",
                            "controller": "bool",
                            "kind": "string",
                            "name": "string",
                            "uid": "string"
                          }
                        ]
                      ],
                      "resourceVersion": "string",
                      "selfLink": "string",
                      "uid": "string"
                    }
                  ],
                  "spec": [
                    "object",
                    {
                      "host": "string",
                      "ip": "string"
                    }
                  ]
                }
              ]
            },
            "timeouts": [],
            "wait": [],
            "wait_for": null
          },
          "sensitive_attributes": [],
          "dependencies": [
            "data.talos_client_configuration.all_nodes",
            "data.talos_image_factory_extensions_versions.this",
            "data.talos_machine_configuration.controlplane",
            "kubernetes_manifest.dnsrecord",
            "kubernetes_namespace.dnsentry",
            "local_sensitive_file.kubeconfig",
            "proxmox_vm_qemu.node",
            "talos_cluster_kubeconfig.this",
            "talos_image_factory_schematic.this",
            "talos_machine_bootstrap.controlplane",
            "talos_machine_configuration_apply.controlplane",
            "talos_machine_secrets.all_nodes"
          ]
        },
        {
          "index_key": "pve-3",
          "schema_version": 1,
          "attributes": {
            "computed_fields": null,
            "field_manager": [],
            "manifest": {
              "value": {
                "apiVersion": "cluster.local/v1",
                "kind": "DNSRecord",
                "metadata": {
                  "name": "pve-3",
                  "namespace": "dnsentry"
                },
                "spec": {
                  "host": "pve3.s1.lysakermoen.com",
                  "ip": "10.0.5.103"
                }
              },
              "type": [
                "object",
                {
                  "apiVersion": "string",
                  "kind": "string",
                  "metadata": [
                    "object",
                    {
                      "name": "string",
                      "namespace": "string"
                    }
                  ],
                  "spec": [
                    "object",
                    {
                      "host": "string",
                      "ip": "string"
                    }
                  ]
                }
              ]
            },
            "object": {
              "value": {
                "apiVersion": "cluster.local/v1",
                "kind": "DNSRecord",
                "metadata": {
                  "annotations": null,
                  "creationTimestamp": null,
                  "deletionGracePeriodSeconds": null,
                  "deletionTimestamp": null,
                  "finalizers": null,
                  "generateName": null,
                  "generation": null,
                  "labels": null,
                  "managedFields": null,
                  "name": "pve-3",
                  "namespace": "dnsentry",
                  "ownerReferences": null,
                  "resourceVersion": null,
                  "selfLink": null,
                  "uid": null
                },
                "spec": {
                  "host": "pve3.s1.lysakermoen.com",
                  "ip": "10.0.5.103"
                }
              },
              "type": [
                "object",
                {
                  "apiVersion": "string",
                  "kind": "string",
                  "metadata": [
                    "object",
                    {
                      "annotations": [
                        "map",
                        "string"
                      ],
                      "creationTimestamp": "string",
                      "deletionGracePeriodSeconds": "number",
                      "deletionTimestamp": "string",
                      "finalizers": [
                        "list",
                        "string"
                      ],
                      "generateName": "string",
                      "generation": "number",
                      "labels": [
                        "map",
                        "string"
                      ],
                      "managedFields": [
                        "tuple",
                        [
                          [
                            "object",
                            {
                              "apiVersion": "string",
                              "fieldsType": "string",
                              "fieldsV1": "dynamic",
                              "manager": "string",
                              "operation": "string",
                              "subresource": "string",
                              "time": "string"
                            }
                          ]
                        ]
                      ],
                      "name": "string",
                      "namespace": "string",
                      "ownerReferences": [
                        "list",
                        [
                          "object",
                          {
                            "apiVersion": "string",
                            "blockOwnerDeletion": "bool",
                            "controller": "bool",
                            "kind": "string",
                            "name": "string",
                            "uid": "string"
                          }
                        ]
                      ],
                      "resourceVersion": "string",
                      "selfLink": "string",
                      "uid": "string"
                    }
                  ],
                  "spec": [
                    "object",
                    {
                      "host": "string",
                      "ip": "string"
                    }
                  ]
                }
              ]
            },
            "timeouts": [],
            "wait": [],
            "wait_for": null
          },
          "sensitive_attributes": [],
          "dependencies": [
            "data.talos_client_configuration.all_nodes",
            "data.talos_image_factory_extensions_versions.this",
            "data.talos_machine_configuration.controlplane",
            "kubernetes_manifest.dnsrecord",
            "kubernetes_namespace.dnsentry",
            "local_sensitive_file.kubeconfig",
            "proxmox_vm_qemu.node",
            "talos_cluster_kubeconfig.this",
            "talos_image_factory_schematic.this",
            "talos_machine_bootstrap.controlplane",
            "talos_machine_configuration_apply.controlplane",
            "talos_machine_secrets.all_nodes"
          ]
        },
        {
          "index_key": "pve-4",
          "schema_version": 1,
          "attributes": {
            "computed_fields": null,
            "field_manager": [],
            "manifest": {
              "value": {
                "apiVersion": "cluster.local/v1",
                "kind": "DNSRecord",
                "metadata": {
                  "name": "pve-4",
                  "namespace": "dnsentry"
                },
                "spec": {
                  "host": "pve4.s1.lysakermoen.com",
                  "ip": "10.0.5.149"
                }
              },
              "type": [
                "object",
                {
                  "apiVersion": "string",
                  "kind": "string",
                  "metadata": [
                    "object",
                    {
                      "name": "string",
                      "namespace": "string"
                    }
                  ],
                  "spec": [
                    "object",
                    {
                      "host": "string",
                      "ip": "string"
                    }
                  ]
                }
              ]
            },
            "object": {
              "value": {
                "apiVersion": "cluster.local/v1",
                "kind": "DNSRecord",
                "metadata": {
                  "annotations": null,
                  "creationTimestamp": null,
                  "deletionGracePeriodSeconds": null,
                  "deletionTimestamp": null,
                  "finalizers": null,
                  "generateName": null,
                  "generation": null,
                  "labels": null,
                  "managedFields": null,
                  "name": "pve-4",
                  "namespace": "dnsentry",
                  "ownerReferences": null,
                  "resourceVersion": null,
                  "selfLink": null,
                  "uid": null
                },
                "spec": {
                  "host": "pve4.s1.lysakermoen.com",
                  "ip": "10.0.5.149"
                }
              },
              "type": [
                "object",
                {
                  "apiVersion": "string",
                  "kind": "string",
                  "metadata": [
                    "object",
                    {
                      "annotations": [
                        "map",
                        "string"
                      ],
                      "creationTimestamp": "string",
                      "deletionGracePeriodSeconds": "number",
                      "deletionTimestamp": "string",
                      "finalizers": [
                        "list",
                        "string"
                      ],
                      "generateName": "string",
                      "generation": "number",
                      "labels": [
                        "map",
                        "string"
                      ],
                      "managedFields": [
                        "tuple",
                        [
                          [
                            "object",
                            {
                              "apiVersion": "string",
                              "fieldsType": "string",
                              "fieldsV1": "dynamic",
                              "manager": "string",
                              "operation": "string",
                              "subresource": "string",
                              "time": "string"
                            }
                          ]
                        ]
                      ],
                      "name": "string",
                      "namespace": "string",
                      "ownerReferences": [
                        "list",
                        [
                          "object",
                          {
                            "apiVersion": "string",
                            "blockOwnerDeletion": "bool",
                            "controller": "bool",
                            "kind": "string",
                            "name": "string",
                            "uid": "string"
                          }
                        ]
                      ],
                      "resourceVersion": "string",
                      "selfLink": "string",
                      "uid": "string"
                    }
                  ],
                  "spec": [
                    "object",
                    {
                      "host": "string",
                      "ip": "string"
                    }
                  ]
                }
              ]
            },
            "timeouts": [],
            "wait": [],
            "wait_for": null
          },
          "sensitive_attributes": [],
          "dependencies": [
            "data.talos_client_configuration.all_nodes",
            "data.talos_image_factory_extensions_versions.this",
            "data.talos_machine_configuration.controlplane",
            "kubernetes_manifest.dnsrecord",
            "kubernetes_namespace.dnsentry",
            "local_sensitive_file.kubeconfig",
            "proxmox_vm_qemu.node",
            "talos_cluster_kubeconfig.this",
            "talos_image_factory_schematic.this",
            "talos_machine_bootstrap.controlplane",
            "talos_machine_configuration_apply.controlplane",
            "talos_machine_secrets.all_nodes"
          ]
        },
        {
          "index_key": "pve-5",
          "schema_version": 1,
          "attributes": {
            "computed_fields": null,
            "field_manager": [],
            "manifest": {
              "value": {
                "apiVersion": "cluster.local/v1",
                "kind": "DNSRecord",
                "metadata": {
                  "name": "pve-5",
                  "namespace": "dnsentry"
                },
                "spec": {
                  "host": "pve5.s1.lysakermoen.com",
                  "ip": "10.0.5.119"
                }
              },
              "type": [
                "object",
                {
                  "apiVersion": "string",
                  "kind": "string",
                  "metadata": [
                    "object",
                    {
                      "name": "string",
                      "namespace": "string"
                    }
                  ],
                  "spec": [
                    "object",
                    {
                      "host": "string",
                      "ip": "string"
                    }
                  ]
                }
              ]
            },
            "object": {
              "value": {
                "apiVersion": "cluster.local/v1",
                "kind": "DNSRecord",
                "metadata": {
                  "annotations": null,
                  "creationTimestamp": null,
                  "deletionGracePeriodSeconds": null,
                  "deletionTimestamp": null,
                  "finalizers": null,
                  "generateName": null,
                  "generation": null,
                  "labels": null,
                  "managedFields": null,
                  "name": "pve-5",
                  "namespace": "dnsentry",
                  "ownerReferences": null,
                  "resourceVersion": null,
                  "selfLink": null,
                  "uid": null
                },
                "spec": {
                  "host": "pve5.s1.lysakermoen.com",
                  "ip": "10.0.5.119"
                }
              },
              "type": [
                "object",
                {
                  "apiVersion": "string",
                  "kind": "string",
                  "metadata": [
                    "object",
                    {
                      "annotations": [
                        "map",
                        "string"
                      ],
                      "creationTimestamp": "string",
                      "deletionGracePeriodSeconds": "number",
                      "deletionTimestamp": "string",
                      "finalizers": [
                        "list",
                        "string"
                      ],
                      "generateName": "string",
                      "generation": "number",
                      "labels": [
                        "map",
                        "string"
                      ],
                      "managedFields": [
                        "tuple",
                        [
                          [
                            "object",
                            {
                              "apiVersion": "string",
                              "fieldsType": "string",
                              "fieldsV1": "dynamic",
                              "manager": "string",
                              "operation": "string",
                              "subresource": "string",
                              "time": "string"
                            }
                          ]
                        ]
                      ],
                      "name": "string",
                      "namespace": "string",
                      "ownerReferences": [
                        "list",
                        [
                          "object",
                          {
                            "apiVersion": "string",
                            "blockOwnerDeletion": "bool",
                            "controller": "bool",
                            "kind": "string",
                            "name": "string",
                            "uid": "string"
                          }
                        ]
                      ],
                      "resourceVersion": "string",
                      "selfLink": "string",
                      "uid": "string"
                    }
                  ],
                  "spec": [
                    "object",
                    {
                      "host": "string",
                      "ip": "string"
                    }
                  ]
                }
              ]
            },
            "timeouts": [],
            "wait": [],
            "wait_for": null
          },
          "sensitive_attributes": [],
          "dependencies": [
            "data.talos_client_configuration.all_nodes",
            "data.talos_image_factory_extensions_versions.this",
            "data.talos_machine_configuration.controlplane",
            "kubernetes_manifest.dnsrecord",
            "kubernetes_namespace.dnsentry",
            "local_sensitive_file.kubeconfig",
            "proxmox_vm_qemu.node",
            "talos_cluster_kubeconfig.this",
            "talos_image_factory_schematic.this",
            "talos_machine_bootstrap.controlplane",
            "talos_machine_configuration_apply.controlplane",
            "talos_machine_secrets.all_nodes"
          ]
        }
      ]
    },
    {
      "mode": "managed",
      "type": "kubernetes_manifest",
      "name": "dnsrecord",
      "provider": "provider[\"registry.terraform.io/hashicorp/kubernetes\"]",
      "instances": [
        {
          "schema_version": 1,
          "attributes": {
            "computed_fields": null,
            "field_manager": [],
            "manifest": {
              "value": {
                "apiVersion": "apiextensions.k8s.io/v1",
                "kind": "CustomResourceDefinition",
                "metadata": {
                  "name": "dnsrecords.cluster.local"
                },
                "spec": {
                  "group": "cluster.local",
                  "names": {
                    "kind": "DNSRecord",
                    "plural": "dnsrecords",
                    "shortNames": [
                      "dr"
                    ],
                    "singular": "dnsrecord"
                  },
                  "scope": "Namespaced",
                  "versions": [
                    {
                      "name": "v1",
                      "schema": {
                        "openAPIV3Schema": {
                          "properties": {
                            "spec": {
                              "properties": {
                                "host": {
                                  "type": "string"
                                },
                                "ip": {
                                  "type": "string"
                                }
                              },
                              "type": "object"
                            }
                          },
                          "type": "object"
                        }
                      },
                      "served": true,
                      "storage": true
                    }
                  ]
                }
              },
              "type": [
                "object",
                {
                  "apiVersion": "string",
                  "kind": "string",
                  "metadata": [
                    "object",
                    {
                      "name": "string"
                    }
                  ],
                  "spec": [
                    "object",
                    {
                      "group": "string",
                      "names": [
                        "object",
                        {
                          "kind": "string",
                          "plural": "string",
                          "shortNames": [
                            "tuple",
                            [
                              "string"
                            ]
                          ],
                          "singular": "string"
                        }
                      ],
                      "scope": "string",
                      "versions": [
                        "tuple",
                        [
                          [
                            "object",
                            {
                              "name": "string",
                              "schema": [
                                "object",
                                {
                                  "openAPIV3Schema": [
                                    "object",
                                    {
                                      "properties": [
                                        "object",
                                        {
                                          "spec": [
                                            "object",
                                            {
                                              "properties": [
                                                "object",
                                                {
                                                  "host": [
                                                    "object",
                                                    {
                                                      "type": "string"
                                                    }
                                                  ],
                                                  "ip": [
                                                    "object",
                                                    {
                                                      "type": "string"
                                                    }
                                                  ]
                                                }
                                              ],
                                              "type": "string"
                                            }
                                          ]
                                        }
                                      ],
                                      "type": "string"
                                    }
                                  ]
                                }
                              ],
                              "served": "bool",
                              "storage": "bool"
                            }
                          ]
                        ]
                      ]
                    }
                  ]
                }
              ]
            },
            "object": {
              "value": {
                "apiVersion": "apiextensions.k8s.io/v1",
                "kind": "CustomResourceDefinition",
                "metadata": {
                  "annotations": null,
                  "creationTimestamp": null,
                  "deletionGracePeriodSeconds": null,
                  "deletionTimestamp": null,
                  "finalizers": null,
                  "generateName": null,
                  "generation": null,
                  "labels": null,
                  "managedFields": null,
                  "name": "dnsrecords.cluster.local",
                  "namespace": null,
                  "ownerReferences": null,
                  "resourceVersion": null,
                  "selfLink": null,
                  "uid": null
                },
                "spec": {
                  "conversion": {
                    "strategy": "None",
                    "webhook": {
                      "clientConfig": {
                        "caBundle": null,
                        "service": {
                          "name": null,
                          "namespace": null,
                          "path": null,
                          "port": null
                        },
                        "url": null
                      },
                      "conversionReviewVersions": null
                    }
                  },
                  "group": "cluster.local",
                  "names": {
                    "categories": null,
                    "kind": "DNSRecord",
                    "listKind": "DNSRecordList",
                    "plural": "dnsrecords",
                    "shortNames": [
                      "dr"
                    ],
                    "singular": "dnsrecord"
                  },
                  "preserveUnknownFields": null,
                  "scope": "Namespaced",
                  "versions": [
                    {
                      "additionalPrinterColumns": null,
                      "deprecated": null,
                      "deprecationWarning": null,
                      "name": "v1",
                      "schema": {
                        "openAPIV3Schema": {
                          "properties": {
                            "spec": {
                              "properties": {
                                "host": {
                                  "type": "string"
                                },
                                "ip": {
                                  "type": "string"
                                }
                              },
                              "type": "object"
                            }
                          },
                          "type": "object"
                        }
                      },
                      "selectableFields": null,
                      "served": true,
                      "storage": true,
                      "subresources": {
                        "scale": {
                          "labelSelectorPath": null,
                          "specReplicasPath": null,
                          "statusReplicasPath": null
                        },
                        "status": null
                      }
                    }
                  ]
                }
              },
              "type": [
                "object",
                {
                  "apiVersion": "string",
                  "kind": "string",
                  "metadata": [
                    "object",
                    {
                      "annotations": [
                        "map",
                        "string"
                      ],
                      "creationTimestamp": "string",
                      "deletionGracePeriodSeconds": "number",
                      "deletionTimestamp": "string",
                      "finalizers": [
                        "list",
                        "string"
                      ],
                      "generateName": "string",
                      "generation": "number",
                      "labels": [
                        "map",
                        "string"
                      ],
                      "managedFields": [
                        "tuple",
                        [
                          [
                            "object",
                            {
                              "apiVersion": "string",
                              "fieldsType": "string",
                              "fieldsV1": "dynamic",
                              "manager": "string",
                              "operation": "string",
                              "subresource": "string",
                              "time": "string"
                            }
                          ]
                        ]
                      ],
                      "name": "string",
                      "namespace": "string",
                      "ownerReferences": [
                        "list",
                        [
                          "object",
                          {
                            "apiVersion": "string",
                            "blockOwnerDeletion": "bool",
                            "controller": "bool",
                            "kind": "string",
                            "name": "string",
                            "uid": "string"
                          }
                        ]
                      ],
                      "resourceVersion": "string",
                      "selfLink": "string",
                      "uid": "string"
                    }
                  ],
                  "spec": [
                    "object",
                    {
                      "conversion": [
                        "object",
                        {
                          "strategy": "string",
                          "webhook": [
                            "object",
                            {
                              "clientConfig": [
                                "object",
                                {
                                  "caBundle": "string",
                                  "service": [
                                    "object",
                                    {
                                      "name": "string",
                                      "namespace": "string",
                                      "path": "string",
                                      "port": "number"
                                    }
                                  ],
                                  "url": "string"
                                }
                              ],
                              "conversionReviewVersions": [
                                "list",
                                "string"
                              ]
                            }
                          ]
                        }
                      ],
                      "group": "string",
                      "names": [
                        "object",
                        {
                          "categories": [
                            "list",
                            "string"
                          ],
                          "kind": "string",
                          "listKind": "string",
                          "plural": "string",
                          "shortNames": [
                            "list",
                            "string"
                          ],
                          "singular": "string"
                        }
                      ],
                      "preserveUnknownFields": "bool",
                      "scope": "string",
                      "versions": [
                        "tuple",
                        [
                          [
                            "object",
                            {
                              "additionalPrinterColumns": [
                                "list",
                                [
                                  "object",
                                  {
                                    "description": "string",
                                    "format": "string",
                                    "jsonPath": "string",
                                    "name": "string",
                                    "priority": "number",
                                    "type": "string"
                                  }
                                ]
                              ],
                              "deprecated": "bool",
                              "deprecationWarning": "string",
                              "name": "string",
                              "schema": [
                                "object",
                                {
                                  "openAPIV3Schema": [
                                    "object",
                                    {
                                      "properties": [
                                        "object",
                                        {
                                          "spec": [
                                            "object",
                                            {
                                              "properties": [
                                                "object",
                                                {
                                                  "host": [
                                                    "object",
                                                    {
                                                      "type": "string"
                                                    }
                                                  ],
                                                  "ip": [
                                                    "object",
                                                    {
                                                      "type": "string"
                                                    }
                                                  ]
                                                }
                                              ],
                                              "type": "string"
                                            }
                                          ]
                                        }
                                      ],
                                      "type": "string"
                                    }
                                  ]
                                }
                              ],
                              "selectableFields": [
                                "list",
                                [
                                  "object",
                                  {
                                    "jsonPath": "string"
                                  }
                                ]
                              ],
                              "served": "bool",
                              "storage": "bool",
                              "subresources": [
                                "object",
                                {
                                  "scale": [
                                    "object",
                                    {
                                      "labelSelectorPath": "string",
                                      "specReplicasPath": "string",
                                      "statusReplicasPath": "string"
                                    }
                                  ],
                                  "status": "dynamic"
                                }
                              ]
                            }
                          ]
                        ]
                      ]
                    }
                  ]
                }
              ]
            },
            "timeouts": [],
            "wait": [],
            "wait_for": null
          },
          "sensitive_attributes": [],
          "dependencies": [
            "data.talos_client_configuration.all_nodes",
            "data.talos_image_factory_extensions_versions.this",
            "data.talos_machine_configuration.controlplane",
            "kubernetes_namespace.dnsentry",
            "local_sensitive_file.kubeconfig",
            "proxmox_vm_qemu.node",
            "talos_cluster_kubeconfig.this",
            "talos_image_factory_schematic.this",
            "talos_machine_bootstrap.controlplane",
            "talos_machine_configuration_apply.controlplane",
            "talos_machine_secrets.all_nodes"
          ]
        }
      ]
    },
    {
      "mode": "managed",
      "type": "kubernetes_manifest",
      "name": "metallb",
      "provider": "provider[\"registry.terraform.io/hashicorp/kubernetes\"]",
      "instances": [
        {
          "schema_version": 1,
          "attributes": {
            "computed_fields": null,
            "field_manager": [],
            "manifest": {
              "value": {
                "apiVersion": "metallb.io/v1beta1",
                "kind": "IPAddressPool",
                "metadata": {
                  "name": "ip-range",
                  "namespace": "metallb-system"
                },
                "spec": {
                  "addresses": [
                    "10.0.5.230-10.0.5.240"
                  ]
                }
              },
              "type": [
                "object",
                {
                  "apiVersion": "string",
                  "kind": "string",
                  "metadata": [
                    "object",
                    {
                      "name": "string",
                      "namespace": "string"
                    }
                  ],
                  "spec": [
                    "object",
                    {
                      "addresses": [
                        "tuple",
                        [
                          "string"
                        ]
                      ]
                    }
                  ]
                }
              ]
            },
            "object": {
              "value": {
                "apiVersion": "metallb.io/v1beta1",
                "kind": "IPAddressPool",
                "metadata": {
                  "annotations": null,
                  "creationTimestamp": null,
                  "deletionGracePeriodSeconds": null,
                  "deletionTimestamp": null,
                  "finalizers": null,
                  "generateName": null,
                  "generation": null,
                  "labels": null,
                  "managedFields": null,
                  "name": "ip-range",
                  "namespace": "metallb-system",
                  "ownerReferences": null,
                  "resourceVersion": null,
                  "selfLink": null,
                  "uid": null
                },
                "spec": {
                  "addresses": [
                    "10.0.5.230-10.0.5.240"
                  ],
                  "autoAssign": true,
                  "avoidBuggyIPs": false,
                  "serviceAllocation": {
                    "namespaceSelectors": null,
                    "namespaces": null,
                    "priority": null,
                    "serviceSelectors": null
                  }
                }
              },
              "type": [
                "object",
                {
                  "apiVersion": "string",
                  "kind": "string",
                  "metadata": [
                    "object",
                    {
                      "annotations": [
                        "map",
                        "string"
                      ],
                      "creationTimestamp": "string",
                      "deletionGracePeriodSeconds": "number",
                      "deletionTimestamp": "string",
                      "finalizers": [
                        "list",
                        "string"
                      ],
                      "generateName": "string",
                      "generation": "number",
                      "labels": [
                        "map",
                        "string"
                      ],
                      "managedFields": [
                        "tuple",
                        [
                          [
                            "object",
                            {
                              "apiVersion": "string",
                              "fieldsType": "string",
                              "fieldsV1": "dynamic",
                              "manager": "string",
                              "operation": "string",
                              "subresource": "string",
                              "time": "string"
                            }
                          ]
                        ]
                      ],
                      "name": "string",
                      "namespace": "string",
                      "ownerReferences": [
                        "list",
                        [
                          "object",
                          {
                            "apiVersion": "string",
                            "blockOwnerDeletion": "bool",
                            "controller": "bool",
                            "kind": "string",
                            "name": "string",
                            "uid": "string"
                          }
                        ]
                      ],
                      "resourceVersion": "string",
                      "selfLink": "string",
                      "uid": "string"
                    }
                  ],
                  "spec": [
                    "object",
                    {
                      "addresses": [
                        "list",
                        "string"
                      ],
                      "autoAssign": "bool",
                      "avoidBuggyIPs": "bool",
                      "serviceAllocation": [
                        "object",
                        {
                          "namespaceSelectors": [
                            "list",
                            [
                              "object",
                              {
                                "matchExpressions": [
                                  "list",
                                  [
                                    "object",
                                    {
                                      "key": "string",
                                      "operator": "string",
                                      "values": [
                                        "list",
                                        "string"
                                      ]
                                    }
                                  ]
                                ],
                                "matchLabels": [
                                  "map",
                                  "string"
                                ]
                              }
                            ]
                          ],
                          "namespaces": [
                            "list",
                            "string"
                          ],
                          "priority": "number",
                          "serviceSelectors": [
                            "list",
                            [
                              "object",
                              {
                                "matchExpressions": [
                                  "list",
                                  [
                                    "object",
                                    {
                                      "key": "string",
                                      "operator": "string",
                                      "values": [
                                        "list",
                                        "string"
                                      ]
                                    }
                                  ]
                                ],
                                "matchLabels": [
                                  "map",
                                  "string"
                                ]
                              }
                            ]
                          ]
                        }
                      ]
                    }
                  ]
                }
              ]
            },
            "timeouts": [],
            "wait": [],
            "wait_for": null
          },
          "sensitive_attributes": [],
          "dependencies": [
            "data.talos_client_configuration.all_nodes",
            "data.talos_image_factory_extensions_versions.this",
            "data.talos_machine_configuration.controlplane",
            "helm_release.metallb",
            "kubernetes_namespace.metallb",
            "local_sensitive_file.kubeconfig",
            "proxmox_vm_qemu.node",
            "talos_cluster_kubeconfig.this",
            "talos_image_factory_schematic.this",
            "talos_machine_bootstrap.controlplane",
            "talos_machine_configuration_apply.controlplane",
            "talos_machine_secrets.all_nodes"
          ]
        }
      ]
    },
    {
      "mode": "managed",
      "type": "kubernetes_manifest",
      "name": "metallb-advertisement",
      "provider": "provider[\"registry.terraform.io/hashicorp/kubernetes\"]",
      "instances": [
        {
          "schema_version": 1,
          "attributes": {
            "computed_fields": null,
            "field_manager": [],
            "manifest": {
              "value": {
                "apiVersion": "metallb.io/v1beta1",
                "kind": "L2Advertisement",
                "metadata": {
                  "name": "l2advertisement",
                  "namespace": "metallb-system"
                }
              },
              "type": [
                "object",
                {
                  "apiVersion": "string",
                  "kind": "string",
                  "metadata": [
                    "object",
                    {
                      "name": "string",
                      "namespace": "string"
                    }
                  ]
                }
              ]
            },
            "object": {
              "value": {
                "apiVersion": "metallb.io/v1beta1",
                "kind": "L2Advertisement",
                "metadata": {
                  "annotations": null,
                  "creationTimestamp": null,
                  "deletionGracePeriodSeconds": null,
                  "deletionTimestamp": null,
                  "finalizers": null,
                  "generateName": null,
                  "generation": null,
                  "labels": null,
                  "managedFields": null,
                  "name": "l2advertisement",
                  "namespace": "metallb-system",
                  "ownerReferences": null,
                  "resourceVersion": null,
                  "selfLink": null,
                  "uid": null
                },
                "spec": {
                  "interfaces": null,
                  "ipAddressPoolSelectors": null,
                  "ipAddressPools": null,
                  "nodeSelectors": null
                }
              },
              "type": [
                "object",
                {
                  "apiVersion": "string",
                  "kind": "string",
                  "metadata": [
                    "object",
                    {
                      "annotations": [
                        "map",
                        "string"
                      ],
                      "creationTimestamp": "string",
                      "deletionGracePeriodSeconds": "number",
                      "deletionTimestamp": "string",
                      "finalizers": [
                        "list",
                        "string"
                      ],
                      "generateName": "string",
                      "generation": "number",
                      "labels": [
                        "map",
                        "string"
                      ],
                      "managedFields": [
                        "tuple",
                        [
                          [
                            "object",
                            {
                              "apiVersion": "string",
                              "fieldsType": "string",
                              "fieldsV1": "dynamic",
                              "manager": "string",
                              "operation": "string",
                              "subresource": "string",
                              "time": "string"
                            }
                          ]
                        ]
                      ],
                      "name": "string",
                      "namespace": "string",
                      "ownerReferences": [
                        "list",
                        [
                          "object",
                          {
                            "apiVersion": "string",
                            "blockOwnerDeletion": "bool",
                            "controller": "bool",
                            "kind": "string",
                            "name": "string",
                            "uid": "string"
                          }
                        ]
                      ],
                      "resourceVersion": "string",
                      "selfLink": "string",
                      "uid": "string"
                    }
                  ],
                  "spec": [
                    "object",
                    {
                      "interfaces": [
                        "list",
                        "string"
                      ],
                      "ipAddressPoolSelectors": [
                        "list",
                        [
                          "object",
                          {
                            "matchExpressions": [
                              "list",
                              [
                                "object",
                                {
                                  "key": "string",
                                  "operator": "string",
                                  "values": [
                                    "list",
                                    "string"
                                  ]
                                }
                              ]
                            ],
                            "matchLabels": [
                              "map",
                              "string"
                            ]
                          }
                        ]
                      ],
                      "ipAddressPools": [
                        "list",
                        "string"
                      ],
                      "nodeSelectors": [
                        "list",
                        [
                          "object",
                          {
                            "matchExpressions": [
                              "list",
                              [
                                "object",
                                {
                                  "key": "string",
                                  "operator": "string",
                                  "values": [
                                    "list",
                                    "string"
                                  ]
                                }
                              ]
                            ],
                            "matchLabels": [
                              "map",
                              "string"
                            ]
                          }
                        ]
                      ]
                    }
                  ]
                }
              ]
            },
            "timeouts": [],
            "wait": [],
            "wait_for": null
          },
          "sensitive_attributes": [],
          "dependencies": [
            "data.talos_client_configuration.all_nodes",
            "data.talos_image_factory_extensions_versions.this",
            "data.talos_machine_configuration.controlplane",
            "helm_release.metallb",
            "kubernetes_manifest.metallb",
            "kubernetes_namespace.metallb",
            "local_sensitive_file.kubeconfig",
            "proxmox_vm_qemu.node",
            "talos_cluster_kubeconfig.this",
            "talos_image_factory_schematic.this",
            "talos_machine_bootstrap.controlplane",
            "talos_machine_configuration_apply.controlplane",
            "talos_machine_secrets.all_nodes"
          ]
        }
      ]
    },
    {
      "mode": "managed",
      "type": "kubernetes_manifest",
      "name": "static_auth",
      "provider": "provider[\"registry.terraform.io/hashicorp/kubernetes\"]",
      "instances": [
        {
          "schema_version": 1,
          "attributes": {
            "computed_fields": null,
            "field_manager": [],
            "manifest": {
              "value": {
                "apiVersion": "secrets.hashicorp.com/v1beta1",
                "kind": "VaultAuth",
                "metadata": {
                  "name": "static-auth",
                  "namespace": "traefik"
                },
                "spec": {
                  "kubernetes": {
                    "audiences": [
                      "vault"
                    ],
                    "role": "traefik-role",
                    "serviceAccount": "traefik"
                  },
                  "method": "kubernetes",
                  "mount": "kubernetes"
                }
              },
              "type": [
                "object",
                {
                  "apiVersion": "string",
                  "kind": "string",
                  "metadata": [
                    "object",
                    {
                      "name": "string",
                      "namespace": "string"
                    }
                  ],
                  "spec": [
                    "object",
                    {
                      "kubernetes": [
                        "object",
                        {
                          "audiences": [
                            "tuple",
                            [
                              "string"
                            ]
                          ],
                          "role": "string",
                          "serviceAccount": "string"
                        }
                      ],
                      "method": "string",
                      "mount": "string"
                    }
                  ]
                }
              ]
            },
            "object": {
              "value": {
                "apiVersion": "secrets.hashicorp.com/v1beta1",
                "kind": "VaultAuth",
                "metadata": {
                  "annotations": null,
                  "creationTimestamp": null,
                  "deletionGracePeriodSeconds": null,
                  "deletionTimestamp": null,
                  "finalizers": [
                    "vaultauth.secrets.hashicorp.com/finalizer"
                  ],
                  "generateName": null,
                  "generation": null,
                  "labels": null,
                  "managedFields": null,
                  "name": "static-auth",
                  "namespace": "traefik",
                  "ownerReferences": null,
                  "resourceVersion": null,
                  "selfLink": null,
                  "uid": null
                },
                "spec": {
                  "allowedNamespaces": null,
                  "appRole": {
                    "roleId": null,
                    "secretRef": null
                  },
                  "aws": {
                    "headerValue": null,
                    "iamEndpoint": null,
                    "irsaServiceAccount": null,
                    "region": null,
                    "role": null,
                    "secretRef": null,
                    "sessionName": null,
                    "stsEndpoint": null
                  },
                  "gcp": {
                    "clusterName": null,
                    "projectID": null,
                    "region": null,
                    "role": null,
                    "workloadIdentityServiceAccount": null
                  },
                  "headers": null,
                  "jwt": {
                    "audiences": null,
                    "role": null,
                    "secretRef": null,
                    "serviceAccount": null,
                    "tokenExpirationSeconds": null
                  },
                  "kubernetes": {
                    "audiences": [
                      "vault"
                    ],
                    "role": "traefik-role",
                    "serviceAccount": "traefik",
                    "tokenExpirationSeconds": 600
                  },
                  "method": "kubernetes",
                  "mount": "kubernetes",
                  "namespace": null,
                  "params": null,
                  "storageEncryption": {
                    "keyName": null,
                    "mount": null
                  },
                  "vaultAuthGlobalRef": {
                    "allowDefault": null,
                    "mergeStrategy": {
                      "headers": null,
                      "params": null
                    },
                    "name": null,
                    "namespace": null
                  },
                  "vaultConnectionRef": null
                }
              },
              "type": [
                "object",
                {
                  "apiVersion": "string",
                  "kind": "string",
                  "metadata": [
                    "object",
                    {
                      "annotations": [
                        "map",
                        "string"
                      ],
                      "creationTimestamp": "string",
                      "deletionGracePeriodSeconds": "number",
                      "deletionTimestamp": "string",
                      "finalizers": [
                        "list",
                        "string"
                      ],
                      "generateName": "string",
                      "generation": "number",
                      "labels": [
                        "map",
                        "string"
                      ],
                      "managedFields": [
                        "tuple",
                        [
                          [
                            "object",
                            {
                              "apiVersion": "string",
                              "fieldsType": "string",
                              "fieldsV1": "dynamic",
                              "manager": "string",
                              "operation": "string",
                              "subresource": "string",
                              "time": "string"
                            }
                          ]
                        ]
                      ],
                      "name": "string",
                      "namespace": "string",
                      "ownerReferences": [
                        "list",
                        [
                          "object",
                          {
                            "apiVersion": "string",
                            "blockOwnerDeletion": "bool",
                            "controller": "bool",
                            "kind": "string",
                            "name": "string",
                            "uid": "string"
                          }
                        ]
                      ],
                      "resourceVersion": "string",
                      "selfLink": "string",
                      "uid": "string"
                    }
                  ],
                  "spec": [
                    "object",
                    {
                      "allowedNamespaces": [
                        "list",
                        "string"
                      ],
                      "appRole": [
                        "object",
                        {
                          "roleId": "string",
                          "secretRef": "string"
                        }
                      ],
                      "aws": [
                        "object",
                        {
                          "headerValue": "string",
                          "iamEndpoint": "string",
                          "irsaServiceAccount": "string",
                          "region": "string",
                          "role": "string",
                          "secretRef": "string",
                          "sessionName": "string",
                          "stsEndpoint": "string"
                        }
                      ],
                      "gcp": [
                        "object",
                        {
                          "clusterName": "string",
                          "projectID": "string",
                          "region": "string",
                          "role": "string",
                          "workloadIdentityServiceAccount": "string"
                        }
                      ],
                      "headers": [
                        "map",
                        "string"
                      ],
                      "jwt": [
                        "object",
                        {
                          "audiences": [
                            "list",
                            "string"
                          ],
                          "role": "string",
                          "secretRef": "string",
                          "serviceAccount": "string",
                          "tokenExpirationSeconds": "number"
                        }
                      ],
                      "kubernetes": [
                        "object",
                        {
                          "audiences": [
                            "list",
                            "string"
                          ],
                          "role": "string",
                          "serviceAccount": "string",
                          "tokenExpirationSeconds": "number"
                        }
                      ],
                      "method": "string",
                      "mount": "string",
                      "namespace": "string",
                      "params": [
                        "map",
                        "string"
                      ],
                      "storageEncryption": [
                        "object",
                        {
                          "keyName": "string",
                          "mount": "string"
                        }
                      ],
                      "vaultAuthGlobalRef": [
                        "object",
                        {
                          "allowDefault": "bool",
                          "mergeStrategy": [
                            "object",
                            {
                              "headers": "string",
                              "params": "string"
                            }
                          ],
                          "name": "string",
                          "namespace": "string"
                        }
                      ],
                      "vaultConnectionRef": "string"
                    }
                  ]
                }
              ]
            },
            "timeouts": [],
            "wait": [],
            "wait_for": null
          },
          "sensitive_attributes": [],
          "dependencies": [
            "data.talos_client_configuration.all_nodes",
            "data.talos_image_factory_extensions_versions.this",
            "data.talos_machine_configuration.controlplane",
            "kubernetes_namespace.traefik",
            "local_sensitive_file.kubeconfig",
            "proxmox_vm_qemu.node",
            "talos_cluster_kubeconfig.this",
            "talos_image_factory_schematic.this",
            "talos_machine_bootstrap.controlplane",
            "talos_machine_configuration_apply.controlplane",
            "talos_machine_secrets.all_nodes"
          ]
        }
      ]
    },
    {
      "mode": "managed",
      "type": "kubernetes_manifest",
      "name": "static_secret",
      "provider": "provider[\"registry.terraform.io/hashicorp/kubernetes\"]",
      "instances": [
        {
          "schema_version": 1,
          "attributes": {
            "computed_fields": null,
            "field_manager": [],
            "manifest": {
              "value": {
                "apiVersion": "secrets.hashicorp.com/v1beta1",
                "kind": "VaultStaticSecret",
                "metadata": {
                  "name": "static-secret",
                  "namespace": "traefik"
                },
                "spec": {
                  "destination": {
                    "create": true,
                    "name": "cloudflaresecrets"
                  },
                  "mount": "secret",
                  "path": "/infra/traefik/cloudflare",
                  "refreshAfter": "15s",
                  "type": "kv-v1",
                  "vaultAuthRef": "static-auth"
                }
              },
              "type": [
                "object",
                {
                  "apiVersion": "string",
                  "kind": "string",
                  "metadata": [
                    "object",
                    {
                      "name": "string",
                      "namespace": "string"
                    }
                  ],
                  "spec": [
                    "object",
                    {
                      "destination": [
                        "object",
                        {
                          "create": "bool",
                          "name": "string"
                        }
                      ],
                      "mount": "string",
                      "path": "string",
                      "refreshAfter": "string",
                      "type": "string",
                      "vaultAuthRef": "string"
                    }
                  ]
                }
              ]
            },
            "object": {
              "value": {
                "apiVersion": "secrets.hashicorp.com/v1beta1",
                "kind": "VaultStaticSecret",
                "metadata": {
                  "annotations": null,
                  "creationTimestamp": null,
                  "deletionGracePeriodSeconds": null,
                  "deletionTimestamp": null,
                  "finalizers": [
                    "vaultstaticsecret.secrets.hashicorp.com/finalizer"
                  ],
                  "generateName": null,
                  "generation": null,
                  "labels": null,
                  "managedFields": null,
                  "name": "static-secret",
                  "namespace": "traefik",
                  "ownerReferences": null,
                  "resourceVersion": null,
                  "selfLink": null,
                  "uid": null
                },
                "spec": {
                  "destination": {
                    "annotations": null,
                    "create": true,
                    "labels": null,
                    "name": "cloudflaresecrets",
                    "overwrite": false,
                    "transformation": {
                      "excludeRaw": null,
                      "excludes": null,
                      "includes": null,
                      "templates": null,
                      "transformationRefs": null
                    },
                    "type": null
                  },
                  "hmacSecretData": true,
                  "mount": "secret",
                  "namespace": null,
                  "path": "/infra/traefik/cloudflare",
                  "refreshAfter": "15s",
                  "rolloutRestartTargets": null,
                  "syncConfig": {
                    "instantUpdates": null
                  },
                  "type": "kv-v1",
                  "vaultAuthRef": "static-auth",
                  "version": null
                }
              },
              "type": [
                "object",
                {
                  "apiVersion": "string",
                  "kind": "string",
                  "metadata": [
                    "object",
                    {
                      "annotations": [
                        "map",
                        "string"
                      ],
                      "creationTimestamp": "string",
                      "deletionGracePeriodSeconds": "number",
                      "deletionTimestamp": "string",
                      "finalizers": [
                        "list",
                        "string"
                      ],
                      "generateName": "string",
                      "generation": "number",
                      "labels": [
                        "map",
                        "string"
                      ],
                      "managedFields": [
                        "tuple",
                        [
                          [
                            "object",
                            {
                              "apiVersion": "string",
                              "fieldsType": "string",
                              "fieldsV1": "dynamic",
                              "manager": "string",
                              "operation": "string",
                              "subresource": "string",
                              "time": "string"
                            }
                          ]
                        ]
                      ],
                      "name": "string",
                      "namespace": "string",
                      "ownerReferences": [
                        "list",
                        [
                          "object",
                          {
                            "apiVersion": "string",
                            "blockOwnerDeletion": "bool",
                            "controller": "bool",
                            "kind": "string",
                            "name": "string",
                            "uid": "string"
                          }
                        ]
                      ],
                      "resourceVersion": "string",
                      "selfLink": "string",
                      "uid": "string"
                    }
                  ],
                  "spec": [
                    "object",
                    {
                      "destination": [
                        "object",
                        {
                          "annotations": [
                            "map",
                            "string"
                          ],
                          "create": "bool",
                          "labels": [
                            "map",
                            "string"
                          ],
                          "name": "string",
                          "overwrite": "bool",
                          "transformation": [
                            "object",
                            {
                              "excludeRaw": "bool",
                              "excludes": [
                                "list",
                                "string"
                              ],
                              "includes": [
                                "list",
                                "string"
                              ],
                              "templates": [
                                "map",
                                [
                                  "object",
                                  {
                                    "name": "string",
                                    "text": "string"
                                  }
                                ]
                              ],
                              "transformationRefs": [
                                "list",
                                [
                                  "object",
                                  {
                                    "ignoreExcludes": "bool",
                                    "ignoreIncludes": "bool",
                                    "name": "string",
                                    "namespace": "string",
                                    "templateRefs": [
                                      "list",
                                      [
                                        "object",
                                        {
                                          "keyOverride": "string",
                                          "name": "string"
                                        }
                                      ]
                                    ]
                                  }
                                ]
                              ]
                            }
                          ],
                          "type": "string"
                        }
                      ],
                      "hmacSecretData": "bool",
                      "mount": "string",
                      "namespace": "string",
                      "path": "string",
                      "refreshAfter": "string",
                      "rolloutRestartTargets": [
                        "list",
                        [
                          "object",
                          {
                            "kind": "string",
                            "name": "string"
                          }
                        ]
                      ],
                      "syncConfig": [
                        "object",
                        {
                          "instantUpdates": "bool"
                        }
                      ],
                      "type": "string",
                      "vaultAuthRef": "string",
                      "version": "number"
                    }
                  ]
                }
              ]
            },
            "timeouts": [],
            "wait": [],
            "wait_for": null
          },
          "sensitive_attributes": [],
          "dependencies": [
            "data.talos_client_configuration.all_nodes",
            "data.talos_image_factory_extensions_versions.this",
            "data.talos_machine_configuration.controlplane",
            "kubernetes_manifest.static_auth",
            "kubernetes_namespace.traefik",
            "local_sensitive_file.kubeconfig",
            "proxmox_vm_qemu.node",
            "talos_cluster_kubeconfig.this",
            "talos_image_factory_schematic.this",
            "talos_machine_bootstrap.controlplane",
            "talos_machine_configuration_apply.controlplane",
            "talos_machine_secrets.all_nodes"
          ]
        }
      ]
    },
    {
      "mode": "managed",
      "type": "kubernetes_namespace",
      "name": "coredns",
      "provider": "provider[\"registry.terraform.io/hashicorp/kubernetes\"]",
      "instances": [
        {
          "schema_version": 0,
          "attributes": {
            "id": "coredns",
            "metadata": [
              {
                "annotations": {},
                "generate_name": "",
                "generation": 0,
                "labels": {},
                "name": "coredns",
                "resource_version": "435388",
                "uid": "870aca04-adb9-4dc2-a14f-436cef0889cf"
              }
            ],
            "timeouts": null,
            "wait_for_default_service_account": false
          },
          "sensitive_attributes": [],
          "private": "eyJlMmJmYjczMC1lY2FhLTExZTYtOGY4OC0zNDM2M2JjN2M0YzAiOnsiZGVsZXRlIjozMDAwMDAwMDAwMDB9fQ==",
          "dependencies": [
            "data.talos_client_configuration.all_nodes",
            "data.talos_image_factory_extensions_versions.this",
            "data.talos_machine_configuration.controlplane",
            "local_sensitive_file.kubeconfig",
            "proxmox_vm_qemu.node",
            "talos_cluster_kubeconfig.this",
            "talos_image_factory_schematic.this",
            "talos_machine_bootstrap.controlplane",
            "talos_machine_configuration_apply.controlplane",
            "talos_machine_secrets.all_nodes"
          ]
        }
      ]
    },
    {
      "mode": "managed",
      "type": "kubernetes_namespace",
      "name": "dnsentry",
      "provider": "provider[\"registry.terraform.io/hashicorp/kubernetes\"]",
      "instances": [
        {
          "schema_version": 0,
          "attributes": {
            "id": "dnsentry",
            "metadata": [
              {
                "annotations": {},
                "generate_name": "",
                "generation": 0,
                "labels": {
                  "pod-security.kubernetes.io/audit": "privileged",
                  "pod-security.kubernetes.io/enforce": "privileged",
                  "pod-security.kubernetes.io/warn": "privileged"
                },
                "name": "dnsentry",
                "resource_version": "6910865",
                "uid": "9033c1d0-c8a1-4f55-a4b9-1ebbd7168dda"
              }
            ],
            "timeouts": null,
            "wait_for_default_service_account": false
          },
          "sensitive_attributes": [],
          "private": "eyJlMmJmYjczMC1lY2FhLTExZTYtOGY4OC0zNDM2M2JjN2M0YzAiOnsiZGVsZXRlIjozMDAwMDAwMDAwMDB9fQ==",
          "dependencies": [
            "data.talos_client_configuration.all_nodes",
            "data.talos_image_factory_extensions_versions.this",
            "data.talos_machine_configuration.controlplane",
            "local_sensitive_file.kubeconfig",
            "proxmox_vm_qemu.node",
            "talos_cluster_kubeconfig.this",
            "talos_image_factory_schematic.this",
            "talos_machine_bootstrap.controlplane",
            "talos_machine_configuration_apply.controlplane",
            "talos_machine_secrets.all_nodes"
          ]
        }
      ]
    },
    {
      "mode": "managed",
      "type": "kubernetes_namespace",
      "name": "grafana_prom_stack",
      "provider": "provider[\"registry.terraform.io/hashicorp/kubernetes\"]",
      "instances": [
        {
          "schema_version": 0,
          "attributes": {
            "id": "grafana-prom-stack",
            "metadata": [
              {
                "annotations": {},
                "generate_name": "",
                "generation": 0,
                "labels": {},
                "name": "grafana-prom-stack",
                "resource_version": "7590501",
                "uid": "72e175c9-4157-4146-a0d1-9a6ea1f1a199"
              }
            ],
            "timeouts": null,
            "wait_for_default_service_account": false
          },
          "sensitive_attributes": [],
          "private": "eyJlMmJmYjczMC1lY2FhLTExZTYtOGY4OC0zNDM2M2JjN2M0YzAiOnsiZGVsZXRlIjozMDAwMDAwMDAwMDB9fQ==",
          "dependencies": [
            "data.talos_client_configuration.all_nodes",
            "data.talos_image_factory_extensions_versions.this",
            "data.talos_machine_configuration.controlplane",
            "local_sensitive_file.kubeconfig",
            "proxmox_vm_qemu.node",
            "talos_cluster_kubeconfig.this",
            "talos_image_factory_schematic.this",
            "talos_machine_bootstrap.controlplane",
            "talos_machine_configuration_apply.controlplane",
            "talos_machine_secrets.all_nodes"
          ]
        }
      ]
    },
    {
      "mode": "managed",
      "type": "kubernetes_namespace",
      "name": "longhorn",
      "provider": "provider[\"registry.terraform.io/hashicorp/kubernetes\"]",
      "instances": [
        {
          "schema_version": 0,
          "attributes": {
            "id": "longhorn-system",
            "metadata": [
              {
                "annotations": {},
                "generate_name": "",
                "generation": 0,
                "labels": {
                  "pod-security.kubernetes.io/audit": "privileged",
                  "pod-security.kubernetes.io/enforce": "privileged",
                  "pod-security.kubernetes.io/warn": "privileged"
                },
                "name": "longhorn-system",
                "resource_version": "1020027",
                "uid": "a3507cda-635a-4be6-9b5d-d894f5806021"
              }
            ],
            "timeouts": null,
            "wait_for_default_service_account": false
          },
          "sensitive_attributes": [],
          "private": "eyJlMmJmYjczMC1lY2FhLTExZTYtOGY4OC0zNDM2M2JjN2M0YzAiOnsiZGVsZXRlIjozMDAwMDAwMDAwMDB9fQ==",
          "dependencies": [
            "data.talos_client_configuration.all_nodes",
            "data.talos_image_factory_extensions_versions.this",
            "data.talos_machine_configuration.controlplane",
            "local_sensitive_file.kubeconfig",
            "proxmox_vm_qemu.node",
            "talos_cluster_kubeconfig.this",
            "talos_image_factory_schematic.this",
            "talos_machine_bootstrap.controlplane",
            "talos_machine_configuration_apply.controlplane",
            "talos_machine_secrets.all_nodes"
          ]
        }
      ]
    },
    {
      "mode": "managed",
      "type": "kubernetes_namespace",
      "name": "metallb",
      "provider": "provider[\"registry.terraform.io/hashicorp/kubernetes\"]",
      "instances": [
        {
          "schema_version": 0,
          "attributes": {
            "id": "metallb-system",
            "metadata": [
              {
                "annotations": {},
                "generate_name": "",
                "generation": 0,
                "labels": {
                  "pod-security.kubernetes.io/audit": "privileged",
                  "pod-security.kubernetes.io/enforce": "privileged",
                  "pod-security.kubernetes.io/warn": "privileged"
                },
                "name": "metallb-system",
                "resource_version": "3949",
                "uid": "47b88df2-ba7e-490e-8ba0-bd19cf46d11a"
              }
            ],
            "timeouts": null,
            "wait_for_default_service_account": false
          },
          "sensitive_attributes": [],
          "private": "eyJlMmJmYjczMC1lY2FhLTExZTYtOGY4OC0zNDM2M2JjN2M0YzAiOnsiZGVsZXRlIjozMDAwMDAwMDAwMDB9fQ==",
          "dependencies": [
            "data.talos_client_configuration.all_nodes",
            "data.talos_image_factory_extensions_versions.this",
            "data.talos_machine_configuration.controlplane",
            "local_sensitive_file.kubeconfig",
            "proxmox_vm_qemu.node",
            "talos_cluster_kubeconfig.this",
            "talos_image_factory_schematic.this",
            "talos_machine_bootstrap.controlplane",
            "talos_machine_configuration_apply.controlplane",
            "talos_machine_secrets.all_nodes"
          ]
        }
      ]
    },
    {
      "mode": "managed",
      "type": "kubernetes_namespace",
      "name": "nginxtest",
      "provider": "provider[\"registry.terraform.io/hashicorp/kubernetes\"]",
      "instances": [
        {
          "schema_version": 0,
          "attributes": {
            "id": "nginxtest",
            "metadata": [
              {
                "annotations": {},
                "generate_name": "",
                "generation": 0,
                "labels": {},
                "name": "nginxtest",
                "resource_version": "5245986",
                "uid": "bb76e587-d79b-4a04-8434-29fbc2724d62"
              }
            ],
            "timeouts": null,
            "wait_for_default_service_account": false
          },
          "sensitive_attributes": [],
          "private": "eyJlMmJmYjczMC1lY2FhLTExZTYtOGY4OC0zNDM2M2JjN2M0YzAiOnsiZGVsZXRlIjozMDAwMDAwMDAwMDB9fQ==",
          "dependencies": [
            "data.talos_client_configuration.all_nodes",
            "data.talos_image_factory_extensions_versions.this",
            "data.talos_machine_configuration.controlplane",
            "local_sensitive_file.kubeconfig",
            "proxmox_vm_qemu.node",
            "talos_cluster_kubeconfig.this",
            "talos_image_factory_schematic.this",
            "talos_machine_bootstrap.controlplane",
            "talos_machine_configuration_apply.controlplane",
            "talos_machine_secrets.all_nodes"
          ]
        }
      ]
    },
    {
      "mode": "managed",
      "type": "kubernetes_namespace",
      "name": "traefik",
      "provider": "provider[\"registry.terraform.io/hashicorp/kubernetes\"]",
      "instances": [
        {
          "schema_version": 0,
          "attributes": {
            "id": "traefik",
            "metadata": [
              {
                "annotations": {},
                "generate_name": "",
                "generation": 0,
                "labels": {
                  "pod-security.kubernetes.io/audit": "privileged",
                  "pod-security.kubernetes.io/enforce": "privileged",
                  "pod-security.kubernetes.io/warn": "privileged"
                },
                "name": "traefik",
                "resource_version": "1116550",
                "uid": "deb7f11f-b7de-4d9a-b612-c580006ad044"
              }
            ],
            "timeouts": null,
            "wait_for_default_service_account": false
          },
          "sensitive_attributes": [],
          "private": "eyJlMmJmYjczMC1lY2FhLTExZTYtOGY4OC0zNDM2M2JjN2M0YzAiOnsiZGVsZXRlIjozMDAwMDAwMDAwMDB9fQ==",
          "dependencies": [
            "data.talos_client_configuration.all_nodes",
            "data.talos_image_factory_extensions_versions.this",
            "data.talos_machine_configuration.controlplane",
            "local_sensitive_file.kubeconfig",
            "proxmox_vm_qemu.node",
            "talos_cluster_kubeconfig.this",
            "talos_image_factory_schematic.this",
            "talos_machine_bootstrap.controlplane",
            "talos_machine_configuration_apply.controlplane",
            "talos_machine_secrets.all_nodes"
          ]
        }
      ]
    },
    {
      "mode": "managed",
      "type": "kubernetes_namespace",
      "name": "vault",
      "provider": "provider[\"registry.terraform.io/hashicorp/kubernetes\"]",
      "instances": [
        {
          "schema_version": 0,
          "attributes": {
            "id": "vault",
            "metadata": [
              {
                "annotations": {},
                "generate_name": "",
                "generation": 0,
                "labels": {},
                "name": "vault",
                "resource_version": "1037098",
                "uid": "605c9026-4138-4e2b-ac48-631d584d3c7e"
              }
            ],
            "timeouts": null,
            "wait_for_default_service_account": false
          },
          "sensitive_attributes": [],
          "private": "eyJlMmJmYjczMC1lY2FhLTExZTYtOGY4OC0zNDM2M2JjN2M0YzAiOnsiZGVsZXRlIjozMDAwMDAwMDAwMDB9fQ==",
          "dependencies": [
            "data.talos_client_configuration.all_nodes",
            "data.talos_image_factory_extensions_versions.this",
            "data.talos_machine_configuration.controlplane",
            "local_sensitive_file.kubeconfig",
            "proxmox_vm_qemu.node",
            "talos_cluster_kubeconfig.this",
            "talos_image_factory_schematic.this",
            "talos_machine_bootstrap.controlplane",
            "talos_machine_configuration_apply.controlplane",
            "talos_machine_secrets.all_nodes"
          ]
        }
      ]
    },
    {
      "mode": "managed",
      "type": "kubernetes_persistent_volume_claim_v1",
      "name": "hosts",
      "provider": "provider[\"registry.terraform.io/hashicorp/kubernetes\"]",
      "instances": [
        {
          "schema_version": 0,
          "attributes": {
            "id": "dnsentry/hosts",
            "metadata": [
              {
                "annotations": {},
                "generate_name": "",
                "generation": 0,
                "labels": {},
                "name": "hosts",
                "namespace": "dnsentry",
                "resource_version": "6955523",
                "uid": "b71156e4-415b-4042-91cd-f083b2a9c37c"
              }
            ],
            "spec": [
              {
                "access_modes": [
                  "ReadWriteMany"
                ],
                "resources": [
                  {
                    "limits": {},
                    "requests": {
                      "storage": "1Gi"
                    }
                  }
                ],
                "selector": [],
                "storage_class_name": "longhorn",
                "volume_mode": "Filesystem",
                "volume_name": "pvc-b71156e4-415b-4042-91cd-f083b2a9c37c"
              }
            ],
            "timeouts": null,
            "wait_until_bound": true
          },
          "sensitive_attributes": [],
          "private": "eyJlMmJmYjczMC1lY2FhLTExZTYtOGY4OC0zNDM2M2JjN2M0YzAiOnsiY3JlYXRlIjozMDAwMDAwMDAwMDB9fQ==",
          "dependencies": [
            "data.talos_client_configuration.all_nodes",
            "data.talos_image_factory_extensions_versions.this",
            "data.talos_machine_configuration.controlplane",
            "helm_release.longhorn",
            "kubernetes_namespace.dnsentry",
            "kubernetes_namespace.longhorn",
            "local_sensitive_file.kubeconfig",
            "proxmox_vm_qemu.node",
            "talos_cluster_kubeconfig.this",
            "talos_image_factory_schematic.this",
            "talos_machine_bootstrap.controlplane",
            "talos_machine_configuration_apply.controlplane",
            "talos_machine_secrets.all_nodes"
          ]
        }
      ]
    },
    {
      "mode": "managed",
      "type": "kubernetes_role_binding_v1",
      "name": "dnsupdater",
      "provider": "provider[\"registry.terraform.io/hashicorp/kubernetes\"]",
      "instances": [
        {
          "schema_version": 0,
          "attributes": {
            "id": "dnsentry/dnsupdater",
            "metadata": [
              {
                "annotations": {},
                "generate_name": "",
                "generation": 0,
                "labels": {},
                "name": "dnsupdater",
                "namespace": "dnsentry",
                "resource_version": "6937159",
                "uid": "1ce3ede8-72a2-46c9-9d68-93a3363f99fc"
              }
            ],
            "role_ref": [
              {
                "api_group": "rbac.authorization.k8s.io",
                "kind": "Role",
                "name": "dnsupdater"
              }
            ],
            "subject": [
              {
                "api_group": "",
                "kind": "ServiceAccount",
                "name": "default",
                "namespace": "dnsentry"
              }
            ]
          },
          "sensitive_attributes": [],
          "private": "bnVsbA==",
          "dependencies": [
            "data.talos_client_configuration.all_nodes",
            "data.talos_image_factory_extensions_versions.this",
            "data.talos_machine_configuration.controlplane",
            "kubernetes_manifest.dnsrecord",
            "kubernetes_namespace.dnsentry",
            "local_sensitive_file.kubeconfig",
            "proxmox_vm_qemu.node",
            "talos_cluster_kubeconfig.this",
            "talos_image_factory_schematic.this",
            "talos_machine_bootstrap.controlplane",
            "talos_machine_configuration_apply.controlplane",
            "talos_machine_secrets.all_nodes"
          ]
        }
      ]
    },
    {
      "mode": "managed",
      "type": "kubernetes_role_v1",
      "name": "dnsupdater",
      "provider": "provider[\"registry.terraform.io/hashicorp/kubernetes\"]",
      "instances": [
        {
          "schema_version": 0,
          "attributes": {
            "id": "dnsentry/dnsupdater",
            "metadata": [
              {
                "annotations": {},
                "generate_name": "",
                "generation": 0,
                "labels": {},
                "name": "dnsupdater",
                "namespace": "dnsentry",
                "resource_version": "6937158",
                "uid": "112a5fea-5dd1-49d4-bd0d-612c20a08f12"
              }
            ],
            "rule": [
              {
                "api_groups": [
                  "cluster.local"
                ],
                "resource_names": [],
                "resources": [
                  "dnsrecords"
                ],
                "verbs": [
                  "get",
                  "list"
                ]
              }
            ]
          },
          "sensitive_attributes": [],
          "private": "bnVsbA==",
          "dependencies": [
            "data.talos_client_configuration.all_nodes",
            "data.talos_image_factory_extensions_versions.this",
            "data.talos_machine_configuration.controlplane",
            "kubernetes_manifest.dnsrecord",
            "kubernetes_namespace.dnsentry",
            "local_sensitive_file.kubeconfig",
            "proxmox_vm_qemu.node",
            "talos_cluster_kubeconfig.this",
            "talos_image_factory_schematic.this",
            "talos_machine_bootstrap.controlplane",
            "talos_machine_configuration_apply.controlplane",
            "talos_machine_secrets.all_nodes"
          ]
        }
      ]
    },
    {
      "mode": "managed",
      "type": "kubernetes_service",
      "name": "nginxtest",
      "provider": "provider[\"registry.terraform.io/hashicorp/kubernetes\"]",
      "instances": [
        {
          "schema_version": 1,
          "attributes": {
            "id": "nginxtest/nginx",
            "metadata": [
              {
                "annotations": {},
                "generate_name": "",
                "generation": 0,
                "labels": {},
                "name": "nginx",
                "namespace": "nginxtest",
                "resource_version": "5245989",
                "uid": "fef61992-47f2-4a00-86e6-904c8ed1d66b"
              }
            ],
            "spec": [
              {
                "allocate_load_balancer_node_ports": true,
                "cluster_ip": "10.110.139.31",
                "cluster_ips": [
                  "10.110.139.31"
                ],
                "external_ips": [],
                "external_name": "",
                "external_traffic_policy": "",
                "health_check_node_port": 0,
                "internal_traffic_policy": "Cluster",
                "ip_families": [
                  "IPv4"
                ],
                "ip_family_policy": "SingleStack",
                "load_balancer_class": "",
                "load_balancer_ip": "",
                "load_balancer_source_ranges": [],
                "port": [
                  {
                    "app_protocol": "",
                    "name": "http",
                    "node_port": 0,
                    "port": 80,
                    "protocol": "TCP",
                    "target_port": "80"
                  }
                ],
                "publish_not_ready_addresses": false,
                "selector": {
                  "app": "nginx"
                },
                "session_affinity": "None",
                "session_affinity_config": [],
                "type": "ClusterIP"
              }
            ],
            "status": [
              {
                "load_balancer": [
                  {
                    "ingress": []
                  }
                ]
              }
            ],
            "timeouts": null,
            "wait_for_load_balancer": true
          },
          "sensitive_attributes": [],
          "private": "eyJlMmJmYjczMC1lY2FhLTExZTYtOGY4OC0zNDM2M2JjN2M0YzAiOnsiY3JlYXRlIjo2MDAwMDAwMDAwMDB9LCJzY2hlbWFfdmVyc2lvbiI6IjEifQ==",
          "dependencies": [
            "data.talos_client_configuration.all_nodes",
            "data.talos_image_factory_extensions_versions.this",
            "data.talos_machine_configuration.controlplane",
            "local_sensitive_file.kubeconfig",
            "proxmox_vm_qemu.node",
            "talos_cluster_kubeconfig.this",
            "talos_image_factory_schematic.this",
            "talos_machine_bootstrap.controlplane",
            "talos_machine_configuration_apply.controlplane",
            "talos_machine_secrets.all_nodes"
          ]
        }
      ]
    },
    {
      "mode": "managed",
      "type": "kubernetes_service_account",
      "name": "traefik",
      "provider": "provider[\"registry.terraform.io/hashicorp/kubernetes\"]",
      "instances": [
        {
          "schema_version": 0,
          "attributes": {
            "automount_service_account_token": true,
            "default_secret_name": "",
            "id": "traefik/traefik",
            "image_pull_secret": [],
            "metadata": [
              {
                "annotations": {},
                "generate_name": "",
                "generation": 0,
                "labels": {},
                "name": "traefik",
                "namespace": "traefik",
                "resource_version": "6652255",
                "uid": "401439e2-4b09-4802-9b99-71fe3809ced6"
              }
            ],
            "secret": [],
            "timeouts": null
          },
          "sensitive_attributes": [],
          "private": "eyJlMmJmYjczMC1lY2FhLTExZTYtOGY4OC0zNDM2M2JjN2M0YzAiOnsiY3JlYXRlIjozMDAwMDAwMDAwMH19",
          "dependencies": [
            "data.talos_client_configuration.all_nodes",
            "data.talos_image_factory_extensions_versions.this",
            "data.talos_machine_configuration.controlplane",
            "kubernetes_namespace.traefik",
            "local_sensitive_file.kubeconfig",
            "proxmox_vm_qemu.node",
            "talos_cluster_kubeconfig.this",
            "talos_image_factory_schematic.this",
            "talos_machine_bootstrap.controlplane",
            "talos_machine_configuration_apply.controlplane",
            "talos_machine_secrets.all_nodes"
          ]
        }
      ]
    },
    {
      "mode": "managed",
      "type": "kubernetes_service_account",
      "name": "traefik_operator",
      "provider": "provider[\"registry.terraform.io/hashicorp/kubernetes\"]",
      "instances": [
        {
          "schema_version": 0,
          "attributes": {
            "automount_service_account_token": true,
            "default_secret_name": "",
            "id": "vault/traefik-operator",
            "image_pull_secret": [],
            "metadata": [
              {
                "annotations": {},
                "generate_name": "",
                "generation": 0,
                "labels": {},
                "name": "traefik-operator",
                "namespace": "vault",
                "resource_version": "5216066",
                "uid": "968c9f4f-9634-40d0-8e08-27aaff5be2f8"
              }
            ],
            "secret": [],
            "timeouts": null
          },
          "sensitive_attributes": [],
          "private": "eyJlMmJmYjczMC1lY2FhLTExZTYtOGY4OC0zNDM2M2JjN2M0YzAiOnsiY3JlYXRlIjozMDAwMDAwMDAwMH19",
          "dependencies": [
            "data.talos_client_configuration.all_nodes",
            "data.talos_image_factory_extensions_versions.this",
            "data.talos_machine_configuration.controlplane",
            "kubernetes_namespace.vault",
            "local_sensitive_file.kubeconfig",
            "proxmox_vm_qemu.node",
            "talos_cluster_kubeconfig.this",
            "talos_image_factory_schematic.this",
            "talos_machine_bootstrap.controlplane",
            "talos_machine_configuration_apply.controlplane",
            "talos_machine_secrets.all_nodes"
          ]
        }
      ]
    },
    {
      "mode": "managed",
      "type": "local_sensitive_file",
      "name": "kubeconfig",
      "provider": "provider[\"registry.terraform.io/hashicorp/local\"]",
      "instances": [
        {
          "schema_version": 0,
          "attributes": {
            "content": "apiVersion: v1\nclusters:\n- cluster:\n    certificate-authority-data: LS0tLS1CRUdJTiBDRVJUSUZJQ0FURS0tLS0tCk1JSUJpekNDQVRDZ0F3SUJBZ0lSQUpwTEFSQUZuYWVBYTU2bE1oaysxVWd3Q2dZSUtvWkl6ajBFQXdJd0ZURVQKTUJFR0ExVUVDaE1LYTNWaVpYSnVaWFJsY3pBZUZ3MHlOREV5TWpBeU1UVTJORGRhRncwek5ERXlNVGd5TVRVMgpORGRhTUJVeEV6QVJCZ05WQkFvVENtdDFZbVZ5Ym1WMFpYTXdXVEFUQmdjcWhrak9QUUlCQmdncWhrak9QUU1CCkJ3TkNBQVNFMlphQ2tYYlhjZTJDeE5jdDh2TEJjdnhodzkya1lnSjhNUlY4S01xM25RVmQza2J4RFBFdFNtUWQKeEdzb0lScDdqZ1IyeWlKYTkxVnFOMFgrU2tNdG8yRXdYekFPQmdOVkhROEJBZjhFQkFNQ0FvUXdIUVlEVlIwbApCQll3RkFZSUt3WUJCUVVIQXdFR0NDc0dBUVVGQndNQ01BOEdBMVVkRXdFQi93UUZNQU1CQWY4d0hRWURWUjBPCkJCWUVGR0lUeWVtRzdMQkdUUkFsN09Dam5wVWJIdWNjTUFvR0NDcUdTTTQ5QkFNQ0Ewa0FNRVlDSVFEemFjSFIKY0V4REY5TDY4aWIxenFxdEpGSGY0N0h3WDlTSGZiaGxSb0t0clFJaEFPNGFJOFdXUUdXZ21HUzBtMmVKZU5wdAo1ZHprODlsT0JhRUdUdkdrd3R2cwotLS0tLUVORCBDRVJUSUZJQ0FURS0tLS0tCg==\n    server: https://10.0.5.42:6443\n  name: infra\ncontexts:\n- context:\n    cluster: infra\n    namespace: default\n    user: admin@infra\n  name: admin@infra\ncurrent-context: admin@infra\nkind: Config\npreferences: {}\nusers:\n- name: admin@infra\n  user:\n    client-certificate-data: LS0tLS1CRUdJTiBDRVJUSUZJQ0FURS0tLS0tCk1JSUJnekNDQVNxZ0F3SUJBZ0lRR2NHQU9lbWJDc0R6OVpJWk04VW1YVEFLQmdncWhrak9QUVFEQWpBVk1STXcKRVFZRFZRUUtFd3ByZFdKbGNtNWxkR1Z6TUI0WERUSTBNVEl5TURJeU1EQTBObG9YRFRJMU1USXlNREl5TURBMQpObG93S1RFWE1CVUdBMVVFQ2hNT2MzbHpkR1Z0T20xaGMzUmxjbk14RGpBTUJnTlZCQU1UQldGa2JXbHVNRmt3CkV3WUhLb1pJemowQ0FRWUlLb1pJemowREFRY0RRZ0FFK2ZNakdlQXhMbXNtT2MrblpjYW5La0dITXlhaDZZMjAKVzR1L2QrR3RUeUhWekl5THJXTllNa2Z6dWdhOHM4Zmh4NlJ4RTFoOVpLQjROL1ltcDFSK2xxTklNRVl3RGdZRApWUjBQQVFIL0JBUURBZ1dnTUJNR0ExVWRKUVFNTUFvR0NDc0dBUVVGQndNQ01COEdBMVVkSXdRWU1CYUFGR0lUCnllbUc3TEJHVFJBbDdPQ2pucFViSHVjY01Bb0dDQ3FHU000OUJBTUNBMGNBTUVRQ0lDRjJEQ3cwTGxKUzg4NmMKWGdBbGxHaWNZdlJyUDgvdTZLZWdld2cwNHo0aUFpQTJ2UUlXSk5XLzdxcnhCUXdHV2o4aXBic1ozWk1md1E0SQpxRWZ0R1FRZVRnPT0KLS0tLS1FTkQgQ0VSVElGSUNBVEUtLS0tLQo=\n    client-key-data: LS0tLS1CRUdJTiBFQyBQUklWQVRFIEtFWS0tLS0tCk1IY0NBUUVFSUJ4TlZZc1RaT05yNnBxZnUwcEFndmRuWElQeTJndWVPaEx5bG1haVBDQ1JvQW9HQ0NxR1NNNDkKQXdFSG9VUURRZ0FFK2ZNakdlQXhMbXNtT2MrblpjYW5La0dITXlhaDZZMjBXNHUvZCtHdFR5SFZ6SXlMcldOWQpNa2Z6dWdhOHM4Zmh4NlJ4RTFoOVpLQjROL1ltcDFSK2xnPT0KLS0tLS1FTkQgRUMgUFJJVkFURSBLRVktLS0tLQo=\n",
            "content_base64": null,
            "content_base64sha256": "7GHAFuL/txiChIcchZTKKpjt7W6qObVPkrdnPB9QK94=",
            "content_base64sha512": "U3N24EZ8QJkbltqJvqIPC6sMJqQu2vdUpoLw+P5jJ1sBlA0P+U9NyUrNRukKGaQ9+viMcj+6144kMErZSoH1XQ==",
            "content_md5": "d44dd7970bdb46f3b25ad003a087ce76",
            "content_sha1": "f6460a732059e36dbc755043a369ca90ea402af1",
            "content_sha256": "ec61c016e2ffb7188284871c8594ca2a98eded6eaa39b54f92b7673c1f502bde",
            "content_sha512": "537376e0467c40991b96da89bea20f0bab0c26a42edaf754a682f0f8fe63275b01940d0ff94f4dc94acd46e90a19a43dfaf88c723fbad78e24304ad94a81f55d",
            "directory_permission": "0700",
            "file_permission": "0700",
            "filename": "tmp/kubeconfig.yaml",
            "id": "f6460a732059e36dbc755043a369ca90ea402af1",
            "source": null
          },
          "sensitive_attributes": [
            [
              {
                "type": "get_attr",
                "value": "content"
              }
            ]
          ],
          "dependencies": [
            "talos_cluster_kubeconfig.this"
          ]
        }
      ]
    },
    {
      "mode": "managed",
      "type": "local_sensitive_file",
      "name": "talosconfig",
      "provider": "provider[\"registry.terraform.io/hashicorp/local\"]",
      "instances": [
        {
          "schema_version": 0,
          "attributes": {
            "content": "context: infra\ncontexts:\n    infra:\n        endpoints:\n            - 10.0.5.113\n            - 10.0.5.148\n            - 10.0.5.30\n        ca: LS0tLS1CRUdJTiBDRVJUSUZJQ0FURS0tLS0tCk1JSUJQakNCOGFBREFnRUNBaEEyVFNIcEJSYjFkTGlxR1FXWlNnbzhNQVVHQXl0bGNEQVFNUTR3REFZRFZRUUsKRXdWMFlXeHZjekFlRncweU5ERXlNakF5TVRVMk5EZGFGdzB6TkRFeU1UZ3lNVFUyTkRkYU1CQXhEakFNQmdOVgpCQW9UQlhSaGJHOXpNQ293QlFZREsyVndBeUVBMmdyTENyMnBEOHgreXhib0liQi9jem9BSXRVQ1UrWXE1L1l0CmI4WlVaVkdqWVRCZk1BNEdBMVVkRHdFQi93UUVBd0lDaERBZEJnTlZIU1VFRmpBVUJnZ3JCZ0VGQlFjREFRWUkKS3dZQkJRVUhBd0l3RHdZRFZSMFRBUUgvQkFVd0F3RUIvekFkQmdOVkhRNEVGZ1FVNTVvV20wOTZDbnE1U2h2agpQR05NVERXa094b3dCUVlESzJWd0EwRUFKUlprKzFxaDFPN1pTOHQ4amlhZGdUYWZnRzFEb1VTMHlHajZRQjg4CnR6TlBUNGVYdEx6VjczdjJqK2ZXWmVlNVVaOTFDRjcvVEREdjA5SVAwak1oQ1E9PQotLS0tLUVORCBDRVJUSUZJQ0FURS0tLS0tCg==\n        crt: LS0tLS1CRUdJTiBDRVJUSUZJQ0FURS0tLS0tCk1JSUJLVENCM0tBREFnRUNBaEVBa0hBUkhzaUsrSWk3NjdaSzNDVTU4akFGQmdNclpYQXdFREVPTUF3R0ExVUUKQ2hNRmRHRnNiM013SGhjTk1qUXhNakl3TWpFMU5qUTNXaGNOTWpVeE1qSXdNakUxTmpRM1dqQVRNUkV3RHdZRApWUVFLRXdodmN6cGhaRzFwYmpBcU1BVUdBeXRsY0FNaEFEUy81bW1WajI1ZndySHRkSWNZR3AvaDFrcHJUa2ZCCnFEakROdGM1bURwU28wZ3dSakFPQmdOVkhROEJBZjhFQkFNQ0I0QXdFd1lEVlIwbEJBd3dDZ1lJS3dZQkJRVUgKQXdJd0h3WURWUjBqQkJnd0ZvQVU1NW9XbTA5NkNucTVTaHZqUEdOTVREV2tPeG93QlFZREsyVndBMEVBNTduMApTNTFvVTJ6NTE4UGxzU2h6bUQwaUtqcmJJM2xGaGNIb05TYStlbWw0cUp2Y2ZVYzMwZUpWbXBnWTlPbUlqMklOCm9aWVNsS2plVXM4TlJuanFEZz09Ci0tLS0tRU5EIENFUlRJRklDQVRFLS0tLS0K\n        key: LS0tLS1CRUdJTiBFRDI1NTE5IFBSSVZBVEUgS0VZLS0tLS0KTUM0Q0FRQXdCUVlESzJWd0JDSUVJQkZxRW9OcUJObUluQU1SeEpkOTBSSm1WUGg4bjA3cU1rbTRIdjFOSEo0RwotLS0tLUVORCBFRDI1NTE5IFBSSVZBVEUgS0VZLS0tLS0K\n",
            "content_base64": null,
            "content_base64sha256": "uBAPMDa7tL7v9bYxtcMZCod0/mrjFaWguSIYtlCLQdU=",
            "content_base64sha512": "85djUljX2xAequWgbzcVFEgqc2JISqjvA+77iGrNf1lg4QInQvqg2cw8efsrxpU8eavE5fAG4Bn7+X1gKUu8oA==",
            "content_md5": "2c316041602402710868821255e274d1",
            "content_sha1": "e3f65b500d1f6bc8586825cf96494c22ac040977",
            "content_sha256": "b8100f3036bbb4beeff5b631b5c3190a8774fe6ae315a5a0b92218b6508b41d5",
            "content_sha512": "f397635258d7db101eaae5a06f371514482a7362484aa8ef03eefb886acd7f5960e1022742faa0d9cc3c79fb2bc6953c79abc4e5f006e019fbf97d60294bbca0",
            "directory_permission": "0700",
            "file_permission": "0700",
            "filename": "tmp/talosconfig.yaml",
            "id": "e3f65b500d1f6bc8586825cf96494c22ac040977",
            "source": null
          },
          "sensitive_attributes": [
            [
              {
                "type": "get_attr",
                "value": "content"
              }
            ]
          ],
          "dependencies": [
            "data.talos_client_configuration.all_nodes",
            "proxmox_vm_qemu.node",
            "talos_machine_secrets.all_nodes"
          ]
        }
      ]
    },
    {
      "mode": "managed",
      "type": "proxmox_vm_qemu",
      "name": "node",
      "provider": "provider[\"registry.terraform.io/telmate/proxmox\"]",
      "instances": [
        {
          "index_key": 0,
          "schema_version": 0,
          "attributes": {
            "additional_wait": 5,
            "agent": 1,
            "agent_timeout": null,
            "args": "",
            "automatic_reboot": true,
            "balloon": 0,
            "bios": "seabios",
            "boot": "order=scsi0;sata0",
            "bootdisk": "",
            "ci_wait": null,
            "cicustom": null,
            "cipassword": "",
            "ciupgrade": false,
            "ciuser": "",
            "clone": null,
            "clone_wait": 10,
            "cores": 4,
            "cpu": "host",
            "default_ipv4_address": "10.0.5.42",
            "default_ipv6_address": "",
            "define_connection_info": true,
            "desc": "",
            "disk": [],
            "disks": [
              {
                "ide": [],
                "sata": [
                  {
                    "sata0": [
                      {
                        "cdrom": [
                          {
                            "iso": "ceph-iso:iso/talos-nocloud-qemuguest-amd64.iso",
                            "passthrough": false
                          }
                        ],
                        "cloudinit": [],
                        "disk": [],
                        "passthrough": []
                      }
                    ],
                    "sata1": [],
                    "sata2": [],
                    "sata3": [],
                    "sata4": [],
                    "sata5": []
                  }
                ],
                "scsi": [
                  {
                    "scsi0": [
                      {
                        "cdrom": [],
                        "cloudinit": [],
                        "disk": [
                          {
                            "asyncio": "",
                            "backup": true,
                            "cache": "",
                            "discard": false,
                            "emulatessd": false,
                            "format": "raw",
                            "id": 0,
                            "iops_r_burst": 0,
                            "iops_r_burst_length": 0,
                            "iops_r_concurrent": 0,
                            "iops_wr_burst": 0,
                            "iops_wr_burst_length": 0,
                            "iops_wr_concurrent": 0,
                            "iothread": false,
                            "linked_disk_id": -1,
                            "mbps_r_burst": 0,
                            "mbps_r_concurrent": 0,
                            "mbps_wr_burst": 0,
                            "mbps_wr_concurrent": 0,
                            "readonly": false,
                            "replicate": false,
                            "serial": "",
                            "size": "40G",
                            "storage": "local-lvm",
                            "wwn": ""
                          }
                        ],
                        "passthrough": []
                      }
                    ],
                    "scsi1": [],
                    "scsi10": [],
                    "scsi11": [],
                    "scsi12": [],
                    "scsi13": [],
                    "scsi14": [],
                    "scsi15": [],
                    "scsi16": [],
                    "scsi17": [],
                    "scsi18": [],
                    "scsi19": [],
                    "scsi2": [],
                    "scsi20": [],
                    "scsi21": [],
                    "scsi22": [],
                    "scsi23": [],
                    "scsi24": [],
                    "scsi25": [],
                    "scsi26": [],
                    "scsi27": [],
                    "scsi28": [],
                    "scsi29": [],
                    "scsi3": [],
                    "scsi30": [],
                    "scsi4": [],
                    "scsi5": [],
                    "scsi6": [],
                    "scsi7": [],
                    "scsi8": [],
                    "scsi9": []
                  }
                ],
                "virtio": []
              }
            ],
            "efidisk": [],
            "force_create": false,
            "force_recreate_on_change_of": null,
            "full_clone": true,
            "hagroup": "",
            "hastate": "",
            "hostpci": [],
            "hotplug": "network,disk,usb",
            "id": "pve1/qemu/119",
            "ipconfig0": "ip=dhcp",
            "ipconfig1": null,
            "ipconfig10": null,
            "ipconfig11": null,
            "ipconfig12": null,
            "ipconfig13": null,
            "ipconfig14": null,
            "ipconfig15": null,
            "ipconfig2": null,
            "ipconfig3": null,
            "ipconfig4": null,
            "ipconfig5": null,
            "ipconfig6": null,
            "ipconfig7": null,
            "ipconfig8": null,
            "ipconfig9": null,
            "kvm": true,
            "linked_vmid": 0,
            "machine": "",
            "memory": 2048,
            "name": "infranode-1",
            "nameserver": null,
            "network": [
              {
                "bridge": "vmbr0",
                "firewall": false,
                "link_down": false,
                "macaddr": "C2:DF:0B:CD:0D:D2",
                "model": "virtio",
                "mtu": 0,
                "queues": 0,
                "rate": 0,
                "tag": -1
              }
            ],
            "numa": false,
            "onboot": true,
            "os_network_config": null,
            "os_type": null,
            "pool": "",
            "protection": false,
            "pxe": null,
            "qemu_os": "other",
            "reboot_required": false,
            "scsihw": "virtio-scsi-pci",
            "searchdomain": null,
            "serial": [],
            "skip_ipv4": false,
            "skip_ipv6": false,
            "smbios": [
              {
                "family": "",
                "manufacturer": "",
                "product": "",
                "serial": "",
                "sku": "",
                "uuid": "ad8c3fa2-ff61-4048-ac5d-559e1a734cc5",
                "version": ""
              }
            ],
            "sockets": 1,
            "ssh_forward_ip": null,
            "ssh_host": "10.0.5.42",
            "ssh_port": "22",
            "ssh_private_key": null,
            "ssh_user": null,
            "sshkeys": "",
            "startup": "",
            "tablet": true,
            "tags": "worker",
            "target_node": "pve1",
            "target_nodes": null,
            "timeouts": null,
            "unused_disk": [],
            "usb": [],
            "vcpus": 0,
            "vga": [],
            "vm_state": "running",
            "vmid": null
          },
          "sensitive_attributes": [],
          "private": "eyJlMmJmYjczMC1lY2FhLTExZTYtOGY4OC0zNDM2M2JjN2M0YzAiOnsiY3JlYXRlIjoxMjAwMDAwMDAwMDAwLCJkZWZhdWx0IjoxMjAwMDAwMDAwMDAwLCJkZWxldGUiOjEyMDAwMDAwMDAwMDAsInJlYWQiOjEyMDAwMDAwMDAwMDAsInVwZGF0ZSI6MTIwMDAwMDAwMDAwMH19"
        },
        {
          "index_key": 1,
          "schema_version": 0,
          "attributes": {
            "additional_wait": 5,
            "agent": 1,
            "agent_timeout": null,
            "args": "",
            "automatic_reboot": true,
            "balloon": 0,
            "bios": "seabios",
            "boot": "order=scsi0;sata0",
            "bootdisk": "",
            "ci_wait": null,
            "cicustom": null,
            "cipassword": "",
            "ciupgrade": false,
            "ciuser": "",
            "clone": null,
            "clone_wait": 10,
            "cores": 4,
            "cpu": "host",
            "default_ipv4_address": "10.0.5.113",
            "default_ipv6_address": "",
            "define_connection_info": true,
            "desc": "",
            "disk": [],
            "disks": [
              {
                "ide": [],
                "sata": [
                  {
                    "sata0": [
                      {
                        "cdrom": [
                          {
                            "iso": "ceph-iso:iso/talos-nocloud-qemuguest-amd64.iso",
                            "passthrough": false
                          }
                        ],
                        "cloudinit": [],
                        "disk": [],
                        "passthrough": []
                      }
                    ],
                    "sata1": [],
                    "sata2": [],
                    "sata3": [],
                    "sata4": [],
                    "sata5": []
                  }
                ],
                "scsi": [
                  {
                    "scsi0": [
                      {
                        "cdrom": [],
                        "cloudinit": [],
                        "disk": [
                          {
                            "asyncio": "",
                            "backup": true,
                            "cache": "",
                            "discard": false,
                            "emulatessd": false,
                            "format": "raw",
                            "id": 0,
                            "iops_r_burst": 0,
                            "iops_r_burst_length": 0,
                            "iops_r_concurrent": 0,
                            "iops_wr_burst": 0,
                            "iops_wr_burst_length": 0,
                            "iops_wr_concurrent": 0,
                            "iothread": false,
                            "linked_disk_id": -1,
                            "mbps_r_burst": 0,
                            "mbps_r_concurrent": 0,
                            "mbps_wr_burst": 0,
                            "mbps_wr_concurrent": 0,
                            "readonly": false,
                            "replicate": false,
                            "serial": "",
                            "size": "40G",
                            "storage": "local-lvm",
                            "wwn": ""
                          }
                        ],
                        "passthrough": []
                      }
                    ],
                    "scsi1": [],
                    "scsi10": [],
                    "scsi11": [],
                    "scsi12": [],
                    "scsi13": [],
                    "scsi14": [],
                    "scsi15": [],
                    "scsi16": [],
                    "scsi17": [],
                    "scsi18": [],
                    "scsi19": [],
                    "scsi2": [],
                    "scsi20": [],
                    "scsi21": [],
                    "scsi22": [],
                    "scsi23": [],
                    "scsi24": [],
                    "scsi25": [],
                    "scsi26": [],
                    "scsi27": [],
                    "scsi28": [],
                    "scsi29": [],
                    "scsi3": [],
                    "scsi30": [],
                    "scsi4": [],
                    "scsi5": [],
                    "scsi6": [],
                    "scsi7": [],
                    "scsi8": [],
                    "scsi9": []
                  }
                ],
                "virtio": []
              }
            ],
            "efidisk": [],
            "force_create": false,
            "force_recreate_on_change_of": null,
            "full_clone": true,
            "hagroup": "",
            "hastate": "",
            "hostpci": [],
            "hotplug": "network,disk,usb",
            "id": "pve2/qemu/118",
            "ipconfig0": "ip=dhcp",
            "ipconfig1": null,
            "ipconfig10": null,
            "ipconfig11": null,
            "ipconfig12": null,
            "ipconfig13": null,
            "ipconfig14": null,
            "ipconfig15": null,
            "ipconfig2": null,
            "ipconfig3": null,
            "ipconfig4": null,
            "ipconfig5": null,
            "ipconfig6": null,
            "ipconfig7": null,
            "ipconfig8": null,
            "ipconfig9": null,
            "kvm": true,
            "linked_vmid": 0,
            "machine": "",
            "memory": 2048,
            "name": "infranode-2",
            "nameserver": null,
            "network": [
              {
                "bridge": "vmbr0",
                "firewall": false,
                "link_down": false,
                "macaddr": "3E:FC:4B:56:B1:53",
                "model": "virtio",
                "mtu": 0,
                "queues": 0,
                "rate": 0,
                "tag": -1
              }
            ],
            "numa": false,
            "onboot": true,
            "os_network_config": null,
            "os_type": null,
            "pool": "",
            "protection": false,
            "pxe": null,
            "qemu_os": "other",
            "reboot_required": false,
            "scsihw": "virtio-scsi-pci",
            "searchdomain": null,
            "serial": [],
            "skip_ipv4": false,
            "skip_ipv6": false,
            "smbios": [
              {
                "family": "",
                "manufacturer": "",
                "product": "",
                "serial": "",
                "sku": "",
                "uuid": "71a04108-24fd-414d-88d2-9e95d28ccffa",
                "version": ""
              }
            ],
            "sockets": 1,
            "ssh_forward_ip": null,
            "ssh_host": "10.0.5.113",
            "ssh_port": "22",
            "ssh_private_key": null,
            "ssh_user": null,
            "sshkeys": "",
            "startup": "",
            "tablet": true,
            "tags": "control-plane;worker",
            "target_node": "pve2",
            "target_nodes": null,
            "timeouts": null,
            "unused_disk": [],
            "usb": [],
            "vcpus": 0,
            "vga": [],
            "vm_state": "running",
            "vmid": null
          },
          "sensitive_attributes": [],
          "private": "eyJlMmJmYjczMC1lY2FhLTExZTYtOGY4OC0zNDM2M2JjN2M0YzAiOnsiY3JlYXRlIjoxMjAwMDAwMDAwMDAwLCJkZWZhdWx0IjoxMjAwMDAwMDAwMDAwLCJkZWxldGUiOjEyMDAwMDAwMDAwMDAsInJlYWQiOjEyMDAwMDAwMDAwMDAsInVwZGF0ZSI6MTIwMDAwMDAwMDAwMH19"
        },
        {
          "index_key": 2,
          "schema_version": 0,
          "attributes": {
            "additional_wait": 5,
            "agent": 1,
            "agent_timeout": null,
            "args": "",
            "automatic_reboot": true,
            "balloon": 0,
            "bios": "seabios",
            "boot": "order=scsi0;sata0",
            "bootdisk": "",
            "ci_wait": null,
            "cicustom": null,
            "cipassword": "",
            "ciupgrade": false,
            "ciuser": "",
            "clone": null,
            "clone_wait": 10,
            "cores": 4,
            "cpu": "host",
            "default_ipv4_address": "10.0.5.16",
            "default_ipv6_address": "",
            "define_connection_info": true,
            "desc": "",
            "disk": [],
            "disks": [
              {
                "ide": [],
                "sata": [
                  {
                    "sata0": [
                      {
                        "cdrom": [
                          {
                            "iso": "ceph-iso:iso/talos-nocloud-qemuguest-amd64.iso",
                            "passthrough": false
                          }
                        ],
                        "cloudinit": [],
                        "disk": [],
                        "passthrough": []
                      }
                    ],
                    "sata1": [],
                    "sata2": [],
                    "sata3": [],
                    "sata4": [],
                    "sata5": []
                  }
                ],
                "scsi": [
                  {
                    "scsi0": [
                      {
                        "cdrom": [],
                        "cloudinit": [],
                        "disk": [
                          {
                            "asyncio": "",
                            "backup": true,
                            "cache": "",
                            "discard": false,
                            "emulatessd": false,
                            "format": "raw",
                            "id": 0,
                            "iops_r_burst": 0,
                            "iops_r_burst_length": 0,
                            "iops_r_concurrent": 0,
                            "iops_wr_burst": 0,
                            "iops_wr_burst_length": 0,
                            "iops_wr_concurrent": 0,
                            "iothread": false,
                            "linked_disk_id": -1,
                            "mbps_r_burst": 0,
                            "mbps_r_concurrent": 0,
                            "mbps_wr_burst": 0,
                            "mbps_wr_concurrent": 0,
                            "readonly": false,
                            "replicate": false,
                            "serial": "",
                            "size": "40G",
                            "storage": "local-lvm",
                            "wwn": ""
                          }
                        ],
                        "passthrough": []
                      }
                    ],
                    "scsi1": [],
                    "scsi10": [],
                    "scsi11": [],
                    "scsi12": [],
                    "scsi13": [],
                    "scsi14": [],
                    "scsi15": [],
                    "scsi16": [],
                    "scsi17": [],
                    "scsi18": [],
                    "scsi19": [],
                    "scsi2": [],
                    "scsi20": [],
                    "scsi21": [],
                    "scsi22": [],
                    "scsi23": [],
                    "scsi24": [],
                    "scsi25": [],
                    "scsi26": [],
                    "scsi27": [],
                    "scsi28": [],
                    "scsi29": [],
                    "scsi3": [],
                    "scsi30": [],
                    "scsi4": [],
                    "scsi5": [],
                    "scsi6": [],
                    "scsi7": [],
                    "scsi8": [],
                    "scsi9": []
                  }
                ],
                "virtio": []
              }
            ],
            "efidisk": [],
            "force_create": false,
            "force_recreate_on_change_of": null,
            "full_clone": true,
            "hagroup": "",
            "hastate": "",
            "hostpci": [],
            "hotplug": "network,disk,usb",
            "id": "pve3/qemu/115",
            "ipconfig0": "ip=dhcp",
            "ipconfig1": null,
            "ipconfig10": null,
            "ipconfig11": null,
            "ipconfig12": null,
            "ipconfig13": null,
            "ipconfig14": null,
            "ipconfig15": null,
            "ipconfig2": null,
            "ipconfig3": null,
            "ipconfig4": null,
            "ipconfig5": null,
            "ipconfig6": null,
            "ipconfig7": null,
            "ipconfig8": null,
            "ipconfig9": null,
            "kvm": true,
            "linked_vmid": 0,
            "machine": "",
            "memory": 2048,
            "name": "infranode-3",
            "nameserver": null,
            "network": [
              {
                "bridge": "vmbr0",
                "firewall": false,
                "link_down": false,
                "macaddr": "4A:5D:D2:7B:B9:27",
                "model": "virtio",
                "mtu": 0,
                "queues": 0,
                "rate": 0,
                "tag": -1
              }
            ],
            "numa": false,
            "onboot": true,
            "os_network_config": null,
            "os_type": null,
            "pool": "",
            "protection": false,
            "pxe": null,
            "qemu_os": "other",
            "reboot_required": false,
            "scsihw": "virtio-scsi-pci",
            "searchdomain": null,
            "serial": [],
            "skip_ipv4": false,
            "skip_ipv6": false,
            "smbios": [
              {
                "family": "",
                "manufacturer": "",
                "product": "",
                "serial": "",
                "sku": "",
                "uuid": "e9ef02af-dbb5-4937-8947-76bd738d0b6e",
                "version": ""
              }
            ],
            "sockets": 1,
            "ssh_forward_ip": null,
            "ssh_host": "10.0.5.16",
            "ssh_port": "22",
            "ssh_private_key": null,
            "ssh_user": null,
            "sshkeys": "",
            "startup": "",
            "tablet": true,
            "tags": "worker",
            "target_node": "pve3",
            "target_nodes": null,
            "timeouts": null,
            "unused_disk": [],
            "usb": [],
            "vcpus": 0,
            "vga": [],
            "vm_state": "running",
            "vmid": null
          },
          "sensitive_attributes": [],
          "private": "eyJlMmJmYjczMC1lY2FhLTExZTYtOGY4OC0zNDM2M2JjN2M0YzAiOnsiY3JlYXRlIjoxMjAwMDAwMDAwMDAwLCJkZWZhdWx0IjoxMjAwMDAwMDAwMDAwLCJkZWxldGUiOjEyMDAwMDAwMDAwMDAsInJlYWQiOjEyMDAwMDAwMDAwMDAsInVwZGF0ZSI6MTIwMDAwMDAwMDAwMH19"
        },
        {
          "index_key": 3,
          "schema_version": 0,
          "attributes": {
            "additional_wait": 5,
            "agent": 1,
            "agent_timeout": null,
            "args": "",
            "automatic_reboot": true,
            "balloon": 0,
            "bios": "seabios",
            "boot": "order=scsi0;sata0",
            "bootdisk": "",
            "ci_wait": null,
            "cicustom": null,
            "cipassword": "",
            "ciupgrade": false,
            "ciuser": "",
            "clone": null,
            "clone_wait": 10,
            "cores": 4,
            "cpu": "host",
            "default_ipv4_address": "10.0.5.30",
            "default_ipv6_address": "",
            "define_connection_info": true,
            "desc": "",
            "disk": [],
            "disks": [
              {
                "ide": [],
                "sata": [
                  {
                    "sata0": [
                      {
                        "cdrom": [
                          {
                            "iso": "ceph-iso:iso/talos-nocloud-qemuguest-amd64.iso",
                            "passthrough": false
                          }
                        ],
                        "cloudinit": [],
                        "disk": [],
                        "passthrough": []
                      }
                    ],
                    "sata1": [],
                    "sata2": [],
                    "sata3": [],
                    "sata4": [],
                    "sata5": []
                  }
                ],
                "scsi": [
                  {
                    "scsi0": [
                      {
                        "cdrom": [],
                        "cloudinit": [],
                        "disk": [
                          {
                            "asyncio": "",
                            "backup": true,
                            "cache": "",
                            "discard": false,
                            "emulatessd": false,
                            "format": "raw",
                            "id": 0,
                            "iops_r_burst": 0,
                            "iops_r_burst_length": 0,
                            "iops_r_concurrent": 0,
                            "iops_wr_burst": 0,
                            "iops_wr_burst_length": 0,
                            "iops_wr_concurrent": 0,
                            "iothread": false,
                            "linked_disk_id": -1,
                            "mbps_r_burst": 0,
                            "mbps_r_concurrent": 0,
                            "mbps_wr_burst": 0,
                            "mbps_wr_concurrent": 0,
                            "readonly": false,
                            "replicate": false,
                            "serial": "",
                            "size": "40G",
                            "storage": "local-lvm",
                            "wwn": ""
                          }
                        ],
                        "passthrough": []
                      }
                    ],
                    "scsi1": [],
                    "scsi10": [],
                    "scsi11": [],
                    "scsi12": [],
                    "scsi13": [],
                    "scsi14": [],
                    "scsi15": [],
                    "scsi16": [],
                    "scsi17": [],
                    "scsi18": [],
                    "scsi19": [],
                    "scsi2": [],
                    "scsi20": [],
                    "scsi21": [],
                    "scsi22": [],
                    "scsi23": [],
                    "scsi24": [],
                    "scsi25": [],
                    "scsi26": [],
                    "scsi27": [],
                    "scsi28": [],
                    "scsi29": [],
                    "scsi3": [],
                    "scsi30": [],
                    "scsi4": [],
                    "scsi5": [],
                    "scsi6": [],
                    "scsi7": [],
                    "scsi8": [],
                    "scsi9": []
                  }
                ],
                "virtio": []
              }
            ],
            "efidisk": [],
            "force_create": false,
            "force_recreate_on_change_of": null,
            "full_clone": true,
            "hagroup": "",
            "hastate": "",
            "hostpci": [],
            "hotplug": "network,disk,usb",
            "id": "pve4/qemu/116",
            "ipconfig0": "ip=dhcp",
            "ipconfig1": null,
            "ipconfig10": null,
            "ipconfig11": null,
            "ipconfig12": null,
            "ipconfig13": null,
            "ipconfig14": null,
            "ipconfig15": null,
            "ipconfig2": null,
            "ipconfig3": null,
            "ipconfig4": null,
            "ipconfig5": null,
            "ipconfig6": null,
            "ipconfig7": null,
            "ipconfig8": null,
            "ipconfig9": null,
            "kvm": true,
            "linked_vmid": 0,
            "machine": "",
            "memory": 2048,
            "name": "infranode-4",
            "nameserver": null,
            "network": [
              {
                "bridge": "vmbr0",
                "firewall": false,
                "link_down": false,
                "macaddr": "76:B2:05:C3:B3:91",
                "model": "virtio",
                "mtu": 0,
                "queues": 0,
                "rate": 0,
                "tag": -1
              }
            ],
            "numa": false,
            "onboot": true,
            "os_network_config": null,
            "os_type": null,
            "pool": "",
            "protection": false,
            "pxe": null,
            "qemu_os": "other",
            "reboot_required": false,
            "scsihw": "virtio-scsi-pci",
            "searchdomain": null,
            "serial": [],
            "skip_ipv4": false,
            "skip_ipv6": false,
            "smbios": [
              {
                "family": "",
                "manufacturer": "",
                "product": "",
                "serial": "",
                "sku": "",
                "uuid": "49acbd8c-3e5f-4c5f-961c-80311e305950",
                "version": ""
              }
            ],
            "sockets": 1,
            "ssh_forward_ip": null,
            "ssh_host": "10.0.5.30",
            "ssh_port": "22",
            "ssh_private_key": null,
            "ssh_user": null,
            "sshkeys": "",
            "startup": "",
            "tablet": true,
            "tags": "control-plane;worker",
            "target_node": "pve4",
            "target_nodes": null,
            "timeouts": null,
            "unused_disk": [],
            "usb": [],
            "vcpus": 0,
            "vga": [],
            "vm_state": "running",
            "vmid": null
          },
          "sensitive_attributes": [],
          "private": "eyJlMmJmYjczMC1lY2FhLTExZTYtOGY4OC0zNDM2M2JjN2M0YzAiOnsiY3JlYXRlIjoxMjAwMDAwMDAwMDAwLCJkZWZhdWx0IjoxMjAwMDAwMDAwMDAwLCJkZWxldGUiOjEyMDAwMDAwMDAwMDAsInJlYWQiOjEyMDAwMDAwMDAwMDAsInVwZGF0ZSI6MTIwMDAwMDAwMDAwMH19"
        },
        {
          "index_key": 4,
          "schema_version": 0,
          "attributes": {
            "additional_wait": 5,
            "agent": 1,
            "agent_timeout": null,
            "args": "",
            "automatic_reboot": true,
            "balloon": 0,
            "bios": "seabios",
            "boot": "order=scsi0;sata0",
            "bootdisk": "",
            "ci_wait": null,
            "cicustom": null,
            "cipassword": "",
            "ciupgrade": false,
            "ciuser": "",
            "clone": null,
            "clone_wait": 10,
            "cores": 4,
            "cpu": "host",
            "default_ipv4_address": "10.0.5.148",
            "default_ipv6_address": "",
            "define_connection_info": true,
            "desc": "",
            "disk": [],
            "disks": [
              {
                "ide": [],
                "sata": [
                  {
                    "sata0": [
                      {
                        "cdrom": [
                          {
                            "iso": "ceph-iso:iso/talos-nocloud-qemuguest-amd64.iso",
                            "passthrough": false
                          }
                        ],
                        "cloudinit": [],
                        "disk": [],
                        "passthrough": []
                      }
                    ],
                    "sata1": [],
                    "sata2": [],
                    "sata3": [],
                    "sata4": [],
                    "sata5": []
                  }
                ],
                "scsi": [
                  {
                    "scsi0": [
                      {
                        "cdrom": [],
                        "cloudinit": [],
                        "disk": [
                          {
                            "asyncio": "",
                            "backup": true,
                            "cache": "",
                            "discard": false,
                            "emulatessd": false,
                            "format": "raw",
                            "id": 0,
                            "iops_r_burst": 0,
                            "iops_r_burst_length": 0,
                            "iops_r_concurrent": 0,
                            "iops_wr_burst": 0,
                            "iops_wr_burst_length": 0,
                            "iops_wr_concurrent": 0,
                            "iothread": false,
                            "linked_disk_id": -1,
                            "mbps_r_burst": 0,
                            "mbps_r_concurrent": 0,
                            "mbps_wr_burst": 0,
                            "mbps_wr_concurrent": 0,
                            "readonly": false,
                            "replicate": false,
                            "serial": "",
                            "size": "40G",
                            "storage": "local-lvm",
                            "wwn": ""
                          }
                        ],
                        "passthrough": []
                      }
                    ],
                    "scsi1": [],
                    "scsi10": [],
                    "scsi11": [],
                    "scsi12": [],
                    "scsi13": [],
                    "scsi14": [],
                    "scsi15": [],
                    "scsi16": [],
                    "scsi17": [],
                    "scsi18": [],
                    "scsi19": [],
                    "scsi2": [],
                    "scsi20": [],
                    "scsi21": [],
                    "scsi22": [],
                    "scsi23": [],
                    "scsi24": [],
                    "scsi25": [],
                    "scsi26": [],
                    "scsi27": [],
                    "scsi28": [],
                    "scsi29": [],
                    "scsi3": [],
                    "scsi30": [],
                    "scsi4": [],
                    "scsi5": [],
                    "scsi6": [],
                    "scsi7": [],
                    "scsi8": [],
                    "scsi9": []
                  }
                ],
                "virtio": []
              }
            ],
            "efidisk": [],
            "force_create": false,
            "force_recreate_on_change_of": null,
            "full_clone": true,
            "hagroup": "",
            "hastate": "",
            "hostpci": [],
            "hotplug": "network,disk,usb",
            "id": "pve5/qemu/117",
            "ipconfig0": "ip=dhcp",
            "ipconfig1": null,
            "ipconfig10": null,
            "ipconfig11": null,
            "ipconfig12": null,
            "ipconfig13": null,
            "ipconfig14": null,
            "ipconfig15": null,
            "ipconfig2": null,
            "ipconfig3": null,
            "ipconfig4": null,
            "ipconfig5": null,
            "ipconfig6": null,
            "ipconfig7": null,
            "ipconfig8": null,
            "ipconfig9": null,
            "kvm": true,
            "linked_vmid": 0,
            "machine": "",
            "memory": 2048,
            "name": "infranode-5",
            "nameserver": null,
            "network": [
              {
                "bridge": "vmbr0",
                "firewall": false,
                "link_down": false,
                "macaddr": "3E:E3:85:D7:9E:75",
                "model": "virtio",
                "mtu": 0,
                "queues": 0,
                "rate": 0,
                "tag": -1
              }
            ],
            "numa": false,
            "onboot": true,
            "os_network_config": null,
            "os_type": null,
            "pool": "",
            "protection": false,
            "pxe": null,
            "qemu_os": "other",
            "reboot_required": false,
            "scsihw": "virtio-scsi-pci",
            "searchdomain": null,
            "serial": [],
            "skip_ipv4": false,
            "skip_ipv6": false,
            "smbios": [
              {
                "family": "",
                "manufacturer": "",
                "product": "",
                "serial": "",
                "sku": "",
                "uuid": "25e3daf3-f5b6-4430-b31b-5bc7b74496f0",
                "version": ""
              }
            ],
            "sockets": 1,
            "ssh_forward_ip": null,
            "ssh_host": "10.0.5.148",
            "ssh_port": "22",
            "ssh_private_key": null,
            "ssh_user": null,
            "sshkeys": "",
            "startup": "",
            "tablet": true,
            "tags": "control-plane;worker",
            "target_node": "pve5",
            "target_nodes": null,
            "timeouts": null,
            "unused_disk": [],
            "usb": [],
            "vcpus": 0,
            "vga": [],
            "vm_state": "running",
            "vmid": null
          },
          "sensitive_attributes": [],
          "private": "eyJlMmJmYjczMC1lY2FhLTExZTYtOGY4OC0zNDM2M2JjN2M0YzAiOnsiY3JlYXRlIjoxMjAwMDAwMDAwMDAwLCJkZWZhdWx0IjoxMjAwMDAwMDAwMDAwLCJkZWxldGUiOjEyMDAwMDAwMDAwMDAsInJlYWQiOjEyMDAwMDAwMDAwMDAsInVwZGF0ZSI6MTIwMDAwMDAwMDAwMH19"
        }
      ]
    },
    {
      "mode": "managed",
      "type": "talos_cluster_kubeconfig",
      "name": "this",
      "provider": "provider[\"registry.terraform.io/siderolabs/talos\"]",
      "instances": [
        {
          "schema_version": 1,
          "attributes": {
            "certificate_renewal_duration": "720h",
            "client_configuration": {
              "ca_certificate": "LS0tLS1CRUdJTiBDRVJUSUZJQ0FURS0tLS0tCk1JSUJQakNCOGFBREFnRUNBaEEyVFNIcEJSYjFkTGlxR1FXWlNnbzhNQVVHQXl0bGNEQVFNUTR3REFZRFZRUUsKRXdWMFlXeHZjekFlRncweU5ERXlNakF5TVRVMk5EZGFGdzB6TkRFeU1UZ3lNVFUyTkRkYU1CQXhEakFNQmdOVgpCQW9UQlhSaGJHOXpNQ293QlFZREsyVndBeUVBMmdyTENyMnBEOHgreXhib0liQi9jem9BSXRVQ1UrWXE1L1l0CmI4WlVaVkdqWVRCZk1BNEdBMVVkRHdFQi93UUVBd0lDaERBZEJnTlZIU1VFRmpBVUJnZ3JCZ0VGQlFjREFRWUkKS3dZQkJRVUhBd0l3RHdZRFZSMFRBUUgvQkFVd0F3RUIvekFkQmdOVkhRNEVGZ1FVNTVvV20wOTZDbnE1U2h2agpQR05NVERXa094b3dCUVlESzJWd0EwRUFKUlprKzFxaDFPN1pTOHQ4amlhZGdUYWZnRzFEb1VTMHlHajZRQjg4CnR6TlBUNGVYdEx6VjczdjJqK2ZXWmVlNVVaOTFDRjcvVEREdjA5SVAwak1oQ1E9PQotLS0tLUVORCBDRVJUSUZJQ0FURS0tLS0tCg==",
              "client_certificate": "LS0tLS1CRUdJTiBDRVJUSUZJQ0FURS0tLS0tCk1JSUJLVENCM0tBREFnRUNBaEVBa0hBUkhzaUsrSWk3NjdaSzNDVTU4akFGQmdNclpYQXdFREVPTUF3R0ExVUUKQ2hNRmRHRnNiM013SGhjTk1qUXhNakl3TWpFMU5qUTNXaGNOTWpVeE1qSXdNakUxTmpRM1dqQVRNUkV3RHdZRApWUVFLRXdodmN6cGhaRzFwYmpBcU1BVUdBeXRsY0FNaEFEUy81bW1WajI1ZndySHRkSWNZR3AvaDFrcHJUa2ZCCnFEakROdGM1bURwU28wZ3dSakFPQmdOVkhROEJBZjhFQkFNQ0I0QXdFd1lEVlIwbEJBd3dDZ1lJS3dZQkJRVUgKQXdJd0h3WURWUjBqQkJnd0ZvQVU1NW9XbTA5NkNucTVTaHZqUEdOTVREV2tPeG93QlFZREsyVndBMEVBNTduMApTNTFvVTJ6NTE4UGxzU2h6bUQwaUtqcmJJM2xGaGNIb05TYStlbWw0cUp2Y2ZVYzMwZUpWbXBnWTlPbUlqMklOCm9aWVNsS2plVXM4TlJuanFEZz09Ci0tLS0tRU5EIENFUlRJRklDQVRFLS0tLS0K",
              "client_key": "LS0tLS1CRUdJTiBFRDI1NTE5IFBSSVZBVEUgS0VZLS0tLS0KTUM0Q0FRQXdCUVlESzJWd0JDSUVJQkZxRW9OcUJObUluQU1SeEpkOTBSSm1WUGg4bjA3cU1rbTRIdjFOSEo0RwotLS0tLUVORCBFRDI1NTE5IFBSSVZBVEUgS0VZLS0tLS0K"
            },
            "endpoint": "10.0.5.113",
            "id": "infra",
            "kubeconfig_raw": "apiVersion: v1\nclusters:\n- cluster:\n    certificate-authority-data: LS0tLS1CRUdJTiBDRVJUSUZJQ0FURS0tLS0tCk1JSUJpekNDQVRDZ0F3SUJBZ0lSQUpwTEFSQUZuYWVBYTU2bE1oaysxVWd3Q2dZSUtvWkl6ajBFQXdJd0ZURVQKTUJFR0ExVUVDaE1LYTNWaVpYSnVaWFJsY3pBZUZ3MHlOREV5TWpBeU1UVTJORGRhRncwek5ERXlNVGd5TVRVMgpORGRhTUJVeEV6QVJCZ05WQkFvVENtdDFZbVZ5Ym1WMFpYTXdXVEFUQmdjcWhrak9QUUlCQmdncWhrak9QUU1CCkJ3TkNBQVNFMlphQ2tYYlhjZTJDeE5jdDh2TEJjdnhodzkya1lnSjhNUlY4S01xM25RVmQza2J4RFBFdFNtUWQKeEdzb0lScDdqZ1IyeWlKYTkxVnFOMFgrU2tNdG8yRXdYekFPQmdOVkhROEJBZjhFQkFNQ0FvUXdIUVlEVlIwbApCQll3RkFZSUt3WUJCUVVIQXdFR0NDc0dBUVVGQndNQ01BOEdBMVVkRXdFQi93UUZNQU1CQWY4d0hRWURWUjBPCkJCWUVGR0lUeWVtRzdMQkdUUkFsN09Dam5wVWJIdWNjTUFvR0NDcUdTTTQ5QkFNQ0Ewa0FNRVlDSVFEemFjSFIKY0V4REY5TDY4aWIxenFxdEpGSGY0N0h3WDlTSGZiaGxSb0t0clFJaEFPNGFJOFdXUUdXZ21HUzBtMmVKZU5wdAo1ZHprODlsT0JhRUdUdkdrd3R2cwotLS0tLUVORCBDRVJUSUZJQ0FURS0tLS0tCg==\n    server: https://10.0.5.42:6443\n  name: infra\ncontexts:\n- context:\n    cluster: infra\n    namespace: default\n    user: admin@infra\n  name: admin@infra\ncurrent-context: admin@infra\nkind: Config\npreferences: {}\nusers:\n- name: admin@infra\n  user:\n    client-certificate-data: LS0tLS1CRUdJTiBDRVJUSUZJQ0FURS0tLS0tCk1JSUJnekNDQVNxZ0F3SUJBZ0lRR2NHQU9lbWJDc0R6OVpJWk04VW1YVEFLQmdncWhrak9QUVFEQWpBVk1STXcKRVFZRFZRUUtFd3ByZFdKbGNtNWxkR1Z6TUI0WERUSTBNVEl5TURJeU1EQTBObG9YRFRJMU1USXlNREl5TURBMQpObG93S1RFWE1CVUdBMVVFQ2hNT2MzbHpkR1Z0T20xaGMzUmxjbk14RGpBTUJnTlZCQU1UQldGa2JXbHVNRmt3CkV3WUhLb1pJemowQ0FRWUlLb1pJemowREFRY0RRZ0FFK2ZNakdlQXhMbXNtT2MrblpjYW5La0dITXlhaDZZMjAKVzR1L2QrR3RUeUhWekl5THJXTllNa2Z6dWdhOHM4Zmh4NlJ4RTFoOVpLQjROL1ltcDFSK2xxTklNRVl3RGdZRApWUjBQQVFIL0JBUURBZ1dnTUJNR0ExVWRKUVFNTUFvR0NDc0dBUVVGQndNQ01COEdBMVVkSXdRWU1CYUFGR0lUCnllbUc3TEJHVFJBbDdPQ2pucFViSHVjY01Bb0dDQ3FHU000OUJBTUNBMGNBTUVRQ0lDRjJEQ3cwTGxKUzg4NmMKWGdBbGxHaWNZdlJyUDgvdTZLZWdld2cwNHo0aUFpQTJ2UUlXSk5XLzdxcnhCUXdHV2o4aXBic1ozWk1md1E0SQpxRWZ0R1FRZVRnPT0KLS0tLS1FTkQgQ0VSVElGSUNBVEUtLS0tLQo=\n    client-key-data: LS0tLS1CRUdJTiBFQyBQUklWQVRFIEtFWS0tLS0tCk1IY0NBUUVFSUJ4TlZZc1RaT05yNnBxZnUwcEFndmRuWElQeTJndWVPaEx5bG1haVBDQ1JvQW9HQ0NxR1NNNDkKQXdFSG9VUURRZ0FFK2ZNakdlQXhMbXNtT2MrblpjYW5La0dITXlhaDZZMjBXNHUvZCtHdFR5SFZ6SXlMcldOWQpNa2Z6dWdhOHM4Zmh4NlJ4RTFoOVpLQjROL1ltcDFSK2xnPT0KLS0tLS1FTkQgRUMgUFJJVkFURSBLRVktLS0tLQo=\n",
            "kubernetes_client_configuration": {
              "ca_certificate": "LS0tLS1CRUdJTiBDRVJUSUZJQ0FURS0tLS0tCk1JSUJpekNDQVRDZ0F3SUJBZ0lSQUpwTEFSQUZuYWVBYTU2bE1oaysxVWd3Q2dZSUtvWkl6ajBFQXdJd0ZURVQKTUJFR0ExVUVDaE1LYTNWaVpYSnVaWFJsY3pBZUZ3MHlOREV5TWpBeU1UVTJORGRhRncwek5ERXlNVGd5TVRVMgpORGRhTUJVeEV6QVJCZ05WQkFvVENtdDFZbVZ5Ym1WMFpYTXdXVEFUQmdjcWhrak9QUUlCQmdncWhrak9QUU1CCkJ3TkNBQVNFMlphQ2tYYlhjZTJDeE5jdDh2TEJjdnhodzkya1lnSjhNUlY4S01xM25RVmQza2J4RFBFdFNtUWQKeEdzb0lScDdqZ1IyeWlKYTkxVnFOMFgrU2tNdG8yRXdYekFPQmdOVkhROEJBZjhFQkFNQ0FvUXdIUVlEVlIwbApCQll3RkFZSUt3WUJCUVVIQXdFR0NDc0dBUVVGQndNQ01BOEdBMVVkRXdFQi93UUZNQU1CQWY4d0hRWURWUjBPCkJCWUVGR0lUeWVtRzdMQkdUUkFsN09Dam5wVWJIdWNjTUFvR0NDcUdTTTQ5QkFNQ0Ewa0FNRVlDSVFEemFjSFIKY0V4REY5TDY4aWIxenFxdEpGSGY0N0h3WDlTSGZiaGxSb0t0clFJaEFPNGFJOFdXUUdXZ21HUzBtMmVKZU5wdAo1ZHprODlsT0JhRUdUdkdrd3R2cwotLS0tLUVORCBDRVJUSUZJQ0FURS0tLS0tCg==",
              "client_certificate": "LS0tLS1CRUdJTiBDRVJUSUZJQ0FURS0tLS0tCk1JSUJnekNDQVNxZ0F3SUJBZ0lRR2NHQU9lbWJDc0R6OVpJWk04VW1YVEFLQmdncWhrak9QUVFEQWpBVk1STXcKRVFZRFZRUUtFd3ByZFdKbGNtNWxkR1Z6TUI0WERUSTBNVEl5TURJeU1EQTBObG9YRFRJMU1USXlNREl5TURBMQpObG93S1RFWE1CVUdBMVVFQ2hNT2MzbHpkR1Z0T20xaGMzUmxjbk14RGpBTUJnTlZCQU1UQldGa2JXbHVNRmt3CkV3WUhLb1pJemowQ0FRWUlLb1pJemowREFRY0RRZ0FFK2ZNakdlQXhMbXNtT2MrblpjYW5La0dITXlhaDZZMjAKVzR1L2QrR3RUeUhWekl5THJXTllNa2Z6dWdhOHM4Zmh4NlJ4RTFoOVpLQjROL1ltcDFSK2xxTklNRVl3RGdZRApWUjBQQVFIL0JBUURBZ1dnTUJNR0ExVWRKUVFNTUFvR0NDc0dBUVVGQndNQ01COEdBMVVkSXdRWU1CYUFGR0lUCnllbUc3TEJHVFJBbDdPQ2pucFViSHVjY01Bb0dDQ3FHU000OUJBTUNBMGNBTUVRQ0lDRjJEQ3cwTGxKUzg4NmMKWGdBbGxHaWNZdlJyUDgvdTZLZWdld2cwNHo0aUFpQTJ2UUlXSk5XLzdxcnhCUXdHV2o4aXBic1ozWk1md1E0SQpxRWZ0R1FRZVRnPT0KLS0tLS1FTkQgQ0VSVElGSUNBVEUtLS0tLQo=",
              "client_key": "LS0tLS1CRUdJTiBFQyBQUklWQVRFIEtFWS0tLS0tCk1IY0NBUUVFSUJ4TlZZc1RaT05yNnBxZnUwcEFndmRuWElQeTJndWVPaEx5bG1haVBDQ1JvQW9HQ0NxR1NNNDkKQXdFSG9VUURRZ0FFK2ZNakdlQXhMbXNtT2MrblpjYW5La0dITXlhaDZZMjBXNHUvZCtHdFR5SFZ6SXlMcldOWQpNa2Z6dWdhOHM4Zmh4NlJ4RTFoOVpLQjROL1ltcDFSK2xnPT0KLS0tLS1FTkQgRUMgUFJJVkFURSBLRVktLS0tLQo=",
              "host": "https://10.0.5.42:6443"
            },
            "node": "10.0.5.113",
            "timeouts": null
          },
          "sensitive_attributes": [
            [
              {
                "type": "get_attr",
                "value": "client_configuration"
              },
              {
                "type": "get_attr",
                "value": "client_key"
              }
            ]
          ],
          "dependencies": [
            "data.talos_client_configuration.all_nodes",
            "data.talos_image_factory_extensions_versions.this",
            "data.talos_machine_configuration.controlplane",
            "proxmox_vm_qemu.node",
            "talos_image_factory_schematic.this",
            "talos_machine_bootstrap.controlplane",
            "talos_machine_configuration_apply.controlplane",
            "talos_machine_secrets.all_nodes"
          ]
        }
      ]
    },
    {
      "mode": "managed",
      "type": "talos_image_factory_schematic",
      "name": "this",
      "provider": "provider[\"registry.terraform.io/siderolabs/talos\"]",
      "instances": [
        {
          "schema_version": 0,
          "attributes": {
            "id": "88d1f7a5c4f1d3aba7df787c448c1d3d008ed29cfb34af53fa0df4336a56040b",
            "schematic": "\"customization\":\n  \"systemExtensions\":\n    \"officialExtensions\":\n    - \"siderolabs/iscsi-tools\"\n    - \"siderolabs/qemu-guest-agent\"\n    - \"siderolabs/util-linux-tools\"\n"
          },
          "sensitive_attributes": [],
          "dependencies": [
            "data.talos_image_factory_extensions_versions.this"
          ]
        }
      ]
    },
    {
      "mode": "managed",
      "type": "talos_machine_bootstrap",
      "name": "controlplane",
      "provider": "provider[\"registry.terraform.io/siderolabs/talos\"]",
      "instances": [
        {
          "schema_version": 1,
          "attributes": {
            "client_configuration": {
              "ca_certificate": "LS0tLS1CRUdJTiBDRVJUSUZJQ0FURS0tLS0tCk1JSUJQakNCOGFBREFnRUNBaEEyVFNIcEJSYjFkTGlxR1FXWlNnbzhNQVVHQXl0bGNEQVFNUTR3REFZRFZRUUsKRXdWMFlXeHZjekFlRncweU5ERXlNakF5TVRVMk5EZGFGdzB6TkRFeU1UZ3lNVFUyTkRkYU1CQXhEakFNQmdOVgpCQW9UQlhSaGJHOXpNQ293QlFZREsyVndBeUVBMmdyTENyMnBEOHgreXhib0liQi9jem9BSXRVQ1UrWXE1L1l0CmI4WlVaVkdqWVRCZk1BNEdBMVVkRHdFQi93UUVBd0lDaERBZEJnTlZIU1VFRmpBVUJnZ3JCZ0VGQlFjREFRWUkKS3dZQkJRVUhBd0l3RHdZRFZSMFRBUUgvQkFVd0F3RUIvekFkQmdOVkhRNEVGZ1FVNTVvV20wOTZDbnE1U2h2agpQR05NVERXa094b3dCUVlESzJWd0EwRUFKUlprKzFxaDFPN1pTOHQ4amlhZGdUYWZnRzFEb1VTMHlHajZRQjg4CnR6TlBUNGVYdEx6VjczdjJqK2ZXWmVlNVVaOTFDRjcvVEREdjA5SVAwak1oQ1E9PQotLS0tLUVORCBDRVJUSUZJQ0FURS0tLS0tCg==",
              "client_certificate": "LS0tLS1CRUdJTiBDRVJUSUZJQ0FURS0tLS0tCk1JSUJLVENCM0tBREFnRUNBaEVBa0hBUkhzaUsrSWk3NjdaSzNDVTU4akFGQmdNclpYQXdFREVPTUF3R0ExVUUKQ2hNRmRHRnNiM013SGhjTk1qUXhNakl3TWpFMU5qUTNXaGNOTWpVeE1qSXdNakUxTmpRM1dqQVRNUkV3RHdZRApWUVFLRXdodmN6cGhaRzFwYmpBcU1BVUdBeXRsY0FNaEFEUy81bW1WajI1ZndySHRkSWNZR3AvaDFrcHJUa2ZCCnFEakROdGM1bURwU28wZ3dSakFPQmdOVkhROEJBZjhFQkFNQ0I0QXdFd1lEVlIwbEJBd3dDZ1lJS3dZQkJRVUgKQXdJd0h3WURWUjBqQkJnd0ZvQVU1NW9XbTA5NkNucTVTaHZqUEdOTVREV2tPeG93QlFZREsyVndBMEVBNTduMApTNTFvVTJ6NTE4UGxzU2h6bUQwaUtqcmJJM2xGaGNIb05TYStlbWw0cUp2Y2ZVYzMwZUpWbXBnWTlPbUlqMklOCm9aWVNsS2plVXM4TlJuanFEZz09Ci0tLS0tRU5EIENFUlRJRklDQVRFLS0tLS0K",
              "client_key": "LS0tLS1CRUdJTiBFRDI1NTE5IFBSSVZBVEUgS0VZLS0tLS0KTUM0Q0FRQXdCUVlESzJWd0JDSUVJQkZxRW9OcUJObUluQU1SeEpkOTBSSm1WUGg4bjA3cU1rbTRIdjFOSEo0RwotLS0tLUVORCBFRDI1NTE5IFBSSVZBVEUgS0VZLS0tLS0K"
            },
            "endpoint": "10.0.5.113",
            "id": "machine_bootstrap",
            "node": "10.0.5.113",
            "timeouts": null
          },
          "sensitive_attributes": [
            [
              {
                "type": "get_attr",
                "value": "client_configuration"
              },
              {
                "type": "get_attr",
                "value": "client_key"
              }
            ]
          ],
          "dependencies": [
            "data.talos_client_configuration.all_nodes",
            "data.talos_image_factory_extensions_versions.this",
            "data.talos_machine_configuration.controlplane",
            "proxmox_vm_qemu.node",
            "talos_image_factory_schematic.this",
            "talos_machine_configuration_apply.controlplane",
            "talos_machine_secrets.all_nodes"
          ]
        }
      ]
    },
    {
      "mode": "managed",
      "type": "talos_machine_configuration_apply",
      "name": "controlplane",
      "provider": "provider[\"registry.terraform.io/siderolabs/talos\"]",
      "instances": [
        {
          "index_key": "10.0.5.113",
          "schema_version": 1,
          "attributes": {
            "apply_mode": "reboot",
            "client_configuration": {
              "ca_certificate": "LS0tLS1CRUdJTiBDRVJUSUZJQ0FURS0tLS0tCk1JSUJQakNCOGFBREFnRUNBaEEyVFNIcEJSYjFkTGlxR1FXWlNnbzhNQVVHQXl0bGNEQVFNUTR3REFZRFZRUUsKRXdWMFlXeHZjekFlRncweU5ERXlNakF5TVRVMk5EZGFGdzB6TkRFeU1UZ3lNVFUyTkRkYU1CQXhEakFNQmdOVgpCQW9UQlhSaGJHOXpNQ293QlFZREsyVndBeUVBMmdyTENyMnBEOHgreXhib0liQi9jem9BSXRVQ1UrWXE1L1l0CmI4WlVaVkdqWVRCZk1BNEdBMVVkRHdFQi93UUVBd0lDaERBZEJnTlZIU1VFRmpBVUJnZ3JCZ0VGQlFjREFRWUkKS3dZQkJRVUhBd0l3RHdZRFZSMFRBUUgvQkFVd0F3RUIvekFkQmdOVkhRNEVGZ1FVNTVvV20wOTZDbnE1U2h2agpQR05NVERXa094b3dCUVlESzJWd0EwRUFKUlprKzFxaDFPN1pTOHQ4amlhZGdUYWZnRzFEb1VTMHlHajZRQjg4CnR6TlBUNGVYdEx6VjczdjJqK2ZXWmVlNVVaOTFDRjcvVEREdjA5SVAwak1oQ1E9PQotLS0tLUVORCBDRVJUSUZJQ0FURS0tLS0tCg==",
              "client_certificate": "LS0tLS1CRUdJTiBDRVJUSUZJQ0FURS0tLS0tCk1JSUJLVENCM0tBREFnRUNBaEVBa0hBUkhzaUsrSWk3NjdaSzNDVTU4akFGQmdNclpYQXdFREVPTUF3R0ExVUUKQ2hNRmRHRnNiM013SGhjTk1qUXhNakl3TWpFMU5qUTNXaGNOTWpVeE1qSXdNakUxTmpRM1dqQVRNUkV3RHdZRApWUVFLRXdodmN6cGhaRzFwYmpBcU1BVUdBeXRsY0FNaEFEUy81bW1WajI1ZndySHRkSWNZR3AvaDFrcHJUa2ZCCnFEakROdGM1bURwU28wZ3dSakFPQmdOVkhROEJBZjhFQkFNQ0I0QXdFd1lEVlIwbEJBd3dDZ1lJS3dZQkJRVUgKQXdJd0h3WURWUjBqQkJnd0ZvQVU1NW9XbTA5NkNucTVTaHZqUEdOTVREV2tPeG93QlFZREsyVndBMEVBNTduMApTNTFvVTJ6NTE4UGxzU2h6bUQwaUtqcmJJM2xGaGNIb05TYStlbWw0cUp2Y2ZVYzMwZUpWbXBnWTlPbUlqMklOCm9aWVNsS2plVXM4TlJuanFEZz09Ci0tLS0tRU5EIENFUlRJRklDQVRFLS0tLS0K",
              "client_key": "LS0tLS1CRUdJTiBFRDI1NTE5IFBSSVZBVEUgS0VZLS0tLS0KTUM0Q0FRQXdCUVlESzJWd0JDSUVJQkZxRW9OcUJObUluQU1SeEpkOTBSSm1WUGg4bjA3cU1rbTRIdjFOSEo0RwotLS0tLUVORCBFRDI1NTE5IFBSSVZBVEUgS0VZLS0tLS0K"
            },
            "config_patches": [
              "- \"op\": \"add\"\n  \"path\": \"/machine/install\"\n  \"value\":\n    \"disk\": \"/dev/sda\"\n    \"image\": \"factory.talos.dev/installer/88d1f7a5c4f1d3aba7df787c448c1d3d008ed29cfb34af53fa0df4336a56040b:v1.9.0\"\n",
              "- \"op\": \"add\"\n  \"path\": \"/cluster/allowSchedulingOnControlPlanes\"\n  \"value\": true\n",
              "- \"op\": \"add\"\n  \"path\": \"/machine/kubelet/extraMounts\"\n  \"value\":\n  - \"destination\": \"/var/lib/longhorn\"\n    \"options\":\n    - \"bind\"\n    - \"rshared\"\n    - \"rw\"\n    \"source\": \"/var/lib/longhorn\"\n    \"type\": \"bind\"\n"
            ],
            "endpoint": "10.0.5.113",
            "id": "machine_configuration_apply",
            "machine_configuration": "cluster:\n  aggregatorCA:\n    crt: LS0tLS1CRUdJTiBDRVJUSUZJQ0FURS0tLS0tCk1JSUJZRENDQVFXZ0F3SUJBZ0lRQ1BrSGo4NG9UYzBNVkNqRVJNRThaakFLQmdncWhrak9QUVFEQWpBQU1CNFgKRFRJME1USXlNREl4TlRZME4xb1hEVE0wTVRJeE9ESXhOVFkwTjFvd0FEQlpNQk1HQnlxR1NNNDlBZ0VHQ0NxRwpTTTQ5QXdFSEEwSUFCTnNkOHlnWUM3NGhRb0NLZnU3c2pzT1dZZDBHWVRYRC93RjBwQTl5YW4rcHpGekw4NzY5Cnd4NEFhYk13OEg5a0tNcEJzREpxRlhxalJPWU1Fd1dpbzhpallUQmZNQTRHQTFVZER3RUIvd1FFQXdJQ2hEQWQKQmdOVkhTVUVGakFVQmdnckJnRUZCUWNEQVFZSUt3WUJCUVVIQXdJd0R3WURWUjBUQVFIL0JBVXdBd0VCL3pBZApCZ05WSFE0RUZnUVVnQlplamF4eU5pd3JKSGRneU5Jc0dlcGRWRzB3Q2dZSUtvWkl6ajBFQXdJRFNRQXdSZ0loCkFQVFd2Tmpma25JZEdqVHlmZ1c1bW8rVk5CMnVjY3BPUmVKa0lpUUoxTEl4QWlFQW1BK1Nub0NKYWhUQVJHMTAKR0pBcGdlSmM5bStGVVozRDRKbktucGZxS0NvPQotLS0tLUVORCBDRVJUSUZJQ0FURS0tLS0tCg==\n    key: LS0tLS1CRUdJTiBFQyBQUklWQVRFIEtFWS0tLS0tCk1IY0NBUUVFSU1sTXF5MHVxSmF5ZlErMnlkek8waG5sU0ZnVjRROWJZeFFueXIreHBTb0JvQW9HQ0NxR1NNNDkKQXdFSG9VUURRZ0FFMngzektCZ0x2aUZDZ0lwKzd1eU93NVpoM1FaaE5jUC9BWFNrRDNKcWY2bk1YTXZ6dnIzRApIZ0Jwc3pEd2YyUW95a0d3TW1vVmVxTkU1Z3dUQmFLanlBPT0KLS0tLS1FTkQgRUMgUFJJVkFURSBLRVktLS0tLQo=\n  allowSchedulingOnControlPlanes: true\n  apiServer:\n    admissionControl:\n    - configuration:\n        apiVersion: pod-security.admission.config.k8s.io/v1alpha1\n        defaults:\n          audit: restricted\n          audit-version: latest\n          enforce: baseline\n          enforce-version: latest\n          warn: restricted\n          warn-version: latest\n        exemptions:\n          namespaces:\n          - kube-system\n          runtimeClasses: []\n          usernames: []\n        kind: PodSecurityConfiguration\n      name: PodSecurity\n    auditPolicy:\n      apiVersion: audit.k8s.io/v1\n      kind: Policy\n      rules:\n      - level: Metadata\n    certSANs:\n    - api.infrak8s.s1.lan\n    disablePodSecurityPolicy: true\n    image: registry.k8s.io/kube-apiserver:v1.32.0\n  ca:\n    crt: LS0tLS1CRUdJTiBDRVJUSUZJQ0FURS0tLS0tCk1JSUJpekNDQVRDZ0F3SUJBZ0lSQUpwTEFSQUZuYWVBYTU2bE1oaysxVWd3Q2dZSUtvWkl6ajBFQXdJd0ZURVQKTUJFR0ExVUVDaE1LYTNWaVpYSnVaWFJsY3pBZUZ3MHlOREV5TWpBeU1UVTJORGRhRncwek5ERXlNVGd5TVRVMgpORGRhTUJVeEV6QVJCZ05WQkFvVENtdDFZbVZ5Ym1WMFpYTXdXVEFUQmdjcWhrak9QUUlCQmdncWhrak9QUU1CCkJ3TkNBQVNFMlphQ2tYYlhjZTJDeE5jdDh2TEJjdnhodzkya1lnSjhNUlY4S01xM25RVmQza2J4RFBFdFNtUWQKeEdzb0lScDdqZ1IyeWlKYTkxVnFOMFgrU2tNdG8yRXdYekFPQmdOVkhROEJBZjhFQkFNQ0FvUXdIUVlEVlIwbApCQll3RkFZSUt3WUJCUVVIQXdFR0NDc0dBUVVGQndNQ01BOEdBMVVkRXdFQi93UUZNQU1CQWY4d0hRWURWUjBPCkJCWUVGR0lUeWVtRzdMQkdUUkFsN09Dam5wVWJIdWNjTUFvR0NDcUdTTTQ5QkFNQ0Ewa0FNRVlDSVFEemFjSFIKY0V4REY5TDY4aWIxenFxdEpGSGY0N0h3WDlTSGZiaGxSb0t0clFJaEFPNGFJOFdXUUdXZ21HUzBtMmVKZU5wdAo1ZHprODlsT0JhRUdUdkdrd3R2cwotLS0tLUVORCBDRVJUSUZJQ0FURS0tLS0tCg==\n    key: LS0tLS1CRUdJTiBFQyBQUklWQVRFIEtFWS0tLS0tCk1IY0NBUUVFSUhKOS82M3NyNmVycDI5cVc2ZDhvenNSQmpGYkluK1lxSXJ5ajVnRHpGMmVvQW9HQ0NxR1NNNDkKQXdFSG9VUURRZ0FFaE5tV2dwRjIxM0h0Z3NUWExmTHl3WEw4WWNQZHBHSUNmREVWZkNqS3Q1MEZYZDVHOFF6eApMVXBrSGNScktDRWFlNDRFZHNvaVd2ZFZhamRGL2twRExRPT0KLS0tLS1FTkQgRUMgUFJJVkFURSBLRVktLS0tLQo=\n  clusterName: infra\n  controlPlane:\n    endpoint: https://api.infrak8s.s1.lan:6443\n  controllerManager:\n    image: registry.k8s.io/kube-controller-manager:v1.32.0\n  discovery:\n    enabled: true\n    registries:\n      kubernetes:\n        disabled: true\n      service: {}\n  etcd:\n    ca:\n      crt: LS0tLS1CRUdJTiBDRVJUSUZJQ0FURS0tLS0tCk1JSUJmakNDQVNTZ0F3SUJBZ0lSQUtYdHBRSVpKNlcxNGpnZVZMdDh6aUF3Q2dZSUtvWkl6ajBFQXdJd0R6RU4KTUFzR0ExVUVDaE1FWlhSalpEQWVGdzB5TkRFeU1qQXlNVFUyTkRkYUZ3MHpOREV5TVRneU1UVTJORGRhTUE4eApEVEFMQmdOVkJBb1RCR1YwWTJRd1dUQVRCZ2NxaGtqT1BRSUJCZ2dxaGtqT1BRTUJCd05DQUFUU3d6dit5OWZyClZHT3dHSTY4anQwbTZ4aCtDdWdLdm14V2JDQ21VeGNWdmZYN0JkejlWRk84aFQxbWZmT2JJV0Jrd0VnLzZKSXoKNk9UNE1EREpsTmRobzJFd1h6QU9CZ05WSFE4QkFmOEVCQU1DQW9Rd0hRWURWUjBsQkJZd0ZBWUlLd1lCQlFVSApBd0VHQ0NzR0FRVUZCd01DTUE4R0ExVWRFd0VCL3dRRk1BTUJBZjh3SFFZRFZSME9CQllFRk5NV2JlaVAvTnZRCjRlaDh2SDMzeTBDVWp6OU9NQW9HQ0NxR1NNNDlCQU1DQTBnQU1FVUNJUUNDWC8yMzJyOE10ZWFYOEd3RVBkVjAKN3gxOWl0ZUlxQVdCWWFraXNKOEJuZ0lnQWtrVXFPRlErcTR5RGsvL3FOMVdON2t0OTVqVUdwZDU2S0tGdm15KwpYNHc9Ci0tLS0tRU5EIENFUlRJRklDQVRFLS0tLS0K\n      key: LS0tLS1CRUdJTiBFQyBQUklWQVRFIEtFWS0tLS0tCk1IY0NBUUVFSUU5bGZ0eS92V1FRbXFjKzI1T2dDOXdVWVU3ZzAxS3BuNldodEIzQVYwdEVvQW9HQ0NxR1NNNDkKQXdFSG9VUURRZ0FFMHNNNy9zdlg2MVJqc0JpT3ZJN2RKdXNZZmdyb0NyNXNWbXdncGxNWEZiMzErd1hjL1ZSVAp2SVU5Wm4zem15RmdaTUJJUCtpU00ramsrREF3eVpUWFlRPT0KLS0tLS1FTkQgRUMgUFJJVkFURSBLRVktLS0tLQo=\n  id: VhCPaHxLV1I6CEcxlCGWbSuW9GqnjzMhGxnWW-fTFew=\n  network:\n    dnsDomain: cluster.local\n    podSubnets:\n    - 10.244.0.0/16\n    serviceSubnets:\n    - 10.96.0.0/12\n  proxy:\n    image: registry.k8s.io/kube-proxy:v1.32.0\n  scheduler:\n    image: registry.k8s.io/kube-scheduler:v1.32.0\n  secret: 6zmTs2vdxhVNH3mLXuBaBq0sXWyXob1uXFVHfctLlNY=\n  secretboxEncryptionSecret: WtKkJYLyIrdTOMLRalAlAH7mCEDpvrCIUN6G23J5Xr8=\n  serviceAccount:\n    key: LS0tLS1CRUdJTiBSU0EgUFJJVkFURSBLRVktLS0tLQpNSUlKS0FJQkFBS0NBZ0VBMlFjc3c3NTNxVC9uTzBkVytkSm5RVERtVUpKOTQ5VFNMampTRzdMaDY3MDNCcFpaCjV6VFNrRVVUVXFKUG9HQmlScUtPQURmWW5hajZDbXlodEJXMzJkdjcrdS92UmRxaUlMbW9tL0pySnpsK1R4M0UKdVA5WmI3eDJGTDlCR3V2dThxNTZZTExhdWEvWUVGbmsyVGFNR2U2T1BFbVpqcXFCcTFhbytHcm1RblhjeldpQwpEVGRBOGkrNmNXclg2K1ZuNkFWMldYdjFqUXJ5WUFiMEE4YUNoQUNyVWJuMXV2YmRaNTF4T1ZKN2xpYmxIVmk3ClUrRmliOC91TmVZUnVoaEhweWhNN2RSVkYxMUxxUXdLYnVVTlgva08vc1ZWdUN3ZUlGbkJtUTVVT1ZnYUwzT20KYS9qQng5WlhXWVpPeVNXcnNCY09ZUHZCUW1pQmlyUDZSUm9YV0VrUU4zb3Urc2luNXRhcC91ZGxuR24wUk5MRgpXL2RENFJGaSs0RFEyQkZocVR6dStqUzVhWHlRd2dzQnh2SjV1b2JmSFBXVncweDd2Y3BGekh6WisxZmVuMHdSCkhBN3NKZWFwRGdCQVZBNlRmVHBaN21vS3Fjb05XNkhzVUN6bjdvOFZob1hYV2pJZSt1RkIrbmZMdzk0THdybEYKYkdqQmc2dWxRUkhGY3Vzb3grUjhDSUw3SkYybWxTOGhtOHhsRXZwT1NRY25oZDBVbDdoYjFBaktrNlBEMng1bQp3Qm9mZWJ1NitjQmxDdTVDL3BKa1hWMHhFUWo1QlBGd2U2cjFrcmdhN1htNTVwcytxMXplR1NiM1JqeFNkSFRqCndXUWgzbjFlRTYvUVNCa2V0bGtQaHNYK1B3Uy9nakdvbEFwZ3hjajNaeTRYWFJqVVBxaHdDSS8yaXhNQ0F3RUEKQVFLQ0FnQllwS1dVRGVleUtYZTRycHJIenpoOVdBdTZQUnRPUTA3VnNqK2ZNS0UyT0VLUlhqZTZSOGo1UkQxdwpNdnR5OWVzdURwY1JYNzRLSjBwNWw0VTBtT3BQQVpzYUU0WVhjZ1ZtZUc1MXc3NGdkMHN2NVdqRVp3ZVFxOWxQCkFBOEhmL1pKQ1JyVEJEcHlQWEJ5dlVUTHM0dmx5NW9zNWFMaXNxSGo2YkY2UmE5bTFkMHB5TlhWc0F2RzM5ZTMKRzN5MXpTMXpoMGVmcFJIV1dmSkZacEdrT1NCMTZoQVBnWFRzdUlnV0dpaDAwVXZKT0htOFV0R3dvUTRqdlRuKwpxY256eUpiN24ycE1lYjJIbllPWnVHRktpaU84WDIzUWdhbFJZRE90NHZ0QUdLb3VBZDR3STN5Ri9VU282dE1pCnJjamdQNUt3aWJwRndvNWRJWEpIeE5zai9sUXA2aXNlRHBOanBKcXQyMTFURHl6d3NNaXA2VjBJeksrZDJhRmcKNGpaUmZVSFZOQmducmJMdnZrNUp3MGZhUXhxN0F6UC9vLzhYQlJjaXpPMjBrSmxYQWJuZnVySThKSHVPZTNpLwpLRWxQK1JOdVIwNmRxcnhodGsvLzV3Qm9aY1JwUFNKMUVqTGUzSmgybTlKR2g0NVFLMTlDMDJsc0ZuK3BFQkdDCndTakRCdGdvT1kzTjJ2YjRleWVqUFVWQlVyaHM2SXY5eU1kOVd6QlpKY2pGQlpWcVIzc05PZUhXYTlZenJPUkQKV2hGM1ZDU2xNbHp4TjVJbVNMd01BSWRWaGk4Y2JEMm5sSkFjcDg4Y0RIYjFPRHM3UVQ5TWtYU0ZnZ1YxUGFzOQpsR2paYjlqNFh4S3NaRWh2T083THhvaDh4RjZZZHNLVlRnSlYrcUpGdGxjbVJhMUZnUUtDQVFFQS9KUmxrV2ZPCkl6Q2M0VXQ3d3hKeDkzdUNVbzM4SEVnMjJqbG83a0Nhc09HWXNGRTlrQUpGY3diMG5qaXR4THRTZE0yL0lDRVAKRVNKaURqaitiMlNWQkY4UGtXWmdDbi9KWU5zU3hIQXdETkkzb2RLZVVlR3JiKzR0Z0tsK2cvWFVKQ2hMTmlZcgpyZ0RHYkRqQmd5bmdJVFpGdUpReEF2L2RORmgrNS9iZmloMC9NSHlkamVXR05KT3lER3JMdkpPTGwvcnRGeGUwCnFrYlpaODNQdkpGM1RYWU05dHF2QnhjWVM2aTN0SHV1NklieHd1MFRIU1RNcjV0R1lNbHRyRStBSlE3RTR1QzcKNkRYMVZ6aWV6MnRIV3F6ajJqNlNyRC9SSGU1YWZmUDBnbUVnbTZxbmlZVVFXcXo1S01jMlpKMTgvd2QxbFRpcApGOFJrZmcxZng1ZVBsd0tDQVFFQTIvZUloVTFadGRyaFk1YXZaZEVaOFdNOElaV2MrRWc1OXVib3NBYnlYUm9oCmVrZDVrTGl5QnMyRE1pbjdpcFFKMUxlRWVKWDA2eTliRldoeTNxZXJpYWlPZGhpSlRjeHR2eDRQdW01dmt6NDMKdUxFeFA0cjFtcTNqRlhuQ0pXRmJiNDd6Z0VhcnNMcTJWRFNCRmhqZE45M0V2aXBHUXpjRkNMZ21oSmI5YkxoMApMcWt5a0F2S3F5TnR1VFArenliRGd0VmRSTy9IRXRoQ25mYTdLNjd2cjNaMmxLaUdkamlXQyt2WkYzNnhNemcyCk5oNzJ6OXBuU1VibU9zYjZSM0R6UUFQYjU5L2pVU1NHQkQyUDdPTjlKOGdEMGQvZ0FSTHkzdVZ3cXRZNTg1bU0KQmRHMktTV1p3NlU4S3gyZm9Pa2NOWTZDTWFtUlRFU2o2aVhLVXZqUDVRS0NBUUIrT082MUJvb21YZEhZYU85MQpZYzlnWFBHWXJlbnlmRWdsTUJGM0Z3UDNKeFkxN3JOME54NWJ5SHNRWXNTOER0eTdFR0xWL0k5YUFiTzg1ZENJCi9Gdlg3bVdLUlAzejRUNVN6OGdHTVFaaU1kK3BWK2JVaHBFMUEzTHIzRWdrVEFKeSswdnl5SXFGajArWm41ZGQKSTkwazI4bGwzM0RLemZET2l2Y0lsdi9KTnFwd1lhWWUxamdHS0ZVUERZTzVQb2JCTVoyd0w2R1Nnb3Q4NjRaSAo5dTRHNE5yRHRpOUh2TXZnYTNVNmxhQ29CVi9tQ0xISG02OUtocTlhQ085czcrSGJJeEZUUy9tN3B0TnZmaFVuCkZMWjQ0dk9QQ2p3a0psUXJ3QVNxOHZJYkFjelkzaVNSZmRUWmE1MnNPam05ZUZLUjVEbG5sQVEwbzJtUThNQVAKcjNjTEFvSUJBREVnbHNnVzMzdGpPRVdTeVBlM2ZORFJ0Z05XTSttcnorNVo0Z3cyY1Bqa05pZm1RTHRXMU1QNgpNRndLemxoRCtmSWRUcVBUOGhCNDBpSDA0dnJoZmNsUDhRbGxMMzFGdEJra01LVVZ0eXV1a0tsYVFjS01XWkJEClY5MWJCVVp0K1Fyd1pXZjM0SzZtOU1QWHVpRGlTcjRJZE1GNEZaczdkWTlkK1pSUldLWm9oK0pIL2JmNE9qcUEKdmlmSCtoZnY4MmlNR0xtbHg5Tm9vM0ErUTgxYzA4RmZkdHA2elJVb1RESzdhUS83UnI1R3hxek51NWZ1a25UbQpOZE5ZejFzWFdleXBML3NZb045bGhkejZsdU4wWjJaMElJNUdMdlJ1Yy9uZVNveU5MZ0krLyt2b3k0TmpGM1YvCnVQRjBPMHVuNUpuOWl3eG1iOElWN25vRUdLenhUeFVDZ2dFQkFQRWJaNlhaMWkvenBTQ3IrTjhtaEJ6MkhrcEMKZzkxTnRxc2wxT2NpQjVKOUs1ZVpHMFlFYzhnZ01CVktkTENFVGdUaXFDM1RKYmVaMGQ3UXIyNHhsL0lLalVNWgpEZnU0djIxNExnTHJuQVNsSjEycjloenBYdnRXeng0T0lndkxmb0JRenpqZys5UXhHTWdNVFF6ZlE2TkVST01JCkZPd21DQ3lNNENRMHNxcHc5dUJGVTZJSWxKNFVJbE5Ud2pzQmc5Zmp2L3gvQ2wyOW85Y3lLUEhYekZ0ZWVjRE4KZ2hKRnJVcG94RXBBSUpTMlJYd0xWc1hvY0FZcjdqT2tuTW9QMkN1TitweTRHWGU3WDJaR1hsbm50WFg3Smt5VwpzWHkzSHlEdmd5VUIrbWcxTW44bFpMbXlUSVpJbHVuVWVkbVRWeUtDL3FPa01McEJKZEYralR0NWsrVT0KLS0tLS1FTkQgUlNBIFBSSVZBVEUgS0VZLS0tLS0K\n  token: lrapkx.nwz5r1b6pxr3fnk2\ndebug: false\nmachine:\n  ca:\n    crt: LS0tLS1CRUdJTiBDRVJUSUZJQ0FURS0tLS0tCk1JSUJQakNCOGFBREFnRUNBaEEyVFNIcEJSYjFkTGlxR1FXWlNnbzhNQVVHQXl0bGNEQVFNUTR3REFZRFZRUUsKRXdWMFlXeHZjekFlRncweU5ERXlNakF5TVRVMk5EZGFGdzB6TkRFeU1UZ3lNVFUyTkRkYU1CQXhEakFNQmdOVgpCQW9UQlhSaGJHOXpNQ293QlFZREsyVndBeUVBMmdyTENyMnBEOHgreXhib0liQi9jem9BSXRVQ1UrWXE1L1l0CmI4WlVaVkdqWVRCZk1BNEdBMVVkRHdFQi93UUVBd0lDaERBZEJnTlZIU1VFRmpBVUJnZ3JCZ0VGQlFjREFRWUkKS3dZQkJRVUhBd0l3RHdZRFZSMFRBUUgvQkFVd0F3RUIvekFkQmdOVkhRNEVGZ1FVNTVvV20wOTZDbnE1U2h2agpQR05NVERXa094b3dCUVlESzJWd0EwRUFKUlprKzFxaDFPN1pTOHQ4amlhZGdUYWZnRzFEb1VTMHlHajZRQjg4CnR6TlBUNGVYdEx6VjczdjJqK2ZXWmVlNVVaOTFDRjcvVEREdjA5SVAwak1oQ1E9PQotLS0tLUVORCBDRVJUSUZJQ0FURS0tLS0tCg==\n    key: LS0tLS1CRUdJTiBFRDI1NTE5IFBSSVZBVEUgS0VZLS0tLS0KTUM0Q0FRQXdCUVlESzJWd0JDSUVJSlRZV3ZwTDJBRkFNVVo2NzRDZHpXTGtNVy9qZTQ0NWFpaENIZUxxRUZRUgotLS0tLUVORCBFRDI1NTE5IFBSSVZBVEUgS0VZLS0tLS0K\n  certSANs: []\n  features:\n    apidCheckExtKeyUsage: true\n    diskQuotaSupport: true\n    hostDNS:\n      enabled: true\n      forwardKubeDNSToHost: true\n    kubePrism:\n      enabled: true\n      port: 7445\n    rbac: true\n    stableHostname: true\n  install:\n    disk: /dev/sda\n    image: factory.talos.dev/installer/88d1f7a5c4f1d3aba7df787c448c1d3d008ed29cfb34af53fa0df4336a56040b:v1.9.0\n  kubelet:\n    defaultRuntimeSeccompProfileEnabled: true\n    disableManifestsDirectory: true\n    extraMounts:\n    - destination: /var/lib/longhorn\n      options:\n      - bind\n      - rshared\n      - rw\n      source: /var/lib/longhorn\n      type: bind\n    image: ghcr.io/siderolabs/kubelet:v1.32.0\n  network: {}\n  nodeLabels:\n    node.kubernetes.io/exclude-from-external-load-balancers: \"\"\n  token: yg87rb.rkalumjxzjbre40y\n  type: controlplane\npersist: true\nversion: v1alpha1\n",
            "machine_configuration_input": "version: v1alpha1\ndebug: false\npersist: true\nmachine:\n    type: controlplane\n    token: yg87rb.rkalumjxzjbre40y\n    ca:\n        crt: LS0tLS1CRUdJTiBDRVJUSUZJQ0FURS0tLS0tCk1JSUJQakNCOGFBREFnRUNBaEEyVFNIcEJSYjFkTGlxR1FXWlNnbzhNQVVHQXl0bGNEQVFNUTR3REFZRFZRUUsKRXdWMFlXeHZjekFlRncweU5ERXlNakF5TVRVMk5EZGFGdzB6TkRFeU1UZ3lNVFUyTkRkYU1CQXhEakFNQmdOVgpCQW9UQlhSaGJHOXpNQ293QlFZREsyVndBeUVBMmdyTENyMnBEOHgreXhib0liQi9jem9BSXRVQ1UrWXE1L1l0CmI4WlVaVkdqWVRCZk1BNEdBMVVkRHdFQi93UUVBd0lDaERBZEJnTlZIU1VFRmpBVUJnZ3JCZ0VGQlFjREFRWUkKS3dZQkJRVUhBd0l3RHdZRFZSMFRBUUgvQkFVd0F3RUIvekFkQmdOVkhRNEVGZ1FVNTVvV20wOTZDbnE1U2h2agpQR05NVERXa094b3dCUVlESzJWd0EwRUFKUlprKzFxaDFPN1pTOHQ4amlhZGdUYWZnRzFEb1VTMHlHajZRQjg4CnR6TlBUNGVYdEx6VjczdjJqK2ZXWmVlNVVaOTFDRjcvVEREdjA5SVAwak1oQ1E9PQotLS0tLUVORCBDRVJUSUZJQ0FURS0tLS0tCg==\n        key: LS0tLS1CRUdJTiBFRDI1NTE5IFBSSVZBVEUgS0VZLS0tLS0KTUM0Q0FRQXdCUVlESzJWd0JDSUVJSlRZV3ZwTDJBRkFNVVo2NzRDZHpXTGtNVy9qZTQ0NWFpaENIZUxxRUZRUgotLS0tLUVORCBFRDI1NTE5IFBSSVZBVEUgS0VZLS0tLS0K\n    certSANs: []\n    kubelet:\n        image: ghcr.io/siderolabs/kubelet:v1.32.0\n        defaultRuntimeSeccompProfileEnabled: true\n        disableManifestsDirectory: true\n    network: {}\n    install:\n        disk: /dev/sda\n        image: ghcr.io/siderolabs/installer:v1.9.0\n        wipe: false\n    features:\n        rbac: true\n        stableHostname: true\n        apidCheckExtKeyUsage: true\n        diskQuotaSupport: true\n        kubePrism:\n            enabled: true\n            port: 7445\n        hostDNS:\n            enabled: true\n            forwardKubeDNSToHost: true\n    nodeLabels:\n        node.kubernetes.io/exclude-from-external-load-balancers: \"\"\ncluster:\n    id: VhCPaHxLV1I6CEcxlCGWbSuW9GqnjzMhGxnWW-fTFew=\n    secret: 6zmTs2vdxhVNH3mLXuBaBq0sXWyXob1uXFVHfctLlNY=\n    controlPlane:\n        endpoint: https://api.infrak8s.s1.lan:6443\n    clusterName: infra\n    network:\n        dnsDomain: cluster.local\n        podSubnets:\n            - 10.244.0.0/16\n        serviceSubnets:\n            - 10.96.0.0/12\n    token: lrapkx.nwz5r1b6pxr3fnk2\n    secretboxEncryptionSecret: WtKkJYLyIrdTOMLRalAlAH7mCEDpvrCIUN6G23J5Xr8=\n    ca:\n        crt: LS0tLS1CRUdJTiBDRVJUSUZJQ0FURS0tLS0tCk1JSUJpekNDQVRDZ0F3SUJBZ0lSQUpwTEFSQUZuYWVBYTU2bE1oaysxVWd3Q2dZSUtvWkl6ajBFQXdJd0ZURVQKTUJFR0ExVUVDaE1LYTNWaVpYSnVaWFJsY3pBZUZ3MHlOREV5TWpBeU1UVTJORGRhRncwek5ERXlNVGd5TVRVMgpORGRhTUJVeEV6QVJCZ05WQkFvVENtdDFZbVZ5Ym1WMFpYTXdXVEFUQmdjcWhrak9QUUlCQmdncWhrak9QUU1CCkJ3TkNBQVNFMlphQ2tYYlhjZTJDeE5jdDh2TEJjdnhodzkya1lnSjhNUlY4S01xM25RVmQza2J4RFBFdFNtUWQKeEdzb0lScDdqZ1IyeWlKYTkxVnFOMFgrU2tNdG8yRXdYekFPQmdOVkhROEJBZjhFQkFNQ0FvUXdIUVlEVlIwbApCQll3RkFZSUt3WUJCUVVIQXdFR0NDc0dBUVVGQndNQ01BOEdBMVVkRXdFQi93UUZNQU1CQWY4d0hRWURWUjBPCkJCWUVGR0lUeWVtRzdMQkdUUkFsN09Dam5wVWJIdWNjTUFvR0NDcUdTTTQ5QkFNQ0Ewa0FNRVlDSVFEemFjSFIKY0V4REY5TDY4aWIxenFxdEpGSGY0N0h3WDlTSGZiaGxSb0t0clFJaEFPNGFJOFdXUUdXZ21HUzBtMmVKZU5wdAo1ZHprODlsT0JhRUdUdkdrd3R2cwotLS0tLUVORCBDRVJUSUZJQ0FURS0tLS0tCg==\n        key: LS0tLS1CRUdJTiBFQyBQUklWQVRFIEtFWS0tLS0tCk1IY0NBUUVFSUhKOS82M3NyNmVycDI5cVc2ZDhvenNSQmpGYkluK1lxSXJ5ajVnRHpGMmVvQW9HQ0NxR1NNNDkKQXdFSG9VUURRZ0FFaE5tV2dwRjIxM0h0Z3NUWExmTHl3WEw4WWNQZHBHSUNmREVWZkNqS3Q1MEZYZDVHOFF6eApMVXBrSGNScktDRWFlNDRFZHNvaVd2ZFZhamRGL2twRExRPT0KLS0tLS1FTkQgRUMgUFJJVkFURSBLRVktLS0tLQo=\n    aggregatorCA:\n        crt: LS0tLS1CRUdJTiBDRVJUSUZJQ0FURS0tLS0tCk1JSUJZRENDQVFXZ0F3SUJBZ0lRQ1BrSGo4NG9UYzBNVkNqRVJNRThaakFLQmdncWhrak9QUVFEQWpBQU1CNFgKRFRJME1USXlNREl4TlRZME4xb1hEVE0wTVRJeE9ESXhOVFkwTjFvd0FEQlpNQk1HQnlxR1NNNDlBZ0VHQ0NxRwpTTTQ5QXdFSEEwSUFCTnNkOHlnWUM3NGhRb0NLZnU3c2pzT1dZZDBHWVRYRC93RjBwQTl5YW4rcHpGekw4NzY5Cnd4NEFhYk13OEg5a0tNcEJzREpxRlhxalJPWU1Fd1dpbzhpallUQmZNQTRHQTFVZER3RUIvd1FFQXdJQ2hEQWQKQmdOVkhTVUVGakFVQmdnckJnRUZCUWNEQVFZSUt3WUJCUVVIQXdJd0R3WURWUjBUQVFIL0JBVXdBd0VCL3pBZApCZ05WSFE0RUZnUVVnQlplamF4eU5pd3JKSGRneU5Jc0dlcGRWRzB3Q2dZSUtvWkl6ajBFQXdJRFNRQXdSZ0loCkFQVFd2Tmpma25JZEdqVHlmZ1c1bW8rVk5CMnVjY3BPUmVKa0lpUUoxTEl4QWlFQW1BK1Nub0NKYWhUQVJHMTAKR0pBcGdlSmM5bStGVVozRDRKbktucGZxS0NvPQotLS0tLUVORCBDRVJUSUZJQ0FURS0tLS0tCg==\n        key: LS0tLS1CRUdJTiBFQyBQUklWQVRFIEtFWS0tLS0tCk1IY0NBUUVFSU1sTXF5MHVxSmF5ZlErMnlkek8waG5sU0ZnVjRROWJZeFFueXIreHBTb0JvQW9HQ0NxR1NNNDkKQXdFSG9VUURRZ0FFMngzektCZ0x2aUZDZ0lwKzd1eU93NVpoM1FaaE5jUC9BWFNrRDNKcWY2bk1YTXZ6dnIzRApIZ0Jwc3pEd2YyUW95a0d3TW1vVmVxTkU1Z3dUQmFLanlBPT0KLS0tLS1FTkQgRUMgUFJJVkFURSBLRVktLS0tLQo=\n    serviceAccount:\n        key: LS0tLS1CRUdJTiBSU0EgUFJJVkFURSBLRVktLS0tLQpNSUlKS0FJQkFBS0NBZ0VBMlFjc3c3NTNxVC9uTzBkVytkSm5RVERtVUpKOTQ5VFNMampTRzdMaDY3MDNCcFpaCjV6VFNrRVVUVXFKUG9HQmlScUtPQURmWW5hajZDbXlodEJXMzJkdjcrdS92UmRxaUlMbW9tL0pySnpsK1R4M0UKdVA5WmI3eDJGTDlCR3V2dThxNTZZTExhdWEvWUVGbmsyVGFNR2U2T1BFbVpqcXFCcTFhbytHcm1RblhjeldpQwpEVGRBOGkrNmNXclg2K1ZuNkFWMldYdjFqUXJ5WUFiMEE4YUNoQUNyVWJuMXV2YmRaNTF4T1ZKN2xpYmxIVmk3ClUrRmliOC91TmVZUnVoaEhweWhNN2RSVkYxMUxxUXdLYnVVTlgva08vc1ZWdUN3ZUlGbkJtUTVVT1ZnYUwzT20KYS9qQng5WlhXWVpPeVNXcnNCY09ZUHZCUW1pQmlyUDZSUm9YV0VrUU4zb3Urc2luNXRhcC91ZGxuR24wUk5MRgpXL2RENFJGaSs0RFEyQkZocVR6dStqUzVhWHlRd2dzQnh2SjV1b2JmSFBXVncweDd2Y3BGekh6WisxZmVuMHdSCkhBN3NKZWFwRGdCQVZBNlRmVHBaN21vS3Fjb05XNkhzVUN6bjdvOFZob1hYV2pJZSt1RkIrbmZMdzk0THdybEYKYkdqQmc2dWxRUkhGY3Vzb3grUjhDSUw3SkYybWxTOGhtOHhsRXZwT1NRY25oZDBVbDdoYjFBaktrNlBEMng1bQp3Qm9mZWJ1NitjQmxDdTVDL3BKa1hWMHhFUWo1QlBGd2U2cjFrcmdhN1htNTVwcytxMXplR1NiM1JqeFNkSFRqCndXUWgzbjFlRTYvUVNCa2V0bGtQaHNYK1B3Uy9nakdvbEFwZ3hjajNaeTRYWFJqVVBxaHdDSS8yaXhNQ0F3RUEKQVFLQ0FnQllwS1dVRGVleUtYZTRycHJIenpoOVdBdTZQUnRPUTA3VnNqK2ZNS0UyT0VLUlhqZTZSOGo1UkQxdwpNdnR5OWVzdURwY1JYNzRLSjBwNWw0VTBtT3BQQVpzYUU0WVhjZ1ZtZUc1MXc3NGdkMHN2NVdqRVp3ZVFxOWxQCkFBOEhmL1pKQ1JyVEJEcHlQWEJ5dlVUTHM0dmx5NW9zNWFMaXNxSGo2YkY2UmE5bTFkMHB5TlhWc0F2RzM5ZTMKRzN5MXpTMXpoMGVmcFJIV1dmSkZacEdrT1NCMTZoQVBnWFRzdUlnV0dpaDAwVXZKT0htOFV0R3dvUTRqdlRuKwpxY256eUpiN24ycE1lYjJIbllPWnVHRktpaU84WDIzUWdhbFJZRE90NHZ0QUdLb3VBZDR3STN5Ri9VU282dE1pCnJjamdQNUt3aWJwRndvNWRJWEpIeE5zai9sUXA2aXNlRHBOanBKcXQyMTFURHl6d3NNaXA2VjBJeksrZDJhRmcKNGpaUmZVSFZOQmducmJMdnZrNUp3MGZhUXhxN0F6UC9vLzhYQlJjaXpPMjBrSmxYQWJuZnVySThKSHVPZTNpLwpLRWxQK1JOdVIwNmRxcnhodGsvLzV3Qm9aY1JwUFNKMUVqTGUzSmgybTlKR2g0NVFLMTlDMDJsc0ZuK3BFQkdDCndTakRCdGdvT1kzTjJ2YjRleWVqUFVWQlVyaHM2SXY5eU1kOVd6QlpKY2pGQlpWcVIzc05PZUhXYTlZenJPUkQKV2hGM1ZDU2xNbHp4TjVJbVNMd01BSWRWaGk4Y2JEMm5sSkFjcDg4Y0RIYjFPRHM3UVQ5TWtYU0ZnZ1YxUGFzOQpsR2paYjlqNFh4S3NaRWh2T083THhvaDh4RjZZZHNLVlRnSlYrcUpGdGxjbVJhMUZnUUtDQVFFQS9KUmxrV2ZPCkl6Q2M0VXQ3d3hKeDkzdUNVbzM4SEVnMjJqbG83a0Nhc09HWXNGRTlrQUpGY3diMG5qaXR4THRTZE0yL0lDRVAKRVNKaURqaitiMlNWQkY4UGtXWmdDbi9KWU5zU3hIQXdETkkzb2RLZVVlR3JiKzR0Z0tsK2cvWFVKQ2hMTmlZcgpyZ0RHYkRqQmd5bmdJVFpGdUpReEF2L2RORmgrNS9iZmloMC9NSHlkamVXR05KT3lER3JMdkpPTGwvcnRGeGUwCnFrYlpaODNQdkpGM1RYWU05dHF2QnhjWVM2aTN0SHV1NklieHd1MFRIU1RNcjV0R1lNbHRyRStBSlE3RTR1QzcKNkRYMVZ6aWV6MnRIV3F6ajJqNlNyRC9SSGU1YWZmUDBnbUVnbTZxbmlZVVFXcXo1S01jMlpKMTgvd2QxbFRpcApGOFJrZmcxZng1ZVBsd0tDQVFFQTIvZUloVTFadGRyaFk1YXZaZEVaOFdNOElaV2MrRWc1OXVib3NBYnlYUm9oCmVrZDVrTGl5QnMyRE1pbjdpcFFKMUxlRWVKWDA2eTliRldoeTNxZXJpYWlPZGhpSlRjeHR2eDRQdW01dmt6NDMKdUxFeFA0cjFtcTNqRlhuQ0pXRmJiNDd6Z0VhcnNMcTJWRFNCRmhqZE45M0V2aXBHUXpjRkNMZ21oSmI5YkxoMApMcWt5a0F2S3F5TnR1VFArenliRGd0VmRSTy9IRXRoQ25mYTdLNjd2cjNaMmxLaUdkamlXQyt2WkYzNnhNemcyCk5oNzJ6OXBuU1VibU9zYjZSM0R6UUFQYjU5L2pVU1NHQkQyUDdPTjlKOGdEMGQvZ0FSTHkzdVZ3cXRZNTg1bU0KQmRHMktTV1p3NlU4S3gyZm9Pa2NOWTZDTWFtUlRFU2o2aVhLVXZqUDVRS0NBUUIrT082MUJvb21YZEhZYU85MQpZYzlnWFBHWXJlbnlmRWdsTUJGM0Z3UDNKeFkxN3JOME54NWJ5SHNRWXNTOER0eTdFR0xWL0k5YUFiTzg1ZENJCi9Gdlg3bVdLUlAzejRUNVN6OGdHTVFaaU1kK3BWK2JVaHBFMUEzTHIzRWdrVEFKeSswdnl5SXFGajArWm41ZGQKSTkwazI4bGwzM0RLemZET2l2Y0lsdi9KTnFwd1lhWWUxamdHS0ZVUERZTzVQb2JCTVoyd0w2R1Nnb3Q4NjRaSAo5dTRHNE5yRHRpOUh2TXZnYTNVNmxhQ29CVi9tQ0xISG02OUtocTlhQ085czcrSGJJeEZUUy9tN3B0TnZmaFVuCkZMWjQ0dk9QQ2p3a0psUXJ3QVNxOHZJYkFjelkzaVNSZmRUWmE1MnNPam05ZUZLUjVEbG5sQVEwbzJtUThNQVAKcjNjTEFvSUJBREVnbHNnVzMzdGpPRVdTeVBlM2ZORFJ0Z05XTSttcnorNVo0Z3cyY1Bqa05pZm1RTHRXMU1QNgpNRndLemxoRCtmSWRUcVBUOGhCNDBpSDA0dnJoZmNsUDhRbGxMMzFGdEJra01LVVZ0eXV1a0tsYVFjS01XWkJEClY5MWJCVVp0K1Fyd1pXZjM0SzZtOU1QWHVpRGlTcjRJZE1GNEZaczdkWTlkK1pSUldLWm9oK0pIL2JmNE9qcUEKdmlmSCtoZnY4MmlNR0xtbHg5Tm9vM0ErUTgxYzA4RmZkdHA2elJVb1RESzdhUS83UnI1R3hxek51NWZ1a25UbQpOZE5ZejFzWFdleXBML3NZb045bGhkejZsdU4wWjJaMElJNUdMdlJ1Yy9uZVNveU5MZ0krLyt2b3k0TmpGM1YvCnVQRjBPMHVuNUpuOWl3eG1iOElWN25vRUdLenhUeFVDZ2dFQkFQRWJaNlhaMWkvenBTQ3IrTjhtaEJ6MkhrcEMKZzkxTnRxc2wxT2NpQjVKOUs1ZVpHMFlFYzhnZ01CVktkTENFVGdUaXFDM1RKYmVaMGQ3UXIyNHhsL0lLalVNWgpEZnU0djIxNExnTHJuQVNsSjEycjloenBYdnRXeng0T0lndkxmb0JRenpqZys5UXhHTWdNVFF6ZlE2TkVST01JCkZPd21DQ3lNNENRMHNxcHc5dUJGVTZJSWxKNFVJbE5Ud2pzQmc5Zmp2L3gvQ2wyOW85Y3lLUEhYekZ0ZWVjRE4KZ2hKRnJVcG94RXBBSUpTMlJYd0xWc1hvY0FZcjdqT2tuTW9QMkN1TitweTRHWGU3WDJaR1hsbm50WFg3Smt5VwpzWHkzSHlEdmd5VUIrbWcxTW44bFpMbXlUSVpJbHVuVWVkbVRWeUtDL3FPa01McEJKZEYralR0NWsrVT0KLS0tLS1FTkQgUlNBIFBSSVZBVEUgS0VZLS0tLS0K\n    apiServer:\n        image: registry.k8s.io/kube-apiserver:v1.32.0\n        certSANs:\n            - api.infrak8s.s1.lan\n        disablePodSecurityPolicy: true\n        admissionControl:\n            - name: PodSecurity\n              configuration:\n                apiVersion: pod-security.admission.config.k8s.io/v1alpha1\n                defaults:\n                    audit: restricted\n                    audit-version: latest\n                    enforce: baseline\n                    enforce-version: latest\n                    warn: restricted\n                    warn-version: latest\n                exemptions:\n                    namespaces:\n                        - kube-system\n                    runtimeClasses: []\n                    usernames: []\n                kind: PodSecurityConfiguration\n        auditPolicy:\n            apiVersion: audit.k8s.io/v1\n            kind: Policy\n            rules:\n                - level: Metadata\n    controllerManager:\n        image: registry.k8s.io/kube-controller-manager:v1.32.0\n    proxy:\n        image: registry.k8s.io/kube-proxy:v1.32.0\n    scheduler:\n        image: registry.k8s.io/kube-scheduler:v1.32.0\n    discovery:\n        enabled: true\n        registries:\n            kubernetes:\n                disabled: true\n            service: {}\n    etcd:\n        ca:\n            crt: LS0tLS1CRUdJTiBDRVJUSUZJQ0FURS0tLS0tCk1JSUJmakNDQVNTZ0F3SUJBZ0lSQUtYdHBRSVpKNlcxNGpnZVZMdDh6aUF3Q2dZSUtvWkl6ajBFQXdJd0R6RU4KTUFzR0ExVUVDaE1FWlhSalpEQWVGdzB5TkRFeU1qQXlNVFUyTkRkYUZ3MHpOREV5TVRneU1UVTJORGRhTUE4eApEVEFMQmdOVkJBb1RCR1YwWTJRd1dUQVRCZ2NxaGtqT1BRSUJCZ2dxaGtqT1BRTUJCd05DQUFUU3d6dit5OWZyClZHT3dHSTY4anQwbTZ4aCtDdWdLdm14V2JDQ21VeGNWdmZYN0JkejlWRk84aFQxbWZmT2JJV0Jrd0VnLzZKSXoKNk9UNE1EREpsTmRobzJFd1h6QU9CZ05WSFE4QkFmOEVCQU1DQW9Rd0hRWURWUjBsQkJZd0ZBWUlLd1lCQlFVSApBd0VHQ0NzR0FRVUZCd01DTUE4R0ExVWRFd0VCL3dRRk1BTUJBZjh3SFFZRFZSME9CQllFRk5NV2JlaVAvTnZRCjRlaDh2SDMzeTBDVWp6OU9NQW9HQ0NxR1NNNDlCQU1DQTBnQU1FVUNJUUNDWC8yMzJyOE10ZWFYOEd3RVBkVjAKN3gxOWl0ZUlxQVdCWWFraXNKOEJuZ0lnQWtrVXFPRlErcTR5RGsvL3FOMVdON2t0OTVqVUdwZDU2S0tGdm15KwpYNHc9Ci0tLS0tRU5EIENFUlRJRklDQVRFLS0tLS0K\n            key: LS0tLS1CRUdJTiBFQyBQUklWQVRFIEtFWS0tLS0tCk1IY0NBUUVFSUU5bGZ0eS92V1FRbXFjKzI1T2dDOXdVWVU3ZzAxS3BuNldodEIzQVYwdEVvQW9HQ0NxR1NNNDkKQXdFSG9VUURRZ0FFMHNNNy9zdlg2MVJqc0JpT3ZJN2RKdXNZZmdyb0NyNXNWbXdncGxNWEZiMzErd1hjL1ZSVAp2SVU5Wm4zem15RmdaTUJJUCtpU00ramsrREF3eVpUWFlRPT0KLS0tLS1FTkQgRUMgUFJJVkFURSBLRVktLS0tLQo=\n",
            "node": "10.0.5.113",
            "on_destroy": null,
            "timeouts": null
          },
          "sensitive_attributes": [
            [
              {
                "type": "get_attr",
                "value": "machine_configuration_input"
              }
            ],
            [
              {
                "type": "get_attr",
                "value": "client_configuration"
              },
              {
                "type": "get_attr",
                "value": "client_key"
              }
            ]
          ],
          "dependencies": [
            "data.talos_image_factory_extensions_versions.this",
            "data.talos_machine_configuration.controlplane",
            "proxmox_vm_qemu.node",
            "talos_image_factory_schematic.this",
            "talos_machine_secrets.all_nodes"
          ]
        },
        {
          "index_key": "10.0.5.148",
          "schema_version": 1,
          "attributes": {
            "apply_mode": "reboot",
            "client_configuration": {
              "ca_certificate": "LS0tLS1CRUdJTiBDRVJUSUZJQ0FURS0tLS0tCk1JSUJQakNCOGFBREFnRUNBaEEyVFNIcEJSYjFkTGlxR1FXWlNnbzhNQVVHQXl0bGNEQVFNUTR3REFZRFZRUUsKRXdWMFlXeHZjekFlRncweU5ERXlNakF5TVRVMk5EZGFGdzB6TkRFeU1UZ3lNVFUyTkRkYU1CQXhEakFNQmdOVgpCQW9UQlhSaGJHOXpNQ293QlFZREsyVndBeUVBMmdyTENyMnBEOHgreXhib0liQi9jem9BSXRVQ1UrWXE1L1l0CmI4WlVaVkdqWVRCZk1BNEdBMVVkRHdFQi93UUVBd0lDaERBZEJnTlZIU1VFRmpBVUJnZ3JCZ0VGQlFjREFRWUkKS3dZQkJRVUhBd0l3RHdZRFZSMFRBUUgvQkFVd0F3RUIvekFkQmdOVkhRNEVGZ1FVNTVvV20wOTZDbnE1U2h2agpQR05NVERXa094b3dCUVlESzJWd0EwRUFKUlprKzFxaDFPN1pTOHQ4amlhZGdUYWZnRzFEb1VTMHlHajZRQjg4CnR6TlBUNGVYdEx6VjczdjJqK2ZXWmVlNVVaOTFDRjcvVEREdjA5SVAwak1oQ1E9PQotLS0tLUVORCBDRVJUSUZJQ0FURS0tLS0tCg==",
              "client_certificate": "LS0tLS1CRUdJTiBDRVJUSUZJQ0FURS0tLS0tCk1JSUJLVENCM0tBREFnRUNBaEVBa0hBUkhzaUsrSWk3NjdaSzNDVTU4akFGQmdNclpYQXdFREVPTUF3R0ExVUUKQ2hNRmRHRnNiM013SGhjTk1qUXhNakl3TWpFMU5qUTNXaGNOTWpVeE1qSXdNakUxTmpRM1dqQVRNUkV3RHdZRApWUVFLRXdodmN6cGhaRzFwYmpBcU1BVUdBeXRsY0FNaEFEUy81bW1WajI1ZndySHRkSWNZR3AvaDFrcHJUa2ZCCnFEakROdGM1bURwU28wZ3dSakFPQmdOVkhROEJBZjhFQkFNQ0I0QXdFd1lEVlIwbEJBd3dDZ1lJS3dZQkJRVUgKQXdJd0h3WURWUjBqQkJnd0ZvQVU1NW9XbTA5NkNucTVTaHZqUEdOTVREV2tPeG93QlFZREsyVndBMEVBNTduMApTNTFvVTJ6NTE4UGxzU2h6bUQwaUtqcmJJM2xGaGNIb05TYStlbWw0cUp2Y2ZVYzMwZUpWbXBnWTlPbUlqMklOCm9aWVNsS2plVXM4TlJuanFEZz09Ci0tLS0tRU5EIENFUlRJRklDQVRFLS0tLS0K",
              "client_key": "LS0tLS1CRUdJTiBFRDI1NTE5IFBSSVZBVEUgS0VZLS0tLS0KTUM0Q0FRQXdCUVlESzJWd0JDSUVJQkZxRW9OcUJObUluQU1SeEpkOTBSSm1WUGg4bjA3cU1rbTRIdjFOSEo0RwotLS0tLUVORCBFRDI1NTE5IFBSSVZBVEUgS0VZLS0tLS0K"
            },
            "config_patches": [
              "- \"op\": \"add\"\n  \"path\": \"/machine/install\"\n  \"value\":\n    \"disk\": \"/dev/sda\"\n    \"image\": \"factory.talos.dev/installer/88d1f7a5c4f1d3aba7df787c448c1d3d008ed29cfb34af53fa0df4336a56040b:v1.9.0\"\n",
              "- \"op\": \"add\"\n  \"path\": \"/cluster/allowSchedulingOnControlPlanes\"\n  \"value\": true\n",
              "- \"op\": \"add\"\n  \"path\": \"/machine/kubelet/extraMounts\"\n  \"value\":\n  - \"destination\": \"/var/lib/longhorn\"\n    \"options\":\n    - \"bind\"\n    - \"rshared\"\n    - \"rw\"\n    \"source\": \"/var/lib/longhorn\"\n    \"type\": \"bind\"\n"
            ],
            "endpoint": "10.0.5.148",
            "id": "machine_configuration_apply",
            "machine_configuration": "cluster:\n  aggregatorCA:\n    crt: LS0tLS1CRUdJTiBDRVJUSUZJQ0FURS0tLS0tCk1JSUJZRENDQVFXZ0F3SUJBZ0lRQ1BrSGo4NG9UYzBNVkNqRVJNRThaakFLQmdncWhrak9QUVFEQWpBQU1CNFgKRFRJME1USXlNREl4TlRZME4xb1hEVE0wTVRJeE9ESXhOVFkwTjFvd0FEQlpNQk1HQnlxR1NNNDlBZ0VHQ0NxRwpTTTQ5QXdFSEEwSUFCTnNkOHlnWUM3NGhRb0NLZnU3c2pzT1dZZDBHWVRYRC93RjBwQTl5YW4rcHpGekw4NzY5Cnd4NEFhYk13OEg5a0tNcEJzREpxRlhxalJPWU1Fd1dpbzhpallUQmZNQTRHQTFVZER3RUIvd1FFQXdJQ2hEQWQKQmdOVkhTVUVGakFVQmdnckJnRUZCUWNEQVFZSUt3WUJCUVVIQXdJd0R3WURWUjBUQVFIL0JBVXdBd0VCL3pBZApCZ05WSFE0RUZnUVVnQlplamF4eU5pd3JKSGRneU5Jc0dlcGRWRzB3Q2dZSUtvWkl6ajBFQXdJRFNRQXdSZ0loCkFQVFd2Tmpma25JZEdqVHlmZ1c1bW8rVk5CMnVjY3BPUmVKa0lpUUoxTEl4QWlFQW1BK1Nub0NKYWhUQVJHMTAKR0pBcGdlSmM5bStGVVozRDRKbktucGZxS0NvPQotLS0tLUVORCBDRVJUSUZJQ0FURS0tLS0tCg==\n    key: LS0tLS1CRUdJTiBFQyBQUklWQVRFIEtFWS0tLS0tCk1IY0NBUUVFSU1sTXF5MHVxSmF5ZlErMnlkek8waG5sU0ZnVjRROWJZeFFueXIreHBTb0JvQW9HQ0NxR1NNNDkKQXdFSG9VUURRZ0FFMngzektCZ0x2aUZDZ0lwKzd1eU93NVpoM1FaaE5jUC9BWFNrRDNKcWY2bk1YTXZ6dnIzRApIZ0Jwc3pEd2YyUW95a0d3TW1vVmVxTkU1Z3dUQmFLanlBPT0KLS0tLS1FTkQgRUMgUFJJVkFURSBLRVktLS0tLQo=\n  allowSchedulingOnControlPlanes: true\n  apiServer:\n    admissionControl:\n    - configuration:\n        apiVersion: pod-security.admission.config.k8s.io/v1alpha1\n        defaults:\n          audit: restricted\n          audit-version: latest\n          enforce: baseline\n          enforce-version: latest\n          warn: restricted\n          warn-version: latest\n        exemptions:\n          namespaces:\n          - kube-system\n          runtimeClasses: []\n          usernames: []\n        kind: PodSecurityConfiguration\n      name: PodSecurity\n    auditPolicy:\n      apiVersion: audit.k8s.io/v1\n      kind: Policy\n      rules:\n      - level: Metadata\n    certSANs:\n    - api.infrak8s.s1.lan\n    disablePodSecurityPolicy: true\n    image: registry.k8s.io/kube-apiserver:v1.32.0\n  ca:\n    crt: LS0tLS1CRUdJTiBDRVJUSUZJQ0FURS0tLS0tCk1JSUJpekNDQVRDZ0F3SUJBZ0lSQUpwTEFSQUZuYWVBYTU2bE1oaysxVWd3Q2dZSUtvWkl6ajBFQXdJd0ZURVQKTUJFR0ExVUVDaE1LYTNWaVpYSnVaWFJsY3pBZUZ3MHlOREV5TWpBeU1UVTJORGRhRncwek5ERXlNVGd5TVRVMgpORGRhTUJVeEV6QVJCZ05WQkFvVENtdDFZbVZ5Ym1WMFpYTXdXVEFUQmdjcWhrak9QUUlCQmdncWhrak9QUU1CCkJ3TkNBQVNFMlphQ2tYYlhjZTJDeE5jdDh2TEJjdnhodzkya1lnSjhNUlY4S01xM25RVmQza2J4RFBFdFNtUWQKeEdzb0lScDdqZ1IyeWlKYTkxVnFOMFgrU2tNdG8yRXdYekFPQmdOVkhROEJBZjhFQkFNQ0FvUXdIUVlEVlIwbApCQll3RkFZSUt3WUJCUVVIQXdFR0NDc0dBUVVGQndNQ01BOEdBMVVkRXdFQi93UUZNQU1CQWY4d0hRWURWUjBPCkJCWUVGR0lUeWVtRzdMQkdUUkFsN09Dam5wVWJIdWNjTUFvR0NDcUdTTTQ5QkFNQ0Ewa0FNRVlDSVFEemFjSFIKY0V4REY5TDY4aWIxenFxdEpGSGY0N0h3WDlTSGZiaGxSb0t0clFJaEFPNGFJOFdXUUdXZ21HUzBtMmVKZU5wdAo1ZHprODlsT0JhRUdUdkdrd3R2cwotLS0tLUVORCBDRVJUSUZJQ0FURS0tLS0tCg==\n    key: LS0tLS1CRUdJTiBFQyBQUklWQVRFIEtFWS0tLS0tCk1IY0NBUUVFSUhKOS82M3NyNmVycDI5cVc2ZDhvenNSQmpGYkluK1lxSXJ5ajVnRHpGMmVvQW9HQ0NxR1NNNDkKQXdFSG9VUURRZ0FFaE5tV2dwRjIxM0h0Z3NUWExmTHl3WEw4WWNQZHBHSUNmREVWZkNqS3Q1MEZYZDVHOFF6eApMVXBrSGNScktDRWFlNDRFZHNvaVd2ZFZhamRGL2twRExRPT0KLS0tLS1FTkQgRUMgUFJJVkFURSBLRVktLS0tLQo=\n  clusterName: infra\n  controlPlane:\n    endpoint: https://api.infrak8s.s1.lan:6443\n  controllerManager:\n    image: registry.k8s.io/kube-controller-manager:v1.32.0\n  discovery:\n    enabled: true\n    registries:\n      kubernetes:\n        disabled: true\n      service: {}\n  etcd:\n    ca:\n      crt: LS0tLS1CRUdJTiBDRVJUSUZJQ0FURS0tLS0tCk1JSUJmakNDQVNTZ0F3SUJBZ0lSQUtYdHBRSVpKNlcxNGpnZVZMdDh6aUF3Q2dZSUtvWkl6ajBFQXdJd0R6RU4KTUFzR0ExVUVDaE1FWlhSalpEQWVGdzB5TkRFeU1qQXlNVFUyTkRkYUZ3MHpOREV5TVRneU1UVTJORGRhTUE4eApEVEFMQmdOVkJBb1RCR1YwWTJRd1dUQVRCZ2NxaGtqT1BRSUJCZ2dxaGtqT1BRTUJCd05DQUFUU3d6dit5OWZyClZHT3dHSTY4anQwbTZ4aCtDdWdLdm14V2JDQ21VeGNWdmZYN0JkejlWRk84aFQxbWZmT2JJV0Jrd0VnLzZKSXoKNk9UNE1EREpsTmRobzJFd1h6QU9CZ05WSFE4QkFmOEVCQU1DQW9Rd0hRWURWUjBsQkJZd0ZBWUlLd1lCQlFVSApBd0VHQ0NzR0FRVUZCd01DTUE4R0ExVWRFd0VCL3dRRk1BTUJBZjh3SFFZRFZSME9CQllFRk5NV2JlaVAvTnZRCjRlaDh2SDMzeTBDVWp6OU9NQW9HQ0NxR1NNNDlCQU1DQTBnQU1FVUNJUUNDWC8yMzJyOE10ZWFYOEd3RVBkVjAKN3gxOWl0ZUlxQVdCWWFraXNKOEJuZ0lnQWtrVXFPRlErcTR5RGsvL3FOMVdON2t0OTVqVUdwZDU2S0tGdm15KwpYNHc9Ci0tLS0tRU5EIENFUlRJRklDQVRFLS0tLS0K\n      key: LS0tLS1CRUdJTiBFQyBQUklWQVRFIEtFWS0tLS0tCk1IY0NBUUVFSUU5bGZ0eS92V1FRbXFjKzI1T2dDOXdVWVU3ZzAxS3BuNldodEIzQVYwdEVvQW9HQ0NxR1NNNDkKQXdFSG9VUURRZ0FFMHNNNy9zdlg2MVJqc0JpT3ZJN2RKdXNZZmdyb0NyNXNWbXdncGxNWEZiMzErd1hjL1ZSVAp2SVU5Wm4zem15RmdaTUJJUCtpU00ramsrREF3eVpUWFlRPT0KLS0tLS1FTkQgRUMgUFJJVkFURSBLRVktLS0tLQo=\n  id: VhCPaHxLV1I6CEcxlCGWbSuW9GqnjzMhGxnWW-fTFew=\n  network:\n    dnsDomain: cluster.local\n    podSubnets:\n    - 10.244.0.0/16\n    serviceSubnets:\n    - 10.96.0.0/12\n  proxy:\n    image: registry.k8s.io/kube-proxy:v1.32.0\n  scheduler:\n    image: registry.k8s.io/kube-scheduler:v1.32.0\n  secret: 6zmTs2vdxhVNH3mLXuBaBq0sXWyXob1uXFVHfctLlNY=\n  secretboxEncryptionSecret: WtKkJYLyIrdTOMLRalAlAH7mCEDpvrCIUN6G23J5Xr8=\n  serviceAccount:\n    key: LS0tLS1CRUdJTiBSU0EgUFJJVkFURSBLRVktLS0tLQpNSUlKS0FJQkFBS0NBZ0VBMlFjc3c3NTNxVC9uTzBkVytkSm5RVERtVUpKOTQ5VFNMampTRzdMaDY3MDNCcFpaCjV6VFNrRVVUVXFKUG9HQmlScUtPQURmWW5hajZDbXlodEJXMzJkdjcrdS92UmRxaUlMbW9tL0pySnpsK1R4M0UKdVA5WmI3eDJGTDlCR3V2dThxNTZZTExhdWEvWUVGbmsyVGFNR2U2T1BFbVpqcXFCcTFhbytHcm1RblhjeldpQwpEVGRBOGkrNmNXclg2K1ZuNkFWMldYdjFqUXJ5WUFiMEE4YUNoQUNyVWJuMXV2YmRaNTF4T1ZKN2xpYmxIVmk3ClUrRmliOC91TmVZUnVoaEhweWhNN2RSVkYxMUxxUXdLYnVVTlgva08vc1ZWdUN3ZUlGbkJtUTVVT1ZnYUwzT20KYS9qQng5WlhXWVpPeVNXcnNCY09ZUHZCUW1pQmlyUDZSUm9YV0VrUU4zb3Urc2luNXRhcC91ZGxuR24wUk5MRgpXL2RENFJGaSs0RFEyQkZocVR6dStqUzVhWHlRd2dzQnh2SjV1b2JmSFBXVncweDd2Y3BGekh6WisxZmVuMHdSCkhBN3NKZWFwRGdCQVZBNlRmVHBaN21vS3Fjb05XNkhzVUN6bjdvOFZob1hYV2pJZSt1RkIrbmZMdzk0THdybEYKYkdqQmc2dWxRUkhGY3Vzb3grUjhDSUw3SkYybWxTOGhtOHhsRXZwT1NRY25oZDBVbDdoYjFBaktrNlBEMng1bQp3Qm9mZWJ1NitjQmxDdTVDL3BKa1hWMHhFUWo1QlBGd2U2cjFrcmdhN1htNTVwcytxMXplR1NiM1JqeFNkSFRqCndXUWgzbjFlRTYvUVNCa2V0bGtQaHNYK1B3Uy9nakdvbEFwZ3hjajNaeTRYWFJqVVBxaHdDSS8yaXhNQ0F3RUEKQVFLQ0FnQllwS1dVRGVleUtYZTRycHJIenpoOVdBdTZQUnRPUTA3VnNqK2ZNS0UyT0VLUlhqZTZSOGo1UkQxdwpNdnR5OWVzdURwY1JYNzRLSjBwNWw0VTBtT3BQQVpzYUU0WVhjZ1ZtZUc1MXc3NGdkMHN2NVdqRVp3ZVFxOWxQCkFBOEhmL1pKQ1JyVEJEcHlQWEJ5dlVUTHM0dmx5NW9zNWFMaXNxSGo2YkY2UmE5bTFkMHB5TlhWc0F2RzM5ZTMKRzN5MXpTMXpoMGVmcFJIV1dmSkZacEdrT1NCMTZoQVBnWFRzdUlnV0dpaDAwVXZKT0htOFV0R3dvUTRqdlRuKwpxY256eUpiN24ycE1lYjJIbllPWnVHRktpaU84WDIzUWdhbFJZRE90NHZ0QUdLb3VBZDR3STN5Ri9VU282dE1pCnJjamdQNUt3aWJwRndvNWRJWEpIeE5zai9sUXA2aXNlRHBOanBKcXQyMTFURHl6d3NNaXA2VjBJeksrZDJhRmcKNGpaUmZVSFZOQmducmJMdnZrNUp3MGZhUXhxN0F6UC9vLzhYQlJjaXpPMjBrSmxYQWJuZnVySThKSHVPZTNpLwpLRWxQK1JOdVIwNmRxcnhodGsvLzV3Qm9aY1JwUFNKMUVqTGUzSmgybTlKR2g0NVFLMTlDMDJsc0ZuK3BFQkdDCndTakRCdGdvT1kzTjJ2YjRleWVqUFVWQlVyaHM2SXY5eU1kOVd6QlpKY2pGQlpWcVIzc05PZUhXYTlZenJPUkQKV2hGM1ZDU2xNbHp4TjVJbVNMd01BSWRWaGk4Y2JEMm5sSkFjcDg4Y0RIYjFPRHM3UVQ5TWtYU0ZnZ1YxUGFzOQpsR2paYjlqNFh4S3NaRWh2T083THhvaDh4RjZZZHNLVlRnSlYrcUpGdGxjbVJhMUZnUUtDQVFFQS9KUmxrV2ZPCkl6Q2M0VXQ3d3hKeDkzdUNVbzM4SEVnMjJqbG83a0Nhc09HWXNGRTlrQUpGY3diMG5qaXR4THRTZE0yL0lDRVAKRVNKaURqaitiMlNWQkY4UGtXWmdDbi9KWU5zU3hIQXdETkkzb2RLZVVlR3JiKzR0Z0tsK2cvWFVKQ2hMTmlZcgpyZ0RHYkRqQmd5bmdJVFpGdUpReEF2L2RORmgrNS9iZmloMC9NSHlkamVXR05KT3lER3JMdkpPTGwvcnRGeGUwCnFrYlpaODNQdkpGM1RYWU05dHF2QnhjWVM2aTN0SHV1NklieHd1MFRIU1RNcjV0R1lNbHRyRStBSlE3RTR1QzcKNkRYMVZ6aWV6MnRIV3F6ajJqNlNyRC9SSGU1YWZmUDBnbUVnbTZxbmlZVVFXcXo1S01jMlpKMTgvd2QxbFRpcApGOFJrZmcxZng1ZVBsd0tDQVFFQTIvZUloVTFadGRyaFk1YXZaZEVaOFdNOElaV2MrRWc1OXVib3NBYnlYUm9oCmVrZDVrTGl5QnMyRE1pbjdpcFFKMUxlRWVKWDA2eTliRldoeTNxZXJpYWlPZGhpSlRjeHR2eDRQdW01dmt6NDMKdUxFeFA0cjFtcTNqRlhuQ0pXRmJiNDd6Z0VhcnNMcTJWRFNCRmhqZE45M0V2aXBHUXpjRkNMZ21oSmI5YkxoMApMcWt5a0F2S3F5TnR1VFArenliRGd0VmRSTy9IRXRoQ25mYTdLNjd2cjNaMmxLaUdkamlXQyt2WkYzNnhNemcyCk5oNzJ6OXBuU1VibU9zYjZSM0R6UUFQYjU5L2pVU1NHQkQyUDdPTjlKOGdEMGQvZ0FSTHkzdVZ3cXRZNTg1bU0KQmRHMktTV1p3NlU4S3gyZm9Pa2NOWTZDTWFtUlRFU2o2aVhLVXZqUDVRS0NBUUIrT082MUJvb21YZEhZYU85MQpZYzlnWFBHWXJlbnlmRWdsTUJGM0Z3UDNKeFkxN3JOME54NWJ5SHNRWXNTOER0eTdFR0xWL0k5YUFiTzg1ZENJCi9Gdlg3bVdLUlAzejRUNVN6OGdHTVFaaU1kK3BWK2JVaHBFMUEzTHIzRWdrVEFKeSswdnl5SXFGajArWm41ZGQKSTkwazI4bGwzM0RLemZET2l2Y0lsdi9KTnFwd1lhWWUxamdHS0ZVUERZTzVQb2JCTVoyd0w2R1Nnb3Q4NjRaSAo5dTRHNE5yRHRpOUh2TXZnYTNVNmxhQ29CVi9tQ0xISG02OUtocTlhQ085czcrSGJJeEZUUy9tN3B0TnZmaFVuCkZMWjQ0dk9QQ2p3a0psUXJ3QVNxOHZJYkFjelkzaVNSZmRUWmE1MnNPam05ZUZLUjVEbG5sQVEwbzJtUThNQVAKcjNjTEFvSUJBREVnbHNnVzMzdGpPRVdTeVBlM2ZORFJ0Z05XTSttcnorNVo0Z3cyY1Bqa05pZm1RTHRXMU1QNgpNRndLemxoRCtmSWRUcVBUOGhCNDBpSDA0dnJoZmNsUDhRbGxMMzFGdEJra01LVVZ0eXV1a0tsYVFjS01XWkJEClY5MWJCVVp0K1Fyd1pXZjM0SzZtOU1QWHVpRGlTcjRJZE1GNEZaczdkWTlkK1pSUldLWm9oK0pIL2JmNE9qcUEKdmlmSCtoZnY4MmlNR0xtbHg5Tm9vM0ErUTgxYzA4RmZkdHA2elJVb1RESzdhUS83UnI1R3hxek51NWZ1a25UbQpOZE5ZejFzWFdleXBML3NZb045bGhkejZsdU4wWjJaMElJNUdMdlJ1Yy9uZVNveU5MZ0krLyt2b3k0TmpGM1YvCnVQRjBPMHVuNUpuOWl3eG1iOElWN25vRUdLenhUeFVDZ2dFQkFQRWJaNlhaMWkvenBTQ3IrTjhtaEJ6MkhrcEMKZzkxTnRxc2wxT2NpQjVKOUs1ZVpHMFlFYzhnZ01CVktkTENFVGdUaXFDM1RKYmVaMGQ3UXIyNHhsL0lLalVNWgpEZnU0djIxNExnTHJuQVNsSjEycjloenBYdnRXeng0T0lndkxmb0JRenpqZys5UXhHTWdNVFF6ZlE2TkVST01JCkZPd21DQ3lNNENRMHNxcHc5dUJGVTZJSWxKNFVJbE5Ud2pzQmc5Zmp2L3gvQ2wyOW85Y3lLUEhYekZ0ZWVjRE4KZ2hKRnJVcG94RXBBSUpTMlJYd0xWc1hvY0FZcjdqT2tuTW9QMkN1TitweTRHWGU3WDJaR1hsbm50WFg3Smt5VwpzWHkzSHlEdmd5VUIrbWcxTW44bFpMbXlUSVpJbHVuVWVkbVRWeUtDL3FPa01McEJKZEYralR0NWsrVT0KLS0tLS1FTkQgUlNBIFBSSVZBVEUgS0VZLS0tLS0K\n  token: lrapkx.nwz5r1b6pxr3fnk2\ndebug: false\nmachine:\n  ca:\n    crt: LS0tLS1CRUdJTiBDRVJUSUZJQ0FURS0tLS0tCk1JSUJQakNCOGFBREFnRUNBaEEyVFNIcEJSYjFkTGlxR1FXWlNnbzhNQVVHQXl0bGNEQVFNUTR3REFZRFZRUUsKRXdWMFlXeHZjekFlRncweU5ERXlNakF5TVRVMk5EZGFGdzB6TkRFeU1UZ3lNVFUyTkRkYU1CQXhEakFNQmdOVgpCQW9UQlhSaGJHOXpNQ293QlFZREsyVndBeUVBMmdyTENyMnBEOHgreXhib0liQi9jem9BSXRVQ1UrWXE1L1l0CmI4WlVaVkdqWVRCZk1BNEdBMVVkRHdFQi93UUVBd0lDaERBZEJnTlZIU1VFRmpBVUJnZ3JCZ0VGQlFjREFRWUkKS3dZQkJRVUhBd0l3RHdZRFZSMFRBUUgvQkFVd0F3RUIvekFkQmdOVkhRNEVGZ1FVNTVvV20wOTZDbnE1U2h2agpQR05NVERXa094b3dCUVlESzJWd0EwRUFKUlprKzFxaDFPN1pTOHQ4amlhZGdUYWZnRzFEb1VTMHlHajZRQjg4CnR6TlBUNGVYdEx6VjczdjJqK2ZXWmVlNVVaOTFDRjcvVEREdjA5SVAwak1oQ1E9PQotLS0tLUVORCBDRVJUSUZJQ0FURS0tLS0tCg==\n    key: LS0tLS1CRUdJTiBFRDI1NTE5IFBSSVZBVEUgS0VZLS0tLS0KTUM0Q0FRQXdCUVlESzJWd0JDSUVJSlRZV3ZwTDJBRkFNVVo2NzRDZHpXTGtNVy9qZTQ0NWFpaENIZUxxRUZRUgotLS0tLUVORCBFRDI1NTE5IFBSSVZBVEUgS0VZLS0tLS0K\n  certSANs: []\n  features:\n    apidCheckExtKeyUsage: true\n    diskQuotaSupport: true\n    hostDNS:\n      enabled: true\n      forwardKubeDNSToHost: true\n    kubePrism:\n      enabled: true\n      port: 7445\n    rbac: true\n    stableHostname: true\n  install:\n    disk: /dev/sda\n    image: factory.talos.dev/installer/88d1f7a5c4f1d3aba7df787c448c1d3d008ed29cfb34af53fa0df4336a56040b:v1.9.0\n  kubelet:\n    defaultRuntimeSeccompProfileEnabled: true\n    disableManifestsDirectory: true\n    extraMounts:\n    - destination: /var/lib/longhorn\n      options:\n      - bind\n      - rshared\n      - rw\n      source: /var/lib/longhorn\n      type: bind\n    image: ghcr.io/siderolabs/kubelet:v1.32.0\n  network: {}\n  nodeLabels:\n    node.kubernetes.io/exclude-from-external-load-balancers: \"\"\n  token: yg87rb.rkalumjxzjbre40y\n  type: controlplane\npersist: true\nversion: v1alpha1\n",
            "machine_configuration_input": "version: v1alpha1\ndebug: false\npersist: true\nmachine:\n    type: controlplane\n    token: yg87rb.rkalumjxzjbre40y\n    ca:\n        crt: LS0tLS1CRUdJTiBDRVJUSUZJQ0FURS0tLS0tCk1JSUJQakNCOGFBREFnRUNBaEEyVFNIcEJSYjFkTGlxR1FXWlNnbzhNQVVHQXl0bGNEQVFNUTR3REFZRFZRUUsKRXdWMFlXeHZjekFlRncweU5ERXlNakF5TVRVMk5EZGFGdzB6TkRFeU1UZ3lNVFUyTkRkYU1CQXhEakFNQmdOVgpCQW9UQlhSaGJHOXpNQ293QlFZREsyVndBeUVBMmdyTENyMnBEOHgreXhib0liQi9jem9BSXRVQ1UrWXE1L1l0CmI4WlVaVkdqWVRCZk1BNEdBMVVkRHdFQi93UUVBd0lDaERBZEJnTlZIU1VFRmpBVUJnZ3JCZ0VGQlFjREFRWUkKS3dZQkJRVUhBd0l3RHdZRFZSMFRBUUgvQkFVd0F3RUIvekFkQmdOVkhRNEVGZ1FVNTVvV20wOTZDbnE1U2h2agpQR05NVERXa094b3dCUVlESzJWd0EwRUFKUlprKzFxaDFPN1pTOHQ4amlhZGdUYWZnRzFEb1VTMHlHajZRQjg4CnR6TlBUNGVYdEx6VjczdjJqK2ZXWmVlNVVaOTFDRjcvVEREdjA5SVAwak1oQ1E9PQotLS0tLUVORCBDRVJUSUZJQ0FURS0tLS0tCg==\n        key: LS0tLS1CRUdJTiBFRDI1NTE5IFBSSVZBVEUgS0VZLS0tLS0KTUM0Q0FRQXdCUVlESzJWd0JDSUVJSlRZV3ZwTDJBRkFNVVo2NzRDZHpXTGtNVy9qZTQ0NWFpaENIZUxxRUZRUgotLS0tLUVORCBFRDI1NTE5IFBSSVZBVEUgS0VZLS0tLS0K\n    certSANs: []\n    kubelet:\n        image: ghcr.io/siderolabs/kubelet:v1.32.0\n        defaultRuntimeSeccompProfileEnabled: true\n        disableManifestsDirectory: true\n    network: {}\n    install:\n        disk: /dev/sda\n        image: ghcr.io/siderolabs/installer:v1.9.0\n        wipe: false\n    features:\n        rbac: true\n        stableHostname: true\n        apidCheckExtKeyUsage: true\n        diskQuotaSupport: true\n        kubePrism:\n            enabled: true\n            port: 7445\n        hostDNS:\n            enabled: true\n            forwardKubeDNSToHost: true\n    nodeLabels:\n        node.kubernetes.io/exclude-from-external-load-balancers: \"\"\ncluster:\n    id: VhCPaHxLV1I6CEcxlCGWbSuW9GqnjzMhGxnWW-fTFew=\n    secret: 6zmTs2vdxhVNH3mLXuBaBq0sXWyXob1uXFVHfctLlNY=\n    controlPlane:\n        endpoint: https://api.infrak8s.s1.lan:6443\n    clusterName: infra\n    network:\n        dnsDomain: cluster.local\n        podSubnets:\n            - 10.244.0.0/16\n        serviceSubnets:\n            - 10.96.0.0/12\n    token: lrapkx.nwz5r1b6pxr3fnk2\n    secretboxEncryptionSecret: WtKkJYLyIrdTOMLRalAlAH7mCEDpvrCIUN6G23J5Xr8=\n    ca:\n        crt: LS0tLS1CRUdJTiBDRVJUSUZJQ0FURS0tLS0tCk1JSUJpekNDQVRDZ0F3SUJBZ0lSQUpwTEFSQUZuYWVBYTU2bE1oaysxVWd3Q2dZSUtvWkl6ajBFQXdJd0ZURVQKTUJFR0ExVUVDaE1LYTNWaVpYSnVaWFJsY3pBZUZ3MHlOREV5TWpBeU1UVTJORGRhRncwek5ERXlNVGd5TVRVMgpORGRhTUJVeEV6QVJCZ05WQkFvVENtdDFZbVZ5Ym1WMFpYTXdXVEFUQmdjcWhrak9QUUlCQmdncWhrak9QUU1CCkJ3TkNBQVNFMlphQ2tYYlhjZTJDeE5jdDh2TEJjdnhodzkya1lnSjhNUlY4S01xM25RVmQza2J4RFBFdFNtUWQKeEdzb0lScDdqZ1IyeWlKYTkxVnFOMFgrU2tNdG8yRXdYekFPQmdOVkhROEJBZjhFQkFNQ0FvUXdIUVlEVlIwbApCQll3RkFZSUt3WUJCUVVIQXdFR0NDc0dBUVVGQndNQ01BOEdBMVVkRXdFQi93UUZNQU1CQWY4d0hRWURWUjBPCkJCWUVGR0lUeWVtRzdMQkdUUkFsN09Dam5wVWJIdWNjTUFvR0NDcUdTTTQ5QkFNQ0Ewa0FNRVlDSVFEemFjSFIKY0V4REY5TDY4aWIxenFxdEpGSGY0N0h3WDlTSGZiaGxSb0t0clFJaEFPNGFJOFdXUUdXZ21HUzBtMmVKZU5wdAo1ZHprODlsT0JhRUdUdkdrd3R2cwotLS0tLUVORCBDRVJUSUZJQ0FURS0tLS0tCg==\n        key: LS0tLS1CRUdJTiBFQyBQUklWQVRFIEtFWS0tLS0tCk1IY0NBUUVFSUhKOS82M3NyNmVycDI5cVc2ZDhvenNSQmpGYkluK1lxSXJ5ajVnRHpGMmVvQW9HQ0NxR1NNNDkKQXdFSG9VUURRZ0FFaE5tV2dwRjIxM0h0Z3NUWExmTHl3WEw4WWNQZHBHSUNmREVWZkNqS3Q1MEZYZDVHOFF6eApMVXBrSGNScktDRWFlNDRFZHNvaVd2ZFZhamRGL2twRExRPT0KLS0tLS1FTkQgRUMgUFJJVkFURSBLRVktLS0tLQo=\n    aggregatorCA:\n        crt: LS0tLS1CRUdJTiBDRVJUSUZJQ0FURS0tLS0tCk1JSUJZRENDQVFXZ0F3SUJBZ0lRQ1BrSGo4NG9UYzBNVkNqRVJNRThaakFLQmdncWhrak9QUVFEQWpBQU1CNFgKRFRJME1USXlNREl4TlRZME4xb1hEVE0wTVRJeE9ESXhOVFkwTjFvd0FEQlpNQk1HQnlxR1NNNDlBZ0VHQ0NxRwpTTTQ5QXdFSEEwSUFCTnNkOHlnWUM3NGhRb0NLZnU3c2pzT1dZZDBHWVRYRC93RjBwQTl5YW4rcHpGekw4NzY5Cnd4NEFhYk13OEg5a0tNcEJzREpxRlhxalJPWU1Fd1dpbzhpallUQmZNQTRHQTFVZER3RUIvd1FFQXdJQ2hEQWQKQmdOVkhTVUVGakFVQmdnckJnRUZCUWNEQVFZSUt3WUJCUVVIQXdJd0R3WURWUjBUQVFIL0JBVXdBd0VCL3pBZApCZ05WSFE0RUZnUVVnQlplamF4eU5pd3JKSGRneU5Jc0dlcGRWRzB3Q2dZSUtvWkl6ajBFQXdJRFNRQXdSZ0loCkFQVFd2Tmpma25JZEdqVHlmZ1c1bW8rVk5CMnVjY3BPUmVKa0lpUUoxTEl4QWlFQW1BK1Nub0NKYWhUQVJHMTAKR0pBcGdlSmM5bStGVVozRDRKbktucGZxS0NvPQotLS0tLUVORCBDRVJUSUZJQ0FURS0tLS0tCg==\n        key: LS0tLS1CRUdJTiBFQyBQUklWQVRFIEtFWS0tLS0tCk1IY0NBUUVFSU1sTXF5MHVxSmF5ZlErMnlkek8waG5sU0ZnVjRROWJZeFFueXIreHBTb0JvQW9HQ0NxR1NNNDkKQXdFSG9VUURRZ0FFMngzektCZ0x2aUZDZ0lwKzd1eU93NVpoM1FaaE5jUC9BWFNrRDNKcWY2bk1YTXZ6dnIzRApIZ0Jwc3pEd2YyUW95a0d3TW1vVmVxTkU1Z3dUQmFLanlBPT0KLS0tLS1FTkQgRUMgUFJJVkFURSBLRVktLS0tLQo=\n    serviceAccount:\n        key: LS0tLS1CRUdJTiBSU0EgUFJJVkFURSBLRVktLS0tLQpNSUlKS0FJQkFBS0NBZ0VBMlFjc3c3NTNxVC9uTzBkVytkSm5RVERtVUpKOTQ5VFNMampTRzdMaDY3MDNCcFpaCjV6VFNrRVVUVXFKUG9HQmlScUtPQURmWW5hajZDbXlodEJXMzJkdjcrdS92UmRxaUlMbW9tL0pySnpsK1R4M0UKdVA5WmI3eDJGTDlCR3V2dThxNTZZTExhdWEvWUVGbmsyVGFNR2U2T1BFbVpqcXFCcTFhbytHcm1RblhjeldpQwpEVGRBOGkrNmNXclg2K1ZuNkFWMldYdjFqUXJ5WUFiMEE4YUNoQUNyVWJuMXV2YmRaNTF4T1ZKN2xpYmxIVmk3ClUrRmliOC91TmVZUnVoaEhweWhNN2RSVkYxMUxxUXdLYnVVTlgva08vc1ZWdUN3ZUlGbkJtUTVVT1ZnYUwzT20KYS9qQng5WlhXWVpPeVNXcnNCY09ZUHZCUW1pQmlyUDZSUm9YV0VrUU4zb3Urc2luNXRhcC91ZGxuR24wUk5MRgpXL2RENFJGaSs0RFEyQkZocVR6dStqUzVhWHlRd2dzQnh2SjV1b2JmSFBXVncweDd2Y3BGekh6WisxZmVuMHdSCkhBN3NKZWFwRGdCQVZBNlRmVHBaN21vS3Fjb05XNkhzVUN6bjdvOFZob1hYV2pJZSt1RkIrbmZMdzk0THdybEYKYkdqQmc2dWxRUkhGY3Vzb3grUjhDSUw3SkYybWxTOGhtOHhsRXZwT1NRY25oZDBVbDdoYjFBaktrNlBEMng1bQp3Qm9mZWJ1NitjQmxDdTVDL3BKa1hWMHhFUWo1QlBGd2U2cjFrcmdhN1htNTVwcytxMXplR1NiM1JqeFNkSFRqCndXUWgzbjFlRTYvUVNCa2V0bGtQaHNYK1B3Uy9nakdvbEFwZ3hjajNaeTRYWFJqVVBxaHdDSS8yaXhNQ0F3RUEKQVFLQ0FnQllwS1dVRGVleUtYZTRycHJIenpoOVdBdTZQUnRPUTA3VnNqK2ZNS0UyT0VLUlhqZTZSOGo1UkQxdwpNdnR5OWVzdURwY1JYNzRLSjBwNWw0VTBtT3BQQVpzYUU0WVhjZ1ZtZUc1MXc3NGdkMHN2NVdqRVp3ZVFxOWxQCkFBOEhmL1pKQ1JyVEJEcHlQWEJ5dlVUTHM0dmx5NW9zNWFMaXNxSGo2YkY2UmE5bTFkMHB5TlhWc0F2RzM5ZTMKRzN5MXpTMXpoMGVmcFJIV1dmSkZacEdrT1NCMTZoQVBnWFRzdUlnV0dpaDAwVXZKT0htOFV0R3dvUTRqdlRuKwpxY256eUpiN24ycE1lYjJIbllPWnVHRktpaU84WDIzUWdhbFJZRE90NHZ0QUdLb3VBZDR3STN5Ri9VU282dE1pCnJjamdQNUt3aWJwRndvNWRJWEpIeE5zai9sUXA2aXNlRHBOanBKcXQyMTFURHl6d3NNaXA2VjBJeksrZDJhRmcKNGpaUmZVSFZOQmducmJMdnZrNUp3MGZhUXhxN0F6UC9vLzhYQlJjaXpPMjBrSmxYQWJuZnVySThKSHVPZTNpLwpLRWxQK1JOdVIwNmRxcnhodGsvLzV3Qm9aY1JwUFNKMUVqTGUzSmgybTlKR2g0NVFLMTlDMDJsc0ZuK3BFQkdDCndTakRCdGdvT1kzTjJ2YjRleWVqUFVWQlVyaHM2SXY5eU1kOVd6QlpKY2pGQlpWcVIzc05PZUhXYTlZenJPUkQKV2hGM1ZDU2xNbHp4TjVJbVNMd01BSWRWaGk4Y2JEMm5sSkFjcDg4Y0RIYjFPRHM3UVQ5TWtYU0ZnZ1YxUGFzOQpsR2paYjlqNFh4S3NaRWh2T083THhvaDh4RjZZZHNLVlRnSlYrcUpGdGxjbVJhMUZnUUtDQVFFQS9KUmxrV2ZPCkl6Q2M0VXQ3d3hKeDkzdUNVbzM4SEVnMjJqbG83a0Nhc09HWXNGRTlrQUpGY3diMG5qaXR4THRTZE0yL0lDRVAKRVNKaURqaitiMlNWQkY4UGtXWmdDbi9KWU5zU3hIQXdETkkzb2RLZVVlR3JiKzR0Z0tsK2cvWFVKQ2hMTmlZcgpyZ0RHYkRqQmd5bmdJVFpGdUpReEF2L2RORmgrNS9iZmloMC9NSHlkamVXR05KT3lER3JMdkpPTGwvcnRGeGUwCnFrYlpaODNQdkpGM1RYWU05dHF2QnhjWVM2aTN0SHV1NklieHd1MFRIU1RNcjV0R1lNbHRyRStBSlE3RTR1QzcKNkRYMVZ6aWV6MnRIV3F6ajJqNlNyRC9SSGU1YWZmUDBnbUVnbTZxbmlZVVFXcXo1S01jMlpKMTgvd2QxbFRpcApGOFJrZmcxZng1ZVBsd0tDQVFFQTIvZUloVTFadGRyaFk1YXZaZEVaOFdNOElaV2MrRWc1OXVib3NBYnlYUm9oCmVrZDVrTGl5QnMyRE1pbjdpcFFKMUxlRWVKWDA2eTliRldoeTNxZXJpYWlPZGhpSlRjeHR2eDRQdW01dmt6NDMKdUxFeFA0cjFtcTNqRlhuQ0pXRmJiNDd6Z0VhcnNMcTJWRFNCRmhqZE45M0V2aXBHUXpjRkNMZ21oSmI5YkxoMApMcWt5a0F2S3F5TnR1VFArenliRGd0VmRSTy9IRXRoQ25mYTdLNjd2cjNaMmxLaUdkamlXQyt2WkYzNnhNemcyCk5oNzJ6OXBuU1VibU9zYjZSM0R6UUFQYjU5L2pVU1NHQkQyUDdPTjlKOGdEMGQvZ0FSTHkzdVZ3cXRZNTg1bU0KQmRHMktTV1p3NlU4S3gyZm9Pa2NOWTZDTWFtUlRFU2o2aVhLVXZqUDVRS0NBUUIrT082MUJvb21YZEhZYU85MQpZYzlnWFBHWXJlbnlmRWdsTUJGM0Z3UDNKeFkxN3JOME54NWJ5SHNRWXNTOER0eTdFR0xWL0k5YUFiTzg1ZENJCi9Gdlg3bVdLUlAzejRUNVN6OGdHTVFaaU1kK3BWK2JVaHBFMUEzTHIzRWdrVEFKeSswdnl5SXFGajArWm41ZGQKSTkwazI4bGwzM0RLemZET2l2Y0lsdi9KTnFwd1lhWWUxamdHS0ZVUERZTzVQb2JCTVoyd0w2R1Nnb3Q4NjRaSAo5dTRHNE5yRHRpOUh2TXZnYTNVNmxhQ29CVi9tQ0xISG02OUtocTlhQ085czcrSGJJeEZUUy9tN3B0TnZmaFVuCkZMWjQ0dk9QQ2p3a0psUXJ3QVNxOHZJYkFjelkzaVNSZmRUWmE1MnNPam05ZUZLUjVEbG5sQVEwbzJtUThNQVAKcjNjTEFvSUJBREVnbHNnVzMzdGpPRVdTeVBlM2ZORFJ0Z05XTSttcnorNVo0Z3cyY1Bqa05pZm1RTHRXMU1QNgpNRndLemxoRCtmSWRUcVBUOGhCNDBpSDA0dnJoZmNsUDhRbGxMMzFGdEJra01LVVZ0eXV1a0tsYVFjS01XWkJEClY5MWJCVVp0K1Fyd1pXZjM0SzZtOU1QWHVpRGlTcjRJZE1GNEZaczdkWTlkK1pSUldLWm9oK0pIL2JmNE9qcUEKdmlmSCtoZnY4MmlNR0xtbHg5Tm9vM0ErUTgxYzA4RmZkdHA2elJVb1RESzdhUS83UnI1R3hxek51NWZ1a25UbQpOZE5ZejFzWFdleXBML3NZb045bGhkejZsdU4wWjJaMElJNUdMdlJ1Yy9uZVNveU5MZ0krLyt2b3k0TmpGM1YvCnVQRjBPMHVuNUpuOWl3eG1iOElWN25vRUdLenhUeFVDZ2dFQkFQRWJaNlhaMWkvenBTQ3IrTjhtaEJ6MkhrcEMKZzkxTnRxc2wxT2NpQjVKOUs1ZVpHMFlFYzhnZ01CVktkTENFVGdUaXFDM1RKYmVaMGQ3UXIyNHhsL0lLalVNWgpEZnU0djIxNExnTHJuQVNsSjEycjloenBYdnRXeng0T0lndkxmb0JRenpqZys5UXhHTWdNVFF6ZlE2TkVST01JCkZPd21DQ3lNNENRMHNxcHc5dUJGVTZJSWxKNFVJbE5Ud2pzQmc5Zmp2L3gvQ2wyOW85Y3lLUEhYekZ0ZWVjRE4KZ2hKRnJVcG94RXBBSUpTMlJYd0xWc1hvY0FZcjdqT2tuTW9QMkN1TitweTRHWGU3WDJaR1hsbm50WFg3Smt5VwpzWHkzSHlEdmd5VUIrbWcxTW44bFpMbXlUSVpJbHVuVWVkbVRWeUtDL3FPa01McEJKZEYralR0NWsrVT0KLS0tLS1FTkQgUlNBIFBSSVZBVEUgS0VZLS0tLS0K\n    apiServer:\n        image: registry.k8s.io/kube-apiserver:v1.32.0\n        certSANs:\n            - api.infrak8s.s1.lan\n        disablePodSecurityPolicy: true\n        admissionControl:\n            - name: PodSecurity\n              configuration:\n                apiVersion: pod-security.admission.config.k8s.io/v1alpha1\n                defaults:\n                    audit: restricted\n                    audit-version: latest\n                    enforce: baseline\n                    enforce-version: latest\n                    warn: restricted\n                    warn-version: latest\n                exemptions:\n                    namespaces:\n                        - kube-system\n                    runtimeClasses: []\n                    usernames: []\n                kind: PodSecurityConfiguration\n        auditPolicy:\n            apiVersion: audit.k8s.io/v1\n            kind: Policy\n            rules:\n                - level: Metadata\n    controllerManager:\n        image: registry.k8s.io/kube-controller-manager:v1.32.0\n    proxy:\n        image: registry.k8s.io/kube-proxy:v1.32.0\n    scheduler:\n        image: registry.k8s.io/kube-scheduler:v1.32.0\n    discovery:\n        enabled: true\n        registries:\n            kubernetes:\n                disabled: true\n            service: {}\n    etcd:\n        ca:\n            crt: LS0tLS1CRUdJTiBDRVJUSUZJQ0FURS0tLS0tCk1JSUJmakNDQVNTZ0F3SUJBZ0lSQUtYdHBRSVpKNlcxNGpnZVZMdDh6aUF3Q2dZSUtvWkl6ajBFQXdJd0R6RU4KTUFzR0ExVUVDaE1FWlhSalpEQWVGdzB5TkRFeU1qQXlNVFUyTkRkYUZ3MHpOREV5TVRneU1UVTJORGRhTUE4eApEVEFMQmdOVkJBb1RCR1YwWTJRd1dUQVRCZ2NxaGtqT1BRSUJCZ2dxaGtqT1BRTUJCd05DQUFUU3d6dit5OWZyClZHT3dHSTY4anQwbTZ4aCtDdWdLdm14V2JDQ21VeGNWdmZYN0JkejlWRk84aFQxbWZmT2JJV0Jrd0VnLzZKSXoKNk9UNE1EREpsTmRobzJFd1h6QU9CZ05WSFE4QkFmOEVCQU1DQW9Rd0hRWURWUjBsQkJZd0ZBWUlLd1lCQlFVSApBd0VHQ0NzR0FRVUZCd01DTUE4R0ExVWRFd0VCL3dRRk1BTUJBZjh3SFFZRFZSME9CQllFRk5NV2JlaVAvTnZRCjRlaDh2SDMzeTBDVWp6OU9NQW9HQ0NxR1NNNDlCQU1DQTBnQU1FVUNJUUNDWC8yMzJyOE10ZWFYOEd3RVBkVjAKN3gxOWl0ZUlxQVdCWWFraXNKOEJuZ0lnQWtrVXFPRlErcTR5RGsvL3FOMVdON2t0OTVqVUdwZDU2S0tGdm15KwpYNHc9Ci0tLS0tRU5EIENFUlRJRklDQVRFLS0tLS0K\n            key: LS0tLS1CRUdJTiBFQyBQUklWQVRFIEtFWS0tLS0tCk1IY0NBUUVFSUU5bGZ0eS92V1FRbXFjKzI1T2dDOXdVWVU3ZzAxS3BuNldodEIzQVYwdEVvQW9HQ0NxR1NNNDkKQXdFSG9VUURRZ0FFMHNNNy9zdlg2MVJqc0JpT3ZJN2RKdXNZZmdyb0NyNXNWbXdncGxNWEZiMzErd1hjL1ZSVAp2SVU5Wm4zem15RmdaTUJJUCtpU00ramsrREF3eVpUWFlRPT0KLS0tLS1FTkQgRUMgUFJJVkFURSBLRVktLS0tLQo=\n",
            "node": "10.0.5.148",
            "on_destroy": null,
            "timeouts": null
          },
          "sensitive_attributes": [
            [
              {
                "type": "get_attr",
                "value": "machine_configuration_input"
              }
            ],
            [
              {
                "type": "get_attr",
                "value": "client_configuration"
              },
              {
                "type": "get_attr",
                "value": "client_key"
              }
            ]
          ],
          "dependencies": [
            "data.talos_image_factory_extensions_versions.this",
            "data.talos_machine_configuration.controlplane",
            "proxmox_vm_qemu.node",
            "talos_image_factory_schematic.this",
            "talos_machine_secrets.all_nodes"
          ]
        },
        {
          "index_key": "10.0.5.30",
          "schema_version": 1,
          "attributes": {
            "apply_mode": "reboot",
            "client_configuration": {
              "ca_certificate": "LS0tLS1CRUdJTiBDRVJUSUZJQ0FURS0tLS0tCk1JSUJQakNCOGFBREFnRUNBaEEyVFNIcEJSYjFkTGlxR1FXWlNnbzhNQVVHQXl0bGNEQVFNUTR3REFZRFZRUUsKRXdWMFlXeHZjekFlRncweU5ERXlNakF5TVRVMk5EZGFGdzB6TkRFeU1UZ3lNVFUyTkRkYU1CQXhEakFNQmdOVgpCQW9UQlhSaGJHOXpNQ293QlFZREsyVndBeUVBMmdyTENyMnBEOHgreXhib0liQi9jem9BSXRVQ1UrWXE1L1l0CmI4WlVaVkdqWVRCZk1BNEdBMVVkRHdFQi93UUVBd0lDaERBZEJnTlZIU1VFRmpBVUJnZ3JCZ0VGQlFjREFRWUkKS3dZQkJRVUhBd0l3RHdZRFZSMFRBUUgvQkFVd0F3RUIvekFkQmdOVkhRNEVGZ1FVNTVvV20wOTZDbnE1U2h2agpQR05NVERXa094b3dCUVlESzJWd0EwRUFKUlprKzFxaDFPN1pTOHQ4amlhZGdUYWZnRzFEb1VTMHlHajZRQjg4CnR6TlBUNGVYdEx6VjczdjJqK2ZXWmVlNVVaOTFDRjcvVEREdjA5SVAwak1oQ1E9PQotLS0tLUVORCBDRVJUSUZJQ0FURS0tLS0tCg==",
              "client_certificate": "LS0tLS1CRUdJTiBDRVJUSUZJQ0FURS0tLS0tCk1JSUJLVENCM0tBREFnRUNBaEVBa0hBUkhzaUsrSWk3NjdaSzNDVTU4akFGQmdNclpYQXdFREVPTUF3R0ExVUUKQ2hNRmRHRnNiM013SGhjTk1qUXhNakl3TWpFMU5qUTNXaGNOTWpVeE1qSXdNakUxTmpRM1dqQVRNUkV3RHdZRApWUVFLRXdodmN6cGhaRzFwYmpBcU1BVUdBeXRsY0FNaEFEUy81bW1WajI1ZndySHRkSWNZR3AvaDFrcHJUa2ZCCnFEakROdGM1bURwU28wZ3dSakFPQmdOVkhROEJBZjhFQkFNQ0I0QXdFd1lEVlIwbEJBd3dDZ1lJS3dZQkJRVUgKQXdJd0h3WURWUjBqQkJnd0ZvQVU1NW9XbTA5NkNucTVTaHZqUEdOTVREV2tPeG93QlFZREsyVndBMEVBNTduMApTNTFvVTJ6NTE4UGxzU2h6bUQwaUtqcmJJM2xGaGNIb05TYStlbWw0cUp2Y2ZVYzMwZUpWbXBnWTlPbUlqMklOCm9aWVNsS2plVXM4TlJuanFEZz09Ci0tLS0tRU5EIENFUlRJRklDQVRFLS0tLS0K",
              "client_key": "LS0tLS1CRUdJTiBFRDI1NTE5IFBSSVZBVEUgS0VZLS0tLS0KTUM0Q0FRQXdCUVlESzJWd0JDSUVJQkZxRW9OcUJObUluQU1SeEpkOTBSSm1WUGg4bjA3cU1rbTRIdjFOSEo0RwotLS0tLUVORCBFRDI1NTE5IFBSSVZBVEUgS0VZLS0tLS0K"
            },
            "config_patches": [
              "- \"op\": \"add\"\n  \"path\": \"/machine/install\"\n  \"value\":\n    \"disk\": \"/dev/sda\"\n    \"image\": \"factory.talos.dev/installer/88d1f7a5c4f1d3aba7df787c448c1d3d008ed29cfb34af53fa0df4336a56040b:v1.9.0\"\n",
              "- \"op\": \"add\"\n  \"path\": \"/cluster/allowSchedulingOnControlPlanes\"\n  \"value\": true\n",
              "- \"op\": \"add\"\n  \"path\": \"/machine/kubelet/extraMounts\"\n  \"value\":\n  - \"destination\": \"/var/lib/longhorn\"\n    \"options\":\n    - \"bind\"\n    - \"rshared\"\n    - \"rw\"\n    \"source\": \"/var/lib/longhorn\"\n    \"type\": \"bind\"\n"
            ],
            "endpoint": "10.0.5.30",
            "id": "machine_configuration_apply",
            "machine_configuration": "cluster:\n  aggregatorCA:\n    crt: LS0tLS1CRUdJTiBDRVJUSUZJQ0FURS0tLS0tCk1JSUJZRENDQVFXZ0F3SUJBZ0lRQ1BrSGo4NG9UYzBNVkNqRVJNRThaakFLQmdncWhrak9QUVFEQWpBQU1CNFgKRFRJME1USXlNREl4TlRZME4xb1hEVE0wTVRJeE9ESXhOVFkwTjFvd0FEQlpNQk1HQnlxR1NNNDlBZ0VHQ0NxRwpTTTQ5QXdFSEEwSUFCTnNkOHlnWUM3NGhRb0NLZnU3c2pzT1dZZDBHWVRYRC93RjBwQTl5YW4rcHpGekw4NzY5Cnd4NEFhYk13OEg5a0tNcEJzREpxRlhxalJPWU1Fd1dpbzhpallUQmZNQTRHQTFVZER3RUIvd1FFQXdJQ2hEQWQKQmdOVkhTVUVGakFVQmdnckJnRUZCUWNEQVFZSUt3WUJCUVVIQXdJd0R3WURWUjBUQVFIL0JBVXdBd0VCL3pBZApCZ05WSFE0RUZnUVVnQlplamF4eU5pd3JKSGRneU5Jc0dlcGRWRzB3Q2dZSUtvWkl6ajBFQXdJRFNRQXdSZ0loCkFQVFd2Tmpma25JZEdqVHlmZ1c1bW8rVk5CMnVjY3BPUmVKa0lpUUoxTEl4QWlFQW1BK1Nub0NKYWhUQVJHMTAKR0pBcGdlSmM5bStGVVozRDRKbktucGZxS0NvPQotLS0tLUVORCBDRVJUSUZJQ0FURS0tLS0tCg==\n    key: LS0tLS1CRUdJTiBFQyBQUklWQVRFIEtFWS0tLS0tCk1IY0NBUUVFSU1sTXF5MHVxSmF5ZlErMnlkek8waG5sU0ZnVjRROWJZeFFueXIreHBTb0JvQW9HQ0NxR1NNNDkKQXdFSG9VUURRZ0FFMngzektCZ0x2aUZDZ0lwKzd1eU93NVpoM1FaaE5jUC9BWFNrRDNKcWY2bk1YTXZ6dnIzRApIZ0Jwc3pEd2YyUW95a0d3TW1vVmVxTkU1Z3dUQmFLanlBPT0KLS0tLS1FTkQgRUMgUFJJVkFURSBLRVktLS0tLQo=\n  allowSchedulingOnControlPlanes: true\n  apiServer:\n    admissionControl:\n    - configuration:\n        apiVersion: pod-security.admission.config.k8s.io/v1alpha1\n        defaults:\n          audit: restricted\n          audit-version: latest\n          enforce: baseline\n          enforce-version: latest\n          warn: restricted\n          warn-version: latest\n        exemptions:\n          namespaces:\n          - kube-system\n          runtimeClasses: []\n          usernames: []\n        kind: PodSecurityConfiguration\n      name: PodSecurity\n    auditPolicy:\n      apiVersion: audit.k8s.io/v1\n      kind: Policy\n      rules:\n      - level: Metadata\n    certSANs:\n    - api.infrak8s.s1.lan\n    disablePodSecurityPolicy: true\n    image: registry.k8s.io/kube-apiserver:v1.32.0\n  ca:\n    crt: LS0tLS1CRUdJTiBDRVJUSUZJQ0FURS0tLS0tCk1JSUJpekNDQVRDZ0F3SUJBZ0lSQUpwTEFSQUZuYWVBYTU2bE1oaysxVWd3Q2dZSUtvWkl6ajBFQXdJd0ZURVQKTUJFR0ExVUVDaE1LYTNWaVpYSnVaWFJsY3pBZUZ3MHlOREV5TWpBeU1UVTJORGRhRncwek5ERXlNVGd5TVRVMgpORGRhTUJVeEV6QVJCZ05WQkFvVENtdDFZbVZ5Ym1WMFpYTXdXVEFUQmdjcWhrak9QUUlCQmdncWhrak9QUU1CCkJ3TkNBQVNFMlphQ2tYYlhjZTJDeE5jdDh2TEJjdnhodzkya1lnSjhNUlY4S01xM25RVmQza2J4RFBFdFNtUWQKeEdzb0lScDdqZ1IyeWlKYTkxVnFOMFgrU2tNdG8yRXdYekFPQmdOVkhROEJBZjhFQkFNQ0FvUXdIUVlEVlIwbApCQll3RkFZSUt3WUJCUVVIQXdFR0NDc0dBUVVGQndNQ01BOEdBMVVkRXdFQi93UUZNQU1CQWY4d0hRWURWUjBPCkJCWUVGR0lUeWVtRzdMQkdUUkFsN09Dam5wVWJIdWNjTUFvR0NDcUdTTTQ5QkFNQ0Ewa0FNRVlDSVFEemFjSFIKY0V4REY5TDY4aWIxenFxdEpGSGY0N0h3WDlTSGZiaGxSb0t0clFJaEFPNGFJOFdXUUdXZ21HUzBtMmVKZU5wdAo1ZHprODlsT0JhRUdUdkdrd3R2cwotLS0tLUVORCBDRVJUSUZJQ0FURS0tLS0tCg==\n    key: LS0tLS1CRUdJTiBFQyBQUklWQVRFIEtFWS0tLS0tCk1IY0NBUUVFSUhKOS82M3NyNmVycDI5cVc2ZDhvenNSQmpGYkluK1lxSXJ5ajVnRHpGMmVvQW9HQ0NxR1NNNDkKQXdFSG9VUURRZ0FFaE5tV2dwRjIxM0h0Z3NUWExmTHl3WEw4WWNQZHBHSUNmREVWZkNqS3Q1MEZYZDVHOFF6eApMVXBrSGNScktDRWFlNDRFZHNvaVd2ZFZhamRGL2twRExRPT0KLS0tLS1FTkQgRUMgUFJJVkFURSBLRVktLS0tLQo=\n  clusterName: infra\n  controlPlane:\n    endpoint: https://api.infrak8s.s1.lan:6443\n  controllerManager:\n    image: registry.k8s.io/kube-controller-manager:v1.32.0\n  discovery:\n    enabled: true\n    registries:\n      kubernetes:\n        disabled: true\n      service: {}\n  etcd:\n    ca:\n      crt: LS0tLS1CRUdJTiBDRVJUSUZJQ0FURS0tLS0tCk1JSUJmakNDQVNTZ0F3SUJBZ0lSQUtYdHBRSVpKNlcxNGpnZVZMdDh6aUF3Q2dZSUtvWkl6ajBFQXdJd0R6RU4KTUFzR0ExVUVDaE1FWlhSalpEQWVGdzB5TkRFeU1qQXlNVFUyTkRkYUZ3MHpOREV5TVRneU1UVTJORGRhTUE4eApEVEFMQmdOVkJBb1RCR1YwWTJRd1dUQVRCZ2NxaGtqT1BRSUJCZ2dxaGtqT1BRTUJCd05DQUFUU3d6dit5OWZyClZHT3dHSTY4anQwbTZ4aCtDdWdLdm14V2JDQ21VeGNWdmZYN0JkejlWRk84aFQxbWZmT2JJV0Jrd0VnLzZKSXoKNk9UNE1EREpsTmRobzJFd1h6QU9CZ05WSFE4QkFmOEVCQU1DQW9Rd0hRWURWUjBsQkJZd0ZBWUlLd1lCQlFVSApBd0VHQ0NzR0FRVUZCd01DTUE4R0ExVWRFd0VCL3dRRk1BTUJBZjh3SFFZRFZSME9CQllFRk5NV2JlaVAvTnZRCjRlaDh2SDMzeTBDVWp6OU9NQW9HQ0NxR1NNNDlCQU1DQTBnQU1FVUNJUUNDWC8yMzJyOE10ZWFYOEd3RVBkVjAKN3gxOWl0ZUlxQVdCWWFraXNKOEJuZ0lnQWtrVXFPRlErcTR5RGsvL3FOMVdON2t0OTVqVUdwZDU2S0tGdm15KwpYNHc9Ci0tLS0tRU5EIENFUlRJRklDQVRFLS0tLS0K\n      key: LS0tLS1CRUdJTiBFQyBQUklWQVRFIEtFWS0tLS0tCk1IY0NBUUVFSUU5bGZ0eS92V1FRbXFjKzI1T2dDOXdVWVU3ZzAxS3BuNldodEIzQVYwdEVvQW9HQ0NxR1NNNDkKQXdFSG9VUURRZ0FFMHNNNy9zdlg2MVJqc0JpT3ZJN2RKdXNZZmdyb0NyNXNWbXdncGxNWEZiMzErd1hjL1ZSVAp2SVU5Wm4zem15RmdaTUJJUCtpU00ramsrREF3eVpUWFlRPT0KLS0tLS1FTkQgRUMgUFJJVkFURSBLRVktLS0tLQo=\n  id: VhCPaHxLV1I6CEcxlCGWbSuW9GqnjzMhGxnWW-fTFew=\n  network:\n    dnsDomain: cluster.local\n    podSubnets:\n    - 10.244.0.0/16\n    serviceSubnets:\n    - 10.96.0.0/12\n  proxy:\n    image: registry.k8s.io/kube-proxy:v1.32.0\n  scheduler:\n    image: registry.k8s.io/kube-scheduler:v1.32.0\n  secret: 6zmTs2vdxhVNH3mLXuBaBq0sXWyXob1uXFVHfctLlNY=\n  secretboxEncryptionSecret: WtKkJYLyIrdTOMLRalAlAH7mCEDpvrCIUN6G23J5Xr8=\n  serviceAccount:\n    key: LS0tLS1CRUdJTiBSU0EgUFJJVkFURSBLRVktLS0tLQpNSUlKS0FJQkFBS0NBZ0VBMlFjc3c3NTNxVC9uTzBkVytkSm5RVERtVUpKOTQ5VFNMampTRzdMaDY3MDNCcFpaCjV6VFNrRVVUVXFKUG9HQmlScUtPQURmWW5hajZDbXlodEJXMzJkdjcrdS92UmRxaUlMbW9tL0pySnpsK1R4M0UKdVA5WmI3eDJGTDlCR3V2dThxNTZZTExhdWEvWUVGbmsyVGFNR2U2T1BFbVpqcXFCcTFhbytHcm1RblhjeldpQwpEVGRBOGkrNmNXclg2K1ZuNkFWMldYdjFqUXJ5WUFiMEE4YUNoQUNyVWJuMXV2YmRaNTF4T1ZKN2xpYmxIVmk3ClUrRmliOC91TmVZUnVoaEhweWhNN2RSVkYxMUxxUXdLYnVVTlgva08vc1ZWdUN3ZUlGbkJtUTVVT1ZnYUwzT20KYS9qQng5WlhXWVpPeVNXcnNCY09ZUHZCUW1pQmlyUDZSUm9YV0VrUU4zb3Urc2luNXRhcC91ZGxuR24wUk5MRgpXL2RENFJGaSs0RFEyQkZocVR6dStqUzVhWHlRd2dzQnh2SjV1b2JmSFBXVncweDd2Y3BGekh6WisxZmVuMHdSCkhBN3NKZWFwRGdCQVZBNlRmVHBaN21vS3Fjb05XNkhzVUN6bjdvOFZob1hYV2pJZSt1RkIrbmZMdzk0THdybEYKYkdqQmc2dWxRUkhGY3Vzb3grUjhDSUw3SkYybWxTOGhtOHhsRXZwT1NRY25oZDBVbDdoYjFBaktrNlBEMng1bQp3Qm9mZWJ1NitjQmxDdTVDL3BKa1hWMHhFUWo1QlBGd2U2cjFrcmdhN1htNTVwcytxMXplR1NiM1JqeFNkSFRqCndXUWgzbjFlRTYvUVNCa2V0bGtQaHNYK1B3Uy9nakdvbEFwZ3hjajNaeTRYWFJqVVBxaHdDSS8yaXhNQ0F3RUEKQVFLQ0FnQllwS1dVRGVleUtYZTRycHJIenpoOVdBdTZQUnRPUTA3VnNqK2ZNS0UyT0VLUlhqZTZSOGo1UkQxdwpNdnR5OWVzdURwY1JYNzRLSjBwNWw0VTBtT3BQQVpzYUU0WVhjZ1ZtZUc1MXc3NGdkMHN2NVdqRVp3ZVFxOWxQCkFBOEhmL1pKQ1JyVEJEcHlQWEJ5dlVUTHM0dmx5NW9zNWFMaXNxSGo2YkY2UmE5bTFkMHB5TlhWc0F2RzM5ZTMKRzN5MXpTMXpoMGVmcFJIV1dmSkZacEdrT1NCMTZoQVBnWFRzdUlnV0dpaDAwVXZKT0htOFV0R3dvUTRqdlRuKwpxY256eUpiN24ycE1lYjJIbllPWnVHRktpaU84WDIzUWdhbFJZRE90NHZ0QUdLb3VBZDR3STN5Ri9VU282dE1pCnJjamdQNUt3aWJwRndvNWRJWEpIeE5zai9sUXA2aXNlRHBOanBKcXQyMTFURHl6d3NNaXA2VjBJeksrZDJhRmcKNGpaUmZVSFZOQmducmJMdnZrNUp3MGZhUXhxN0F6UC9vLzhYQlJjaXpPMjBrSmxYQWJuZnVySThKSHVPZTNpLwpLRWxQK1JOdVIwNmRxcnhodGsvLzV3Qm9aY1JwUFNKMUVqTGUzSmgybTlKR2g0NVFLMTlDMDJsc0ZuK3BFQkdDCndTakRCdGdvT1kzTjJ2YjRleWVqUFVWQlVyaHM2SXY5eU1kOVd6QlpKY2pGQlpWcVIzc05PZUhXYTlZenJPUkQKV2hGM1ZDU2xNbHp4TjVJbVNMd01BSWRWaGk4Y2JEMm5sSkFjcDg4Y0RIYjFPRHM3UVQ5TWtYU0ZnZ1YxUGFzOQpsR2paYjlqNFh4S3NaRWh2T083THhvaDh4RjZZZHNLVlRnSlYrcUpGdGxjbVJhMUZnUUtDQVFFQS9KUmxrV2ZPCkl6Q2M0VXQ3d3hKeDkzdUNVbzM4SEVnMjJqbG83a0Nhc09HWXNGRTlrQUpGY3diMG5qaXR4THRTZE0yL0lDRVAKRVNKaURqaitiMlNWQkY4UGtXWmdDbi9KWU5zU3hIQXdETkkzb2RLZVVlR3JiKzR0Z0tsK2cvWFVKQ2hMTmlZcgpyZ0RHYkRqQmd5bmdJVFpGdUpReEF2L2RORmgrNS9iZmloMC9NSHlkamVXR05KT3lER3JMdkpPTGwvcnRGeGUwCnFrYlpaODNQdkpGM1RYWU05dHF2QnhjWVM2aTN0SHV1NklieHd1MFRIU1RNcjV0R1lNbHRyRStBSlE3RTR1QzcKNkRYMVZ6aWV6MnRIV3F6ajJqNlNyRC9SSGU1YWZmUDBnbUVnbTZxbmlZVVFXcXo1S01jMlpKMTgvd2QxbFRpcApGOFJrZmcxZng1ZVBsd0tDQVFFQTIvZUloVTFadGRyaFk1YXZaZEVaOFdNOElaV2MrRWc1OXVib3NBYnlYUm9oCmVrZDVrTGl5QnMyRE1pbjdpcFFKMUxlRWVKWDA2eTliRldoeTNxZXJpYWlPZGhpSlRjeHR2eDRQdW01dmt6NDMKdUxFeFA0cjFtcTNqRlhuQ0pXRmJiNDd6Z0VhcnNMcTJWRFNCRmhqZE45M0V2aXBHUXpjRkNMZ21oSmI5YkxoMApMcWt5a0F2S3F5TnR1VFArenliRGd0VmRSTy9IRXRoQ25mYTdLNjd2cjNaMmxLaUdkamlXQyt2WkYzNnhNemcyCk5oNzJ6OXBuU1VibU9zYjZSM0R6UUFQYjU5L2pVU1NHQkQyUDdPTjlKOGdEMGQvZ0FSTHkzdVZ3cXRZNTg1bU0KQmRHMktTV1p3NlU4S3gyZm9Pa2NOWTZDTWFtUlRFU2o2aVhLVXZqUDVRS0NBUUIrT082MUJvb21YZEhZYU85MQpZYzlnWFBHWXJlbnlmRWdsTUJGM0Z3UDNKeFkxN3JOME54NWJ5SHNRWXNTOER0eTdFR0xWL0k5YUFiTzg1ZENJCi9Gdlg3bVdLUlAzejRUNVN6OGdHTVFaaU1kK3BWK2JVaHBFMUEzTHIzRWdrVEFKeSswdnl5SXFGajArWm41ZGQKSTkwazI4bGwzM0RLemZET2l2Y0lsdi9KTnFwd1lhWWUxamdHS0ZVUERZTzVQb2JCTVoyd0w2R1Nnb3Q4NjRaSAo5dTRHNE5yRHRpOUh2TXZnYTNVNmxhQ29CVi9tQ0xISG02OUtocTlhQ085czcrSGJJeEZUUy9tN3B0TnZmaFVuCkZMWjQ0dk9QQ2p3a0psUXJ3QVNxOHZJYkFjelkzaVNSZmRUWmE1MnNPam05ZUZLUjVEbG5sQVEwbzJtUThNQVAKcjNjTEFvSUJBREVnbHNnVzMzdGpPRVdTeVBlM2ZORFJ0Z05XTSttcnorNVo0Z3cyY1Bqa05pZm1RTHRXMU1QNgpNRndLemxoRCtmSWRUcVBUOGhCNDBpSDA0dnJoZmNsUDhRbGxMMzFGdEJra01LVVZ0eXV1a0tsYVFjS01XWkJEClY5MWJCVVp0K1Fyd1pXZjM0SzZtOU1QWHVpRGlTcjRJZE1GNEZaczdkWTlkK1pSUldLWm9oK0pIL2JmNE9qcUEKdmlmSCtoZnY4MmlNR0xtbHg5Tm9vM0ErUTgxYzA4RmZkdHA2elJVb1RESzdhUS83UnI1R3hxek51NWZ1a25UbQpOZE5ZejFzWFdleXBML3NZb045bGhkejZsdU4wWjJaMElJNUdMdlJ1Yy9uZVNveU5MZ0krLyt2b3k0TmpGM1YvCnVQRjBPMHVuNUpuOWl3eG1iOElWN25vRUdLenhUeFVDZ2dFQkFQRWJaNlhaMWkvenBTQ3IrTjhtaEJ6MkhrcEMKZzkxTnRxc2wxT2NpQjVKOUs1ZVpHMFlFYzhnZ01CVktkTENFVGdUaXFDM1RKYmVaMGQ3UXIyNHhsL0lLalVNWgpEZnU0djIxNExnTHJuQVNsSjEycjloenBYdnRXeng0T0lndkxmb0JRenpqZys5UXhHTWdNVFF6ZlE2TkVST01JCkZPd21DQ3lNNENRMHNxcHc5dUJGVTZJSWxKNFVJbE5Ud2pzQmc5Zmp2L3gvQ2wyOW85Y3lLUEhYekZ0ZWVjRE4KZ2hKRnJVcG94RXBBSUpTMlJYd0xWc1hvY0FZcjdqT2tuTW9QMkN1TitweTRHWGU3WDJaR1hsbm50WFg3Smt5VwpzWHkzSHlEdmd5VUIrbWcxTW44bFpMbXlUSVpJbHVuVWVkbVRWeUtDL3FPa01McEJKZEYralR0NWsrVT0KLS0tLS1FTkQgUlNBIFBSSVZBVEUgS0VZLS0tLS0K\n  token: lrapkx.nwz5r1b6pxr3fnk2\ndebug: false\nmachine:\n  ca:\n    crt: LS0tLS1CRUdJTiBDRVJUSUZJQ0FURS0tLS0tCk1JSUJQakNCOGFBREFnRUNBaEEyVFNIcEJSYjFkTGlxR1FXWlNnbzhNQVVHQXl0bGNEQVFNUTR3REFZRFZRUUsKRXdWMFlXeHZjekFlRncweU5ERXlNakF5TVRVMk5EZGFGdzB6TkRFeU1UZ3lNVFUyTkRkYU1CQXhEakFNQmdOVgpCQW9UQlhSaGJHOXpNQ293QlFZREsyVndBeUVBMmdyTENyMnBEOHgreXhib0liQi9jem9BSXRVQ1UrWXE1L1l0CmI4WlVaVkdqWVRCZk1BNEdBMVVkRHdFQi93UUVBd0lDaERBZEJnTlZIU1VFRmpBVUJnZ3JCZ0VGQlFjREFRWUkKS3dZQkJRVUhBd0l3RHdZRFZSMFRBUUgvQkFVd0F3RUIvekFkQmdOVkhRNEVGZ1FVNTVvV20wOTZDbnE1U2h2agpQR05NVERXa094b3dCUVlESzJWd0EwRUFKUlprKzFxaDFPN1pTOHQ4amlhZGdUYWZnRzFEb1VTMHlHajZRQjg4CnR6TlBUNGVYdEx6VjczdjJqK2ZXWmVlNVVaOTFDRjcvVEREdjA5SVAwak1oQ1E9PQotLS0tLUVORCBDRVJUSUZJQ0FURS0tLS0tCg==\n    key: LS0tLS1CRUdJTiBFRDI1NTE5IFBSSVZBVEUgS0VZLS0tLS0KTUM0Q0FRQXdCUVlESzJWd0JDSUVJSlRZV3ZwTDJBRkFNVVo2NzRDZHpXTGtNVy9qZTQ0NWFpaENIZUxxRUZRUgotLS0tLUVORCBFRDI1NTE5IFBSSVZBVEUgS0VZLS0tLS0K\n  certSANs: []\n  features:\n    apidCheckExtKeyUsage: true\n    diskQuotaSupport: true\n    hostDNS:\n      enabled: true\n      forwardKubeDNSToHost: true\n    kubePrism:\n      enabled: true\n      port: 7445\n    rbac: true\n    stableHostname: true\n  install:\n    disk: /dev/sda\n    image: factory.talos.dev/installer/88d1f7a5c4f1d3aba7df787c448c1d3d008ed29cfb34af53fa0df4336a56040b:v1.9.0\n  kubelet:\n    defaultRuntimeSeccompProfileEnabled: true\n    disableManifestsDirectory: true\n    extraMounts:\n    - destination: /var/lib/longhorn\n      options:\n      - bind\n      - rshared\n      - rw\n      source: /var/lib/longhorn\n      type: bind\n    image: ghcr.io/siderolabs/kubelet:v1.32.0\n  network: {}\n  nodeLabels:\n    node.kubernetes.io/exclude-from-external-load-balancers: \"\"\n  token: yg87rb.rkalumjxzjbre40y\n  type: controlplane\npersist: true\nversion: v1alpha1\n",
            "machine_configuration_input": "version: v1alpha1\ndebug: false\npersist: true\nmachine:\n    type: controlplane\n    token: yg87rb.rkalumjxzjbre40y\n    ca:\n        crt: LS0tLS1CRUdJTiBDRVJUSUZJQ0FURS0tLS0tCk1JSUJQakNCOGFBREFnRUNBaEEyVFNIcEJSYjFkTGlxR1FXWlNnbzhNQVVHQXl0bGNEQVFNUTR3REFZRFZRUUsKRXdWMFlXeHZjekFlRncweU5ERXlNakF5TVRVMk5EZGFGdzB6TkRFeU1UZ3lNVFUyTkRkYU1CQXhEakFNQmdOVgpCQW9UQlhSaGJHOXpNQ293QlFZREsyVndBeUVBMmdyTENyMnBEOHgreXhib0liQi9jem9BSXRVQ1UrWXE1L1l0CmI4WlVaVkdqWVRCZk1BNEdBMVVkRHdFQi93UUVBd0lDaERBZEJnTlZIU1VFRmpBVUJnZ3JCZ0VGQlFjREFRWUkKS3dZQkJRVUhBd0l3RHdZRFZSMFRBUUgvQkFVd0F3RUIvekFkQmdOVkhRNEVGZ1FVNTVvV20wOTZDbnE1U2h2agpQR05NVERXa094b3dCUVlESzJWd0EwRUFKUlprKzFxaDFPN1pTOHQ4amlhZGdUYWZnRzFEb1VTMHlHajZRQjg4CnR6TlBUNGVYdEx6VjczdjJqK2ZXWmVlNVVaOTFDRjcvVEREdjA5SVAwak1oQ1E9PQotLS0tLUVORCBDRVJUSUZJQ0FURS0tLS0tCg==\n        key: LS0tLS1CRUdJTiBFRDI1NTE5IFBSSVZBVEUgS0VZLS0tLS0KTUM0Q0FRQXdCUVlESzJWd0JDSUVJSlRZV3ZwTDJBRkFNVVo2NzRDZHpXTGtNVy9qZTQ0NWFpaENIZUxxRUZRUgotLS0tLUVORCBFRDI1NTE5IFBSSVZBVEUgS0VZLS0tLS0K\n    certSANs: []\n    kubelet:\n        image: ghcr.io/siderolabs/kubelet:v1.32.0\n        defaultRuntimeSeccompProfileEnabled: true\n        disableManifestsDirectory: true\n    network: {}\n    install:\n        disk: /dev/sda\n        image: ghcr.io/siderolabs/installer:v1.9.0\n        wipe: false\n    features:\n        rbac: true\n        stableHostname: true\n        apidCheckExtKeyUsage: true\n        diskQuotaSupport: true\n        kubePrism:\n            enabled: true\n            port: 7445\n        hostDNS:\n            enabled: true\n            forwardKubeDNSToHost: true\n    nodeLabels:\n        node.kubernetes.io/exclude-from-external-load-balancers: \"\"\ncluster:\n    id: VhCPaHxLV1I6CEcxlCGWbSuW9GqnjzMhGxnWW-fTFew=\n    secret: 6zmTs2vdxhVNH3mLXuBaBq0sXWyXob1uXFVHfctLlNY=\n    controlPlane:\n        endpoint: https://api.infrak8s.s1.lan:6443\n    clusterName: infra\n    network:\n        dnsDomain: cluster.local\n        podSubnets:\n            - 10.244.0.0/16\n        serviceSubnets:\n            - 10.96.0.0/12\n    token: lrapkx.nwz5r1b6pxr3fnk2\n    secretboxEncryptionSecret: WtKkJYLyIrdTOMLRalAlAH7mCEDpvrCIUN6G23J5Xr8=\n    ca:\n        crt: LS0tLS1CRUdJTiBDRVJUSUZJQ0FURS0tLS0tCk1JSUJpekNDQVRDZ0F3SUJBZ0lSQUpwTEFSQUZuYWVBYTU2bE1oaysxVWd3Q2dZSUtvWkl6ajBFQXdJd0ZURVQKTUJFR0ExVUVDaE1LYTNWaVpYSnVaWFJsY3pBZUZ3MHlOREV5TWpBeU1UVTJORGRhRncwek5ERXlNVGd5TVRVMgpORGRhTUJVeEV6QVJCZ05WQkFvVENtdDFZbVZ5Ym1WMFpYTXdXVEFUQmdjcWhrak9QUUlCQmdncWhrak9QUU1CCkJ3TkNBQVNFMlphQ2tYYlhjZTJDeE5jdDh2TEJjdnhodzkya1lnSjhNUlY4S01xM25RVmQza2J4RFBFdFNtUWQKeEdzb0lScDdqZ1IyeWlKYTkxVnFOMFgrU2tNdG8yRXdYekFPQmdOVkhROEJBZjhFQkFNQ0FvUXdIUVlEVlIwbApCQll3RkFZSUt3WUJCUVVIQXdFR0NDc0dBUVVGQndNQ01BOEdBMVVkRXdFQi93UUZNQU1CQWY4d0hRWURWUjBPCkJCWUVGR0lUeWVtRzdMQkdUUkFsN09Dam5wVWJIdWNjTUFvR0NDcUdTTTQ5QkFNQ0Ewa0FNRVlDSVFEemFjSFIKY0V4REY5TDY4aWIxenFxdEpGSGY0N0h3WDlTSGZiaGxSb0t0clFJaEFPNGFJOFdXUUdXZ21HUzBtMmVKZU5wdAo1ZHprODlsT0JhRUdUdkdrd3R2cwotLS0tLUVORCBDRVJUSUZJQ0FURS0tLS0tCg==\n        key: LS0tLS1CRUdJTiBFQyBQUklWQVRFIEtFWS0tLS0tCk1IY0NBUUVFSUhKOS82M3NyNmVycDI5cVc2ZDhvenNSQmpGYkluK1lxSXJ5ajVnRHpGMmVvQW9HQ0NxR1NNNDkKQXdFSG9VUURRZ0FFaE5tV2dwRjIxM0h0Z3NUWExmTHl3WEw4WWNQZHBHSUNmREVWZkNqS3Q1MEZYZDVHOFF6eApMVXBrSGNScktDRWFlNDRFZHNvaVd2ZFZhamRGL2twRExRPT0KLS0tLS1FTkQgRUMgUFJJVkFURSBLRVktLS0tLQo=\n    aggregatorCA:\n        crt: LS0tLS1CRUdJTiBDRVJUSUZJQ0FURS0tLS0tCk1JSUJZRENDQVFXZ0F3SUJBZ0lRQ1BrSGo4NG9UYzBNVkNqRVJNRThaakFLQmdncWhrak9QUVFEQWpBQU1CNFgKRFRJME1USXlNREl4TlRZME4xb1hEVE0wTVRJeE9ESXhOVFkwTjFvd0FEQlpNQk1HQnlxR1NNNDlBZ0VHQ0NxRwpTTTQ5QXdFSEEwSUFCTnNkOHlnWUM3NGhRb0NLZnU3c2pzT1dZZDBHWVRYRC93RjBwQTl5YW4rcHpGekw4NzY5Cnd4NEFhYk13OEg5a0tNcEJzREpxRlhxalJPWU1Fd1dpbzhpallUQmZNQTRHQTFVZER3RUIvd1FFQXdJQ2hEQWQKQmdOVkhTVUVGakFVQmdnckJnRUZCUWNEQVFZSUt3WUJCUVVIQXdJd0R3WURWUjBUQVFIL0JBVXdBd0VCL3pBZApCZ05WSFE0RUZnUVVnQlplamF4eU5pd3JKSGRneU5Jc0dlcGRWRzB3Q2dZSUtvWkl6ajBFQXdJRFNRQXdSZ0loCkFQVFd2Tmpma25JZEdqVHlmZ1c1bW8rVk5CMnVjY3BPUmVKa0lpUUoxTEl4QWlFQW1BK1Nub0NKYWhUQVJHMTAKR0pBcGdlSmM5bStGVVozRDRKbktucGZxS0NvPQotLS0tLUVORCBDRVJUSUZJQ0FURS0tLS0tCg==\n        key: LS0tLS1CRUdJTiBFQyBQUklWQVRFIEtFWS0tLS0tCk1IY0NBUUVFSU1sTXF5MHVxSmF5ZlErMnlkek8waG5sU0ZnVjRROWJZeFFueXIreHBTb0JvQW9HQ0NxR1NNNDkKQXdFSG9VUURRZ0FFMngzektCZ0x2aUZDZ0lwKzd1eU93NVpoM1FaaE5jUC9BWFNrRDNKcWY2bk1YTXZ6dnIzRApIZ0Jwc3pEd2YyUW95a0d3TW1vVmVxTkU1Z3dUQmFLanlBPT0KLS0tLS1FTkQgRUMgUFJJVkFURSBLRVktLS0tLQo=\n    serviceAccount:\n        key: LS0tLS1CRUdJTiBSU0EgUFJJVkFURSBLRVktLS0tLQpNSUlKS0FJQkFBS0NBZ0VBMlFjc3c3NTNxVC9uTzBkVytkSm5RVERtVUpKOTQ5VFNMampTRzdMaDY3MDNCcFpaCjV6VFNrRVVUVXFKUG9HQmlScUtPQURmWW5hajZDbXlodEJXMzJkdjcrdS92UmRxaUlMbW9tL0pySnpsK1R4M0UKdVA5WmI3eDJGTDlCR3V2dThxNTZZTExhdWEvWUVGbmsyVGFNR2U2T1BFbVpqcXFCcTFhbytHcm1RblhjeldpQwpEVGRBOGkrNmNXclg2K1ZuNkFWMldYdjFqUXJ5WUFiMEE4YUNoQUNyVWJuMXV2YmRaNTF4T1ZKN2xpYmxIVmk3ClUrRmliOC91TmVZUnVoaEhweWhNN2RSVkYxMUxxUXdLYnVVTlgva08vc1ZWdUN3ZUlGbkJtUTVVT1ZnYUwzT20KYS9qQng5WlhXWVpPeVNXcnNCY09ZUHZCUW1pQmlyUDZSUm9YV0VrUU4zb3Urc2luNXRhcC91ZGxuR24wUk5MRgpXL2RENFJGaSs0RFEyQkZocVR6dStqUzVhWHlRd2dzQnh2SjV1b2JmSFBXVncweDd2Y3BGekh6WisxZmVuMHdSCkhBN3NKZWFwRGdCQVZBNlRmVHBaN21vS3Fjb05XNkhzVUN6bjdvOFZob1hYV2pJZSt1RkIrbmZMdzk0THdybEYKYkdqQmc2dWxRUkhGY3Vzb3grUjhDSUw3SkYybWxTOGhtOHhsRXZwT1NRY25oZDBVbDdoYjFBaktrNlBEMng1bQp3Qm9mZWJ1NitjQmxDdTVDL3BKa1hWMHhFUWo1QlBGd2U2cjFrcmdhN1htNTVwcytxMXplR1NiM1JqeFNkSFRqCndXUWgzbjFlRTYvUVNCa2V0bGtQaHNYK1B3Uy9nakdvbEFwZ3hjajNaeTRYWFJqVVBxaHdDSS8yaXhNQ0F3RUEKQVFLQ0FnQllwS1dVRGVleUtYZTRycHJIenpoOVdBdTZQUnRPUTA3VnNqK2ZNS0UyT0VLUlhqZTZSOGo1UkQxdwpNdnR5OWVzdURwY1JYNzRLSjBwNWw0VTBtT3BQQVpzYUU0WVhjZ1ZtZUc1MXc3NGdkMHN2NVdqRVp3ZVFxOWxQCkFBOEhmL1pKQ1JyVEJEcHlQWEJ5dlVUTHM0dmx5NW9zNWFMaXNxSGo2YkY2UmE5bTFkMHB5TlhWc0F2RzM5ZTMKRzN5MXpTMXpoMGVmcFJIV1dmSkZacEdrT1NCMTZoQVBnWFRzdUlnV0dpaDAwVXZKT0htOFV0R3dvUTRqdlRuKwpxY256eUpiN24ycE1lYjJIbllPWnVHRktpaU84WDIzUWdhbFJZRE90NHZ0QUdLb3VBZDR3STN5Ri9VU282dE1pCnJjamdQNUt3aWJwRndvNWRJWEpIeE5zai9sUXA2aXNlRHBOanBKcXQyMTFURHl6d3NNaXA2VjBJeksrZDJhRmcKNGpaUmZVSFZOQmducmJMdnZrNUp3MGZhUXhxN0F6UC9vLzhYQlJjaXpPMjBrSmxYQWJuZnVySThKSHVPZTNpLwpLRWxQK1JOdVIwNmRxcnhodGsvLzV3Qm9aY1JwUFNKMUVqTGUzSmgybTlKR2g0NVFLMTlDMDJsc0ZuK3BFQkdDCndTakRCdGdvT1kzTjJ2YjRleWVqUFVWQlVyaHM2SXY5eU1kOVd6QlpKY2pGQlpWcVIzc05PZUhXYTlZenJPUkQKV2hGM1ZDU2xNbHp4TjVJbVNMd01BSWRWaGk4Y2JEMm5sSkFjcDg4Y0RIYjFPRHM3UVQ5TWtYU0ZnZ1YxUGFzOQpsR2paYjlqNFh4S3NaRWh2T083THhvaDh4RjZZZHNLVlRnSlYrcUpGdGxjbVJhMUZnUUtDQVFFQS9KUmxrV2ZPCkl6Q2M0VXQ3d3hKeDkzdUNVbzM4SEVnMjJqbG83a0Nhc09HWXNGRTlrQUpGY3diMG5qaXR4THRTZE0yL0lDRVAKRVNKaURqaitiMlNWQkY4UGtXWmdDbi9KWU5zU3hIQXdETkkzb2RLZVVlR3JiKzR0Z0tsK2cvWFVKQ2hMTmlZcgpyZ0RHYkRqQmd5bmdJVFpGdUpReEF2L2RORmgrNS9iZmloMC9NSHlkamVXR05KT3lER3JMdkpPTGwvcnRGeGUwCnFrYlpaODNQdkpGM1RYWU05dHF2QnhjWVM2aTN0SHV1NklieHd1MFRIU1RNcjV0R1lNbHRyRStBSlE3RTR1QzcKNkRYMVZ6aWV6MnRIV3F6ajJqNlNyRC9SSGU1YWZmUDBnbUVnbTZxbmlZVVFXcXo1S01jMlpKMTgvd2QxbFRpcApGOFJrZmcxZng1ZVBsd0tDQVFFQTIvZUloVTFadGRyaFk1YXZaZEVaOFdNOElaV2MrRWc1OXVib3NBYnlYUm9oCmVrZDVrTGl5QnMyRE1pbjdpcFFKMUxlRWVKWDA2eTliRldoeTNxZXJpYWlPZGhpSlRjeHR2eDRQdW01dmt6NDMKdUxFeFA0cjFtcTNqRlhuQ0pXRmJiNDd6Z0VhcnNMcTJWRFNCRmhqZE45M0V2aXBHUXpjRkNMZ21oSmI5YkxoMApMcWt5a0F2S3F5TnR1VFArenliRGd0VmRSTy9IRXRoQ25mYTdLNjd2cjNaMmxLaUdkamlXQyt2WkYzNnhNemcyCk5oNzJ6OXBuU1VibU9zYjZSM0R6UUFQYjU5L2pVU1NHQkQyUDdPTjlKOGdEMGQvZ0FSTHkzdVZ3cXRZNTg1bU0KQmRHMktTV1p3NlU4S3gyZm9Pa2NOWTZDTWFtUlRFU2o2aVhLVXZqUDVRS0NBUUIrT082MUJvb21YZEhZYU85MQpZYzlnWFBHWXJlbnlmRWdsTUJGM0Z3UDNKeFkxN3JOME54NWJ5SHNRWXNTOER0eTdFR0xWL0k5YUFiTzg1ZENJCi9Gdlg3bVdLUlAzejRUNVN6OGdHTVFaaU1kK3BWK2JVaHBFMUEzTHIzRWdrVEFKeSswdnl5SXFGajArWm41ZGQKSTkwazI4bGwzM0RLemZET2l2Y0lsdi9KTnFwd1lhWWUxamdHS0ZVUERZTzVQb2JCTVoyd0w2R1Nnb3Q4NjRaSAo5dTRHNE5yRHRpOUh2TXZnYTNVNmxhQ29CVi9tQ0xISG02OUtocTlhQ085czcrSGJJeEZUUy9tN3B0TnZmaFVuCkZMWjQ0dk9QQ2p3a0psUXJ3QVNxOHZJYkFjelkzaVNSZmRUWmE1MnNPam05ZUZLUjVEbG5sQVEwbzJtUThNQVAKcjNjTEFvSUJBREVnbHNnVzMzdGpPRVdTeVBlM2ZORFJ0Z05XTSttcnorNVo0Z3cyY1Bqa05pZm1RTHRXMU1QNgpNRndLemxoRCtmSWRUcVBUOGhCNDBpSDA0dnJoZmNsUDhRbGxMMzFGdEJra01LVVZ0eXV1a0tsYVFjS01XWkJEClY5MWJCVVp0K1Fyd1pXZjM0SzZtOU1QWHVpRGlTcjRJZE1GNEZaczdkWTlkK1pSUldLWm9oK0pIL2JmNE9qcUEKdmlmSCtoZnY4MmlNR0xtbHg5Tm9vM0ErUTgxYzA4RmZkdHA2elJVb1RESzdhUS83UnI1R3hxek51NWZ1a25UbQpOZE5ZejFzWFdleXBML3NZb045bGhkejZsdU4wWjJaMElJNUdMdlJ1Yy9uZVNveU5MZ0krLyt2b3k0TmpGM1YvCnVQRjBPMHVuNUpuOWl3eG1iOElWN25vRUdLenhUeFVDZ2dFQkFQRWJaNlhaMWkvenBTQ3IrTjhtaEJ6MkhrcEMKZzkxTnRxc2wxT2NpQjVKOUs1ZVpHMFlFYzhnZ01CVktkTENFVGdUaXFDM1RKYmVaMGQ3UXIyNHhsL0lLalVNWgpEZnU0djIxNExnTHJuQVNsSjEycjloenBYdnRXeng0T0lndkxmb0JRenpqZys5UXhHTWdNVFF6ZlE2TkVST01JCkZPd21DQ3lNNENRMHNxcHc5dUJGVTZJSWxKNFVJbE5Ud2pzQmc5Zmp2L3gvQ2wyOW85Y3lLUEhYekZ0ZWVjRE4KZ2hKRnJVcG94RXBBSUpTMlJYd0xWc1hvY0FZcjdqT2tuTW9QMkN1TitweTRHWGU3WDJaR1hsbm50WFg3Smt5VwpzWHkzSHlEdmd5VUIrbWcxTW44bFpMbXlUSVpJbHVuVWVkbVRWeUtDL3FPa01McEJKZEYralR0NWsrVT0KLS0tLS1FTkQgUlNBIFBSSVZBVEUgS0VZLS0tLS0K\n    apiServer:\n        image: registry.k8s.io/kube-apiserver:v1.32.0\n        certSANs:\n            - api.infrak8s.s1.lan\n        disablePodSecurityPolicy: true\n        admissionControl:\n            - name: PodSecurity\n              configuration:\n                apiVersion: pod-security.admission.config.k8s.io/v1alpha1\n                defaults:\n                    audit: restricted\n                    audit-version: latest\n                    enforce: baseline\n                    enforce-version: latest\n                    warn: restricted\n                    warn-version: latest\n                exemptions:\n                    namespaces:\n                        - kube-system\n                    runtimeClasses: []\n                    usernames: []\n                kind: PodSecurityConfiguration\n        auditPolicy:\n            apiVersion: audit.k8s.io/v1\n            kind: Policy\n            rules:\n                - level: Metadata\n    controllerManager:\n        image: registry.k8s.io/kube-controller-manager:v1.32.0\n    proxy:\n        image: registry.k8s.io/kube-proxy:v1.32.0\n    scheduler:\n        image: registry.k8s.io/kube-scheduler:v1.32.0\n    discovery:\n        enabled: true\n        registries:\n            kubernetes:\n                disabled: true\n            service: {}\n    etcd:\n        ca:\n            crt: LS0tLS1CRUdJTiBDRVJUSUZJQ0FURS0tLS0tCk1JSUJmakNDQVNTZ0F3SUJBZ0lSQUtYdHBRSVpKNlcxNGpnZVZMdDh6aUF3Q2dZSUtvWkl6ajBFQXdJd0R6RU4KTUFzR0ExVUVDaE1FWlhSalpEQWVGdzB5TkRFeU1qQXlNVFUyTkRkYUZ3MHpOREV5TVRneU1UVTJORGRhTUE4eApEVEFMQmdOVkJBb1RCR1YwWTJRd1dUQVRCZ2NxaGtqT1BRSUJCZ2dxaGtqT1BRTUJCd05DQUFUU3d6dit5OWZyClZHT3dHSTY4anQwbTZ4aCtDdWdLdm14V2JDQ21VeGNWdmZYN0JkejlWRk84aFQxbWZmT2JJV0Jrd0VnLzZKSXoKNk9UNE1EREpsTmRobzJFd1h6QU9CZ05WSFE4QkFmOEVCQU1DQW9Rd0hRWURWUjBsQkJZd0ZBWUlLd1lCQlFVSApBd0VHQ0NzR0FRVUZCd01DTUE4R0ExVWRFd0VCL3dRRk1BTUJBZjh3SFFZRFZSME9CQllFRk5NV2JlaVAvTnZRCjRlaDh2SDMzeTBDVWp6OU9NQW9HQ0NxR1NNNDlCQU1DQTBnQU1FVUNJUUNDWC8yMzJyOE10ZWFYOEd3RVBkVjAKN3gxOWl0ZUlxQVdCWWFraXNKOEJuZ0lnQWtrVXFPRlErcTR5RGsvL3FOMVdON2t0OTVqVUdwZDU2S0tGdm15KwpYNHc9Ci0tLS0tRU5EIENFUlRJRklDQVRFLS0tLS0K\n            key: LS0tLS1CRUdJTiBFQyBQUklWQVRFIEtFWS0tLS0tCk1IY0NBUUVFSUU5bGZ0eS92V1FRbXFjKzI1T2dDOXdVWVU3ZzAxS3BuNldodEIzQVYwdEVvQW9HQ0NxR1NNNDkKQXdFSG9VUURRZ0FFMHNNNy9zdlg2MVJqc0JpT3ZJN2RKdXNZZmdyb0NyNXNWbXdncGxNWEZiMzErd1hjL1ZSVAp2SVU5Wm4zem15RmdaTUJJUCtpU00ramsrREF3eVpUWFlRPT0KLS0tLS1FTkQgRUMgUFJJVkFURSBLRVktLS0tLQo=\n",
            "node": "10.0.5.30",
            "on_destroy": null,
            "timeouts": null
          },
          "sensitive_attributes": [
            [
              {
                "type": "get_attr",
                "value": "client_configuration"
              },
              {
                "type": "get_attr",
                "value": "client_key"
              }
            ],
            [
              {
                "type": "get_attr",
                "value": "machine_configuration_input"
              }
            ]
          ],
          "dependencies": [
            "data.talos_image_factory_extensions_versions.this",
            "data.talos_machine_configuration.controlplane",
            "proxmox_vm_qemu.node",
            "talos_image_factory_schematic.this",
            "talos_machine_secrets.all_nodes"
          ]
        }
      ]
    },
    {
      "mode": "managed",
      "type": "talos_machine_configuration_apply",
      "name": "worker",
      "provider": "provider[\"registry.terraform.io/siderolabs/talos\"]",
      "instances": [
        {
          "index_key": "10.0.5.16",
          "schema_version": 1,
          "attributes": {
            "apply_mode": "auto",
            "client_configuration": {
              "ca_certificate": "LS0tLS1CRUdJTiBDRVJUSUZJQ0FURS0tLS0tCk1JSUJQakNCOGFBREFnRUNBaEEyVFNIcEJSYjFkTGlxR1FXWlNnbzhNQVVHQXl0bGNEQVFNUTR3REFZRFZRUUsKRXdWMFlXeHZjekFlRncweU5ERXlNakF5TVRVMk5EZGFGdzB6TkRFeU1UZ3lNVFUyTkRkYU1CQXhEakFNQmdOVgpCQW9UQlhSaGJHOXpNQ293QlFZREsyVndBeUVBMmdyTENyMnBEOHgreXhib0liQi9jem9BSXRVQ1UrWXE1L1l0CmI4WlVaVkdqWVRCZk1BNEdBMVVkRHdFQi93UUVBd0lDaERBZEJnTlZIU1VFRmpBVUJnZ3JCZ0VGQlFjREFRWUkKS3dZQkJRVUhBd0l3RHdZRFZSMFRBUUgvQkFVd0F3RUIvekFkQmdOVkhRNEVGZ1FVNTVvV20wOTZDbnE1U2h2agpQR05NVERXa094b3dCUVlESzJWd0EwRUFKUlprKzFxaDFPN1pTOHQ4amlhZGdUYWZnRzFEb1VTMHlHajZRQjg4CnR6TlBUNGVYdEx6VjczdjJqK2ZXWmVlNVVaOTFDRjcvVEREdjA5SVAwak1oQ1E9PQotLS0tLUVORCBDRVJUSUZJQ0FURS0tLS0tCg==",
              "client_certificate": "LS0tLS1CRUdJTiBDRVJUSUZJQ0FURS0tLS0tCk1JSUJLVENCM0tBREFnRUNBaEVBa0hBUkhzaUsrSWk3NjdaSzNDVTU4akFGQmdNclpYQXdFREVPTUF3R0ExVUUKQ2hNRmRHRnNiM013SGhjTk1qUXhNakl3TWpFMU5qUTNXaGNOTWpVeE1qSXdNakUxTmpRM1dqQVRNUkV3RHdZRApWUVFLRXdodmN6cGhaRzFwYmpBcU1BVUdBeXRsY0FNaEFEUy81bW1WajI1ZndySHRkSWNZR3AvaDFrcHJUa2ZCCnFEakROdGM1bURwU28wZ3dSakFPQmdOVkhROEJBZjhFQkFNQ0I0QXdFd1lEVlIwbEJBd3dDZ1lJS3dZQkJRVUgKQXdJd0h3WURWUjBqQkJnd0ZvQVU1NW9XbTA5NkNucTVTaHZqUEdOTVREV2tPeG93QlFZREsyVndBMEVBNTduMApTNTFvVTJ6NTE4UGxzU2h6bUQwaUtqcmJJM2xGaGNIb05TYStlbWw0cUp2Y2ZVYzMwZUpWbXBnWTlPbUlqMklOCm9aWVNsS2plVXM4TlJuanFEZz09Ci0tLS0tRU5EIENFUlRJRklDQVRFLS0tLS0K",
              "client_key": "LS0tLS1CRUdJTiBFRDI1NTE5IFBSSVZBVEUgS0VZLS0tLS0KTUM0Q0FRQXdCUVlESzJWd0JDSUVJQkZxRW9OcUJObUluQU1SeEpkOTBSSm1WUGg4bjA3cU1rbTRIdjFOSEo0RwotLS0tLUVORCBFRDI1NTE5IFBSSVZBVEUgS0VZLS0tLS0K"
            },
            "config_patches": [
              "- \"op\": \"add\"\n  \"path\": \"/machine/install\"\n  \"value\":\n    \"disk\": \"/dev/sda\"\n    \"image\": \"factory.talos.dev/installer/88d1f7a5c4f1d3aba7df787c448c1d3d008ed29cfb34af53fa0df4336a56040b:v1.9.0\"\n",
              "- \"op\": \"add\"\n  \"path\": \"/cluster/allowSchedulingOnControlPlanes\"\n  \"value\": true\n",
              "- \"op\": \"add\"\n  \"path\": \"/machine/kubelet/extraMounts\"\n  \"value\":\n  - \"destination\": \"/var/lib/longhorn\"\n    \"options\":\n    - \"bind\"\n    - \"rshared\"\n    - \"rw\"\n    \"source\": \"/var/lib/longhorn\"\n    \"type\": \"bind\"\n"
            ],
            "endpoint": "10.0.5.16",
            "id": "machine_configuration_apply",
            "machine_configuration": "cluster:\n  allowSchedulingOnControlPlanes: true\n  ca:\n    crt: LS0tLS1CRUdJTiBDRVJUSUZJQ0FURS0tLS0tCk1JSUJpekNDQVRDZ0F3SUJBZ0lSQUpwTEFSQUZuYWVBYTU2bE1oaysxVWd3Q2dZSUtvWkl6ajBFQXdJd0ZURVQKTUJFR0ExVUVDaE1LYTNWaVpYSnVaWFJsY3pBZUZ3MHlOREV5TWpBeU1UVTJORGRhRncwek5ERXlNVGd5TVRVMgpORGRhTUJVeEV6QVJCZ05WQkFvVENtdDFZbVZ5Ym1WMFpYTXdXVEFUQmdjcWhrak9QUUlCQmdncWhrak9QUU1CCkJ3TkNBQVNFMlphQ2tYYlhjZTJDeE5jdDh2TEJjdnhodzkya1lnSjhNUlY4S01xM25RVmQza2J4RFBFdFNtUWQKeEdzb0lScDdqZ1IyeWlKYTkxVnFOMFgrU2tNdG8yRXdYekFPQmdOVkhROEJBZjhFQkFNQ0FvUXdIUVlEVlIwbApCQll3RkFZSUt3WUJCUVVIQXdFR0NDc0dBUVVGQndNQ01BOEdBMVVkRXdFQi93UUZNQU1CQWY4d0hRWURWUjBPCkJCWUVGR0lUeWVtRzdMQkdUUkFsN09Dam5wVWJIdWNjTUFvR0NDcUdTTTQ5QkFNQ0Ewa0FNRVlDSVFEemFjSFIKY0V4REY5TDY4aWIxenFxdEpGSGY0N0h3WDlTSGZiaGxSb0t0clFJaEFPNGFJOFdXUUdXZ21HUzBtMmVKZU5wdAo1ZHprODlsT0JhRUdUdkdrd3R2cwotLS0tLUVORCBDRVJUSUZJQ0FURS0tLS0tCg==\n    key: \"\"\n  clusterName: infra\n  controlPlane:\n    endpoint: https://api.infrak8s.s1.lan:6443\n  discovery:\n    enabled: true\n    registries:\n      kubernetes:\n        disabled: true\n      service: {}\n  id: VhCPaHxLV1I6CEcxlCGWbSuW9GqnjzMhGxnWW-fTFew=\n  network:\n    dnsDomain: cluster.local\n    podSubnets:\n    - 10.244.0.0/16\n    serviceSubnets:\n    - 10.96.0.0/12\n  secret: 6zmTs2vdxhVNH3mLXuBaBq0sXWyXob1uXFVHfctLlNY=\n  token: lrapkx.nwz5r1b6pxr3fnk2\ndebug: false\nmachine:\n  ca:\n    crt: LS0tLS1CRUdJTiBDRVJUSUZJQ0FURS0tLS0tCk1JSUJQakNCOGFBREFnRUNBaEEyVFNIcEJSYjFkTGlxR1FXWlNnbzhNQVVHQXl0bGNEQVFNUTR3REFZRFZRUUsKRXdWMFlXeHZjekFlRncweU5ERXlNakF5TVRVMk5EZGFGdzB6TkRFeU1UZ3lNVFUyTkRkYU1CQXhEakFNQmdOVgpCQW9UQlhSaGJHOXpNQ293QlFZREsyVndBeUVBMmdyTENyMnBEOHgreXhib0liQi9jem9BSXRVQ1UrWXE1L1l0CmI4WlVaVkdqWVRCZk1BNEdBMVVkRHdFQi93UUVBd0lDaERBZEJnTlZIU1VFRmpBVUJnZ3JCZ0VGQlFjREFRWUkKS3dZQkJRVUhBd0l3RHdZRFZSMFRBUUgvQkFVd0F3RUIvekFkQmdOVkhRNEVGZ1FVNTVvV20wOTZDbnE1U2h2agpQR05NVERXa094b3dCUVlESzJWd0EwRUFKUlprKzFxaDFPN1pTOHQ4amlhZGdUYWZnRzFEb1VTMHlHajZRQjg4CnR6TlBUNGVYdEx6VjczdjJqK2ZXWmVlNVVaOTFDRjcvVEREdjA5SVAwak1oQ1E9PQotLS0tLUVORCBDRVJUSUZJQ0FURS0tLS0tCg==\n    key: \"\"\n  certSANs: []\n  features:\n    apidCheckExtKeyUsage: true\n    diskQuotaSupport: true\n    hostDNS:\n      enabled: true\n      forwardKubeDNSToHost: true\n    kubePrism:\n      enabled: true\n      port: 7445\n    rbac: true\n    stableHostname: true\n  install:\n    disk: /dev/sda\n    image: factory.talos.dev/installer/88d1f7a5c4f1d3aba7df787c448c1d3d008ed29cfb34af53fa0df4336a56040b:v1.9.0\n  kubelet:\n    defaultRuntimeSeccompProfileEnabled: true\n    disableManifestsDirectory: true\n    extraMounts:\n    - destination: /var/lib/longhorn\n      options:\n      - bind\n      - rshared\n      - rw\n      source: /var/lib/longhorn\n      type: bind\n    image: ghcr.io/siderolabs/kubelet:v1.32.0\n  network: {}\n  token: yg87rb.rkalumjxzjbre40y\n  type: worker\npersist: true\nversion: v1alpha1\n",
            "machine_configuration_input": "version: v1alpha1\ndebug: false\npersist: true\nmachine:\n    type: worker\n    token: yg87rb.rkalumjxzjbre40y\n    ca:\n        crt: LS0tLS1CRUdJTiBDRVJUSUZJQ0FURS0tLS0tCk1JSUJQakNCOGFBREFnRUNBaEEyVFNIcEJSYjFkTGlxR1FXWlNnbzhNQVVHQXl0bGNEQVFNUTR3REFZRFZRUUsKRXdWMFlXeHZjekFlRncweU5ERXlNakF5TVRVMk5EZGFGdzB6TkRFeU1UZ3lNVFUyTkRkYU1CQXhEakFNQmdOVgpCQW9UQlhSaGJHOXpNQ293QlFZREsyVndBeUVBMmdyTENyMnBEOHgreXhib0liQi9jem9BSXRVQ1UrWXE1L1l0CmI4WlVaVkdqWVRCZk1BNEdBMVVkRHdFQi93UUVBd0lDaERBZEJnTlZIU1VFRmpBVUJnZ3JCZ0VGQlFjREFRWUkKS3dZQkJRVUhBd0l3RHdZRFZSMFRBUUgvQkFVd0F3RUIvekFkQmdOVkhRNEVGZ1FVNTVvV20wOTZDbnE1U2h2agpQR05NVERXa094b3dCUVlESzJWd0EwRUFKUlprKzFxaDFPN1pTOHQ4amlhZGdUYWZnRzFEb1VTMHlHajZRQjg4CnR6TlBUNGVYdEx6VjczdjJqK2ZXWmVlNVVaOTFDRjcvVEREdjA5SVAwak1oQ1E9PQotLS0tLUVORCBDRVJUSUZJQ0FURS0tLS0tCg==\n        key: \"\"\n    certSANs: []\n    kubelet:\n        image: ghcr.io/siderolabs/kubelet:v1.32.0\n        defaultRuntimeSeccompProfileEnabled: true\n        disableManifestsDirectory: true\n    network: {}\n    install:\n        disk: /dev/sda\n        image: ghcr.io/siderolabs/installer:v1.9.0\n        wipe: false\n    features:\n        rbac: true\n        stableHostname: true\n        apidCheckExtKeyUsage: true\n        diskQuotaSupport: true\n        kubePrism:\n            enabled: true\n            port: 7445\n        hostDNS:\n            enabled: true\n            forwardKubeDNSToHost: true\ncluster:\n    id: VhCPaHxLV1I6CEcxlCGWbSuW9GqnjzMhGxnWW-fTFew=\n    secret: 6zmTs2vdxhVNH3mLXuBaBq0sXWyXob1uXFVHfctLlNY=\n    controlPlane:\n        endpoint: https://api.infrak8s.s1.lan:6443\n    clusterName: infra\n    network:\n        dnsDomain: cluster.local\n        podSubnets:\n            - 10.244.0.0/16\n        serviceSubnets:\n            - 10.96.0.0/12\n    token: lrapkx.nwz5r1b6pxr3fnk2\n    ca:\n        crt: LS0tLS1CRUdJTiBDRVJUSUZJQ0FURS0tLS0tCk1JSUJpekNDQVRDZ0F3SUJBZ0lSQUpwTEFSQUZuYWVBYTU2bE1oaysxVWd3Q2dZSUtvWkl6ajBFQXdJd0ZURVQKTUJFR0ExVUVDaE1LYTNWaVpYSnVaWFJsY3pBZUZ3MHlOREV5TWpBeU1UVTJORGRhRncwek5ERXlNVGd5TVRVMgpORGRhTUJVeEV6QVJCZ05WQkFvVENtdDFZbVZ5Ym1WMFpYTXdXVEFUQmdjcWhrak9QUUlCQmdncWhrak9QUU1CCkJ3TkNBQVNFMlphQ2tYYlhjZTJDeE5jdDh2TEJjdnhodzkya1lnSjhNUlY4S01xM25RVmQza2J4RFBFdFNtUWQKeEdzb0lScDdqZ1IyeWlKYTkxVnFOMFgrU2tNdG8yRXdYekFPQmdOVkhROEJBZjhFQkFNQ0FvUXdIUVlEVlIwbApCQll3RkFZSUt3WUJCUVVIQXdFR0NDc0dBUVVGQndNQ01BOEdBMVVkRXdFQi93UUZNQU1CQWY4d0hRWURWUjBPCkJCWUVGR0lUeWVtRzdMQkdUUkFsN09Dam5wVWJIdWNjTUFvR0NDcUdTTTQ5QkFNQ0Ewa0FNRVlDSVFEemFjSFIKY0V4REY5TDY4aWIxenFxdEpGSGY0N0h3WDlTSGZiaGxSb0t0clFJaEFPNGFJOFdXUUdXZ21HUzBtMmVKZU5wdAo1ZHprODlsT0JhRUdUdkdrd3R2cwotLS0tLUVORCBDRVJUSUZJQ0FURS0tLS0tCg==\n        key: \"\"\n    discovery:\n        enabled: true\n        registries:\n            kubernetes:\n                disabled: true\n            service: {}\n",
            "node": "10.0.5.16",
            "on_destroy": null,
            "timeouts": null
          },
          "sensitive_attributes": [
            [
              {
                "type": "get_attr",
                "value": "client_configuration"
              },
              {
                "type": "get_attr",
                "value": "client_key"
              }
            ],
            [
              {
                "type": "get_attr",
                "value": "machine_configuration_input"
              }
            ]
          ],
          "dependencies": [
            "data.talos_image_factory_extensions_versions.this",
            "data.talos_machine_configuration.worker",
            "proxmox_vm_qemu.node",
            "talos_image_factory_schematic.this",
            "talos_machine_secrets.all_nodes"
          ]
        }
      ]
    },
    {
      "mode": "managed",
      "type": "talos_machine_secrets",
      "name": "all_nodes",
      "provider": "provider[\"registry.terraform.io/siderolabs/talos\"]",
      "instances": [
        {
          "schema_version": 1,
          "attributes": {
            "client_configuration": {
              "ca_certificate": "LS0tLS1CRUdJTiBDRVJUSUZJQ0FURS0tLS0tCk1JSUJQakNCOGFBREFnRUNBaEEyVFNIcEJSYjFkTGlxR1FXWlNnbzhNQVVHQXl0bGNEQVFNUTR3REFZRFZRUUsKRXdWMFlXeHZjekFlRncweU5ERXlNakF5TVRVMk5EZGFGdzB6TkRFeU1UZ3lNVFUyTkRkYU1CQXhEakFNQmdOVgpCQW9UQlhSaGJHOXpNQ293QlFZREsyVndBeUVBMmdyTENyMnBEOHgreXhib0liQi9jem9BSXRVQ1UrWXE1L1l0CmI4WlVaVkdqWVRCZk1BNEdBMVVkRHdFQi93UUVBd0lDaERBZEJnTlZIU1VFRmpBVUJnZ3JCZ0VGQlFjREFRWUkKS3dZQkJRVUhBd0l3RHdZRFZSMFRBUUgvQkFVd0F3RUIvekFkQmdOVkhRNEVGZ1FVNTVvV20wOTZDbnE1U2h2agpQR05NVERXa094b3dCUVlESzJWd0EwRUFKUlprKzFxaDFPN1pTOHQ4amlhZGdUYWZnRzFEb1VTMHlHajZRQjg4CnR6TlBUNGVYdEx6VjczdjJqK2ZXWmVlNVVaOTFDRjcvVEREdjA5SVAwak1oQ1E9PQotLS0tLUVORCBDRVJUSUZJQ0FURS0tLS0tCg==",
              "client_certificate": "LS0tLS1CRUdJTiBDRVJUSUZJQ0FURS0tLS0tCk1JSUJLVENCM0tBREFnRUNBaEVBa0hBUkhzaUsrSWk3NjdaSzNDVTU4akFGQmdNclpYQXdFREVPTUF3R0ExVUUKQ2hNRmRHRnNiM013SGhjTk1qUXhNakl3TWpFMU5qUTNXaGNOTWpVeE1qSXdNakUxTmpRM1dqQVRNUkV3RHdZRApWUVFLRXdodmN6cGhaRzFwYmpBcU1BVUdBeXRsY0FNaEFEUy81bW1WajI1ZndySHRkSWNZR3AvaDFrcHJUa2ZCCnFEakROdGM1bURwU28wZ3dSakFPQmdOVkhROEJBZjhFQkFNQ0I0QXdFd1lEVlIwbEJBd3dDZ1lJS3dZQkJRVUgKQXdJd0h3WURWUjBqQkJnd0ZvQVU1NW9XbTA5NkNucTVTaHZqUEdOTVREV2tPeG93QlFZREsyVndBMEVBNTduMApTNTFvVTJ6NTE4UGxzU2h6bUQwaUtqcmJJM2xGaGNIb05TYStlbWw0cUp2Y2ZVYzMwZUpWbXBnWTlPbUlqMklOCm9aWVNsS2plVXM4TlJuanFEZz09Ci0tLS0tRU5EIENFUlRJRklDQVRFLS0tLS0K",
              "client_key": "LS0tLS1CRUdJTiBFRDI1NTE5IFBSSVZBVEUgS0VZLS0tLS0KTUM0Q0FRQXdCUVlESzJWd0JDSUVJQkZxRW9OcUJObUluQU1SeEpkOTBSSm1WUGg4bjA3cU1rbTRIdjFOSEo0RwotLS0tLUVORCBFRDI1NTE5IFBSSVZBVEUgS0VZLS0tLS0K"
            },
            "id": "machine_secrets",
            "machine_secrets": {
              "certs": {
                "etcd": {
                  "cert": "LS0tLS1CRUdJTiBDRVJUSUZJQ0FURS0tLS0tCk1JSUJmakNDQVNTZ0F3SUJBZ0lSQUtYdHBRSVpKNlcxNGpnZVZMdDh6aUF3Q2dZSUtvWkl6ajBFQXdJd0R6RU4KTUFzR0ExVUVDaE1FWlhSalpEQWVGdzB5TkRFeU1qQXlNVFUyTkRkYUZ3MHpOREV5TVRneU1UVTJORGRhTUE4eApEVEFMQmdOVkJBb1RCR1YwWTJRd1dUQVRCZ2NxaGtqT1BRSUJCZ2dxaGtqT1BRTUJCd05DQUFUU3d6dit5OWZyClZHT3dHSTY4anQwbTZ4aCtDdWdLdm14V2JDQ21VeGNWdmZYN0JkejlWRk84aFQxbWZmT2JJV0Jrd0VnLzZKSXoKNk9UNE1EREpsTmRobzJFd1h6QU9CZ05WSFE4QkFmOEVCQU1DQW9Rd0hRWURWUjBsQkJZd0ZBWUlLd1lCQlFVSApBd0VHQ0NzR0FRVUZCd01DTUE4R0ExVWRFd0VCL3dRRk1BTUJBZjh3SFFZRFZSME9CQllFRk5NV2JlaVAvTnZRCjRlaDh2SDMzeTBDVWp6OU9NQW9HQ0NxR1NNNDlCQU1DQTBnQU1FVUNJUUNDWC8yMzJyOE10ZWFYOEd3RVBkVjAKN3gxOWl0ZUlxQVdCWWFraXNKOEJuZ0lnQWtrVXFPRlErcTR5RGsvL3FOMVdON2t0OTVqVUdwZDU2S0tGdm15KwpYNHc9Ci0tLS0tRU5EIENFUlRJRklDQVRFLS0tLS0K",
                  "key": "LS0tLS1CRUdJTiBFQyBQUklWQVRFIEtFWS0tLS0tCk1IY0NBUUVFSUU5bGZ0eS92V1FRbXFjKzI1T2dDOXdVWVU3ZzAxS3BuNldodEIzQVYwdEVvQW9HQ0NxR1NNNDkKQXdFSG9VUURRZ0FFMHNNNy9zdlg2MVJqc0JpT3ZJN2RKdXNZZmdyb0NyNXNWbXdncGxNWEZiMzErd1hjL1ZSVAp2SVU5Wm4zem15RmdaTUJJUCtpU00ramsrREF3eVpUWFlRPT0KLS0tLS1FTkQgRUMgUFJJVkFURSBLRVktLS0tLQo="
                },
                "k8s": {
                  "cert": "LS0tLS1CRUdJTiBDRVJUSUZJQ0FURS0tLS0tCk1JSUJpekNDQVRDZ0F3SUJBZ0lSQUpwTEFSQUZuYWVBYTU2bE1oaysxVWd3Q2dZSUtvWkl6ajBFQXdJd0ZURVQKTUJFR0ExVUVDaE1LYTNWaVpYSnVaWFJsY3pBZUZ3MHlOREV5TWpBeU1UVTJORGRhRncwek5ERXlNVGd5TVRVMgpORGRhTUJVeEV6QVJCZ05WQkFvVENtdDFZbVZ5Ym1WMFpYTXdXVEFUQmdjcWhrak9QUUlCQmdncWhrak9QUU1CCkJ3TkNBQVNFMlphQ2tYYlhjZTJDeE5jdDh2TEJjdnhodzkya1lnSjhNUlY4S01xM25RVmQza2J4RFBFdFNtUWQKeEdzb0lScDdqZ1IyeWlKYTkxVnFOMFgrU2tNdG8yRXdYekFPQmdOVkhROEJBZjhFQkFNQ0FvUXdIUVlEVlIwbApCQll3RkFZSUt3WUJCUVVIQXdFR0NDc0dBUVVGQndNQ01BOEdBMVVkRXdFQi93UUZNQU1CQWY4d0hRWURWUjBPCkJCWUVGR0lUeWVtRzdMQkdUUkFsN09Dam5wVWJIdWNjTUFvR0NDcUdTTTQ5QkFNQ0Ewa0FNRVlDSVFEemFjSFIKY0V4REY5TDY4aWIxenFxdEpGSGY0N0h3WDlTSGZiaGxSb0t0clFJaEFPNGFJOFdXUUdXZ21HUzBtMmVKZU5wdAo1ZHprODlsT0JhRUdUdkdrd3R2cwotLS0tLUVORCBDRVJUSUZJQ0FURS0tLS0tCg==",
                  "key": "LS0tLS1CRUdJTiBFQyBQUklWQVRFIEtFWS0tLS0tCk1IY0NBUUVFSUhKOS82M3NyNmVycDI5cVc2ZDhvenNSQmpGYkluK1lxSXJ5ajVnRHpGMmVvQW9HQ0NxR1NNNDkKQXdFSG9VUURRZ0FFaE5tV2dwRjIxM0h0Z3NUWExmTHl3WEw4WWNQZHBHSUNmREVWZkNqS3Q1MEZYZDVHOFF6eApMVXBrSGNScktDRWFlNDRFZHNvaVd2ZFZhamRGL2twRExRPT0KLS0tLS1FTkQgRUMgUFJJVkFURSBLRVktLS0tLQo="
                },
                "k8s_aggregator": {
                  "cert": "LS0tLS1CRUdJTiBDRVJUSUZJQ0FURS0tLS0tCk1JSUJZRENDQVFXZ0F3SUJBZ0lRQ1BrSGo4NG9UYzBNVkNqRVJNRThaakFLQmdncWhrak9QUVFEQWpBQU1CNFgKRFRJME1USXlNREl4TlRZME4xb1hEVE0wTVRJeE9ESXhOVFkwTjFvd0FEQlpNQk1HQnlxR1NNNDlBZ0VHQ0NxRwpTTTQ5QXdFSEEwSUFCTnNkOHlnWUM3NGhRb0NLZnU3c2pzT1dZZDBHWVRYRC93RjBwQTl5YW4rcHpGekw4NzY5Cnd4NEFhYk13OEg5a0tNcEJzREpxRlhxalJPWU1Fd1dpbzhpallUQmZNQTRHQTFVZER3RUIvd1FFQXdJQ2hEQWQKQmdOVkhTVUVGakFVQmdnckJnRUZCUWNEQVFZSUt3WUJCUVVIQXdJd0R3WURWUjBUQVFIL0JBVXdBd0VCL3pBZApCZ05WSFE0RUZnUVVnQlplamF4eU5pd3JKSGRneU5Jc0dlcGRWRzB3Q2dZSUtvWkl6ajBFQXdJRFNRQXdSZ0loCkFQVFd2Tmpma25JZEdqVHlmZ1c1bW8rVk5CMnVjY3BPUmVKa0lpUUoxTEl4QWlFQW1BK1Nub0NKYWhUQVJHMTAKR0pBcGdlSmM5bStGVVozRDRKbktucGZxS0NvPQotLS0tLUVORCBDRVJUSUZJQ0FURS0tLS0tCg==",
                  "key": "LS0tLS1CRUdJTiBFQyBQUklWQVRFIEtFWS0tLS0tCk1IY0NBUUVFSU1sTXF5MHVxSmF5ZlErMnlkek8waG5sU0ZnVjRROWJZeFFueXIreHBTb0JvQW9HQ0NxR1NNNDkKQXdFSG9VUURRZ0FFMngzektCZ0x2aUZDZ0lwKzd1eU93NVpoM1FaaE5jUC9BWFNrRDNKcWY2bk1YTXZ6dnIzRApIZ0Jwc3pEd2YyUW95a0d3TW1vVmVxTkU1Z3dUQmFLanlBPT0KLS0tLS1FTkQgRUMgUFJJVkFURSBLRVktLS0tLQo="
                },
                "k8s_serviceaccount": {
                  "key": "LS0tLS1CRUdJTiBSU0EgUFJJVkFURSBLRVktLS0tLQpNSUlKS0FJQkFBS0NBZ0VBMlFjc3c3NTNxVC9uTzBkVytkSm5RVERtVUpKOTQ5VFNMampTRzdMaDY3MDNCcFpaCjV6VFNrRVVUVXFKUG9HQmlScUtPQURmWW5hajZDbXlodEJXMzJkdjcrdS92UmRxaUlMbW9tL0pySnpsK1R4M0UKdVA5WmI3eDJGTDlCR3V2dThxNTZZTExhdWEvWUVGbmsyVGFNR2U2T1BFbVpqcXFCcTFhbytHcm1RblhjeldpQwpEVGRBOGkrNmNXclg2K1ZuNkFWMldYdjFqUXJ5WUFiMEE4YUNoQUNyVWJuMXV2YmRaNTF4T1ZKN2xpYmxIVmk3ClUrRmliOC91TmVZUnVoaEhweWhNN2RSVkYxMUxxUXdLYnVVTlgva08vc1ZWdUN3ZUlGbkJtUTVVT1ZnYUwzT20KYS9qQng5WlhXWVpPeVNXcnNCY09ZUHZCUW1pQmlyUDZSUm9YV0VrUU4zb3Urc2luNXRhcC91ZGxuR24wUk5MRgpXL2RENFJGaSs0RFEyQkZocVR6dStqUzVhWHlRd2dzQnh2SjV1b2JmSFBXVncweDd2Y3BGekh6WisxZmVuMHdSCkhBN3NKZWFwRGdCQVZBNlRmVHBaN21vS3Fjb05XNkhzVUN6bjdvOFZob1hYV2pJZSt1RkIrbmZMdzk0THdybEYKYkdqQmc2dWxRUkhGY3Vzb3grUjhDSUw3SkYybWxTOGhtOHhsRXZwT1NRY25oZDBVbDdoYjFBaktrNlBEMng1bQp3Qm9mZWJ1NitjQmxDdTVDL3BKa1hWMHhFUWo1QlBGd2U2cjFrcmdhN1htNTVwcytxMXplR1NiM1JqeFNkSFRqCndXUWgzbjFlRTYvUVNCa2V0bGtQaHNYK1B3Uy9nakdvbEFwZ3hjajNaeTRYWFJqVVBxaHdDSS8yaXhNQ0F3RUEKQVFLQ0FnQllwS1dVRGVleUtYZTRycHJIenpoOVdBdTZQUnRPUTA3VnNqK2ZNS0UyT0VLUlhqZTZSOGo1UkQxdwpNdnR5OWVzdURwY1JYNzRLSjBwNWw0VTBtT3BQQVpzYUU0WVhjZ1ZtZUc1MXc3NGdkMHN2NVdqRVp3ZVFxOWxQCkFBOEhmL1pKQ1JyVEJEcHlQWEJ5dlVUTHM0dmx5NW9zNWFMaXNxSGo2YkY2UmE5bTFkMHB5TlhWc0F2RzM5ZTMKRzN5MXpTMXpoMGVmcFJIV1dmSkZacEdrT1NCMTZoQVBnWFRzdUlnV0dpaDAwVXZKT0htOFV0R3dvUTRqdlRuKwpxY256eUpiN24ycE1lYjJIbllPWnVHRktpaU84WDIzUWdhbFJZRE90NHZ0QUdLb3VBZDR3STN5Ri9VU282dE1pCnJjamdQNUt3aWJwRndvNWRJWEpIeE5zai9sUXA2aXNlRHBOanBKcXQyMTFURHl6d3NNaXA2VjBJeksrZDJhRmcKNGpaUmZVSFZOQmducmJMdnZrNUp3MGZhUXhxN0F6UC9vLzhYQlJjaXpPMjBrSmxYQWJuZnVySThKSHVPZTNpLwpLRWxQK1JOdVIwNmRxcnhodGsvLzV3Qm9aY1JwUFNKMUVqTGUzSmgybTlKR2g0NVFLMTlDMDJsc0ZuK3BFQkdDCndTakRCdGdvT1kzTjJ2YjRleWVqUFVWQlVyaHM2SXY5eU1kOVd6QlpKY2pGQlpWcVIzc05PZUhXYTlZenJPUkQKV2hGM1ZDU2xNbHp4TjVJbVNMd01BSWRWaGk4Y2JEMm5sSkFjcDg4Y0RIYjFPRHM3UVQ5TWtYU0ZnZ1YxUGFzOQpsR2paYjlqNFh4S3NaRWh2T083THhvaDh4RjZZZHNLVlRnSlYrcUpGdGxjbVJhMUZnUUtDQVFFQS9KUmxrV2ZPCkl6Q2M0VXQ3d3hKeDkzdUNVbzM4SEVnMjJqbG83a0Nhc09HWXNGRTlrQUpGY3diMG5qaXR4THRTZE0yL0lDRVAKRVNKaURqaitiMlNWQkY4UGtXWmdDbi9KWU5zU3hIQXdETkkzb2RLZVVlR3JiKzR0Z0tsK2cvWFVKQ2hMTmlZcgpyZ0RHYkRqQmd5bmdJVFpGdUpReEF2L2RORmgrNS9iZmloMC9NSHlkamVXR05KT3lER3JMdkpPTGwvcnRGeGUwCnFrYlpaODNQdkpGM1RYWU05dHF2QnhjWVM2aTN0SHV1NklieHd1MFRIU1RNcjV0R1lNbHRyRStBSlE3RTR1QzcKNkRYMVZ6aWV6MnRIV3F6ajJqNlNyRC9SSGU1YWZmUDBnbUVnbTZxbmlZVVFXcXo1S01jMlpKMTgvd2QxbFRpcApGOFJrZmcxZng1ZVBsd0tDQVFFQTIvZUloVTFadGRyaFk1YXZaZEVaOFdNOElaV2MrRWc1OXVib3NBYnlYUm9oCmVrZDVrTGl5QnMyRE1pbjdpcFFKMUxlRWVKWDA2eTliRldoeTNxZXJpYWlPZGhpSlRjeHR2eDRQdW01dmt6NDMKdUxFeFA0cjFtcTNqRlhuQ0pXRmJiNDd6Z0VhcnNMcTJWRFNCRmhqZE45M0V2aXBHUXpjRkNMZ21oSmI5YkxoMApMcWt5a0F2S3F5TnR1VFArenliRGd0VmRSTy9IRXRoQ25mYTdLNjd2cjNaMmxLaUdkamlXQyt2WkYzNnhNemcyCk5oNzJ6OXBuU1VibU9zYjZSM0R6UUFQYjU5L2pVU1NHQkQyUDdPTjlKOGdEMGQvZ0FSTHkzdVZ3cXRZNTg1bU0KQmRHMktTV1p3NlU4S3gyZm9Pa2NOWTZDTWFtUlRFU2o2aVhLVXZqUDVRS0NBUUIrT082MUJvb21YZEhZYU85MQpZYzlnWFBHWXJlbnlmRWdsTUJGM0Z3UDNKeFkxN3JOME54NWJ5SHNRWXNTOER0eTdFR0xWL0k5YUFiTzg1ZENJCi9Gdlg3bVdLUlAzejRUNVN6OGdHTVFaaU1kK3BWK2JVaHBFMUEzTHIzRWdrVEFKeSswdnl5SXFGajArWm41ZGQKSTkwazI4bGwzM0RLemZET2l2Y0lsdi9KTnFwd1lhWWUxamdHS0ZVUERZTzVQb2JCTVoyd0w2R1Nnb3Q4NjRaSAo5dTRHNE5yRHRpOUh2TXZnYTNVNmxhQ29CVi9tQ0xISG02OUtocTlhQ085czcrSGJJeEZUUy9tN3B0TnZmaFVuCkZMWjQ0dk9QQ2p3a0psUXJ3QVNxOHZJYkFjelkzaVNSZmRUWmE1MnNPam05ZUZLUjVEbG5sQVEwbzJtUThNQVAKcjNjTEFvSUJBREVnbHNnVzMzdGpPRVdTeVBlM2ZORFJ0Z05XTSttcnorNVo0Z3cyY1Bqa05pZm1RTHRXMU1QNgpNRndLemxoRCtmSWRUcVBUOGhCNDBpSDA0dnJoZmNsUDhRbGxMMzFGdEJra01LVVZ0eXV1a0tsYVFjS01XWkJEClY5MWJCVVp0K1Fyd1pXZjM0SzZtOU1QWHVpRGlTcjRJZE1GNEZaczdkWTlkK1pSUldLWm9oK0pIL2JmNE9qcUEKdmlmSCtoZnY4MmlNR0xtbHg5Tm9vM0ErUTgxYzA4RmZkdHA2elJVb1RESzdhUS83UnI1R3hxek51NWZ1a25UbQpOZE5ZejFzWFdleXBML3NZb045bGhkejZsdU4wWjJaMElJNUdMdlJ1Yy9uZVNveU5MZ0krLyt2b3k0TmpGM1YvCnVQRjBPMHVuNUpuOWl3eG1iOElWN25vRUdLenhUeFVDZ2dFQkFQRWJaNlhaMWkvenBTQ3IrTjhtaEJ6MkhrcEMKZzkxTnRxc2wxT2NpQjVKOUs1ZVpHMFlFYzhnZ01CVktkTENFVGdUaXFDM1RKYmVaMGQ3UXIyNHhsL0lLalVNWgpEZnU0djIxNExnTHJuQVNsSjEycjloenBYdnRXeng0T0lndkxmb0JRenpqZys5UXhHTWdNVFF6ZlE2TkVST01JCkZPd21DQ3lNNENRMHNxcHc5dUJGVTZJSWxKNFVJbE5Ud2pzQmc5Zmp2L3gvQ2wyOW85Y3lLUEhYekZ0ZWVjRE4KZ2hKRnJVcG94RXBBSUpTMlJYd0xWc1hvY0FZcjdqT2tuTW9QMkN1TitweTRHWGU3WDJaR1hsbm50WFg3Smt5VwpzWHkzSHlEdmd5VUIrbWcxTW44bFpMbXlUSVpJbHVuVWVkbVRWeUtDL3FPa01McEJKZEYralR0NWsrVT0KLS0tLS1FTkQgUlNBIFBSSVZBVEUgS0VZLS0tLS0K"
                },
                "os": {
                  "cert": "LS0tLS1CRUdJTiBDRVJUSUZJQ0FURS0tLS0tCk1JSUJQakNCOGFBREFnRUNBaEEyVFNIcEJSYjFkTGlxR1FXWlNnbzhNQVVHQXl0bGNEQVFNUTR3REFZRFZRUUsKRXdWMFlXeHZjekFlRncweU5ERXlNakF5TVRVMk5EZGFGdzB6TkRFeU1UZ3lNVFUyTkRkYU1CQXhEakFNQmdOVgpCQW9UQlhSaGJHOXpNQ293QlFZREsyVndBeUVBMmdyTENyMnBEOHgreXhib0liQi9jem9BSXRVQ1UrWXE1L1l0CmI4WlVaVkdqWVRCZk1BNEdBMVVkRHdFQi93UUVBd0lDaERBZEJnTlZIU1VFRmpBVUJnZ3JCZ0VGQlFjREFRWUkKS3dZQkJRVUhBd0l3RHdZRFZSMFRBUUgvQkFVd0F3RUIvekFkQmdOVkhRNEVGZ1FVNTVvV20wOTZDbnE1U2h2agpQR05NVERXa094b3dCUVlESzJWd0EwRUFKUlprKzFxaDFPN1pTOHQ4amlhZGdUYWZnRzFEb1VTMHlHajZRQjg4CnR6TlBUNGVYdEx6VjczdjJqK2ZXWmVlNVVaOTFDRjcvVEREdjA5SVAwak1oQ1E9PQotLS0tLUVORCBDRVJUSUZJQ0FURS0tLS0tCg==",
                  "key": "LS0tLS1CRUdJTiBFRDI1NTE5IFBSSVZBVEUgS0VZLS0tLS0KTUM0Q0FRQXdCUVlESzJWd0JDSUVJSlRZV3ZwTDJBRkFNVVo2NzRDZHpXTGtNVy9qZTQ0NWFpaENIZUxxRUZRUgotLS0tLUVORCBFRDI1NTE5IFBSSVZBVEUgS0VZLS0tLS0K"
                }
              },
              "cluster": {
                "id": "VhCPaHxLV1I6CEcxlCGWbSuW9GqnjzMhGxnWW-fTFew=",
                "secret": "6zmTs2vdxhVNH3mLXuBaBq0sXWyXob1uXFVHfctLlNY="
              },
              "secrets": {
                "aescbc_encryption_secret": null,
                "bootstrap_token": "lrapkx.nwz5r1b6pxr3fnk2",
                "secretbox_encryption_secret": "WtKkJYLyIrdTOMLRalAlAH7mCEDpvrCIUN6G23J5Xr8="
              },
              "trustdinfo": {
                "token": "yg87rb.rkalumjxzjbre40y"
              }
            },
            "talos_version": "v1.8"
          },
          "sensitive_attributes": []
        }
      ]
    }
  ],
  "check_results": null
}
