{
  "version": 4,
  "terraform_version": "1.5.7",
  "serial": 638,
  "lineage": "70ce25e5-8af5-e824-0d03-afa268ab98b6",
  "outputs": {},
  "resources": [
    {
      "mode": "data",
      "type": "talos_client_configuration",
      "name": "controlplane",
      "provider": "provider[\"registry.terraform.io/siderolabs/talos\"]",
      "instances": []
    },
    {
      "mode": "data",
      "type": "talos_machine_configuration",
      "name": "controlplane",
      "provider": "provider[\"registry.terraform.io/siderolabs/talos\"]",
      "instances": []
    },
    {
      "mode": "managed",
      "type": "helm_release",
      "name": "metallb",
      "provider": "provider[\"registry.terraform.io/hashicorp/helm\"]",
      "instances": []
    },
    {
      "mode": "managed",
      "type": "kubernetes_namespace",
      "name": "metallb",
      "provider": "provider[\"registry.terraform.io/hashicorp/kubernetes\"]",
      "instances": []
    },
    {
      "mode": "managed",
      "type": "local_sensitive_file",
      "name": "kubeconfig",
      "provider": "provider[\"registry.terraform.io/hashicorp/local\"]",
      "instances": []
    },
    {
      "mode": "managed",
      "type": "proxmox_vm_qemu",
      "name": "node",
      "provider": "provider[\"registry.terraform.io/telmate/proxmox\"]",
      "instances": [
        {
          "index_key": 2,
          "schema_version": 0,
          "attributes": {
            "additional_wait": 5,
            "agent": 1,
            "agent_timeout": null,
            "args": "",
            "automatic_reboot": true,
            "balloon": 0,
            "bios": "seabios",
            "boot": "order=scsi0;sata0",
            "bootdisk": "",
            "ci_wait": null,
            "cicustom": null,
            "cipassword": "",
            "ciupgrade": false,
            "ciuser": "",
            "clone": null,
            "clone_wait": 10,
            "cores": 2,
            "cpu": "host",
            "default_ipv4_address": "10.0.5.130",
            "default_ipv6_address": "",
            "define_connection_info": true,
            "desc": "",
            "disk": [],
            "disks": [
              {
                "ide": [],
                "sata": [
                  {
                    "sata0": [
                      {
                        "cdrom": [
                          {
                            "iso": "ceph-iso:iso/talos-nocloud-qemuguest-amd64.iso",
                            "passthrough": false
                          }
                        ],
                        "cloudinit": [],
                        "disk": [],
                        "passthrough": []
                      }
                    ],
                    "sata1": [],
                    "sata2": [],
                    "sata3": [],
                    "sata4": [],
                    "sata5": []
                  }
                ],
                "scsi": [
                  {
                    "scsi0": [
                      {
                        "cdrom": [],
                        "cloudinit": [],
                        "disk": [
                          {
                            "asyncio": "",
                            "backup": true,
                            "cache": "",
                            "discard": false,
                            "emulatessd": false,
                            "format": "raw",
                            "id": 0,
                            "iops_r_burst": 0,
                            "iops_r_burst_length": 0,
                            "iops_r_concurrent": 0,
                            "iops_wr_burst": 0,
                            "iops_wr_burst_length": 0,
                            "iops_wr_concurrent": 0,
                            "iothread": false,
                            "linked_disk_id": -1,
                            "mbps_r_burst": 0,
                            "mbps_r_concurrent": 0,
                            "mbps_wr_burst": 0,
                            "mbps_wr_concurrent": 0,
                            "readonly": false,
                            "replicate": false,
                            "serial": "",
                            "size": "20G",
                            "storage": "local-lvm",
                            "wwn": ""
                          }
                        ],
                        "passthrough": []
                      }
                    ],
                    "scsi1": [],
                    "scsi10": [],
                    "scsi11": [],
                    "scsi12": [],
                    "scsi13": [],
                    "scsi14": [],
                    "scsi15": [],
                    "scsi16": [],
                    "scsi17": [],
                    "scsi18": [],
                    "scsi19": [],
                    "scsi2": [],
                    "scsi20": [],
                    "scsi21": [],
                    "scsi22": [],
                    "scsi23": [],
                    "scsi24": [],
                    "scsi25": [],
                    "scsi26": [],
                    "scsi27": [],
                    "scsi28": [],
                    "scsi29": [],
                    "scsi3": [],
                    "scsi30": [],
                    "scsi4": [],
                    "scsi5": [],
                    "scsi6": [],
                    "scsi7": [],
                    "scsi8": [],
                    "scsi9": []
                  }
                ],
                "virtio": []
              }
            ],
            "efidisk": [],
            "force_create": false,
            "force_recreate_on_change_of": null,
            "full_clone": true,
            "hagroup": "",
            "hastate": "",
            "hostpci": [],
            "hotplug": "network,disk,usb",
            "id": "pve3/qemu/116",
            "ipconfig0": "ip=dhcp",
            "ipconfig1": null,
            "ipconfig10": null,
            "ipconfig11": null,
            "ipconfig12": null,
            "ipconfig13": null,
            "ipconfig14": null,
            "ipconfig15": null,
            "ipconfig2": null,
            "ipconfig3": null,
            "ipconfig4": null,
            "ipconfig5": null,
            "ipconfig6": null,
            "ipconfig7": null,
            "ipconfig8": null,
            "ipconfig9": null,
            "kvm": true,
            "linked_vmid": 0,
            "machine": "",
            "memory": 2048,
            "name": "infranode-3",
            "nameserver": null,
            "network": [
              {
                "bridge": "vmbr0",
                "firewall": false,
                "link_down": false,
                "macaddr": "6A:23:9E:67:AA:50",
                "model": "virtio",
                "mtu": 0,
                "queues": 0,
                "rate": 0,
                "tag": -1
              }
            ],
            "numa": false,
            "onboot": false,
            "os_network_config": null,
            "os_type": null,
            "pool": "",
            "protection": false,
            "pxe": null,
            "qemu_os": "other",
            "reboot_required": false,
            "scsihw": "virtio-scsi-pci",
            "searchdomain": null,
            "serial": [],
            "skip_ipv4": false,
            "skip_ipv6": false,
            "smbios": [
              {
                "family": "",
                "manufacturer": "",
                "product": "",
                "serial": "",
                "sku": "",
                "uuid": "c22a780c-d5a0-49c1-a222-929f6a093228",
                "version": ""
              }
            ],
            "sockets": 1,
            "ssh_forward_ip": null,
            "ssh_host": "10.0.5.130",
            "ssh_port": "22",
            "ssh_private_key": null,
            "ssh_user": null,
            "sshkeys": "",
            "startup": "",
            "tablet": true,
            "tags": "control-plane;worker",
            "target_node": "pve3",
            "target_nodes": null,
            "timeouts": null,
            "unused_disk": [],
            "usb": [],
            "vcpus": 0,
            "vga": [],
            "vm_state": "running",
            "vmid": null
          },
          "sensitive_attributes": [],
          "private": "eyJlMmJmYjczMC1lY2FhLTExZTYtOGY4OC0zNDM2M2JjN2M0YzAiOnsiY3JlYXRlIjoxMjAwMDAwMDAwMDAwLCJkZWZhdWx0IjoxMjAwMDAwMDAwMDAwLCJkZWxldGUiOjEyMDAwMDAwMDAwMDAsInJlYWQiOjEyMDAwMDAwMDAwMDAsInVwZGF0ZSI6MTIwMDAwMDAwMDAwMH19"
        },
        {
          "index_key": 3,
          "schema_version": 0,
          "attributes": {
            "additional_wait": 5,
            "agent": 1,
            "agent_timeout": null,
            "args": "",
            "automatic_reboot": true,
            "balloon": 0,
            "bios": "seabios",
            "boot": "order=scsi0;sata0",
            "bootdisk": "",
            "ci_wait": null,
            "cicustom": null,
            "cipassword": "",
            "ciupgrade": false,
            "ciuser": "",
            "clone": null,
            "clone_wait": 10,
            "cores": 2,
            "cpu": "host",
            "default_ipv4_address": "10.0.5.148",
            "default_ipv6_address": "",
            "define_connection_info": true,
            "desc": "",
            "disk": [],
            "disks": [
              {
                "ide": [],
                "sata": [
                  {
                    "sata0": [
                      {
                        "cdrom": [
                          {
                            "iso": "ceph-iso:iso/talos-nocloud-qemuguest-amd64.iso",
                            "passthrough": false
                          }
                        ],
                        "cloudinit": [],
                        "disk": [],
                        "passthrough": []
                      }
                    ],
                    "sata1": [],
                    "sata2": [],
                    "sata3": [],
                    "sata4": [],
                    "sata5": []
                  }
                ],
                "scsi": [
                  {
                    "scsi0": [
                      {
                        "cdrom": [],
                        "cloudinit": [],
                        "disk": [
                          {
                            "asyncio": "",
                            "backup": true,
                            "cache": "",
                            "discard": false,
                            "emulatessd": false,
                            "format": "raw",
                            "id": 0,
                            "iops_r_burst": 0,
                            "iops_r_burst_length": 0,
                            "iops_r_concurrent": 0,
                            "iops_wr_burst": 0,
                            "iops_wr_burst_length": 0,
                            "iops_wr_concurrent": 0,
                            "iothread": false,
                            "linked_disk_id": -1,
                            "mbps_r_burst": 0,
                            "mbps_r_concurrent": 0,
                            "mbps_wr_burst": 0,
                            "mbps_wr_concurrent": 0,
                            "readonly": false,
                            "replicate": false,
                            "serial": "",
                            "size": "20G",
                            "storage": "local-lvm",
                            "wwn": ""
                          }
                        ],
                        "passthrough": []
                      }
                    ],
                    "scsi1": [],
                    "scsi10": [],
                    "scsi11": [],
                    "scsi12": [],
                    "scsi13": [],
                    "scsi14": [],
                    "scsi15": [],
                    "scsi16": [],
                    "scsi17": [],
                    "scsi18": [],
                    "scsi19": [],
                    "scsi2": [],
                    "scsi20": [],
                    "scsi21": [],
                    "scsi22": [],
                    "scsi23": [],
                    "scsi24": [],
                    "scsi25": [],
                    "scsi26": [],
                    "scsi27": [],
                    "scsi28": [],
                    "scsi29": [],
                    "scsi3": [],
                    "scsi30": [],
                    "scsi4": [],
                    "scsi5": [],
                    "scsi6": [],
                    "scsi7": [],
                    "scsi8": [],
                    "scsi9": []
                  }
                ],
                "virtio": []
              }
            ],
            "efidisk": [],
            "force_create": false,
            "force_recreate_on_change_of": null,
            "full_clone": true,
            "hagroup": "",
            "hastate": "",
            "hostpci": [],
            "hotplug": "network,disk,usb",
            "id": "pve4/qemu/115",
            "ipconfig0": "ip=dhcp",
            "ipconfig1": null,
            "ipconfig10": null,
            "ipconfig11": null,
            "ipconfig12": null,
            "ipconfig13": null,
            "ipconfig14": null,
            "ipconfig15": null,
            "ipconfig2": null,
            "ipconfig3": null,
            "ipconfig4": null,
            "ipconfig5": null,
            "ipconfig6": null,
            "ipconfig7": null,
            "ipconfig8": null,
            "ipconfig9": null,
            "kvm": true,
            "linked_vmid": 0,
            "machine": "",
            "memory": 2048,
            "name": "infranode-4",
            "nameserver": null,
            "network": [
              {
                "bridge": "vmbr0",
                "firewall": false,
                "link_down": false,
                "macaddr": "9E:5D:28:0F:EE:46",
                "model": "virtio",
                "mtu": 0,
                "queues": 0,
                "rate": 0,
                "tag": -1
              }
            ],
            "numa": false,
            "onboot": false,
            "os_network_config": null,
            "os_type": null,
            "pool": "",
            "protection": false,
            "pxe": null,
            "qemu_os": "other",
            "reboot_required": false,
            "scsihw": "virtio-scsi-pci",
            "searchdomain": null,
            "serial": [],
            "skip_ipv4": false,
            "skip_ipv6": false,
            "smbios": [
              {
                "family": "",
                "manufacturer": "",
                "product": "",
                "serial": "",
                "sku": "",
                "uuid": "d18dca58-bbd4-4597-a574-301c61044377",
                "version": ""
              }
            ],
            "sockets": 1,
            "ssh_forward_ip": null,
            "ssh_host": "10.0.5.148",
            "ssh_port": "22",
            "ssh_private_key": null,
            "ssh_user": null,
            "sshkeys": "",
            "startup": "",
            "tablet": true,
            "tags": "control-plane;worker",
            "target_node": "pve4",
            "target_nodes": null,
            "timeouts": null,
            "unused_disk": [],
            "usb": [],
            "vcpus": 0,
            "vga": [],
            "vm_state": "running",
            "vmid": null
          },
          "sensitive_attributes": [],
          "private": "eyJlMmJmYjczMC1lY2FhLTExZTYtOGY4OC0zNDM2M2JjN2M0YzAiOnsiY3JlYXRlIjoxMjAwMDAwMDAwMDAwLCJkZWZhdWx0IjoxMjAwMDAwMDAwMDAwLCJkZWxldGUiOjEyMDAwMDAwMDAwMDAsInJlYWQiOjEyMDAwMDAwMDAwMDAsInVwZGF0ZSI6MTIwMDAwMDAwMDAwMH19"
        }
      ]
    },
    {
      "mode": "managed",
      "type": "talos_cluster_kubeconfig",
      "name": "this",
      "provider": "provider[\"registry.terraform.io/siderolabs/talos\"]",
      "instances": []
    },
    {
      "mode": "managed",
      "type": "talos_machine_bootstrap",
      "name": "controlplane",
      "provider": "provider[\"registry.terraform.io/siderolabs/talos\"]",
      "instances": []
    },
    {
      "mode": "managed",
      "type": "talos_machine_secrets",
      "name": "all_nodes",
      "provider": "provider[\"registry.terraform.io/siderolabs/talos\"]",
      "instances": [
        {
          "schema_version": 1,
          "attributes": {
            "client_configuration": {
              "ca_certificate": "LS0tLS1CRUdJTiBDRVJUSUZJQ0FURS0tLS0tCk1JSUJQakNCOGFBREFnRUNBaEFXd2F5cmRmR0gyUWZ6MXIvaGtlSGVNQVVHQXl0bGNEQVFNUTR3REFZRFZRUUsKRXdWMFlXeHZjekFlRncweU5ERXlNVGt4TlRFNU5UQmFGdzB6TkRFeU1UY3hOVEU1TlRCYU1CQXhEakFNQmdOVgpCQW9UQlhSaGJHOXpNQ293QlFZREsyVndBeUVBWnc2SERoNEwxaVVwWnBVM0wzenR1bUs4QU5PV1RFNU5wRStHCmlnSlNDdWFqWVRCZk1BNEdBMVVkRHdFQi93UUVBd0lDaERBZEJnTlZIU1VFRmpBVUJnZ3JCZ0VGQlFjREFRWUkKS3dZQkJRVUhBd0l3RHdZRFZSMFRBUUgvQkFVd0F3RUIvekFkQmdOVkhRNEVGZ1FVTEMwaDJ2TWJ5VFlSNDJGeAo4QUNUWU01Vlg0d3dCUVlESzJWd0EwRUFGZXduaDJzTzcycWsrVzkzQ3VEYmZxM0l1SlZLaWt0dkx3dTNBSFEvCndvWlJWZmF1c0U1SklwSUxSY2xONDBmS0Y4eExVUno4ZjY3NWo5eEQrOUdHQ0E9PQotLS0tLUVORCBDRVJUSUZJQ0FURS0tLS0tCg==",
              "client_certificate": "LS0tLS1CRUdJTiBDRVJUSUZJQ0FURS0tLS0tCk1JSUJLRENCMjZBREFnRUNBaEJaNHZRU2VPaU9rMVV6VC9KaUNGYjRNQVVHQXl0bGNEQVFNUTR3REFZRFZRUUsKRXdWMFlXeHZjekFlRncweU5ERXlNVGt4TlRFNU5UQmFGdzB5TlRFeU1Ua3hOVEU1TlRCYU1CTXhFVEFQQmdOVgpCQW9UQ0c5ek9tRmtiV2x1TUNvd0JRWURLMlZ3QXlFQVpETEQ4WkFyTTB3VEpBamIyajJWdlBPOE1LODFVakNHCk1HSzBFbVplL0RlalNEQkdNQTRHQTFVZER3RUIvd1FFQXdJSGdEQVRCZ05WSFNVRUREQUtCZ2dyQmdFRkJRY0QKQWpBZkJnTlZIU01FR0RBV2dCUXNMU0hhOHh2Sk5oSGpZWEh3QUpOZ3psVmZqREFGQmdNclpYQURRUUNLcFJPdQorN1VoSXErYjI4QjhlVjhFR3IvbHVqOUVCNVhPaDBaNUhEY05QUDNQcjZkNzVYdTNyS0JBSjJmVk5aL1hnLzg1CmtYUFJOQnNkcVlVWEhCa0EKLS0tLS1FTkQgQ0VSVElGSUNBVEUtLS0tLQo=",
              "client_key": "LS0tLS1CRUdJTiBFRDI1NTE5IFBSSVZBVEUgS0VZLS0tLS0KTUM0Q0FRQXdCUVlESzJWd0JDSUVJSzZyUzlzbFg0RjI3Y1JCRWFNNjRVM2g5WTFXb0FvYkZ3RkVHcmNJL0FuUgotLS0tLUVORCBFRDI1NTE5IFBSSVZBVEUgS0VZLS0tLS0K"
            },
            "id": "machine_secrets",
            "machine_secrets": {
              "certs": {
                "etcd": {
                  "cert": "LS0tLS1CRUdJTiBDRVJUSUZJQ0FURS0tLS0tCk1JSUJmVENDQVNTZ0F3SUJBZ0lSQUkxRDF5Ym56OExibSsrMUhBbWJYc293Q2dZSUtvWkl6ajBFQXdJd0R6RU4KTUFzR0ExVUVDaE1FWlhSalpEQWVGdzB5TkRFeU1Ua3hOVEU1TlRCYUZ3MHpOREV5TVRjeE5URTVOVEJhTUE4eApEVEFMQmdOVkJBb1RCR1YwWTJRd1dUQVRCZ2NxaGtqT1BRSUJCZ2dxaGtqT1BRTUJCd05DQUFSUGZZT3dUUmhoCkdEM1RyUmttclZ2SUhUYUc4UlZudUtIWVg1L2NtY0tOV21oNVBMSTE0eTZ5dWpnSG0rWTlvMGtFYjM0U251UjgKdzcybGRrMVYrMGg1bzJFd1h6QU9CZ05WSFE4QkFmOEVCQU1DQW9Rd0hRWURWUjBsQkJZd0ZBWUlLd1lCQlFVSApBd0VHQ0NzR0FRVUZCd01DTUE4R0ExVWRFd0VCL3dRRk1BTUJBZjh3SFFZRFZSME9CQllFRkdPcnFBRmZ6NHVuCnBnbklTNXZTQ1JXUmErWjdNQW9HQ0NxR1NNNDlCQU1DQTBjQU1FUUNJQ3h4RkJ6K05NWWNNenozNnprbk9HdFUKZlpNU1h1ZFhsT0I5dzJrZy9wWGpBaUJibXk0WEtzbFpCcENNZUJZTHBIOHVYMlEzUXNlZEhyZndGdGs0dzhaLwp1UT09Ci0tLS0tRU5EIENFUlRJRklDQVRFLS0tLS0K",
                  "key": "LS0tLS1CRUdJTiBFQyBQUklWQVRFIEtFWS0tLS0tCk1IY0NBUUVFSURsUkZHc0gxaDZtR0kzN3NkUm5WSXJuS3dSVDBZZGdvWDBiU2Z5K0toS1ZvQW9HQ0NxR1NNNDkKQXdFSG9VUURRZ0FFVDMyRHNFMFlZUmc5MDYwWkpxMWJ5QjAyaHZFVlo3aWgyRitmM0puQ2pWcG9lVHl5TmVNdQpzcm80QjV2bVBhTkpCRzkrRXA3a2ZNTzlwWFpOVmZ0SWVRPT0KLS0tLS1FTkQgRUMgUFJJVkFURSBLRVktLS0tLQo="
                },
                "k8s": {
                  "cert": "LS0tLS1CRUdJTiBDRVJUSUZJQ0FURS0tLS0tCk1JSUJpRENDQVMrZ0F3SUJBZ0lRUVdrVmtVa1NLMEl2b3U4QjN1VzdCREFLQmdncWhrak9QUVFEQWpBVk1STXcKRVFZRFZRUUtFd3ByZFdKbGNtNWxkR1Z6TUI0WERUSTBNVEl4T1RFMU1UazFNRm9YRFRNME1USXhOekUxTVRrMQpNRm93RlRFVE1CRUdBMVVFQ2hNS2EzVmlaWEp1WlhSbGN6QlpNQk1HQnlxR1NNNDlBZ0VHQ0NxR1NNNDlBd0VICkEwSUFCTHg4YTdta1FKdGFMeHFkOUhXNWlBZk1jUzZYejdsNDNoNG5mZWJEdHM0WlROb3ZjaGhta2RmRmtRblQKSDE3UUFMYTBsbkZMbnZmUkZLODdJSEVXYmxPallUQmZNQTRHQTFVZER3RUIvd1FFQXdJQ2hEQWRCZ05WSFNVRQpGakFVQmdnckJnRUZCUWNEQVFZSUt3WUJCUVVIQXdJd0R3WURWUjBUQVFIL0JBVXdBd0VCL3pBZEJnTlZIUTRFCkZnUVVBQzl2TVFjNHFwY0VRcVNTNUl6RCt0SkRXSEF3Q2dZSUtvWkl6ajBFQXdJRFJ3QXdSQUlnZndROTF2Wk8KM0xaOFBpL3EvYlB5STFEVFBTYXFmem5OYk9QZmMxZmhVa0VDSUVWMGpML0RiVld2Nzd5bjZpaExDd2ltaFEzOQprTFFyYmVvWFFlbXRpRjBaCi0tLS0tRU5EIENFUlRJRklDQVRFLS0tLS0K",
                  "key": "LS0tLS1CRUdJTiBFQyBQUklWQVRFIEtFWS0tLS0tCk1IY0NBUUVFSUhJSFlSZnhrWG4rVW5QTmhzOENacjFERXZ6ZDNkSlZoTERDRmxDZ2FYeTFvQW9HQ0NxR1NNNDkKQXdFSG9VUURRZ0FFdkh4cnVhUkFtMW92R3AzMGRibUlCOHh4THBmUHVYamVIaWQ5NXNPMnpobE0yaTl5R0dhUgoxOFdSQ2RNZlh0QUF0clNXY1V1ZTk5RVVyenNnY1JadVV3PT0KLS0tLS1FTkQgRUMgUFJJVkFURSBLRVktLS0tLQo="
                },
                "k8s_aggregator": {
                  "cert": "LS0tLS1CRUdJTiBDRVJUSUZJQ0FURS0tLS0tCk1JSUJZRENDQVFhZ0F3SUJBZ0lSQUtibWhPb09QY3JGYUJQSE5zYzRpeE13Q2dZSUtvWkl6ajBFQXdJd0FEQWUKRncweU5ERXlNVGt4TlRFNU5UQmFGdzB6TkRFeU1UY3hOVEU1TlRCYU1BQXdXVEFUQmdjcWhrak9QUUlCQmdncQpoa2pPUFFNQkJ3TkNBQVQ0OENicmdwSnIrd2p2U1JBc0l5WmxJWHJyV1RXc08wN2R2dWF4aExnY1NRRXprTWZYClNOV0o5UUhRUEFXQkZIMXhhSEVMVXlic0tENU1DZ0VSYUFBdG8yRXdYekFPQmdOVkhROEJBZjhFQkFNQ0FvUXcKSFFZRFZSMGxCQll3RkFZSUt3WUJCUVVIQXdFR0NDc0dBUVVGQndNQ01BOEdBMVVkRXdFQi93UUZNQU1CQWY4dwpIUVlEVlIwT0JCWUVGTjA2VzZia1ZEaDVZUkUyVEhPeDRUb1dtbDgwTUFvR0NDcUdTTTQ5QkFNQ0EwZ0FNRVVDCklHVTdlWTNHa2lvQUxLVjYyU3Z5dnhoNnUza2dMclV2NkRXRkJlMzRzM0lHQWlFQTA1UEhYaXpsL1U3UWR0TzMKQ1EzNHlOakNrci95UEk1bkxmZ3UrUFdKLzhNPQotLS0tLUVORCBDRVJUSUZJQ0FURS0tLS0tCg==",
                  "key": "LS0tLS1CRUdJTiBFQyBQUklWQVRFIEtFWS0tLS0tCk1IY0NBUUVFSUJXS25MSnpvbE5Dd2JWanJKVDkraU1leXZQZFE0RTdadzdrdXJUdzI2c1pvQW9HQ0NxR1NNNDkKQXdFSG9VUURRZ0FFK1BBbTY0S1NhL3NJNzBrUUxDTW1aU0Y2NjFrMXJEdE8zYjdtc1lTNEhFa0JNNURIMTBqVgppZlVCMER3RmdSUjljV2h4QzFNbTdDZytUQW9CRVdnQUxRPT0KLS0tLS1FTkQgRUMgUFJJVkFURSBLRVktLS0tLQo="
                },
                "k8s_serviceaccount": {
                  "key": "LS0tLS1CRUdJTiBSU0EgUFJJVkFURSBLRVktLS0tLQpNSUlKS2dJQkFBS0NBZ0VBbzhtNnZhWEl3YmVWcGZVeC9Bd1htMXkyM3dadHllSUkzNWFBMjYrcE1jdXU5N01iCjdXNTFDQitZWE1hTTNtT09XV0tYSDVuNXB5aDR1L3l0cTcxNkh4Y2xSemxkWmYxTnNaYytVSXhnRGpwZUVISzkKYi8veU9hbC9idTN6UTBJTWxNOC95UUJNNWpseVVHSStVZW9tZkhWQzNqcC9vRFMrcURXYzdyK3NFYmZWYlNNYQpucm9Yc2hSUXFLMCt6TFAxay9wdDB5U05WSHpIUkRzSmwza2YwSXN1L1JrdjJYTk0yZzVWMkk0eXBuenVPRXpmCjJzRHdicmlCNmxaK0Yrc01DN3hlc1hZTkdNcDZSbFFFaUhIYzdoeTF2Q1BadkgvY0FkMmtVNzlkSldVUjBCbDUKWDFoU1EwQm1tNzJtb0Jxb1hvenMwNDQwYVgxTkVQVFJONlNhNlRQY0FoQjAwSjk4Q3ZXeVE1UmN0ZmJZZGRWeApFL2J3MnhGN2libERYZUZQbFpuNThsK0hYcmlMY1c0TkhtWUNEWlpsM0dRWEY2VGxBYWE0Nll1ajhqdUZHRUNkCkFFdGgvUzJrWDgrL0ZtdXJ6dFhjUGMvVXJBRlRoN1AwTHFmN2JVaDR1ZDBiOVQyQTM2dmh0WU91VEZmVHFZVkIKVlRndS8yUjBpVm1TTWt5WitTZFV4UXJ5Zi8zUmN1U1BWZDRUcE9vTWRQdFhIbFJZa3FlOUlRa2J3Q3lWTFhvQQpGRlV2Z3pwQ2g5Mm5DMGZXK243RHByR3QxVjNrcyszNStyU0g3ZmRFTno0OUY0c2JobFIwNXAyOTY1MkxMOElXCmFqSXFvRlpodzlBbWdJZldUSFFicTBRQ1NXaGJiZ2FhT1lQOSt1MG5RVVlTc0xpdmY4THlwMEVLSVlNQ0F3RUEKQVFLQ0FnQlpyWHRVbVRBSmVPWXovc09HZUd4NGdWUVRXdWJEOGNIZ0FmeTl6RGs4YllSNFZSWUdjME1hMW9uSwp5bCtZNkRPcGwwU2RaZVgrY3pkZjNtS010T3JubVBtdFBLaDV6aTQ2L1U5K05NM25IR2dpWTJCN3NVekQ2NTA5CmRJV01IdDdhbjNzU0o5cnk5eU16QmdlUFBFQWtSdVA4MzFTL3VBRm9BaXJSd2hxSmZQa2JqMnZrMm9sYzFLaXgKSW1KUEhIMXFyMlJ3aGdQbjdZWUJRcjNtdE1nSm5CdDNNdEl6SW1GQ3h6U1RwSS93L2xoRWRUcmdBR0hralp0OApYaTBlRlhEOEFBQnM4L0VKME5zUUpMSnlycjFEbG02ZSs1WWRFbmk0Z00yWG1TQjcrQkcvdWlMdFpHTnVOUlc1ClVpYW9aTkFwTE1vQ3IwcmRNMkQ5MXIyeTFLcUlBcmFnOVg5SVlyR3AzcmpNMTNpeGdqTXZNbkJ6d0d2UnQrN0YKSUtCcm5RcjRSWWdkUU5BTEh2MUlSa050V05xdmtBeWRhbk5xYlQyMjFyT3lnWm83Q25ZTW00Z29TLzBJc0ZNdgpGQ3BISXZnb3NYZFVBSUpQN242T0pCU2VBYm5ZZXZweFB1Qys5cmRNTFpQN3hyVVR1Q0pIdXNWOXJJYldacjNyCllZSFU0VEwyeFlvTTgreGlnMy8zdkZ6endGWDRybDBVVlJZZU9lZWxHREttSWtYSXlkUzF2Nk5lNVI3U0oxdHUKSkszZTRwamxIUWIrbXFMRW8vR3N5YUVIdm42TXZpQ3FwZlNBQlRzdThyTGM4S082SVhPWUhGb09jeXdYWXdJbgp6ZTVOVENJakNYUXVPVEtxTi94NXdsS2R1UWE2ZHYxaVpDRWI5NWRidkNrMGNxRVZJUUtDQVFFQTBVcEgvdGhpClVjZFVTay9UZ2NjeDVhcWlFdFp1YkIyQjlEOHpyejRSSVA3WkdrRW1YQXBmNmszdmxjOTdqZEJ4dnZZS0RpQ0wKVmZrelNiM3NIMGhPbFd3WXdjcW5Ka1RuT0FQd3VrTE5MZ1Q4N25IdWNWSUxySzMvNENLanZmQ1l1dG5KQ0JWWQpOZnZ6ODZCZmJ4U3c5ZWVmQXhwazFJSGF4YVVPZ1F0QWsvU3dzcVI5Q01UKy9VMkF3UTM4aE11QU9LRTh5blRLCjhXdUtvSWZoNFV6L3pxdmRLVWd0cG1YeDRQQ1dyUlY2aWdKelhodGR4L2U3cGpLZzdDdE5UVGc4MGEvelVjV28KVlp6VDhoMGp5UzVzUnRKREIwaFYrZ0REVTlSWElMTjRoS3diSTM0dHdxTFVUL1ZtQUdDYTgxNjM2dnBQNkpKZgo0cVFxUmxmMXZuV1k4d0tDQVFFQXlGZXk1QXJtTUQyc2ZHK2gyTDRURXlvZkpOTVFOVVJhdUovVW9KWU5rUXZuCkFqU1Y3ZFZqeHZCaU1XdnU3OW5UVEYreDNmeWV5QXZVMXBMVnVBRTZsWTlJd052QW9IM21oeklncnNHV0paUVMKeXdjYXNxU055anpkcTMxMUNidmhkQW11dVRPKy8rWGVsL0ZkaWJ0aWczWGE4WlRFc3VSVm9QdnduM1ZYVmJqNwpKUjBwVXZiUS8rMU5zTmFDbzlnbUpXTjNlSkxNSjlrRE5OeTQwd25aL1NVMWk0RU9VeFhMdUhBQXBFN24xMEJTCmJ5ZS9zY3BBdkxIS2NTT3NOeXlSY2J3Z1ViR3IvcjZ1M0ZPTjdRaVc2TUdhYUUyRFltYmZNVDRYcmZqR3ZxVFkKSWNpN3lQc0tDSXhmZE9IcXlsSXpZUmRoV1VDMHAzbjB2ZkRLK3c5NU1RS0NBUUVBbzlnTktOdHBqVEFKTXV2dgpYd2Y4YmhuNUs5b25OQWlkdGdMTWlZS0RrbHN3eHpiOXVzeDhia2Q1S3NUMXF2M21MbU1iV0JmdVBPNE1Vc3lXClQ1OGh0aVNiOVFxYmRJQTRxMGVhYTVia1hnU1ZwbTRYQnl2OTY3K0VNNG1xdW9YaWExVVg1bllmU3BQbVZYSFYKaEhha1dyNXJZOWlEMjBHVmJXbGNRM1gxcGw3Ry9mTjcxeU94bzhmSzVsZjJ1bGMrR0JkU0tnVG80N3NYR2JtSApBZ1J2dHZJZy83SjcybXF3d3pKV0kwWlBXaiswNVpWekE1dFRramJNZUZjbCt5L3RuUktyMy9ablpDNlVWbFN0CnNVL2dnRWtYSkZwaXhJZFlZd1kyOTJqSkRzUlZzcUdUWFc1djIvRDNXNUJGZmdWRzRuUDNudEVJczd0bFJSQ1QKVi9sa05RS0NBUUVBeG1oVCtoUHhOQVZnTlR3NUJQWDQzaG54RGY4WkppZXowUFE1RjNDRHJ3b2lsY1NPVnlQbAoxTGRzQjVYazVCVE5kZTJ2c1REbDd5Z0llUmlpSDhEWHpCWkM3dnl6SUQ2UGQ0VGxhU3kvRGlnL0ZHTE14ZTdCCm5XLzUrRVFmREt6TThxWkVLNVpicWdKMUYvVXB0YVdtUXBzTllnTDdhazlIbms3a1ZvZFhIc1k3c3QzV2R4dUkKa0d6cmJCNkU4czYxdUlGeGFDKzVrQjBUVjk3Z0MrRE55aTUzZ05rbTNwSFBWN0ZVY1dUVHBoRkZrbC9ETU1nawpwTHRPeWcyU0dISkMrR2hmZVlpRDFaM3lmckVnOVlaMExiN090RTFQdUx3NGZnUUlYM3JwR1JVWUZ4MDlIQ1hDCklnVWk1Qlo0K0RYQVBIOXpJWGs3Y0VFUGFLeDMyWHZSZ1FLQ0FRRUF0WVZGNHVUY3E2WnEzSGtiZFY0Ry9BWWoKTHJZZjUyKytOU0NTdC9nZDR1dzFTOVl4T2xobEx2bEwwSGZ3UVFKeFRSQm1acGc0LzVld1Q5RzJjT3dOZFhLZAo2bXl5WTBFVFNjWS93a040TllqL1hGeEZIYzNDYXQwTGpZTDZLOWVHb0RVdVljMmE4WENzN2JKQ1FnSkdUTzErCk85cytXbThHVDc5ZGJnY09JOHpiNjMzOHNWWVkraTE0UFA1Rm5pQWN0cHQzSTNoeGV5UjVFeng3Y3VOaEhUaEgKbDdnTzNIbUNmVWZqcDhwanBTNlNmMk9EOFNTNmJWZ3JWUEg3dytHUzB4ZUd2TVAzdGlmb3c0R1AxV1hsalFyRwpMMzVpbWpHbzRKQVFVT2xNTVN3T25zOHNqbnJRSXptSjdCam0vWmdjbjdnYnZ3T016NUU0VEp2R0pSNk90dz09Ci0tLS0tRU5EIFJTQSBQUklWQVRFIEtFWS0tLS0tCg=="
                },
                "os": {
                  "cert": "LS0tLS1CRUdJTiBDRVJUSUZJQ0FURS0tLS0tCk1JSUJQakNCOGFBREFnRUNBaEFXd2F5cmRmR0gyUWZ6MXIvaGtlSGVNQVVHQXl0bGNEQVFNUTR3REFZRFZRUUsKRXdWMFlXeHZjekFlRncweU5ERXlNVGt4TlRFNU5UQmFGdzB6TkRFeU1UY3hOVEU1TlRCYU1CQXhEakFNQmdOVgpCQW9UQlhSaGJHOXpNQ293QlFZREsyVndBeUVBWnc2SERoNEwxaVVwWnBVM0wzenR1bUs4QU5PV1RFNU5wRStHCmlnSlNDdWFqWVRCZk1BNEdBMVVkRHdFQi93UUVBd0lDaERBZEJnTlZIU1VFRmpBVUJnZ3JCZ0VGQlFjREFRWUkKS3dZQkJRVUhBd0l3RHdZRFZSMFRBUUgvQkFVd0F3RUIvekFkQmdOVkhRNEVGZ1FVTEMwaDJ2TWJ5VFlSNDJGeAo4QUNUWU01Vlg0d3dCUVlESzJWd0EwRUFGZXduaDJzTzcycWsrVzkzQ3VEYmZxM0l1SlZLaWt0dkx3dTNBSFEvCndvWlJWZmF1c0U1SklwSUxSY2xONDBmS0Y4eExVUno4ZjY3NWo5eEQrOUdHQ0E9PQotLS0tLUVORCBDRVJUSUZJQ0FURS0tLS0tCg==",
                  "key": "LS0tLS1CRUdJTiBFRDI1NTE5IFBSSVZBVEUgS0VZLS0tLS0KTUM0Q0FRQXdCUVlESzJWd0JDSUVJQXhLMGczNExsbU1ldUlKdDluNjQyUFBNRzFwdFdJb2dzWDlDZnJCUDlyUgotLS0tLUVORCBFRDI1NTE5IFBSSVZBVEUgS0VZLS0tLS0K"
                }
              },
              "cluster": {
                "id": "MTHXZccTvWbCUPq6lQpR7c3u4h5yYMtEAjYpI72FtT0=",
                "secret": "FE8BU4MNpcneXMMj3K0lmBKbYWnUZqhqvEL8RTcKJno="
              },
              "secrets": {
                "aescbc_encryption_secret": null,
                "bootstrap_token": "rjdz3u.pda7duu7gtbimaj1",
                "secretbox_encryption_secret": "cMAKRVZfO6ujwS9VoK61E6vd+x4jp9YDvAm+qrdsSbk="
              },
              "trustdinfo": {
                "token": "64l5e4.3mm1mmbx35hxq2mk"
              }
            },
            "talos_version": "v1.8"
          },
          "sensitive_attributes": []
        }
      ]
    }
  ],
  "check_results": null
}
